{
  "version": 4,
  "terraform_version": "1.8.2",
  "serial": 63,
  "lineage": "13306d57-71e8-e963-499a-06fd93c616af",
  "outputs": {},
  "resources": [
    {
      "mode": "managed",
      "type": "azurerm_bastion_host",
      "name": "bastion",
      "provider": "provider[\"registry.terraform.io/hashicorp/azurerm\"]",
      "instances": [
        {
          "schema_version": 0,
          "attributes": {
            "copy_paste_enabled": true,
            "dns_name": "bst-677eba10-0fba-4dc4-afe0-51324a85f5b5.bastion.azure.com",
            "file_copy_enabled": false,
            "id": "/subscriptions/38977b70-47bf-4da5-a492-88712fce8725/resourceGroups/rg-hub-aca-22/providers/Microsoft.Network/bastionHosts/bastion",
            "ip_configuration": [
              {
                "name": "configuration",
                "public_ip_address_id": "/subscriptions/38977b70-47bf-4da5-a492-88712fce8725/resourceGroups/rg-hub-aca-22/providers/Microsoft.Network/publicIPAddresses/pip-bastion",
                "subnet_id": "/subscriptions/38977b70-47bf-4da5-a492-88712fce8725/resourceGroups/rg-hub-aca-22/providers/Microsoft.Network/virtualNetworks/vnet-hub/subnets/AzureBastionSubnet"
              }
            ],
            "ip_connect_enabled": false,
            "location": "swedencentral",
            "name": "bastion",
            "resource_group_name": "rg-hub-aca-22",
            "scale_units": 2,
            "shareable_link_enabled": false,
            "sku": "Basic",
            "tags": {},
            "timeouts": null,
            "tunneling_enabled": false
          },
          "sensitive_attributes": [],
          "private": "eyJlMmJmYjczMC1lY2FhLTExZTYtOGY4OC0zNDM2M2JjN2M0YzAiOnsiY3JlYXRlIjoxODAwMDAwMDAwMDAwLCJkZWxldGUiOjE4MDAwMDAwMDAwMDAsInJlYWQiOjMwMDAwMDAwMDAwMCwidXBkYXRlIjoxODAwMDAwMDAwMDAwfX0=",
          "dependencies": [
            "azurerm_public_ip.pip-bastion",
            "azurerm_resource_group.rg-hub",
            "azurerm_subnet.subnet-bastion",
            "azurerm_virtual_network.vnet-hub"
          ]
        }
      ]
    },
    {
      "mode": "managed",
      "type": "azurerm_linux_virtual_machine",
      "name": "vm-hub",
      "provider": "provider[\"registry.terraform.io/hashicorp/azurerm\"]",
      "instances": [
        {
          "schema_version": 0,
          "attributes": {
            "additional_capabilities": [],
            "admin_password": "@Aa123456789",
            "admin_ssh_key": [],
            "admin_username": "azureuser",
            "allow_extension_operations": true,
            "availability_set_id": "",
            "boot_diagnostics": [
              {
                "storage_account_uri": ""
              }
            ],
            "bypass_platform_safety_checks_on_user_schedule_enabled": false,
            "capacity_reservation_group_id": "",
            "computer_name": "vm-linux-hub",
            "custom_data": null,
            "dedicated_host_group_id": "",
            "dedicated_host_id": "",
            "disable_password_authentication": false,
            "disk_controller_type": "SCSI",
            "edge_zone": "",
            "encryption_at_host_enabled": false,
            "eviction_policy": "Deallocate",
            "extensions_time_budget": "PT1H30M",
            "gallery_application": [],
            "id": "/subscriptions/38977b70-47bf-4da5-a492-88712fce8725/resourceGroups/rg-hub-aca-22/providers/Microsoft.Compute/virtualMachines/vm-linux-hub",
            "identity": [],
            "license_type": "",
            "location": "swedencentral",
            "max_bid_price": -1,
            "name": "vm-linux-hub",
            "network_interface_ids": [
              "/subscriptions/38977b70-47bf-4da5-a492-88712fce8725/resourceGroups/rg-hub-aca-22/providers/Microsoft.Network/networkInterfaces/nic-vm-hub"
            ],
            "os_disk": [
              {
                "caching": "ReadWrite",
                "diff_disk_settings": [],
                "disk_encryption_set_id": "",
                "disk_size_gb": 30,
                "name": "disk-os-vm-hub",
                "secure_vm_disk_encryption_set_id": "",
                "security_encryption_type": "",
                "storage_account_type": "Standard_LRS",
                "write_accelerator_enabled": false
              }
            ],
            "os_image_notification": [],
            "patch_assessment_mode": "ImageDefault",
            "patch_mode": "ImageDefault",
            "plan": [],
            "platform_fault_domain": -1,
            "priority": "Spot",
            "private_ip_address": "10.0.0.4",
            "private_ip_addresses": [
              "10.0.0.4"
            ],
            "provision_vm_agent": true,
            "proximity_placement_group_id": "",
            "public_ip_address": "",
            "public_ip_addresses": [],
            "reboot_setting": "",
            "resource_group_name": "rg-hub-aca-22",
            "secret": [],
            "secure_boot_enabled": false,
            "size": "Standard_B2ats_v2",
            "source_image_id": "",
            "source_image_reference": [
              {
                "offer": "0001-com-ubuntu-server-jammy",
                "publisher": "canonical",
                "sku": "22_04-lts-gen2",
                "version": "latest"
              }
            ],
            "tags": {},
            "termination_notification": [],
            "timeouts": null,
            "user_data": "",
            "virtual_machine_id": "69572a0b-5a59-46b9-94e2-7a745759cd36",
            "virtual_machine_scale_set_id": "",
            "vm_agent_platform_updates_enabled": false,
            "vtpm_enabled": false,
            "zone": ""
          },
          "sensitive_attributes": [
            [
              {
                "type": "get_attr",
                "value": "admin_password"
              }
            ],
            [
              {
                "type": "get_attr",
                "value": "custom_data"
              }
            ]
          ],
          "private": "eyJlMmJmYjczMC1lY2FhLTExZTYtOGY4OC0zNDM2M2JjN2M0YzAiOnsiY3JlYXRlIjoyNzAwMDAwMDAwMDAwLCJkZWxldGUiOjI3MDAwMDAwMDAwMDAsInJlYWQiOjMwMDAwMDAwMDAwMCwidXBkYXRlIjoyNzAwMDAwMDAwMDAwfX0=",
          "dependencies": [
            "azurerm_network_interface.nic-vm-hub",
            "azurerm_resource_group.rg-hub",
            "azurerm_subnet.snet-vm",
            "azurerm_virtual_network.vnet-hub"
          ]
        }
      ]
    },
    {
      "mode": "managed",
      "type": "azurerm_network_interface",
      "name": "nic-vm-hub",
      "provider": "provider[\"registry.terraform.io/hashicorp/azurerm\"]",
      "instances": [
        {
          "schema_version": 0,
          "attributes": {
            "applied_dns_servers": [],
            "auxiliary_mode": "",
            "auxiliary_sku": "",
            "dns_servers": [],
            "edge_zone": "",
            "enable_accelerated_networking": false,
            "enable_ip_forwarding": false,
            "id": "/subscriptions/38977b70-47bf-4da5-a492-88712fce8725/resourceGroups/rg-hub-aca-22/providers/Microsoft.Network/networkInterfaces/nic-vm-hub",
            "internal_dns_name_label": "",
            "internal_domain_name_suffix": "j12eg5ajptpulailwpsjp2p0oh.gvxx.internal.cloudapp.net",
            "ip_configuration": [
              {
                "gateway_load_balancer_frontend_ip_configuration_id": "",
                "name": "internal",
                "primary": true,
                "private_ip_address": "10.0.0.4",
                "private_ip_address_allocation": "Dynamic",
                "private_ip_address_version": "IPv4",
                "public_ip_address_id": "",
                "subnet_id": "/subscriptions/38977b70-47bf-4da5-a492-88712fce8725/resourceGroups/rg-hub-aca-22/providers/Microsoft.Network/virtualNetworks/vnet-hub/subnets/subnet-vm"
              }
            ],
            "location": "swedencentral",
            "mac_address": "60-45-BD-E9-6E-9D",
            "name": "nic-vm-hub",
            "private_ip_address": "10.0.0.4",
            "private_ip_addresses": [
              "10.0.0.4"
            ],
            "resource_group_name": "rg-hub-aca-22",
            "tags": {},
            "timeouts": null,
            "virtual_machine_id": "/subscriptions/38977b70-47bf-4da5-a492-88712fce8725/resourceGroups/rg-hub-aca-22/providers/Microsoft.Compute/virtualMachines/vm-linux-hub"
          },
          "sensitive_attributes": [],
          "private": "eyJlMmJmYjczMC1lY2FhLTExZTYtOGY4OC0zNDM2M2JjN2M0YzAiOnsiY3JlYXRlIjoxODAwMDAwMDAwMDAwLCJkZWxldGUiOjE4MDAwMDAwMDAwMDAsInJlYWQiOjMwMDAwMDAwMDAwMCwidXBkYXRlIjoxODAwMDAwMDAwMDAwfX0=",
          "dependencies": [
            "azurerm_resource_group.rg-hub",
            "azurerm_subnet.snet-vm",
            "azurerm_virtual_network.vnet-hub"
          ]
        }
      ]
    },
    {
      "mode": "managed",
      "type": "azurerm_private_dns_zone",
      "name": "private-dns-zone",
      "provider": "provider[\"registry.terraform.io/hashicorp/azurerm\"]",
      "instances": [
        {
          "schema_version": 0,
          "attributes": {
            "id": "/subscriptions/38977b70-47bf-4da5-a492-88712fce8725/resourceGroups/rg-hub-aca-22/providers/Microsoft.Network/privateDnsZones/swedencentral.azurecontainerapps.io",
            "max_number_of_record_sets": 25000,
            "max_number_of_virtual_network_links": 1000,
            "max_number_of_virtual_network_links_with_registration": 100,
            "name": "swedencentral.azurecontainerapps.io",
            "number_of_record_sets": 4,
            "resource_group_name": "rg-hub-aca-22",
            "soa_record": [
              {
                "email": "azureprivatedns-host.microsoft.com",
                "expire_time": 2419200,
                "fqdn": "swedencentral.azurecontainerapps.io.",
                "host_name": "azureprivatedns.net",
                "minimum_ttl": 10,
                "refresh_time": 3600,
                "retry_time": 300,
                "serial_number": 1,
                "tags": {},
                "ttl": 3600
              }
            ],
            "tags": {},
            "timeouts": null
          },
          "sensitive_attributes": [],
          "private": "eyJlMmJmYjczMC1lY2FhLTExZTYtOGY4OC0zNDM2M2JjN2M0YzAiOnsiY3JlYXRlIjoxODAwMDAwMDAwMDAwLCJkZWxldGUiOjE4MDAwMDAwMDAwMDAsInJlYWQiOjMwMDAwMDAwMDAwMCwidXBkYXRlIjoxODAwMDAwMDAwMDAwfX0=",
          "dependencies": [
            "azurerm_resource_group.rg-hub"
          ]
        }
      ]
    },
    {
      "mode": "managed",
      "type": "azurerm_private_dns_zone_virtual_network_link",
      "name": "link-vnet-hub",
      "provider": "provider[\"registry.terraform.io/hashicorp/azurerm\"]",
      "instances": [
        {
          "schema_version": 0,
          "attributes": {
            "id": "/subscriptions/38977b70-47bf-4da5-a492-88712fce8725/resourceGroups/rg-hub-aca-22/providers/Microsoft.Network/privateDnsZones/swedencentral.azurecontainerapps.io/virtualNetworkLinks/link-vnet-hub",
            "name": "link-vnet-hub",
            "private_dns_zone_name": "swedencentral.azurecontainerapps.io",
            "registration_enabled": false,
            "resource_group_name": "rg-hub-aca-22",
            "tags": {},
            "timeouts": null,
            "virtual_network_id": "/subscriptions/38977b70-47bf-4da5-a492-88712fce8725/resourceGroups/rg-hub-aca-22/providers/Microsoft.Network/virtualNetworks/vnet-hub"
          },
          "sensitive_attributes": [],
          "private": "eyJlMmJmYjczMC1lY2FhLTExZTYtOGY4OC0zNDM2M2JjN2M0YzAiOnsiY3JlYXRlIjoxODAwMDAwMDAwMDAwLCJkZWxldGUiOjE4MDAwMDAwMDAwMDAsInJlYWQiOjMwMDAwMDAwMDAwMCwidXBkYXRlIjoxODAwMDAwMDAwMDAwfX0=",
          "dependencies": [
            "azurerm_private_dns_zone.private-dns-zone",
            "azurerm_resource_group.rg-hub",
            "azurerm_virtual_network.vnet-hub"
          ]
        }
      ]
    },
    {
      "mode": "managed",
      "type": "azurerm_public_ip",
      "name": "pip-bastion",
      "provider": "provider[\"registry.terraform.io/hashicorp/azurerm\"]",
      "instances": [
        {
          "schema_version": 0,
          "attributes": {
            "allocation_method": "Static",
            "ddos_protection_mode": "VirtualNetworkInherited",
            "ddos_protection_plan_id": null,
            "domain_name_label": null,
            "edge_zone": "",
            "fqdn": null,
            "id": "/subscriptions/38977b70-47bf-4da5-a492-88712fce8725/resourceGroups/rg-hub-aca-22/providers/Microsoft.Network/publicIPAddresses/pip-bastion",
            "idle_timeout_in_minutes": 4,
            "ip_address": "4.223.173.51",
            "ip_tags": {},
            "ip_version": "IPv4",
            "location": "swedencentral",
            "name": "pip-bastion",
            "public_ip_prefix_id": null,
            "resource_group_name": "rg-hub-aca-22",
            "reverse_fqdn": null,
            "sku": "Standard",
            "sku_tier": "Regional",
            "tags": {},
            "timeouts": null,
            "zones": []
          },
          "sensitive_attributes": [],
          "private": "eyJlMmJmYjczMC1lY2FhLTExZTYtOGY4OC0zNDM2M2JjN2M0YzAiOnsiY3JlYXRlIjoxODAwMDAwMDAwMDAwLCJkZWxldGUiOjE4MDAwMDAwMDAwMDAsInJlYWQiOjMwMDAwMDAwMDAwMCwidXBkYXRlIjoxODAwMDAwMDAwMDAwfX0=",
          "dependencies": [
            "azurerm_resource_group.rg-hub"
          ]
        }
      ]
    },
    {
      "mode": "managed",
      "type": "azurerm_resource_group",
      "name": "rg-hub",
      "provider": "provider[\"registry.terraform.io/hashicorp/azurerm\"]",
      "instances": [
        {
          "schema_version": 0,
          "attributes": {
            "id": "/subscriptions/38977b70-47bf-4da5-a492-88712fce8725/resourceGroups/rg-hub-aca-22",
            "location": "swedencentral",
            "managed_by": "",
            "name": "rg-hub-aca-22",
            "tags": {},
            "timeouts": null
          },
          "sensitive_attributes": [],
          "private": "eyJlMmJmYjczMC1lY2FhLTExZTYtOGY4OC0zNDM2M2JjN2M0YzAiOnsiY3JlYXRlIjo1NDAwMDAwMDAwMDAwLCJkZWxldGUiOjU0MDAwMDAwMDAwMDAsInJlYWQiOjMwMDAwMDAwMDAwMCwidXBkYXRlIjo1NDAwMDAwMDAwMDAwfX0="
        }
      ]
    },
    {
      "mode": "managed",
      "type": "azurerm_subnet",
      "name": "snet-vm",
      "provider": "provider[\"registry.terraform.io/hashicorp/azurerm\"]",
      "instances": [
        {
          "schema_version": 0,
          "attributes": {
            "address_prefixes": [
              "10.0.0.0/24"
            ],
            "delegation": [],
            "enforce_private_link_endpoint_network_policies": false,
            "enforce_private_link_service_network_policies": false,
            "id": "/subscriptions/38977b70-47bf-4da5-a492-88712fce8725/resourceGroups/rg-hub-aca-22/providers/Microsoft.Network/virtualNetworks/vnet-hub/subnets/subnet-vm",
            "name": "subnet-vm",
            "private_endpoint_network_policies_enabled": true,
            "private_link_service_network_policies_enabled": true,
            "resource_group_name": "rg-hub-aca-22",
            "service_endpoint_policy_ids": [],
            "service_endpoints": [],
            "timeouts": null,
            "virtual_network_name": "vnet-hub"
          },
          "sensitive_attributes": [],
          "private": "eyJlMmJmYjczMC1lY2FhLTExZTYtOGY4OC0zNDM2M2JjN2M0YzAiOnsiY3JlYXRlIjoxODAwMDAwMDAwMDAwLCJkZWxldGUiOjE4MDAwMDAwMDAwMDAsInJlYWQiOjMwMDAwMDAwMDAwMCwidXBkYXRlIjoxODAwMDAwMDAwMDAwfX0=",
          "dependencies": [
            "azurerm_resource_group.rg-hub",
            "azurerm_virtual_network.vnet-hub"
          ]
        }
      ]
    },
    {
      "mode": "managed",
      "type": "azurerm_subnet",
      "name": "subnet-bastion",
      "provider": "provider[\"registry.terraform.io/hashicorp/azurerm\"]",
      "instances": [
        {
          "schema_version": 0,
          "attributes": {
            "address_prefixes": [
              "10.0.1.0/24"
            ],
            "delegation": [],
            "enforce_private_link_endpoint_network_policies": false,
            "enforce_private_link_service_network_policies": false,
            "id": "/subscriptions/38977b70-47bf-4da5-a492-88712fce8725/resourceGroups/rg-hub-aca-22/providers/Microsoft.Network/virtualNetworks/vnet-hub/subnets/AzureBastionSubnet",
            "name": "AzureBastionSubnet",
            "private_endpoint_network_policies_enabled": true,
            "private_link_service_network_policies_enabled": true,
            "resource_group_name": "rg-hub-aca-22",
            "service_endpoint_policy_ids": [],
            "service_endpoints": [],
            "timeouts": null,
            "virtual_network_name": "vnet-hub"
          },
          "sensitive_attributes": [],
          "private": "eyJlMmJmYjczMC1lY2FhLTExZTYtOGY4OC0zNDM2M2JjN2M0YzAiOnsiY3JlYXRlIjoxODAwMDAwMDAwMDAwLCJkZWxldGUiOjE4MDAwMDAwMDAwMDAsInJlYWQiOjMwMDAwMDAwMDAwMCwidXBkYXRlIjoxODAwMDAwMDAwMDAwfX0=",
          "dependencies": [
            "azurerm_resource_group.rg-hub",
            "azurerm_virtual_network.vnet-hub"
          ]
        }
      ]
    },
    {
      "mode": "managed",
      "type": "azurerm_virtual_network",
      "name": "vnet-hub",
      "provider": "provider[\"registry.terraform.io/hashicorp/azurerm\"]",
      "instances": [
        {
          "schema_version": 0,
          "attributes": {
            "address_space": [
              "10.0.0.0/16"
            ],
            "bgp_community": "",
            "ddos_protection_plan": [],
            "dns_servers": [],
            "edge_zone": "",
            "encryption": [],
            "flow_timeout_in_minutes": 0,
            "guid": "7c43f84e-7c09-45df-810b-b3e497f1fa77",
            "id": "/subscriptions/38977b70-47bf-4da5-a492-88712fce8725/resourceGroups/rg-hub-aca-22/providers/Microsoft.Network/virtualNetworks/vnet-hub",
            "location": "swedencentral",
            "name": "vnet-hub",
            "resource_group_name": "rg-hub-aca-22",
            "subnet": [
              {
                "address_prefix": "10.0.0.0/24",
                "id": "/subscriptions/38977b70-47bf-4da5-a492-88712fce8725/resourceGroups/rg-hub-aca-22/providers/Microsoft.Network/virtualNetworks/vnet-hub/subnets/subnet-vm",
                "name": "subnet-vm",
                "security_group": ""
              },
              {
                "address_prefix": "10.0.1.0/24",
                "id": "/subscriptions/38977b70-47bf-4da5-a492-88712fce8725/resourceGroups/rg-hub-aca-22/providers/Microsoft.Network/virtualNetworks/vnet-hub/subnets/AzureBastionSubnet",
                "name": "AzureBastionSubnet",
                "security_group": ""
              }
            ],
            "tags": {},
            "timeouts": null
          },
          "sensitive_attributes": [],
          "private": "eyJlMmJmYjczMC1lY2FhLTExZTYtOGY4OC0zNDM2M2JjN2M0YzAiOnsiY3JlYXRlIjoxODAwMDAwMDAwMDAwLCJkZWxldGUiOjE4MDAwMDAwMDAwMDAsInJlYWQiOjMwMDAwMDAwMDAwMCwidXBkYXRlIjoxODAwMDAwMDAwMDAwfX0=",
          "dependencies": [
            "azurerm_resource_group.rg-hub"
          ]
        }
      ]
    },
    {
      "module": "module.spoke-aca-1",
      "mode": "data",
      "type": "azurerm_client_config",
      "name": "current",
      "provider": "provider[\"registry.terraform.io/hashicorp/azurerm\"]",
      "instances": [
        {
          "schema_version": 0,
          "attributes": {
            "client_id": "04b07795-8ddb-461a-bbee-02f9e1bf7b46",
            "id": "Y2xpZW50Q29uZmlncy9jbGllbnRJZD0wNGIwNzc5NS04ZGRiLTQ2MWEtYmJlZS0wMmY5ZTFiZjdiNDY7b2JqZWN0SWQ9MGE4NjQ4YmYtMjhlYy00YTdmLWJlNjUtMGQ2ZDhhMTcyMjgyO3N1YnNjcmlwdGlvbklkPTM4OTc3YjcwLTQ3YmYtNGRhNS1hNDkyLTg4NzEyZmNlODcyNTt0ZW5hbnRJZD1hOGY3ZmFhMS0zZTJlLTRkODQtYTZjYi1kYWY3ZWI5N2Q2ZTQ=",
            "object_id": "0a8648bf-28ec-4a7f-be65-0d6d8a172282",
            "subscription_id": "38977b70-47bf-4da5-a492-88712fce8725",
            "tenant_id": "a8f7faa1-3e2e-4d84-a6cb-daf7eb97d6e4",
            "timeouts": null
          },
          "sensitive_attributes": []
        }
      ]
    },
    {
      "module": "module.spoke-aca-1",
      "mode": "managed",
      "type": "azurerm_container_app",
      "name": "inspector-gadget",
      "provider": "provider[\"registry.terraform.io/hashicorp/azurerm\"]",
      "instances": [
        {
          "schema_version": 0,
          "attributes": {
            "container_app_environment_id": "/subscriptions/38977b70-47bf-4da5-a492-88712fce8725/resourceGroups/rg-spoke-aca-22-1/providers/Microsoft.App/managedEnvironments/aca-environment",
            "custom_domain_verification_id": "2AE36349F34CF07C26682CAB69940DF26614B5B61797CA2B82A7EC6564045909",
            "dapr": [],
            "id": "/subscriptions/38977b70-47bf-4da5-a492-88712fce8725/resourceGroups/rg-spoke-aca-22-1/providers/Microsoft.App/containerApps/inspector-gadget",
            "identity": [],
            "ingress": [
              {
                "allow_insecure_connections": true,
                "custom_domain": [],
                "exposed_port": 0,
                "external_enabled": true,
                "fqdn": "inspector-gadget.salmonforest-f41dc951.swedencentral.azurecontainerapps.io",
                "ip_security_restriction": [],
                "target_port": 80,
                "traffic_weight": [
                  {
                    "label": "",
                    "latest_revision": true,
                    "percentage": 100,
                    "revision_suffix": ""
                  }
                ],
                "transport": "auto"
              }
            ],
            "latest_revision_fqdn": "inspector-gadget--2kvicps.salmonforest-f41dc951.swedencentral.azurecontainerapps.io",
            "latest_revision_name": "inspector-gadget--2kvicps",
            "location": "swedencentral",
            "name": "inspector-gadget",
            "outbound_ip_addresses": [],
            "registry": [],
            "resource_group_name": "rg-spoke-aca-22-1",
            "revision_mode": "Single",
            "secret": [],
            "tags": {},
            "template": [
              {
                "azure_queue_scale_rule": [],
                "container": [
                  {
                    "args": [],
                    "command": [],
                    "cpu": 0.25,
                    "env": [],
                    "ephemeral_storage": "1Gi",
                    "image": "jelledruyts/inspectorgadget",
                    "liveness_probe": [],
                    "memory": "0.5Gi",
                    "name": "inspector-gadget",
                    "readiness_probe": [],
                    "startup_probe": [],
                    "volume_mounts": []
                  }
                ],
                "custom_scale_rule": [],
                "http_scale_rule": [],
                "init_container": [],
                "max_replicas": 3,
                "min_replicas": 1,
                "revision_suffix": "",
                "tcp_scale_rule": [],
                "volume": []
              }
            ],
            "timeouts": null,
            "workload_profile_name": "profile-D4"
          },
          "sensitive_attributes": [
            [
              {
                "type": "get_attr",
                "value": "custom_domain_verification_id"
              }
            ]
          ],
          "private": "eyJlMmJmYjczMC1lY2FhLTExZTYtOGY4OC0zNDM2M2JjN2M0YzAiOnsiY3JlYXRlIjoxODAwMDAwMDAwMDAwLCJkZWxldGUiOjE4MDAwMDAwMDAwMDAsInJlYWQiOjMwMDAwMDAwMDAwMCwidXBkYXRlIjoxODAwMDAwMDAwMDAwfX0=",
          "dependencies": [
            "azurerm_resource_group.rg-hub",
            "module.spoke-aca-1.azurerm_container_app_environment.env",
            "module.spoke-aca-1.azurerm_resource_group.rg",
            "module.spoke-aca-1.azurerm_subnet.snet-aca",
            "module.spoke-aca-1.azurerm_virtual_network.vnet-spoke"
          ]
        }
      ]
    },
    {
      "module": "module.spoke-aca-1",
      "mode": "managed",
      "type": "azurerm_container_app",
      "name": "nginx",
      "provider": "provider[\"registry.terraform.io/hashicorp/azurerm\"]",
      "instances": [
        {
          "schema_version": 0,
          "attributes": {
            "container_app_environment_id": "/subscriptions/38977b70-47bf-4da5-a492-88712fce8725/resourceGroups/rg-spoke-aca-22-1/providers/Microsoft.App/managedEnvironments/aca-environment",
            "custom_domain_verification_id": "2AE36349F34CF07C26682CAB69940DF26614B5B61797CA2B82A7EC6564045909",
            "dapr": [],
            "id": "/subscriptions/38977b70-47bf-4da5-a492-88712fce8725/resourceGroups/rg-spoke-aca-22-1/providers/Microsoft.App/containerApps/nginx",
            "identity": [],
            "ingress": [
              {
                "allow_insecure_connections": true,
                "custom_domain": [],
                "exposed_port": 0,
                "external_enabled": true,
                "fqdn": "nginx.salmonforest-f41dc951.swedencentral.azurecontainerapps.io",
                "ip_security_restriction": [],
                "target_port": 80,
                "traffic_weight": [
                  {
                    "label": "",
                    "latest_revision": true,
                    "percentage": 100,
                    "revision_suffix": ""
                  }
                ],
                "transport": "auto"
              }
            ],
            "latest_revision_fqdn": "nginx--z47i0vk.salmonforest-f41dc951.swedencentral.azurecontainerapps.io",
            "latest_revision_name": "nginx--z47i0vk",
            "location": "swedencentral",
            "name": "nginx",
            "outbound_ip_addresses": [],
            "registry": [],
            "resource_group_name": "rg-spoke-aca-22-1",
            "revision_mode": "Single",
            "secret": [],
            "tags": {},
            "template": [
              {
                "azure_queue_scale_rule": [],
                "container": [
                  {
                    "args": [],
                    "command": [],
                    "cpu": 0.25,
                    "env": [],
                    "ephemeral_storage": "1Gi",
                    "image": "nginx:latest",
                    "liveness_probe": [],
                    "memory": "0.5Gi",
                    "name": "nginx",
                    "readiness_probe": [],
                    "startup_probe": [],
                    "volume_mounts": []
                  }
                ],
                "custom_scale_rule": [],
                "http_scale_rule": [],
                "init_container": [],
                "max_replicas": 3,
                "min_replicas": 1,
                "revision_suffix": "",
                "tcp_scale_rule": [],
                "volume": []
              }
            ],
            "timeouts": null,
            "workload_profile_name": "profile-D4"
          },
          "sensitive_attributes": [
            [
              {
                "type": "get_attr",
                "value": "custom_domain_verification_id"
              }
            ]
          ],
          "private": "eyJlMmJmYjczMC1lY2FhLTExZTYtOGY4OC0zNDM2M2JjN2M0YzAiOnsiY3JlYXRlIjoxODAwMDAwMDAwMDAwLCJkZWxldGUiOjE4MDAwMDAwMDAwMDAsInJlYWQiOjMwMDAwMDAwMDAwMCwidXBkYXRlIjoxODAwMDAwMDAwMDAwfX0=",
          "dependencies": [
            "azurerm_resource_group.rg-hub",
            "module.spoke-aca-1.azurerm_container_app_environment.env",
            "module.spoke-aca-1.azurerm_resource_group.rg",
            "module.spoke-aca-1.azurerm_subnet.snet-aca",
            "module.spoke-aca-1.azurerm_virtual_network.vnet-spoke"
          ]
        }
      ]
    },
    {
      "module": "module.spoke-aca-1",
      "mode": "managed",
      "type": "azurerm_container_app_environment",
      "name": "env",
      "provider": "provider[\"registry.terraform.io/hashicorp/azurerm\"]",
      "instances": [
        {
          "schema_version": 0,
          "attributes": {
            "dapr_application_insights_connection_string": "",
            "default_domain": "salmonforest-f41dc951.swedencentral.azurecontainerapps.io",
            "docker_bridge_cidr": "",
            "id": "/subscriptions/38977b70-47bf-4da5-a492-88712fce8725/resourceGroups/rg-spoke-aca-22-1/providers/Microsoft.App/managedEnvironments/aca-environment",
            "infrastructure_resource_group_name": "ME_aca-environment_rg-spoke-aca-22-1_swedencentral",
            "infrastructure_subnet_id": "/subscriptions/38977b70-47bf-4da5-a492-88712fce8725/resourceGroups/rg-spoke-aca-22-1/providers/Microsoft.Network/virtualNetworks/vnet-spoke/subnets/snet-aca",
            "internal_load_balancer_enabled": true,
            "location": "swedencentral",
            "log_analytics_workspace_id": "",
            "name": "aca-environment",
            "platform_reserved_cidr": "",
            "platform_reserved_dns_ip_address": "",
            "resource_group_name": "rg-spoke-aca-22-1",
            "static_ip_address": "10.1.0.31",
            "tags": {},
            "timeouts": null,
            "workload_profile": [
              {
                "maximum_count": 3,
                "minimum_count": 1,
                "name": "profile-D4",
                "workload_profile_type": "D4"
              }
            ],
            "zone_redundancy_enabled": false
          },
          "sensitive_attributes": [
            [
              {
                "type": "get_attr",
                "value": "dapr_application_insights_connection_string"
              }
            ]
          ],
          "private": "eyJlMmJmYjczMC1lY2FhLTExZTYtOGY4OC0zNDM2M2JjN2M0YzAiOnsiY3JlYXRlIjoxODAwMDAwMDAwMDAwLCJkZWxldGUiOjE4MDAwMDAwMDAwMDAsInJlYWQiOjMwMDAwMDAwMDAwMCwidXBkYXRlIjoxODAwMDAwMDAwMDAwfX0=",
          "dependencies": [
            "azurerm_resource_group.rg-hub",
            "module.spoke-aca-1.azurerm_resource_group.rg",
            "module.spoke-aca-1.azurerm_subnet.snet-aca",
            "module.spoke-aca-1.azurerm_virtual_network.vnet-spoke"
          ]
        }
      ]
    },
    {
      "module": "module.spoke-aca-1",
      "mode": "managed",
      "type": "azurerm_key_vault",
      "name": "keyvault",
      "provider": "provider[\"registry.terraform.io/hashicorp/azurerm\"]",
      "instances": [
        {
          "schema_version": 2,
          "attributes": {
            "access_policy": [],
            "contact": [],
            "enable_rbac_authorization": true,
            "enabled_for_deployment": false,
            "enabled_for_disk_encryption": false,
            "enabled_for_template_deployment": false,
            "id": "/subscriptions/38977b70-47bf-4da5-a492-88712fce8725/resourceGroups/rg-spoke-aca-22-1/providers/Microsoft.KeyVault/vaults/kv-aca-7eihe",
            "location": "swedencentral",
            "name": "kv-aca-7eihe",
            "network_acls": [
              {
                "bypass": "AzureServices",
                "default_action": "Allow",
                "ip_rules": [],
                "virtual_network_subnet_ids": []
              }
            ],
            "public_network_access_enabled": true,
            "purge_protection_enabled": false,
            "resource_group_name": "rg-spoke-aca-22-1",
            "sku_name": "standard",
            "soft_delete_retention_days": 7,
            "tags": null,
            "tenant_id": "a8f7faa1-3e2e-4d84-a6cb-daf7eb97d6e4",
            "timeouts": null,
            "vault_uri": "https://kv-aca-7eihe.vault.azure.net/"
          },
          "sensitive_attributes": [],
          "private": "eyJlMmJmYjczMC1lY2FhLTExZTYtOGY4OC0zNDM2M2JjN2M0YzAiOnsiY3JlYXRlIjoxODAwMDAwMDAwMDAwLCJkZWxldGUiOjE4MDAwMDAwMDAwMDAsInJlYWQiOjMwMDAwMDAwMDAwMCwidXBkYXRlIjoxODAwMDAwMDAwMDAwfSwic2NoZW1hX3ZlcnNpb24iOiIyIn0=",
          "dependencies": [
            "azurerm_resource_group.rg-hub",
            "module.spoke-aca-1.azurerm_resource_group.rg",
            "module.spoke-aca-1.data.azurerm_client_config.current",
            "module.spoke-aca-1.random_string.random"
          ]
        }
      ]
    },
    {
      "module": "module.spoke-aca-1",
      "mode": "managed",
      "type": "azurerm_key_vault_certificate",
      "name": "local_domain_certs",
      "provider": "provider[\"registry.terraform.io/hashicorp/azurerm\"]",
      "instances": [
        {
          "schema_version": 0,
          "attributes": {
            "certificate": [],
            "certificate_attribute": [
              {
                "created": "2024-05-02T16:59:23Z",
                "enabled": true,
                "expires": "2025-05-02T16:59:23Z",
                "not_before": "2024-05-02T16:49:23Z",
                "recovery_level": "CustomizedRecoverable+Purgeable",
                "updated": "2024-05-02T16:59:23Z"
              }
            ],
            "certificate_data": "3082034830820230A0030201020210039CF996CA274D4F878116B0E0F93735300D06092A864886F70D01010B05003018311630140603550403130D696E7465726E616C2E636F7270301E170D3234303530323136343932335A170D3235303530323136353932335A3018311630140603550403130D696E7465726E616C2E636F727030820122300D06092A864886F70D01010105000382010F003082010A0282010100F6FD75739BE58033B6D4262ACCB7263459FC47D68F0021043EE2895BCADD0474A502867A0A667C7E4A40B39A485D336FE2E779212DDFF61BA1D60A9393EF3417FF33956C461842CECE9246131CED08C2BF2998A0726059587146581AB5D982AD49D7A42EA10BC74E82BFD1FB3C9BF73B4F3C974AEAA41638CBCEACA665F014D8079D86FD146C6E5ECFB34EB67CFD8E694EF9DB2496EA75B05D8CDB96A49C7F5775383A03E606BE30B1D82FC6EFE7F6489EEE8ADCA5456710C789B794E3BE47B45F766063A2D61826AB6A04BEDA41274129BEF4D32DC53ED63B02FF5F139C0ABD7F4E6E36BC089DD1B8743C58A9A0E68BE6CD6FFCD5D765CE66BE4C5FBCBDEAAD0203010001A3818D30818A300E0603551D0F0101FF0404030205A030090603551D130402300030130603551D25040C300A06082B0601050507030130180603551D110411300F820D696E7465726E616C2E636F7270301F0603551D23041830168014629DD77A995EA60EBAC566F3E87D90C90642B5B4301D0603551D0E04160414629DD77A995EA60EBAC566F3E87D90C90642B5B4300D06092A864886F70D01010B050003820101007594F76AA5F8464170F7A7A7D317A449AC9A589961D6FB4083210B411B4220F513115306C8C84211C7E84FBA1C6E9F42AB307F98F5282B68842632CD127F69D3D9AC918C605751D6E9BA39B5DC112FE3473CC8727001872163EF81A139E169B2728394D4E237FD6D5D6BEA57F4ADBEFFEC17A80267EF8982A9765FB3A7A472FB12303E06869AB0384792A07202BCA1458507B600AF5085CA6CCFDA651EB1B34FF83DD2060BA3837BB3A5DE3DE13524C402C41C4C76836BB8802C63244E6BB93F19BF79953BF3AA41044827AD92F90F139FCE8CC9625C6EDC08AD5F17B270A8DACC4154B212CCF8EF1B082A6EE7359E2085D6FDDDA102E7E354A75FBCFEE1DF7B",
            "certificate_data_base64": "MIIDSDCCAjCgAwIBAgIQA5z5lsonTU+HgRaw4Pk3NTANBgkqhkiG9w0BAQsFADAYMRYwFAYDVQQDEw1pbnRlcm5hbC5jb3JwMB4XDTI0MDUwMjE2NDkyM1oXDTI1MDUwMjE2NTkyM1owGDEWMBQGA1UEAxMNaW50ZXJuYWwuY29ycDCCASIwDQYJKoZIhvcNAQEBBQADggEPADCCAQoCggEBAPb9dXOb5YAzttQmKsy3JjRZ/EfWjwAhBD7iiVvK3QR0pQKGegpmfH5KQLOaSF0zb+LneSEt3/YbodYKk5PvNBf/M5VsRhhCzs6SRhMc7QjCvymYoHJgWVhxRlgatdmCrUnXpC6hC8dOgr/R+zyb9ztPPJdK6qQWOMvOrKZl8BTYB52G/RRsbl7Ps062fP2OaU752ySW6nWwXYzblqScf1d1ODoD5ga+MLHYL8bv5/ZInu6K3KVFZxDHibeU475HtF92YGOi1hgmq2oEvtpBJ0EpvvTTLcU+1jsC/18TnAq9f05uNrwIndG4dDxYqaDmi+bNb/zV12XOZr5MX7y96q0CAwEAAaOBjTCBijAOBgNVHQ8BAf8EBAMCBaAwCQYDVR0TBAIwADATBgNVHSUEDDAKBggrBgEFBQcDATAYBgNVHREEETAPgg1pbnRlcm5hbC5jb3JwMB8GA1UdIwQYMBaAFGKd13qZXqYOusVm8+h9kMkGQrW0MB0GA1UdDgQWBBRindd6mV6mDrrFZvPofZDJBkK1tDANBgkqhkiG9w0BAQsFAAOCAQEAdZT3aqX4RkFw96en0xekSayaWJlh1vtAgyELQRtCIPUTEVMGyMhCEcfoT7ocbp9CqzB/mPUoK2iEJjLNEn9p09mskYxgV1HW6bo5tdwRL+NHPMhycAGHIWPvgaE54WmycoOU1OI3/W1da+pX9K2+/+wXqAJn74mCqXZfs6ekcvsSMD4GhpqwOEeSoHICvKFFhQe2AK9Qhcpsz9plHrGzT/g90gYLo4N7s6XePeE1JMQCxBxMdoNruIAsYyROa7k/Gb95lTvzqkEESCetkvkPE5/OjMliXG7cCK1fF7JwqNrMQVSyEsz47xsIKm7nNZ4ghdb93aEC5+NUp1+8/uHfew==",
            "certificate_policy": [
              {
                "issuer_parameters": [
                  {
                    "name": "Self"
                  }
                ],
                "key_properties": [
                  {
                    "curve": "",
                    "exportable": true,
                    "key_size": 2048,
                    "key_type": "RSA",
                    "reuse_key": true
                  }
                ],
                "lifetime_action": [
                  {
                    "action": [
                      {
                        "action_type": "AutoRenew"
                      }
                    ],
                    "trigger": [
                      {
                        "days_before_expiry": 30,
                        "lifetime_percentage": 0
                      }
                    ]
                  }
                ],
                "secret_properties": [
                  {
                    "content_type": "application/x-pkcs12"
                  }
                ],
                "x509_certificate_properties": [
                  {
                    "extended_key_usage": [
                      "1.3.6.1.5.5.7.3.1"
                    ],
                    "key_usage": [
                      "digitalSignature",
                      "keyEncipherment"
                    ],
                    "subject": "CN=internal.corp",
                    "subject_alternative_names": [
                      {
                        "dns_names": [
                          "internal.corp"
                        ],
                        "emails": null,
                        "upns": null
                      }
                    ],
                    "validity_in_months": 12
                  }
                ]
              }
            ],
            "id": "https://kv-aca-7eihe.vault.azure.net/certificates/internal-corp/447cc460340746fda37254cceb5928b0",
            "key_vault_id": "/subscriptions/38977b70-47bf-4da5-a492-88712fce8725/resourceGroups/rg-spoke-aca-22-1/providers/Microsoft.KeyVault/vaults/kv-aca-7eihe",
            "name": "internal-corp",
            "resource_manager_id": "/subscriptions/38977b70-47bf-4da5-a492-88712fce8725/resourceGroups/rg-spoke-aca-22-1/providers/Microsoft.KeyVault/vaults/kv-aca-7eihe/certificates/internal-corp/versions/447cc460340746fda37254cceb5928b0",
            "resource_manager_versionless_id": "/subscriptions/38977b70-47bf-4da5-a492-88712fce8725/resourceGroups/rg-spoke-aca-22-1/providers/Microsoft.KeyVault/vaults/kv-aca-7eihe/certificates/internal-corp",
            "secret_id": "https://kv-aca-7eihe.vault.azure.net/secrets/internal-corp/447cc460340746fda37254cceb5928b0",
            "tags": null,
            "thumbprint": "6FE6EAAC5724C142661E327474023C8DB7D43829",
            "timeouts": null,
            "version": "447cc460340746fda37254cceb5928b0",
            "versionless_id": "https://kv-aca-7eihe.vault.azure.net/certificates/internal-corp",
            "versionless_secret_id": "https://kv-aca-7eihe.vault.azure.net/secrets/internal-corp"
          },
          "sensitive_attributes": [],
          "private": "eyJlMmJmYjczMC1lY2FhLTExZTYtOGY4OC0zNDM2M2JjN2M0YzAiOnsiY3JlYXRlIjozNjAwMDAwMDAwMDAwLCJkZWxldGUiOjE4MDAwMDAwMDAwMDAsInJlYWQiOjE4MDAwMDAwMDAwMDAsInVwZGF0ZSI6MTgwMDAwMDAwMDAwMH19",
          "dependencies": [
            "azurerm_resource_group.rg-hub",
            "module.spoke-aca-1.azurerm_key_vault.keyvault",
            "module.spoke-aca-1.azurerm_resource_group.rg",
            "module.spoke-aca-1.azurerm_role_assignment.role-certificates-officer",
            "module.spoke-aca-1.data.azurerm_client_config.current",
            "module.spoke-aca-1.random_string.random"
          ]
        }
      ]
    },
    {
      "module": "module.spoke-aca-1",
      "mode": "managed",
      "type": "azurerm_linux_virtual_machine",
      "name": "vm",
      "provider": "provider[\"registry.terraform.io/hashicorp/azurerm\"]",
      "instances": [
        {
          "schema_version": 0,
          "attributes": {
            "additional_capabilities": [],
            "admin_password": "@Aa123456789",
            "admin_ssh_key": [],
            "admin_username": "azureuser",
            "allow_extension_operations": true,
            "availability_set_id": "",
            "boot_diagnostics": [
              {
                "storage_account_uri": ""
              }
            ],
            "bypass_platform_safety_checks_on_user_schedule_enabled": false,
            "capacity_reservation_group_id": "",
            "computer_name": "vm-linux",
            "custom_data": null,
            "dedicated_host_group_id": "",
            "dedicated_host_id": "",
            "disable_password_authentication": false,
            "disk_controller_type": "SCSI",
            "edge_zone": "",
            "encryption_at_host_enabled": false,
            "eviction_policy": "Deallocate",
            "extensions_time_budget": "PT1H30M",
            "gallery_application": [],
            "id": "/subscriptions/38977b70-47bf-4da5-a492-88712fce8725/resourceGroups/rg-spoke-aca-22-1/providers/Microsoft.Compute/virtualMachines/vm-linux",
            "identity": [],
            "license_type": "",
            "location": "swedencentral",
            "max_bid_price": -1,
            "name": "vm-linux",
            "network_interface_ids": [
              "/subscriptions/38977b70-47bf-4da5-a492-88712fce8725/resourceGroups/rg-spoke-aca-22-1/providers/Microsoft.Network/networkInterfaces/nic-vm"
            ],
            "os_disk": [
              {
                "caching": "ReadWrite",
                "diff_disk_settings": [],
                "disk_encryption_set_id": "",
                "disk_size_gb": 30,
                "name": "disk-os-vm",
                "secure_vm_disk_encryption_set_id": "",
                "security_encryption_type": "",
                "storage_account_type": "Standard_LRS",
                "write_accelerator_enabled": false
              }
            ],
            "os_image_notification": [],
            "patch_assessment_mode": "ImageDefault",
            "patch_mode": "ImageDefault",
            "plan": [],
            "platform_fault_domain": -1,
            "priority": "Spot",
            "private_ip_address": "10.1.1.4",
            "private_ip_addresses": [
              "10.1.1.4"
            ],
            "provision_vm_agent": true,
            "proximity_placement_group_id": "",
            "public_ip_address": "",
            "public_ip_addresses": [],
            "reboot_setting": "",
            "resource_group_name": "rg-spoke-aca-22-1",
            "secret": [],
            "secure_boot_enabled": false,
            "size": "Standard_B2ats_v2",
            "source_image_id": "",
            "source_image_reference": [
              {
                "offer": "0001-com-ubuntu-server-jammy",
                "publisher": "canonical",
                "sku": "22_04-lts-gen2",
                "version": "latest"
              }
            ],
            "tags": {},
            "termination_notification": [],
            "timeouts": null,
            "user_data": "",
            "virtual_machine_id": "e9b2d97b-fffa-4052-912a-b74df9410827",
            "virtual_machine_scale_set_id": "",
            "vm_agent_platform_updates_enabled": false,
            "vtpm_enabled": false,
            "zone": ""
          },
          "sensitive_attributes": [
            [
              {
                "type": "get_attr",
                "value": "custom_data"
              }
            ],
            [
              {
                "type": "get_attr",
                "value": "admin_password"
              }
            ]
          ],
          "private": "eyJlMmJmYjczMC1lY2FhLTExZTYtOGY4OC0zNDM2M2JjN2M0YzAiOnsiY3JlYXRlIjoyNzAwMDAwMDAwMDAwLCJkZWxldGUiOjI3MDAwMDAwMDAwMDAsInJlYWQiOjMwMDAwMDAwMDAwMCwidXBkYXRlIjoyNzAwMDAwMDAwMDAwfX0=",
          "dependencies": [
            "azurerm_resource_group.rg-hub",
            "module.spoke-aca-1.azurerm_network_interface.nic-vm",
            "module.spoke-aca-1.azurerm_resource_group.rg",
            "module.spoke-aca-1.azurerm_subnet.snet-vm",
            "module.spoke-aca-1.azurerm_virtual_network.vnet-spoke"
          ]
        }
      ]
    },
    {
      "module": "module.spoke-aca-1",
      "mode": "managed",
      "type": "azurerm_network_interface",
      "name": "nic-vm",
      "provider": "provider[\"registry.terraform.io/hashicorp/azurerm\"]",
      "instances": [
        {
          "schema_version": 0,
          "attributes": {
            "applied_dns_servers": [],
            "auxiliary_mode": "",
            "auxiliary_sku": "",
            "dns_servers": [],
            "edge_zone": "",
            "enable_accelerated_networking": false,
            "enable_ip_forwarding": false,
            "id": "/subscriptions/38977b70-47bf-4da5-a492-88712fce8725/resourceGroups/rg-spoke-aca-22-1/providers/Microsoft.Network/networkInterfaces/nic-vm",
            "internal_dns_name_label": "",
            "internal_domain_name_suffix": "mafi0jb2g4aetbwkkovd03tcab.gvxx.internal.cloudapp.net",
            "ip_configuration": [
              {
                "gateway_load_balancer_frontend_ip_configuration_id": "",
                "name": "internal",
                "primary": true,
                "private_ip_address": "10.1.1.4",
                "private_ip_address_allocation": "Dynamic",
                "private_ip_address_version": "IPv4",
                "public_ip_address_id": "",
                "subnet_id": "/subscriptions/38977b70-47bf-4da5-a492-88712fce8725/resourceGroups/rg-spoke-aca-22-1/providers/Microsoft.Network/virtualNetworks/vnet-spoke/subnets/snet-vm"
              }
            ],
            "location": "swedencentral",
            "mac_address": "60-45-BD-AB-B7-14",
            "name": "nic-vm",
            "private_ip_address": "10.1.1.4",
            "private_ip_addresses": [
              "10.1.1.4"
            ],
            "resource_group_name": "rg-spoke-aca-22-1",
            "tags": {},
            "timeouts": null,
            "virtual_machine_id": "/subscriptions/38977b70-47bf-4da5-a492-88712fce8725/resourceGroups/rg-spoke-aca-22-1/providers/Microsoft.Compute/virtualMachines/vm-linux"
          },
          "sensitive_attributes": [],
          "private": "eyJlMmJmYjczMC1lY2FhLTExZTYtOGY4OC0zNDM2M2JjN2M0YzAiOnsiY3JlYXRlIjoxODAwMDAwMDAwMDAwLCJkZWxldGUiOjE4MDAwMDAwMDAwMDAsInJlYWQiOjMwMDAwMDAwMDAwMCwidXBkYXRlIjoxODAwMDAwMDAwMDAwfX0=",
          "dependencies": [
            "azurerm_resource_group.rg-hub",
            "module.spoke-aca-1.azurerm_resource_group.rg",
            "module.spoke-aca-1.azurerm_subnet.snet-vm",
            "module.spoke-aca-1.azurerm_virtual_network.vnet-spoke"
          ]
        }
      ]
    },
    {
      "module": "module.spoke-aca-1",
      "mode": "managed",
      "type": "azurerm_private_dns_a_record",
      "name": "a-record-nginx",
      "provider": "provider[\"registry.terraform.io/hashicorp/azurerm\"]",
      "instances": [
        {
          "schema_version": 0,
          "attributes": {
            "fqdn": "*.salmonforest-f41dc951.swedencentral.azurecontainerapps.io.",
            "id": "/subscriptions/38977b70-47bf-4da5-a492-88712fce8725/resourceGroups/rg-hub-aca-22/providers/Microsoft.Network/privateDnsZones/swedencentral.azurecontainerapps.io/A/*.salmonforest-f41dc951",
            "name": "*.salmonforest-f41dc951",
            "records": [
              "10.1.0.31"
            ],
            "resource_group_name": "rg-hub-aca-22",
            "tags": {},
            "timeouts": null,
            "ttl": 300,
            "zone_name": "swedencentral.azurecontainerapps.io"
          },
          "sensitive_attributes": [],
          "private": "eyJlMmJmYjczMC1lY2FhLTExZTYtOGY4OC0zNDM2M2JjN2M0YzAiOnsiY3JlYXRlIjoxODAwMDAwMDAwMDAwLCJkZWxldGUiOjE4MDAwMDAwMDAwMDAsInJlYWQiOjMwMDAwMDAwMDAwMCwidXBkYXRlIjoxODAwMDAwMDAwMDAwfX0=",
          "dependencies": [
            "azurerm_private_dns_zone.private-dns-zone",
            "azurerm_resource_group.rg-hub",
            "module.spoke-aca-1.azurerm_container_app_environment.env",
            "module.spoke-aca-1.azurerm_resource_group.rg",
            "module.spoke-aca-1.azurerm_subnet.snet-aca",
            "module.spoke-aca-1.azurerm_virtual_network.vnet-spoke"
          ]
        }
      ]
    },
    {
      "module": "module.spoke-aca-1",
      "mode": "managed",
      "type": "azurerm_private_dns_zone_virtual_network_link",
      "name": "link-vnet-spoke",
      "provider": "provider[\"registry.terraform.io/hashicorp/azurerm\"]",
      "instances": [
        {
          "schema_version": 0,
          "attributes": {
            "id": "/subscriptions/38977b70-47bf-4da5-a492-88712fce8725/resourceGroups/rg-hub-aca-22/providers/Microsoft.Network/privateDnsZones/swedencentral.azurecontainerapps.io/virtualNetworkLinks/link-vnet-spoke-22-1",
            "name": "link-vnet-spoke-22-1",
            "private_dns_zone_name": "swedencentral.azurecontainerapps.io",
            "registration_enabled": false,
            "resource_group_name": "rg-hub-aca-22",
            "tags": {},
            "timeouts": null,
            "virtual_network_id": "/subscriptions/38977b70-47bf-4da5-a492-88712fce8725/resourceGroups/rg-spoke-aca-22-1/providers/Microsoft.Network/virtualNetworks/vnet-spoke"
          },
          "sensitive_attributes": [],
          "private": "eyJlMmJmYjczMC1lY2FhLTExZTYtOGY4OC0zNDM2M2JjN2M0YzAiOnsiY3JlYXRlIjoxODAwMDAwMDAwMDAwLCJkZWxldGUiOjE4MDAwMDAwMDAwMDAsInJlYWQiOjMwMDAwMDAwMDAwMCwidXBkYXRlIjoxODAwMDAwMDAwMDAwfX0=",
          "dependencies": [
            "azurerm_private_dns_zone.private-dns-zone",
            "azurerm_resource_group.rg-hub",
            "module.spoke-aca-1.azurerm_resource_group.rg",
            "module.spoke-aca-1.azurerm_virtual_network.vnet-spoke"
          ]
        }
      ]
    },
    {
      "module": "module.spoke-aca-1",
      "mode": "managed",
      "type": "azurerm_resource_group",
      "name": "rg",
      "provider": "provider[\"registry.terraform.io/hashicorp/azurerm\"]",
      "instances": [
        {
          "schema_version": 0,
          "attributes": {
            "id": "/subscriptions/38977b70-47bf-4da5-a492-88712fce8725/resourceGroups/rg-spoke-aca-22-1",
            "location": "swedencentral",
            "managed_by": "",
            "name": "rg-spoke-aca-22-1",
            "tags": {},
            "timeouts": null
          },
          "sensitive_attributes": [],
          "private": "eyJlMmJmYjczMC1lY2FhLTExZTYtOGY4OC0zNDM2M2JjN2M0YzAiOnsiY3JlYXRlIjo1NDAwMDAwMDAwMDAwLCJkZWxldGUiOjU0MDAwMDAwMDAwMDAsInJlYWQiOjMwMDAwMDAwMDAwMCwidXBkYXRlIjo1NDAwMDAwMDAwMDAwfX0=",
          "dependencies": [
            "azurerm_resource_group.rg-hub"
          ]
        }
      ]
    },
    {
      "module": "module.spoke-aca-1",
      "mode": "managed",
      "type": "azurerm_role_assignment",
      "name": "role-certificates-officer",
      "provider": "provider[\"registry.terraform.io/hashicorp/azurerm\"]",
      "instances": [
        {
          "schema_version": 0,
          "attributes": {
            "condition": "",
            "condition_version": "",
            "delegated_managed_identity_resource_id": "",
            "description": "",
            "id": "/subscriptions/38977b70-47bf-4da5-a492-88712fce8725/resourceGroups/rg-spoke-aca-22-1/providers/Microsoft.KeyVault/vaults/kv-aca-7eihe/providers/Microsoft.Authorization/roleAssignments/2dc2d6fe-c80c-53db-7a0c-388a5c3877eb",
            "name": "2dc2d6fe-c80c-53db-7a0c-388a5c3877eb",
            "principal_id": "0a8648bf-28ec-4a7f-be65-0d6d8a172282",
            "principal_type": "User",
            "role_definition_id": "/subscriptions/38977b70-47bf-4da5-a492-88712fce8725/providers/Microsoft.Authorization/roleDefinitions/a4417e6f-fecd-4de8-b567-7b0420556985",
            "role_definition_name": "Key Vault Certificates Officer",
            "scope": "/subscriptions/38977b70-47bf-4da5-a492-88712fce8725/resourceGroups/rg-spoke-aca-22-1/providers/Microsoft.KeyVault/vaults/kv-aca-7eihe",
            "skip_service_principal_aad_check": null,
            "timeouts": null
          },
          "sensitive_attributes": [],
          "private": "eyJlMmJmYjczMC1lY2FhLTExZTYtOGY4OC0zNDM2M2JjN2M0YzAiOnsiY3JlYXRlIjoxODAwMDAwMDAwMDAwLCJkZWxldGUiOjE4MDAwMDAwMDAwMDAsInJlYWQiOjMwMDAwMDAwMDAwMH19",
          "dependencies": [
            "azurerm_resource_group.rg-hub",
            "module.spoke-aca-1.azurerm_key_vault.keyvault",
            "module.spoke-aca-1.azurerm_resource_group.rg",
            "module.spoke-aca-1.data.azurerm_client_config.current",
            "module.spoke-aca-1.random_string.random"
          ]
        }
      ]
    },
    {
      "module": "module.spoke-aca-1",
      "mode": "managed",
      "type": "azurerm_subnet",
      "name": "snet-aca",
      "provider": "provider[\"registry.terraform.io/hashicorp/azurerm\"]",
      "instances": [
        {
          "schema_version": 0,
          "attributes": {
            "address_prefixes": [
              "10.1.0.0/24"
            ],
            "delegation": [
              {
                "name": "delegation",
                "service_delegation": [
                  {
                    "actions": [
                      "Microsoft.Network/virtualNetworks/subnets/join/action"
                    ],
                    "name": "Microsoft.App/environments"
                  }
                ]
              }
            ],
            "enforce_private_link_endpoint_network_policies": false,
            "enforce_private_link_service_network_policies": false,
            "id": "/subscriptions/38977b70-47bf-4da5-a492-88712fce8725/resourceGroups/rg-spoke-aca-22-1/providers/Microsoft.Network/virtualNetworks/vnet-spoke/subnets/snet-aca",
            "name": "snet-aca",
            "private_endpoint_network_policies_enabled": true,
            "private_link_service_network_policies_enabled": true,
            "resource_group_name": "rg-spoke-aca-22-1",
            "service_endpoint_policy_ids": [],
            "service_endpoints": [],
            "timeouts": null,
            "virtual_network_name": "vnet-spoke"
          },
          "sensitive_attributes": [],
          "private": "eyJlMmJmYjczMC1lY2FhLTExZTYtOGY4OC0zNDM2M2JjN2M0YzAiOnsiY3JlYXRlIjoxODAwMDAwMDAwMDAwLCJkZWxldGUiOjE4MDAwMDAwMDAwMDAsInJlYWQiOjMwMDAwMDAwMDAwMCwidXBkYXRlIjoxODAwMDAwMDAwMDAwfX0=",
          "dependencies": [
            "azurerm_resource_group.rg-hub",
            "module.spoke-aca-1.azurerm_resource_group.rg",
            "module.spoke-aca-1.azurerm_virtual_network.vnet-spoke"
          ]
        }
      ]
    },
    {
      "module": "module.spoke-aca-1",
      "mode": "managed",
      "type": "azurerm_subnet",
      "name": "snet-vm",
      "provider": "provider[\"registry.terraform.io/hashicorp/azurerm\"]",
      "instances": [
        {
          "schema_version": 0,
          "attributes": {
            "address_prefixes": [
              "10.1.1.0/24"
            ],
            "delegation": [],
            "enforce_private_link_endpoint_network_policies": false,
            "enforce_private_link_service_network_policies": false,
            "id": "/subscriptions/38977b70-47bf-4da5-a492-88712fce8725/resourceGroups/rg-spoke-aca-22-1/providers/Microsoft.Network/virtualNetworks/vnet-spoke/subnets/snet-vm",
            "name": "snet-vm",
            "private_endpoint_network_policies_enabled": true,
            "private_link_service_network_policies_enabled": true,
            "resource_group_name": "rg-spoke-aca-22-1",
            "service_endpoint_policy_ids": [],
            "service_endpoints": [],
            "timeouts": null,
            "virtual_network_name": "vnet-spoke"
          },
          "sensitive_attributes": [],
          "private": "eyJlMmJmYjczMC1lY2FhLTExZTYtOGY4OC0zNDM2M2JjN2M0YzAiOnsiY3JlYXRlIjoxODAwMDAwMDAwMDAwLCJkZWxldGUiOjE4MDAwMDAwMDAwMDAsInJlYWQiOjMwMDAwMDAwMDAwMCwidXBkYXRlIjoxODAwMDAwMDAwMDAwfX0=",
          "dependencies": [
            "azurerm_resource_group.rg-hub",
            "module.spoke-aca-1.azurerm_resource_group.rg",
            "module.spoke-aca-1.azurerm_virtual_network.vnet-spoke"
          ]
        }
      ]
    },
    {
      "module": "module.spoke-aca-1",
      "mode": "managed",
      "type": "azurerm_virtual_network",
      "name": "vnet-spoke",
      "provider": "provider[\"registry.terraform.io/hashicorp/azurerm\"]",
      "instances": [
        {
          "schema_version": 0,
          "attributes": {
            "address_space": [
              "10.1.0.0/16"
            ],
            "bgp_community": "",
            "ddos_protection_plan": [],
            "dns_servers": [],
            "edge_zone": "",
            "encryption": [],
            "flow_timeout_in_minutes": 0,
            "guid": "248d0a60-373c-4980-86ca-53aa3d766201",
            "id": "/subscriptions/38977b70-47bf-4da5-a492-88712fce8725/resourceGroups/rg-spoke-aca-22-1/providers/Microsoft.Network/virtualNetworks/vnet-spoke",
            "location": "swedencentral",
            "name": "vnet-spoke",
            "resource_group_name": "rg-spoke-aca-22-1",
            "subnet": [
              {
                "address_prefix": "10.1.0.0/24",
                "id": "/subscriptions/38977b70-47bf-4da5-a492-88712fce8725/resourceGroups/rg-spoke-aca-22-1/providers/Microsoft.Network/virtualNetworks/vnet-spoke/subnets/snet-aca",
                "name": "snet-aca",
                "security_group": ""
              },
              {
                "address_prefix": "10.1.1.0/24",
                "id": "/subscriptions/38977b70-47bf-4da5-a492-88712fce8725/resourceGroups/rg-spoke-aca-22-1/providers/Microsoft.Network/virtualNetworks/vnet-spoke/subnets/snet-vm",
                "name": "snet-vm",
                "security_group": ""
              }
            ],
            "tags": {},
            "timeouts": null
          },
          "sensitive_attributes": [],
          "private": "eyJlMmJmYjczMC1lY2FhLTExZTYtOGY4OC0zNDM2M2JjN2M0YzAiOnsiY3JlYXRlIjoxODAwMDAwMDAwMDAwLCJkZWxldGUiOjE4MDAwMDAwMDAwMDAsInJlYWQiOjMwMDAwMDAwMDAwMCwidXBkYXRlIjoxODAwMDAwMDAwMDAwfX0=",
          "dependencies": [
            "azurerm_resource_group.rg-hub",
            "module.spoke-aca-1.azurerm_resource_group.rg"
          ]
        }
      ]
    },
    {
      "module": "module.spoke-aca-1",
      "mode": "managed",
      "type": "azurerm_virtual_network_peering",
      "name": "hub-to-spoke",
      "provider": "provider[\"registry.terraform.io/hashicorp/azurerm\"]",
      "instances": [
        {
          "schema_version": 0,
          "attributes": {
            "allow_forwarded_traffic": true,
            "allow_gateway_transit": false,
            "allow_virtual_network_access": true,
            "id": "/subscriptions/38977b70-47bf-4da5-a492-88712fce8725/resourceGroups/rg-hub-aca-22/providers/Microsoft.Network/virtualNetworks/vnet-hub/virtualNetworkPeerings/hub-to-spoke-22-1",
            "name": "hub-to-spoke-22-1",
            "remote_virtual_network_id": "/subscriptions/38977b70-47bf-4da5-a492-88712fce8725/resourceGroups/rg-spoke-aca-22-1/providers/Microsoft.Network/virtualNetworks/vnet-spoke",
            "resource_group_name": "rg-hub-aca-22",
            "timeouts": null,
            "triggers": null,
            "use_remote_gateways": false,
            "virtual_network_name": "vnet-hub"
          },
          "sensitive_attributes": [],
          "private": "eyJlMmJmYjczMC1lY2FhLTExZTYtOGY4OC0zNDM2M2JjN2M0YzAiOnsiY3JlYXRlIjoxODAwMDAwMDAwMDAwLCJkZWxldGUiOjE4MDAwMDAwMDAwMDAsInJlYWQiOjMwMDAwMDAwMDAwMCwidXBkYXRlIjoxODAwMDAwMDAwMDAwfX0=",
          "dependencies": [
            "azurerm_resource_group.rg-hub",
            "azurerm_virtual_network.vnet-hub",
            "module.spoke-aca-1.azurerm_resource_group.rg",
            "module.spoke-aca-1.azurerm_virtual_network.vnet-spoke"
          ]
        }
      ]
    },
    {
      "module": "module.spoke-aca-1",
      "mode": "managed",
      "type": "azurerm_virtual_network_peering",
      "name": "spoke-to-hub",
      "provider": "provider[\"registry.terraform.io/hashicorp/azurerm\"]",
      "instances": [
        {
          "schema_version": 0,
          "attributes": {
            "allow_forwarded_traffic": true,
            "allow_gateway_transit": false,
            "allow_virtual_network_access": true,
            "id": "/subscriptions/38977b70-47bf-4da5-a492-88712fce8725/resourceGroups/rg-spoke-aca-22-1/providers/Microsoft.Network/virtualNetworks/vnet-spoke/virtualNetworkPeerings/spoke-22-1-to-hub",
            "name": "spoke-22-1-to-hub",
            "remote_virtual_network_id": "/subscriptions/38977b70-47bf-4da5-a492-88712fce8725/resourceGroups/rg-hub-aca-22/providers/Microsoft.Network/virtualNetworks/vnet-hub",
            "resource_group_name": "rg-spoke-aca-22-1",
            "timeouts": null,
            "triggers": null,
            "use_remote_gateways": false,
            "virtual_network_name": "vnet-spoke"
          },
          "sensitive_attributes": [],
          "private": "eyJlMmJmYjczMC1lY2FhLTExZTYtOGY4OC0zNDM2M2JjN2M0YzAiOnsiY3JlYXRlIjoxODAwMDAwMDAwMDAwLCJkZWxldGUiOjE4MDAwMDAwMDAwMDAsInJlYWQiOjMwMDAwMDAwMDAwMCwidXBkYXRlIjoxODAwMDAwMDAwMDAwfX0=",
          "dependencies": [
            "azurerm_resource_group.rg-hub",
            "azurerm_virtual_network.vnet-hub",
            "module.spoke-aca-1.azurerm_resource_group.rg",
            "module.spoke-aca-1.azurerm_virtual_network.vnet-spoke"
          ]
        }
      ]
    },
    {
      "module": "module.spoke-aca-1",
      "mode": "managed",
      "type": "random_string",
      "name": "random",
      "provider": "provider[\"registry.terraform.io/hashicorp/random\"]",
      "instances": [
        {
          "schema_version": 2,
          "attributes": {
            "id": "7eihe",
            "keepers": null,
            "length": 5,
            "lower": true,
            "min_lower": 0,
            "min_numeric": 0,
            "min_special": 0,
            "min_upper": 0,
            "number": true,
            "numeric": true,
            "override_special": null,
            "result": "7eihe",
            "special": false,
            "upper": false
          },
          "sensitive_attributes": []
        }
      ]
    },
    {
      "module": "module.spoke-aca-2",
      "mode": "data",
      "type": "azurerm_client_config",
      "name": "current",
      "provider": "provider[\"registry.terraform.io/hashicorp/azurerm\"]",
      "instances": [
        {
          "schema_version": 0,
          "attributes": {
            "client_id": "04b07795-8ddb-461a-bbee-02f9e1bf7b46",
            "id": "Y2xpZW50Q29uZmlncy9jbGllbnRJZD0wNGIwNzc5NS04ZGRiLTQ2MWEtYmJlZS0wMmY5ZTFiZjdiNDY7b2JqZWN0SWQ9MGE4NjQ4YmYtMjhlYy00YTdmLWJlNjUtMGQ2ZDhhMTcyMjgyO3N1YnNjcmlwdGlvbklkPTM4OTc3YjcwLTQ3YmYtNGRhNS1hNDkyLTg4NzEyZmNlODcyNTt0ZW5hbnRJZD1hOGY3ZmFhMS0zZTJlLTRkODQtYTZjYi1kYWY3ZWI5N2Q2ZTQ=",
            "object_id": "0a8648bf-28ec-4a7f-be65-0d6d8a172282",
            "subscription_id": "38977b70-47bf-4da5-a492-88712fce8725",
            "tenant_id": "a8f7faa1-3e2e-4d84-a6cb-daf7eb97d6e4",
            "timeouts": null
          },
          "sensitive_attributes": []
        }
      ]
    },
    {
      "module": "module.spoke-aca-2",
      "mode": "managed",
      "type": "azurerm_container_app",
      "name": "inspector-gadget",
      "provider": "provider[\"registry.terraform.io/hashicorp/azurerm\"]",
      "instances": [
        {
          "schema_version": 0,
          "attributes": {
            "container_app_environment_id": "/subscriptions/38977b70-47bf-4da5-a492-88712fce8725/resourceGroups/rg-spoke-aca-22-2/providers/Microsoft.App/managedEnvironments/aca-environment",
            "custom_domain_verification_id": "2AE36349F34CF07C26682CAB69940DF26614B5B61797CA2B82A7EC6564045909",
            "dapr": [],
            "id": "/subscriptions/38977b70-47bf-4da5-a492-88712fce8725/resourceGroups/rg-spoke-aca-22-2/providers/Microsoft.App/containerApps/inspector-gadget",
            "identity": [],
            "ingress": [
              {
                "allow_insecure_connections": true,
                "custom_domain": [],
                "exposed_port": 0,
                "external_enabled": true,
                "fqdn": "inspector-gadget.mangomushroom-cde0189d.swedencentral.azurecontainerapps.io",
                "ip_security_restriction": [],
                "target_port": 80,
                "traffic_weight": [
                  {
                    "label": "",
                    "latest_revision": true,
                    "percentage": 100,
                    "revision_suffix": ""
                  }
                ],
                "transport": "auto"
              }
            ],
            "latest_revision_fqdn": "inspector-gadget--bcnlprw.mangomushroom-cde0189d.swedencentral.azurecontainerapps.io",
            "latest_revision_name": "inspector-gadget--bcnlprw",
            "location": "swedencentral",
            "name": "inspector-gadget",
            "outbound_ip_addresses": [],
            "registry": [],
            "resource_group_name": "rg-spoke-aca-22-2",
            "revision_mode": "Single",
            "secret": [],
            "tags": {},
            "template": [
              {
                "azure_queue_scale_rule": [],
                "container": [
                  {
                    "args": [],
                    "command": [],
                    "cpu": 0.25,
                    "env": [],
                    "ephemeral_storage": "1Gi",
                    "image": "jelledruyts/inspectorgadget",
                    "liveness_probe": [],
                    "memory": "0.5Gi",
                    "name": "inspector-gadget",
                    "readiness_probe": [],
                    "startup_probe": [],
                    "volume_mounts": []
                  }
                ],
                "custom_scale_rule": [],
                "http_scale_rule": [],
                "init_container": [],
                "max_replicas": 3,
                "min_replicas": 1,
                "revision_suffix": "",
                "tcp_scale_rule": [],
                "volume": []
              }
            ],
            "timeouts": null,
            "workload_profile_name": "profile-D4"
          },
          "sensitive_attributes": [
            [
              {
                "type": "get_attr",
                "value": "custom_domain_verification_id"
              }
            ]
          ],
          "private": "eyJlMmJmYjczMC1lY2FhLTExZTYtOGY4OC0zNDM2M2JjN2M0YzAiOnsiY3JlYXRlIjoxODAwMDAwMDAwMDAwLCJkZWxldGUiOjE4MDAwMDAwMDAwMDAsInJlYWQiOjMwMDAwMDAwMDAwMCwidXBkYXRlIjoxODAwMDAwMDAwMDAwfX0=",
          "dependencies": [
            "azurerm_resource_group.rg-hub",
            "module.spoke-aca-2.azurerm_container_app_environment.env",
            "module.spoke-aca-2.azurerm_resource_group.rg",
            "module.spoke-aca-2.azurerm_subnet.snet-aca",
            "module.spoke-aca-2.azurerm_virtual_network.vnet-spoke"
          ]
        }
      ]
    },
    {
      "module": "module.spoke-aca-2",
      "mode": "managed",
      "type": "azurerm_container_app",
      "name": "nginx",
      "provider": "provider[\"registry.terraform.io/hashicorp/azurerm\"]",
      "instances": [
        {
          "schema_version": 0,
          "attributes": {
            "container_app_environment_id": "/subscriptions/38977b70-47bf-4da5-a492-88712fce8725/resourceGroups/rg-spoke-aca-22-2/providers/Microsoft.App/managedEnvironments/aca-environment",
            "custom_domain_verification_id": "2AE36349F34CF07C26682CAB69940DF26614B5B61797CA2B82A7EC6564045909",
            "dapr": [],
            "id": "/subscriptions/38977b70-47bf-4da5-a492-88712fce8725/resourceGroups/rg-spoke-aca-22-2/providers/Microsoft.App/containerApps/nginx",
            "identity": [],
            "ingress": [
              {
                "allow_insecure_connections": true,
                "custom_domain": [],
                "exposed_port": 0,
                "external_enabled": true,
                "fqdn": "nginx.mangomushroom-cde0189d.swedencentral.azurecontainerapps.io",
                "ip_security_restriction": [],
                "target_port": 80,
                "traffic_weight": [
                  {
                    "label": "",
                    "latest_revision": true,
                    "percentage": 100,
                    "revision_suffix": ""
                  }
                ],
                "transport": "auto"
              }
            ],
            "latest_revision_fqdn": "nginx--n3udph3.mangomushroom-cde0189d.swedencentral.azurecontainerapps.io",
            "latest_revision_name": "nginx--n3udph3",
            "location": "swedencentral",
            "name": "nginx",
            "outbound_ip_addresses": [],
            "registry": [],
            "resource_group_name": "rg-spoke-aca-22-2",
            "revision_mode": "Single",
            "secret": [],
            "tags": {},
            "template": [
              {
                "azure_queue_scale_rule": [],
                "container": [
                  {
                    "args": [],
                    "command": [],
                    "cpu": 0.25,
                    "env": [],
                    "ephemeral_storage": "1Gi",
                    "image": "nginx:latest",
                    "liveness_probe": [],
                    "memory": "0.5Gi",
                    "name": "nginx",
                    "readiness_probe": [],
                    "startup_probe": [],
                    "volume_mounts": []
                  }
                ],
                "custom_scale_rule": [],
                "http_scale_rule": [],
                "init_container": [],
                "max_replicas": 3,
                "min_replicas": 1,
                "revision_suffix": "",
                "tcp_scale_rule": [],
                "volume": []
              }
            ],
            "timeouts": null,
            "workload_profile_name": "profile-D4"
          },
          "sensitive_attributes": [
            [
              {
                "type": "get_attr",
                "value": "custom_domain_verification_id"
              }
            ]
          ],
          "private": "eyJlMmJmYjczMC1lY2FhLTExZTYtOGY4OC0zNDM2M2JjN2M0YzAiOnsiY3JlYXRlIjoxODAwMDAwMDAwMDAwLCJkZWxldGUiOjE4MDAwMDAwMDAwMDAsInJlYWQiOjMwMDAwMDAwMDAwMCwidXBkYXRlIjoxODAwMDAwMDAwMDAwfX0=",
          "dependencies": [
            "azurerm_resource_group.rg-hub",
            "module.spoke-aca-2.azurerm_container_app_environment.env",
            "module.spoke-aca-2.azurerm_resource_group.rg",
            "module.spoke-aca-2.azurerm_subnet.snet-aca",
            "module.spoke-aca-2.azurerm_virtual_network.vnet-spoke"
          ]
        }
      ]
    },
    {
      "module": "module.spoke-aca-2",
      "mode": "managed",
      "type": "azurerm_container_app_environment",
      "name": "env",
      "provider": "provider[\"registry.terraform.io/hashicorp/azurerm\"]",
      "instances": [
        {
          "schema_version": 0,
          "attributes": {
            "dapr_application_insights_connection_string": "",
            "default_domain": "mangomushroom-cde0189d.swedencentral.azurecontainerapps.io",
            "docker_bridge_cidr": "",
            "id": "/subscriptions/38977b70-47bf-4da5-a492-88712fce8725/resourceGroups/rg-spoke-aca-22-2/providers/Microsoft.App/managedEnvironments/aca-environment",
            "infrastructure_resource_group_name": "ME_aca-environment_rg-spoke-aca-22-2_swedencentral",
            "infrastructure_subnet_id": "/subscriptions/38977b70-47bf-4da5-a492-88712fce8725/resourceGroups/rg-spoke-aca-22-2/providers/Microsoft.Network/virtualNetworks/vnet-spoke/subnets/snet-aca",
            "internal_load_balancer_enabled": true,
            "location": "swedencentral",
            "log_analytics_workspace_id": "",
            "name": "aca-environment",
            "platform_reserved_cidr": "",
            "platform_reserved_dns_ip_address": "",
            "resource_group_name": "rg-spoke-aca-22-2",
            "static_ip_address": "10.2.0.233",
            "tags": {},
            "timeouts": null,
            "workload_profile": [
              {
                "maximum_count": 3,
                "minimum_count": 1,
                "name": "profile-D4",
                "workload_profile_type": "D4"
              }
            ],
            "zone_redundancy_enabled": false
          },
          "sensitive_attributes": [
            [
              {
                "type": "get_attr",
                "value": "dapr_application_insights_connection_string"
              }
            ]
          ],
          "private": "eyJlMmJmYjczMC1lY2FhLTExZTYtOGY4OC0zNDM2M2JjN2M0YzAiOnsiY3JlYXRlIjoxODAwMDAwMDAwMDAwLCJkZWxldGUiOjE4MDAwMDAwMDAwMDAsInJlYWQiOjMwMDAwMDAwMDAwMCwidXBkYXRlIjoxODAwMDAwMDAwMDAwfX0=",
          "dependencies": [
            "azurerm_resource_group.rg-hub",
            "module.spoke-aca-2.azurerm_resource_group.rg",
            "module.spoke-aca-2.azurerm_subnet.snet-aca",
            "module.spoke-aca-2.azurerm_virtual_network.vnet-spoke"
          ]
        }
      ]
    },
    {
      "module": "module.spoke-aca-2",
      "mode": "managed",
      "type": "azurerm_key_vault",
      "name": "keyvault",
      "provider": "provider[\"registry.terraform.io/hashicorp/azurerm\"]",
      "instances": [
        {
          "schema_version": 2,
          "attributes": {
            "access_policy": [],
            "contact": [],
            "enable_rbac_authorization": true,
            "enabled_for_deployment": false,
            "enabled_for_disk_encryption": false,
            "enabled_for_template_deployment": false,
            "id": "/subscriptions/38977b70-47bf-4da5-a492-88712fce8725/resourceGroups/rg-spoke-aca-22-2/providers/Microsoft.KeyVault/vaults/kv-aca-mlggx",
            "location": "swedencentral",
            "name": "kv-aca-mlggx",
            "network_acls": [
              {
                "bypass": "AzureServices",
                "default_action": "Allow",
                "ip_rules": [],
                "virtual_network_subnet_ids": []
              }
            ],
            "public_network_access_enabled": true,
            "purge_protection_enabled": false,
            "resource_group_name": "rg-spoke-aca-22-2",
            "sku_name": "standard",
            "soft_delete_retention_days": 7,
            "tags": null,
            "tenant_id": "a8f7faa1-3e2e-4d84-a6cb-daf7eb97d6e4",
            "timeouts": null,
            "vault_uri": "https://kv-aca-mlggx.vault.azure.net/"
          },
          "sensitive_attributes": [],
          "private": "eyJlMmJmYjczMC1lY2FhLTExZTYtOGY4OC0zNDM2M2JjN2M0YzAiOnsiY3JlYXRlIjoxODAwMDAwMDAwMDAwLCJkZWxldGUiOjE4MDAwMDAwMDAwMDAsInJlYWQiOjMwMDAwMDAwMDAwMCwidXBkYXRlIjoxODAwMDAwMDAwMDAwfSwic2NoZW1hX3ZlcnNpb24iOiIyIn0=",
          "dependencies": [
            "azurerm_resource_group.rg-hub",
            "module.spoke-aca-2.azurerm_resource_group.rg",
            "module.spoke-aca-2.data.azurerm_client_config.current",
            "module.spoke-aca-2.random_string.random"
          ]
        }
      ]
    },
    {
      "module": "module.spoke-aca-2",
      "mode": "managed",
      "type": "azurerm_key_vault_certificate",
      "name": "local_domain_certs",
      "provider": "provider[\"registry.terraform.io/hashicorp/azurerm\"]",
      "instances": [
        {
          "schema_version": 0,
          "attributes": {
            "certificate": [],
            "certificate_attribute": [
              {
                "created": "2024-05-02T16:59:23Z",
                "enabled": true,
                "expires": "2025-05-02T16:59:23Z",
                "not_before": "2024-05-02T16:49:23Z",
                "recovery_level": "CustomizedRecoverable+Purgeable",
                "updated": "2024-05-02T16:59:23Z"
              }
            ],
            "certificate_data": "3082034830820230A003020102021071541069DA6A47CF9FC662F50E2DBF9B300D06092A864886F70D01010B05003018311630140603550403130D696E7465726E616C2E636F7270301E170D3234303530323136343932335A170D3235303530323136353932335A3018311630140603550403130D696E7465726E616C2E636F727030820122300D06092A864886F70D01010105000382010F003082010A0282010100B3B943C463C9428DDD74891AB186A72898A618FA022059C24C253E74048266E9BCA90BD9FAC04F3ECD7BC3519B49D16F7B282275FE2033F472225B0BDF73CD2D102D34666E2012B86E96024F3545B5C645AE731679FDAEE3C7F8535D842F45B5EE300717178BF9347C1522706113A530A2EF8197E34900AE666CE882D27FA4047636D493C3619CB64EBC50E2BA571C7BACC7CEE81FE7D9B7490EA6F168EE5F085263D1750DA485C7CF458C86372EE289B5350DDD77B5DD5E461C6EEE829A6235DE6CBFBEF00197219E1D87E9AB3FE66EAEEB31D6189A15F8BBAD4A494BCCC2266EA89A7079F44160FA487B4A0D84794DAB1F3541F6A03DAD4B646E585647ADE90203010001A3818D30818A300E0603551D0F0101FF0404030205A030090603551D130402300030130603551D25040C300A06082B0601050507030130180603551D110411300F820D696E7465726E616C2E636F7270301F0603551D23041830168014D13EC59CDBA700F694C07D051B93A1D542A20199301D0603551D0E04160414D13EC59CDBA700F694C07D051B93A1D542A20199300D06092A864886F70D01010B050003820101001EB9CBCBB59D938472626A7915CB740EF30A22B22DB8C589DF7B00197F7CA43B4B24828A3F6655CBC6DBC9EAC11AB6E56339C018BBB4CCB30BDA39DCA9D924124273C873814C64287CADABFB759D215CA34CBFF8BA3CEF41D6F281A25EFA27CC249485DB9424D2A18D5F1038516C34714AE84D7C0004DEBB226B78376FABE85D8092BEB10AF667DF04090EC9676FCBDDDAFE145C0B03F2984BA7747370E49221A060DD20D30268AF63E4424C977298E982E8C052083BC23E89A3FDDDEF2349C9047C1D835566A81226526A40AF239A2B88974E0E95B3FDCED3311488D456215F73D4C9231708028611F2AABE076835F1247430FA8CC5FD9535A70D2800769D0C",
            "certificate_data_base64": "MIIDSDCCAjCgAwIBAgIQcVQQadpqR8+fxmL1Di2/mzANBgkqhkiG9w0BAQsFADAYMRYwFAYDVQQDEw1pbnRlcm5hbC5jb3JwMB4XDTI0MDUwMjE2NDkyM1oXDTI1MDUwMjE2NTkyM1owGDEWMBQGA1UEAxMNaW50ZXJuYWwuY29ycDCCASIwDQYJKoZIhvcNAQEBBQADggEPADCCAQoCggEBALO5Q8RjyUKN3XSJGrGGpyiYphj6AiBZwkwlPnQEgmbpvKkL2frATz7Ne8NRm0nRb3soInX+IDP0ciJbC99zzS0QLTRmbiASuG6WAk81RbXGRa5zFnn9ruPH+FNdhC9Fte4wBxcXi/k0fBUicGETpTCi74GX40kArmZs6ILSf6QEdjbUk8NhnLZOvFDiulcce6zHzugf59m3SQ6m8WjuXwhSY9F1DaSFx89FjIY3LuKJtTUN3Xe13V5GHG7ugppiNd5sv77wAZchnh2H6as/5m6u6zHWGJoV+LutSklLzMImbqiacHn0QWD6SHtKDYR5TasfNUH2oD2tS2RuWFZHrekCAwEAAaOBjTCBijAOBgNVHQ8BAf8EBAMCBaAwCQYDVR0TBAIwADATBgNVHSUEDDAKBggrBgEFBQcDATAYBgNVHREEETAPgg1pbnRlcm5hbC5jb3JwMB8GA1UdIwQYMBaAFNE+xZzbpwD2lMB9BRuTodVCogGZMB0GA1UdDgQWBBTRPsWc26cA9pTAfQUbk6HVQqIBmTANBgkqhkiG9w0BAQsFAAOCAQEAHrnLy7Wdk4RyYmp5Fct0DvMKIrItuMWJ33sAGX98pDtLJIKKP2ZVy8bbyerBGrblYznAGLu0zLML2jncqdkkEkJzyHOBTGQofK2r+3WdIVyjTL/4ujzvQdbygaJe+ifMJJSF25Qk0qGNXxA4UWw0cUroTXwABN67Imt4N2+r6F2Akr6xCvZn3wQJDslnb8vd2v4UXAsD8phLp3RzcOSSIaBg3SDTAmivY+RCTJdymOmC6MBSCDvCPomj/d3vI0nJBHwdg1VmqBImUmpAryOaK4iXTg6Vs/3O0zEUiNRWIV9z1MkjFwgChhHyqr4HaDXxJHQw+ozF/ZU1pw0oAHadDA==",
            "certificate_policy": [
              {
                "issuer_parameters": [
                  {
                    "name": "Self"
                  }
                ],
                "key_properties": [
                  {
                    "curve": "",
                    "exportable": true,
                    "key_size": 2048,
                    "key_type": "RSA",
                    "reuse_key": true
                  }
                ],
                "lifetime_action": [
                  {
                    "action": [
                      {
                        "action_type": "AutoRenew"
                      }
                    ],
                    "trigger": [
                      {
                        "days_before_expiry": 30,
                        "lifetime_percentage": 0
                      }
                    ]
                  }
                ],
                "secret_properties": [
                  {
                    "content_type": "application/x-pkcs12"
                  }
                ],
                "x509_certificate_properties": [
                  {
                    "extended_key_usage": [
                      "1.3.6.1.5.5.7.3.1"
                    ],
                    "key_usage": [
                      "digitalSignature",
                      "keyEncipherment"
                    ],
                    "subject": "CN=internal.corp",
                    "subject_alternative_names": [
                      {
                        "dns_names": [
                          "internal.corp"
                        ],
                        "emails": null,
                        "upns": null
                      }
                    ],
                    "validity_in_months": 12
                  }
                ]
              }
            ],
            "id": "https://kv-aca-mlggx.vault.azure.net/certificates/internal-corp/b36fbccac254424bb932bc65f4bc1374",
            "key_vault_id": "/subscriptions/38977b70-47bf-4da5-a492-88712fce8725/resourceGroups/rg-spoke-aca-22-2/providers/Microsoft.KeyVault/vaults/kv-aca-mlggx",
            "name": "internal-corp",
            "resource_manager_id": "/subscriptions/38977b70-47bf-4da5-a492-88712fce8725/resourceGroups/rg-spoke-aca-22-2/providers/Microsoft.KeyVault/vaults/kv-aca-mlggx/certificates/internal-corp/versions/b36fbccac254424bb932bc65f4bc1374",
            "resource_manager_versionless_id": "/subscriptions/38977b70-47bf-4da5-a492-88712fce8725/resourceGroups/rg-spoke-aca-22-2/providers/Microsoft.KeyVault/vaults/kv-aca-mlggx/certificates/internal-corp",
            "secret_id": "https://kv-aca-mlggx.vault.azure.net/secrets/internal-corp/b36fbccac254424bb932bc65f4bc1374",
            "tags": null,
            "thumbprint": "59F5859052B9A16067BC816C75AFB3F83B79B19B",
            "timeouts": null,
            "version": "b36fbccac254424bb932bc65f4bc1374",
            "versionless_id": "https://kv-aca-mlggx.vault.azure.net/certificates/internal-corp",
            "versionless_secret_id": "https://kv-aca-mlggx.vault.azure.net/secrets/internal-corp"
          },
          "sensitive_attributes": [],
          "private": "eyJlMmJmYjczMC1lY2FhLTExZTYtOGY4OC0zNDM2M2JjN2M0YzAiOnsiY3JlYXRlIjozNjAwMDAwMDAwMDAwLCJkZWxldGUiOjE4MDAwMDAwMDAwMDAsInJlYWQiOjE4MDAwMDAwMDAwMDAsInVwZGF0ZSI6MTgwMDAwMDAwMDAwMH19",
          "dependencies": [
            "azurerm_resource_group.rg-hub",
            "module.spoke-aca-2.azurerm_key_vault.keyvault",
            "module.spoke-aca-2.azurerm_resource_group.rg",
            "module.spoke-aca-2.azurerm_role_assignment.role-certificates-officer",
            "module.spoke-aca-2.data.azurerm_client_config.current",
            "module.spoke-aca-2.random_string.random"
          ]
        }
      ]
    },
    {
      "module": "module.spoke-aca-2",
      "mode": "managed",
      "type": "azurerm_linux_virtual_machine",
      "name": "vm",
      "provider": "provider[\"registry.terraform.io/hashicorp/azurerm\"]",
      "instances": [
        {
          "schema_version": 0,
          "attributes": {
            "additional_capabilities": [],
            "admin_password": "@Aa123456789",
            "admin_ssh_key": [],
            "admin_username": "azureuser",
            "allow_extension_operations": true,
            "availability_set_id": "",
            "boot_diagnostics": [
              {
                "storage_account_uri": ""
              }
            ],
            "bypass_platform_safety_checks_on_user_schedule_enabled": false,
            "capacity_reservation_group_id": "",
            "computer_name": "vm-linux",
            "custom_data": null,
            "dedicated_host_group_id": "",
            "dedicated_host_id": "",
            "disable_password_authentication": false,
            "disk_controller_type": "SCSI",
            "edge_zone": "",
            "encryption_at_host_enabled": false,
            "eviction_policy": "Deallocate",
            "extensions_time_budget": "PT1H30M",
            "gallery_application": [],
            "id": "/subscriptions/38977b70-47bf-4da5-a492-88712fce8725/resourceGroups/rg-spoke-aca-22-2/providers/Microsoft.Compute/virtualMachines/vm-linux",
            "identity": [],
            "license_type": "",
            "location": "swedencentral",
            "max_bid_price": -1,
            "name": "vm-linux",
            "network_interface_ids": [
              "/subscriptions/38977b70-47bf-4da5-a492-88712fce8725/resourceGroups/rg-spoke-aca-22-2/providers/Microsoft.Network/networkInterfaces/nic-vm"
            ],
            "os_disk": [
              {
                "caching": "ReadWrite",
                "diff_disk_settings": [],
                "disk_encryption_set_id": "",
                "disk_size_gb": 30,
                "name": "disk-os-vm",
                "secure_vm_disk_encryption_set_id": "",
                "security_encryption_type": "",
                "storage_account_type": "Standard_LRS",
                "write_accelerator_enabled": false
              }
            ],
            "os_image_notification": [],
            "patch_assessment_mode": "ImageDefault",
            "patch_mode": "ImageDefault",
            "plan": [],
            "platform_fault_domain": -1,
            "priority": "Spot",
            "private_ip_address": "10.2.1.4",
            "private_ip_addresses": [
              "10.2.1.4"
            ],
            "provision_vm_agent": true,
            "proximity_placement_group_id": "",
            "public_ip_address": "",
            "public_ip_addresses": [],
            "reboot_setting": "",
            "resource_group_name": "rg-spoke-aca-22-2",
            "secret": [],
            "secure_boot_enabled": false,
            "size": "Standard_B2ats_v2",
            "source_image_id": "",
            "source_image_reference": [
              {
                "offer": "0001-com-ubuntu-server-jammy",
                "publisher": "canonical",
                "sku": "22_04-lts-gen2",
                "version": "latest"
              }
            ],
            "tags": {},
            "termination_notification": [],
            "timeouts": null,
            "user_data": "",
            "virtual_machine_id": "50d45463-37ae-446e-9fea-cd0a24fdb716",
            "virtual_machine_scale_set_id": "",
            "vm_agent_platform_updates_enabled": false,
            "vtpm_enabled": false,
            "zone": ""
          },
          "sensitive_attributes": [
            [
              {
                "type": "get_attr",
                "value": "admin_password"
              }
            ],
            [
              {
                "type": "get_attr",
                "value": "custom_data"
              }
            ]
          ],
          "private": "eyJlMmJmYjczMC1lY2FhLTExZTYtOGY4OC0zNDM2M2JjN2M0YzAiOnsiY3JlYXRlIjoyNzAwMDAwMDAwMDAwLCJkZWxldGUiOjI3MDAwMDAwMDAwMDAsInJlYWQiOjMwMDAwMDAwMDAwMCwidXBkYXRlIjoyNzAwMDAwMDAwMDAwfX0=",
          "dependencies": [
            "azurerm_resource_group.rg-hub",
            "module.spoke-aca-2.azurerm_network_interface.nic-vm",
            "module.spoke-aca-2.azurerm_resource_group.rg",
            "module.spoke-aca-2.azurerm_subnet.snet-vm",
            "module.spoke-aca-2.azurerm_virtual_network.vnet-spoke"
          ]
        }
      ]
    },
    {
      "module": "module.spoke-aca-2",
      "mode": "managed",
      "type": "azurerm_network_interface",
      "name": "nic-vm",
      "provider": "provider[\"registry.terraform.io/hashicorp/azurerm\"]",
      "instances": [
        {
          "schema_version": 0,
          "attributes": {
            "applied_dns_servers": [],
            "auxiliary_mode": "",
            "auxiliary_sku": "",
            "dns_servers": [],
            "edge_zone": "",
            "enable_accelerated_networking": false,
            "enable_ip_forwarding": false,
            "id": "/subscriptions/38977b70-47bf-4da5-a492-88712fce8725/resourceGroups/rg-spoke-aca-22-2/providers/Microsoft.Network/networkInterfaces/nic-vm",
            "internal_dns_name_label": "",
            "internal_domain_name_suffix": "0zmb25ymc10uzassgkdpd4arbg.gvxx.internal.cloudapp.net",
            "ip_configuration": [
              {
                "gateway_load_balancer_frontend_ip_configuration_id": "",
                "name": "internal",
                "primary": true,
                "private_ip_address": "10.2.1.4",
                "private_ip_address_allocation": "Dynamic",
                "private_ip_address_version": "IPv4",
                "public_ip_address_id": "",
                "subnet_id": "/subscriptions/38977b70-47bf-4da5-a492-88712fce8725/resourceGroups/rg-spoke-aca-22-2/providers/Microsoft.Network/virtualNetworks/vnet-spoke/subnets/snet-vm"
              }
            ],
            "location": "swedencentral",
            "mac_address": "60-45-BD-AA-63-04",
            "name": "nic-vm",
            "private_ip_address": "10.2.1.4",
            "private_ip_addresses": [
              "10.2.1.4"
            ],
            "resource_group_name": "rg-spoke-aca-22-2",
            "tags": {},
            "timeouts": null,
            "virtual_machine_id": "/subscriptions/38977b70-47bf-4da5-a492-88712fce8725/resourceGroups/rg-spoke-aca-22-2/providers/Microsoft.Compute/virtualMachines/vm-linux"
          },
          "sensitive_attributes": [],
          "private": "eyJlMmJmYjczMC1lY2FhLTExZTYtOGY4OC0zNDM2M2JjN2M0YzAiOnsiY3JlYXRlIjoxODAwMDAwMDAwMDAwLCJkZWxldGUiOjE4MDAwMDAwMDAwMDAsInJlYWQiOjMwMDAwMDAwMDAwMCwidXBkYXRlIjoxODAwMDAwMDAwMDAwfX0=",
          "dependencies": [
            "azurerm_resource_group.rg-hub",
            "module.spoke-aca-2.azurerm_resource_group.rg",
            "module.spoke-aca-2.azurerm_subnet.snet-vm",
            "module.spoke-aca-2.azurerm_virtual_network.vnet-spoke"
          ]
        }
      ]
    },
    {
      "module": "module.spoke-aca-2",
      "mode": "managed",
      "type": "azurerm_private_dns_a_record",
      "name": "a-record-nginx",
      "provider": "provider[\"registry.terraform.io/hashicorp/azurerm\"]",
      "instances": [
        {
          "schema_version": 0,
          "attributes": {
            "fqdn": "*.mangomushroom-cde0189d.swedencentral.azurecontainerapps.io.",
            "id": "/subscriptions/38977b70-47bf-4da5-a492-88712fce8725/resourceGroups/rg-hub-aca-22/providers/Microsoft.Network/privateDnsZones/swedencentral.azurecontainerapps.io/A/*.mangomushroom-cde0189d",
            "name": "*.mangomushroom-cde0189d",
            "records": [
              "10.2.0.233"
            ],
            "resource_group_name": "rg-hub-aca-22",
            "tags": {},
            "timeouts": null,
            "ttl": 300,
            "zone_name": "swedencentral.azurecontainerapps.io"
          },
          "sensitive_attributes": [],
          "private": "eyJlMmJmYjczMC1lY2FhLTExZTYtOGY4OC0zNDM2M2JjN2M0YzAiOnsiY3JlYXRlIjoxODAwMDAwMDAwMDAwLCJkZWxldGUiOjE4MDAwMDAwMDAwMDAsInJlYWQiOjMwMDAwMDAwMDAwMCwidXBkYXRlIjoxODAwMDAwMDAwMDAwfX0=",
          "dependencies": [
            "azurerm_private_dns_zone.private-dns-zone",
            "azurerm_resource_group.rg-hub",
            "module.spoke-aca-2.azurerm_container_app_environment.env",
            "module.spoke-aca-2.azurerm_resource_group.rg",
            "module.spoke-aca-2.azurerm_subnet.snet-aca",
            "module.spoke-aca-2.azurerm_virtual_network.vnet-spoke"
          ]
        }
      ]
    },
    {
      "module": "module.spoke-aca-2",
      "mode": "managed",
      "type": "azurerm_private_dns_zone_virtual_network_link",
      "name": "link-vnet-spoke",
      "provider": "provider[\"registry.terraform.io/hashicorp/azurerm\"]",
      "instances": [
        {
          "schema_version": 0,
          "attributes": {
            "id": "/subscriptions/38977b70-47bf-4da5-a492-88712fce8725/resourceGroups/rg-hub-aca-22/providers/Microsoft.Network/privateDnsZones/swedencentral.azurecontainerapps.io/virtualNetworkLinks/link-vnet-spoke-22-2",
            "name": "link-vnet-spoke-22-2",
            "private_dns_zone_name": "swedencentral.azurecontainerapps.io",
            "registration_enabled": false,
            "resource_group_name": "rg-hub-aca-22",
            "tags": {},
            "timeouts": null,
            "virtual_network_id": "/subscriptions/38977b70-47bf-4da5-a492-88712fce8725/resourceGroups/rg-spoke-aca-22-2/providers/Microsoft.Network/virtualNetworks/vnet-spoke"
          },
          "sensitive_attributes": [],
          "private": "eyJlMmJmYjczMC1lY2FhLTExZTYtOGY4OC0zNDM2M2JjN2M0YzAiOnsiY3JlYXRlIjoxODAwMDAwMDAwMDAwLCJkZWxldGUiOjE4MDAwMDAwMDAwMDAsInJlYWQiOjMwMDAwMDAwMDAwMCwidXBkYXRlIjoxODAwMDAwMDAwMDAwfX0=",
          "dependencies": [
            "azurerm_private_dns_zone.private-dns-zone",
            "azurerm_resource_group.rg-hub",
            "module.spoke-aca-2.azurerm_resource_group.rg",
            "module.spoke-aca-2.azurerm_virtual_network.vnet-spoke"
          ]
        }
      ]
    },
    {
      "module": "module.spoke-aca-2",
      "mode": "managed",
      "type": "azurerm_resource_group",
      "name": "rg",
      "provider": "provider[\"registry.terraform.io/hashicorp/azurerm\"]",
      "instances": [
        {
          "schema_version": 0,
          "attributes": {
            "id": "/subscriptions/38977b70-47bf-4da5-a492-88712fce8725/resourceGroups/rg-spoke-aca-22-2",
            "location": "swedencentral",
            "managed_by": "",
            "name": "rg-spoke-aca-22-2",
            "tags": {},
            "timeouts": null
          },
          "sensitive_attributes": [],
          "private": "eyJlMmJmYjczMC1lY2FhLTExZTYtOGY4OC0zNDM2M2JjN2M0YzAiOnsiY3JlYXRlIjo1NDAwMDAwMDAwMDAwLCJkZWxldGUiOjU0MDAwMDAwMDAwMDAsInJlYWQiOjMwMDAwMDAwMDAwMCwidXBkYXRlIjo1NDAwMDAwMDAwMDAwfX0=",
          "dependencies": [
            "azurerm_resource_group.rg-hub"
          ]
        }
      ]
    },
    {
      "module": "module.spoke-aca-2",
      "mode": "managed",
      "type": "azurerm_role_assignment",
      "name": "role-certificates-officer",
      "provider": "provider[\"registry.terraform.io/hashicorp/azurerm\"]",
      "instances": [
        {
          "schema_version": 0,
          "attributes": {
            "condition": "",
            "condition_version": "",
            "delegated_managed_identity_resource_id": "",
            "description": "",
            "id": "/subscriptions/38977b70-47bf-4da5-a492-88712fce8725/resourceGroups/rg-spoke-aca-22-2/providers/Microsoft.KeyVault/vaults/kv-aca-mlggx/providers/Microsoft.Authorization/roleAssignments/0b905d86-6307-9d39-6b88-567afabcd99c",
            "name": "0b905d86-6307-9d39-6b88-567afabcd99c",
            "principal_id": "0a8648bf-28ec-4a7f-be65-0d6d8a172282",
            "principal_type": "User",
            "role_definition_id": "/subscriptions/38977b70-47bf-4da5-a492-88712fce8725/providers/Microsoft.Authorization/roleDefinitions/a4417e6f-fecd-4de8-b567-7b0420556985",
            "role_definition_name": "Key Vault Certificates Officer",
            "scope": "/subscriptions/38977b70-47bf-4da5-a492-88712fce8725/resourceGroups/rg-spoke-aca-22-2/providers/Microsoft.KeyVault/vaults/kv-aca-mlggx",
            "skip_service_principal_aad_check": null,
            "timeouts": null
          },
          "sensitive_attributes": [],
          "private": "eyJlMmJmYjczMC1lY2FhLTExZTYtOGY4OC0zNDM2M2JjN2M0YzAiOnsiY3JlYXRlIjoxODAwMDAwMDAwMDAwLCJkZWxldGUiOjE4MDAwMDAwMDAwMDAsInJlYWQiOjMwMDAwMDAwMDAwMH19",
          "dependencies": [
            "azurerm_resource_group.rg-hub",
            "module.spoke-aca-2.azurerm_key_vault.keyvault",
            "module.spoke-aca-2.azurerm_resource_group.rg",
            "module.spoke-aca-2.data.azurerm_client_config.current",
            "module.spoke-aca-2.random_string.random"
          ]
        }
      ]
    },
    {
      "module": "module.spoke-aca-2",
      "mode": "managed",
      "type": "azurerm_subnet",
      "name": "snet-aca",
      "provider": "provider[\"registry.terraform.io/hashicorp/azurerm\"]",
      "instances": [
        {
          "schema_version": 0,
          "attributes": {
            "address_prefixes": [
              "10.2.0.0/24"
            ],
            "delegation": [
              {
                "name": "delegation",
                "service_delegation": [
                  {
                    "actions": [
                      "Microsoft.Network/virtualNetworks/subnets/join/action"
                    ],
                    "name": "Microsoft.App/environments"
                  }
                ]
              }
            ],
            "enforce_private_link_endpoint_network_policies": false,
            "enforce_private_link_service_network_policies": false,
            "id": "/subscriptions/38977b70-47bf-4da5-a492-88712fce8725/resourceGroups/rg-spoke-aca-22-2/providers/Microsoft.Network/virtualNetworks/vnet-spoke/subnets/snet-aca",
            "name": "snet-aca",
            "private_endpoint_network_policies_enabled": true,
            "private_link_service_network_policies_enabled": true,
            "resource_group_name": "rg-spoke-aca-22-2",
            "service_endpoint_policy_ids": [],
            "service_endpoints": [],
            "timeouts": null,
            "virtual_network_name": "vnet-spoke"
          },
          "sensitive_attributes": [],
          "private": "eyJlMmJmYjczMC1lY2FhLTExZTYtOGY4OC0zNDM2M2JjN2M0YzAiOnsiY3JlYXRlIjoxODAwMDAwMDAwMDAwLCJkZWxldGUiOjE4MDAwMDAwMDAwMDAsInJlYWQiOjMwMDAwMDAwMDAwMCwidXBkYXRlIjoxODAwMDAwMDAwMDAwfX0=",
          "dependencies": [
            "azurerm_resource_group.rg-hub",
            "module.spoke-aca-2.azurerm_resource_group.rg",
            "module.spoke-aca-2.azurerm_virtual_network.vnet-spoke"
          ]
        }
      ]
    },
    {
      "module": "module.spoke-aca-2",
      "mode": "managed",
      "type": "azurerm_subnet",
      "name": "snet-vm",
      "provider": "provider[\"registry.terraform.io/hashicorp/azurerm\"]",
      "instances": [
        {
          "schema_version": 0,
          "attributes": {
            "address_prefixes": [
              "10.2.1.0/24"
            ],
            "delegation": [],
            "enforce_private_link_endpoint_network_policies": false,
            "enforce_private_link_service_network_policies": false,
            "id": "/subscriptions/38977b70-47bf-4da5-a492-88712fce8725/resourceGroups/rg-spoke-aca-22-2/providers/Microsoft.Network/virtualNetworks/vnet-spoke/subnets/snet-vm",
            "name": "snet-vm",
            "private_endpoint_network_policies_enabled": true,
            "private_link_service_network_policies_enabled": true,
            "resource_group_name": "rg-spoke-aca-22-2",
            "service_endpoint_policy_ids": [],
            "service_endpoints": [],
            "timeouts": null,
            "virtual_network_name": "vnet-spoke"
          },
          "sensitive_attributes": [],
          "private": "eyJlMmJmYjczMC1lY2FhLTExZTYtOGY4OC0zNDM2M2JjN2M0YzAiOnsiY3JlYXRlIjoxODAwMDAwMDAwMDAwLCJkZWxldGUiOjE4MDAwMDAwMDAwMDAsInJlYWQiOjMwMDAwMDAwMDAwMCwidXBkYXRlIjoxODAwMDAwMDAwMDAwfX0=",
          "dependencies": [
            "azurerm_resource_group.rg-hub",
            "module.spoke-aca-2.azurerm_resource_group.rg",
            "module.spoke-aca-2.azurerm_virtual_network.vnet-spoke"
          ]
        }
      ]
    },
    {
      "module": "module.spoke-aca-2",
      "mode": "managed",
      "type": "azurerm_virtual_network",
      "name": "vnet-spoke",
      "provider": "provider[\"registry.terraform.io/hashicorp/azurerm\"]",
      "instances": [
        {
          "schema_version": 0,
          "attributes": {
            "address_space": [
              "10.2.0.0/16"
            ],
            "bgp_community": "",
            "ddos_protection_plan": [],
            "dns_servers": [],
            "edge_zone": "",
            "encryption": [],
            "flow_timeout_in_minutes": 0,
            "guid": "7f1e58d6-160c-4cf5-8252-3286f1f8110e",
            "id": "/subscriptions/38977b70-47bf-4da5-a492-88712fce8725/resourceGroups/rg-spoke-aca-22-2/providers/Microsoft.Network/virtualNetworks/vnet-spoke",
            "location": "swedencentral",
            "name": "vnet-spoke",
            "resource_group_name": "rg-spoke-aca-22-2",
            "subnet": [
              {
                "address_prefix": "10.2.0.0/24",
                "id": "/subscriptions/38977b70-47bf-4da5-a492-88712fce8725/resourceGroups/rg-spoke-aca-22-2/providers/Microsoft.Network/virtualNetworks/vnet-spoke/subnets/snet-aca",
                "name": "snet-aca",
                "security_group": ""
              },
              {
                "address_prefix": "10.2.1.0/24",
                "id": "/subscriptions/38977b70-47bf-4da5-a492-88712fce8725/resourceGroups/rg-spoke-aca-22-2/providers/Microsoft.Network/virtualNetworks/vnet-spoke/subnets/snet-vm",
                "name": "snet-vm",
                "security_group": ""
              }
            ],
            "tags": {},
            "timeouts": null
          },
          "sensitive_attributes": [],
          "private": "eyJlMmJmYjczMC1lY2FhLTExZTYtOGY4OC0zNDM2M2JjN2M0YzAiOnsiY3JlYXRlIjoxODAwMDAwMDAwMDAwLCJkZWxldGUiOjE4MDAwMDAwMDAwMDAsInJlYWQiOjMwMDAwMDAwMDAwMCwidXBkYXRlIjoxODAwMDAwMDAwMDAwfX0=",
          "dependencies": [
            "azurerm_resource_group.rg-hub",
            "module.spoke-aca-2.azurerm_resource_group.rg"
          ]
        }
      ]
    },
    {
      "module": "module.spoke-aca-2",
      "mode": "managed",
      "type": "azurerm_virtual_network_peering",
      "name": "hub-to-spoke",
      "provider": "provider[\"registry.terraform.io/hashicorp/azurerm\"]",
      "instances": [
        {
          "schema_version": 0,
          "attributes": {
            "allow_forwarded_traffic": true,
            "allow_gateway_transit": false,
            "allow_virtual_network_access": true,
            "id": "/subscriptions/38977b70-47bf-4da5-a492-88712fce8725/resourceGroups/rg-hub-aca-22/providers/Microsoft.Network/virtualNetworks/vnet-hub/virtualNetworkPeerings/hub-to-spoke-22-2",
            "name": "hub-to-spoke-22-2",
            "remote_virtual_network_id": "/subscriptions/38977b70-47bf-4da5-a492-88712fce8725/resourceGroups/rg-spoke-aca-22-2/providers/Microsoft.Network/virtualNetworks/vnet-spoke",
            "resource_group_name": "rg-hub-aca-22",
            "timeouts": null,
            "triggers": null,
            "use_remote_gateways": false,
            "virtual_network_name": "vnet-hub"
          },
          "sensitive_attributes": [],
          "private": "eyJlMmJmYjczMC1lY2FhLTExZTYtOGY4OC0zNDM2M2JjN2M0YzAiOnsiY3JlYXRlIjoxODAwMDAwMDAwMDAwLCJkZWxldGUiOjE4MDAwMDAwMDAwMDAsInJlYWQiOjMwMDAwMDAwMDAwMCwidXBkYXRlIjoxODAwMDAwMDAwMDAwfX0=",
          "dependencies": [
            "azurerm_resource_group.rg-hub",
            "azurerm_virtual_network.vnet-hub",
            "module.spoke-aca-2.azurerm_resource_group.rg",
            "module.spoke-aca-2.azurerm_virtual_network.vnet-spoke"
          ]
        }
      ]
    },
    {
      "module": "module.spoke-aca-2",
      "mode": "managed",
      "type": "azurerm_virtual_network_peering",
      "name": "spoke-to-hub",
      "provider": "provider[\"registry.terraform.io/hashicorp/azurerm\"]",
      "instances": [
        {
          "schema_version": 0,
          "attributes": {
            "allow_forwarded_traffic": true,
            "allow_gateway_transit": false,
            "allow_virtual_network_access": true,
            "id": "/subscriptions/38977b70-47bf-4da5-a492-88712fce8725/resourceGroups/rg-spoke-aca-22-2/providers/Microsoft.Network/virtualNetworks/vnet-spoke/virtualNetworkPeerings/spoke-22-2-to-hub",
            "name": "spoke-22-2-to-hub",
            "remote_virtual_network_id": "/subscriptions/38977b70-47bf-4da5-a492-88712fce8725/resourceGroups/rg-hub-aca-22/providers/Microsoft.Network/virtualNetworks/vnet-hub",
            "resource_group_name": "rg-spoke-aca-22-2",
            "timeouts": null,
            "triggers": null,
            "use_remote_gateways": false,
            "virtual_network_name": "vnet-spoke"
          },
          "sensitive_attributes": [],
          "private": "eyJlMmJmYjczMC1lY2FhLTExZTYtOGY4OC0zNDM2M2JjN2M0YzAiOnsiY3JlYXRlIjoxODAwMDAwMDAwMDAwLCJkZWxldGUiOjE4MDAwMDAwMDAwMDAsInJlYWQiOjMwMDAwMDAwMDAwMCwidXBkYXRlIjoxODAwMDAwMDAwMDAwfX0=",
          "dependencies": [
            "azurerm_resource_group.rg-hub",
            "azurerm_virtual_network.vnet-hub",
            "module.spoke-aca-2.azurerm_resource_group.rg",
            "module.spoke-aca-2.azurerm_virtual_network.vnet-spoke"
          ]
        }
      ]
    },
    {
      "module": "module.spoke-aca-2",
      "mode": "managed",
      "type": "random_string",
      "name": "random",
      "provider": "provider[\"registry.terraform.io/hashicorp/random\"]",
      "instances": [
        {
          "schema_version": 2,
          "attributes": {
            "id": "mlggx",
            "keepers": null,
            "length": 5,
            "lower": true,
            "min_lower": 0,
            "min_numeric": 0,
            "min_special": 0,
            "min_upper": 0,
            "number": true,
            "numeric": true,
            "override_special": null,
            "result": "mlggx",
            "special": false,
            "upper": false
          },
          "sensitive_attributes": []
        }
      ]
    },
    {
      "module": "module.spoke-aca[\"3\"]",
      "mode": "data",
      "type": "azurerm_client_config",
      "name": "current",
      "provider": "provider[\"registry.terraform.io/hashicorp/azurerm\"]",
      "instances": [
        {
          "schema_version": 0,
          "attributes": {
            "client_id": "04b07795-8ddb-461a-bbee-02f9e1bf7b46",
            "id": "Y2xpZW50Q29uZmlncy9jbGllbnRJZD0wNGIwNzc5NS04ZGRiLTQ2MWEtYmJlZS0wMmY5ZTFiZjdiNDY7b2JqZWN0SWQ9MGE4NjQ4YmYtMjhlYy00YTdmLWJlNjUtMGQ2ZDhhMTcyMjgyO3N1YnNjcmlwdGlvbklkPTM4OTc3YjcwLTQ3YmYtNGRhNS1hNDkyLTg4NzEyZmNlODcyNTt0ZW5hbnRJZD1hOGY3ZmFhMS0zZTJlLTRkODQtYTZjYi1kYWY3ZWI5N2Q2ZTQ=",
            "object_id": "0a8648bf-28ec-4a7f-be65-0d6d8a172282",
            "subscription_id": "38977b70-47bf-4da5-a492-88712fce8725",
            "tenant_id": "a8f7faa1-3e2e-4d84-a6cb-daf7eb97d6e4",
            "timeouts": null
          },
          "sensitive_attributes": []
        }
      ]
    },
    {
      "module": "module.spoke-aca[\"3\"]",
      "mode": "managed",
      "type": "azurerm_container_app",
      "name": "inspector-gadget",
      "provider": "provider[\"registry.terraform.io/hashicorp/azurerm\"]",
      "instances": [
        {
          "schema_version": 0,
          "attributes": {
            "container_app_environment_id": "/subscriptions/38977b70-47bf-4da5-a492-88712fce8725/resourceGroups/rg-spoke-aca-22-3/providers/Microsoft.App/managedEnvironments/aca-environment",
            "custom_domain_verification_id": "2AE36349F34CF07C26682CAB69940DF26614B5B61797CA2B82A7EC6564045909",
            "dapr": [],
            "id": "/subscriptions/38977b70-47bf-4da5-a492-88712fce8725/resourceGroups/rg-spoke-aca-22-3/providers/Microsoft.App/containerApps/inspector-gadget",
            "identity": [],
            "ingress": [
              {
                "allow_insecure_connections": true,
                "custom_domain": [],
                "exposed_port": 0,
                "external_enabled": true,
                "fqdn": "inspector-gadget.purpledune-f27c2095.swedencentral.azurecontainerapps.io",
                "ip_security_restriction": [],
                "target_port": 80,
                "traffic_weight": [
                  {
                    "label": "",
                    "latest_revision": true,
                    "percentage": 100,
                    "revision_suffix": ""
                  }
                ],
                "transport": "auto"
              }
            ],
            "latest_revision_fqdn": "inspector-gadget--he5ismw.purpledune-f27c2095.swedencentral.azurecontainerapps.io",
            "latest_revision_name": "inspector-gadget--he5ismw",
            "location": "swedencentral",
            "name": "inspector-gadget",
            "outbound_ip_addresses": [],
            "registry": [],
            "resource_group_name": "rg-spoke-aca-22-3",
            "revision_mode": "Single",
            "secret": [],
            "tags": {},
            "template": [
              {
                "azure_queue_scale_rule": [],
                "container": [
                  {
                    "args": [],
                    "command": [],
                    "cpu": 0.25,
                    "env": [],
                    "ephemeral_storage": "1Gi",
                    "image": "jelledruyts/inspectorgadget",
                    "liveness_probe": [],
                    "memory": "0.5Gi",
                    "name": "inspector-gadget",
                    "readiness_probe": [],
                    "startup_probe": [],
                    "volume_mounts": []
                  }
                ],
                "custom_scale_rule": [],
                "http_scale_rule": [],
                "init_container": [],
                "max_replicas": 3,
                "min_replicas": 1,
                "revision_suffix": "",
                "tcp_scale_rule": [],
                "volume": []
              }
            ],
            "timeouts": null,
            "workload_profile_name": "profile-D4"
          },
          "sensitive_attributes": [
            [
              {
                "type": "get_attr",
                "value": "custom_domain_verification_id"
              }
            ]
          ],
          "private": "eyJlMmJmYjczMC1lY2FhLTExZTYtOGY4OC0zNDM2M2JjN2M0YzAiOnsiY3JlYXRlIjoxODAwMDAwMDAwMDAwLCJkZWxldGUiOjE4MDAwMDAwMDAwMDAsInJlYWQiOjMwMDAwMDAwMDAwMCwidXBkYXRlIjoxODAwMDAwMDAwMDAwfX0=",
          "dependencies": [
            "azurerm_resource_group.rg-hub",
            "module.spoke-aca.azurerm_container_app_environment.env",
            "module.spoke-aca.azurerm_resource_group.rg",
            "module.spoke-aca.azurerm_subnet.snet-aca",
            "module.spoke-aca.azurerm_virtual_network.vnet-spoke"
          ]
        }
      ]
    },
    {
      "module": "module.spoke-aca[\"3\"]",
      "mode": "managed",
      "type": "azurerm_container_app",
      "name": "nginx",
      "provider": "provider[\"registry.terraform.io/hashicorp/azurerm\"]",
      "instances": [
        {
          "schema_version": 0,
          "attributes": {
            "container_app_environment_id": "/subscriptions/38977b70-47bf-4da5-a492-88712fce8725/resourceGroups/rg-spoke-aca-22-3/providers/Microsoft.App/managedEnvironments/aca-environment",
            "custom_domain_verification_id": "2AE36349F34CF07C26682CAB69940DF26614B5B61797CA2B82A7EC6564045909",
            "dapr": [],
            "id": "/subscriptions/38977b70-47bf-4da5-a492-88712fce8725/resourceGroups/rg-spoke-aca-22-3/providers/Microsoft.App/containerApps/nginx",
            "identity": [],
            "ingress": [
              {
                "allow_insecure_connections": true,
                "custom_domain": [],
                "exposed_port": 0,
                "external_enabled": true,
                "fqdn": "nginx.purpledune-f27c2095.swedencentral.azurecontainerapps.io",
                "ip_security_restriction": [],
                "target_port": 80,
                "traffic_weight": [
                  {
                    "label": "",
                    "latest_revision": true,
                    "percentage": 100,
                    "revision_suffix": ""
                  }
                ],
                "transport": "auto"
              }
            ],
            "latest_revision_fqdn": "nginx--vp5xebw.purpledune-f27c2095.swedencentral.azurecontainerapps.io",
            "latest_revision_name": "nginx--vp5xebw",
            "location": "swedencentral",
            "name": "nginx",
            "outbound_ip_addresses": [],
            "registry": [],
            "resource_group_name": "rg-spoke-aca-22-3",
            "revision_mode": "Single",
            "secret": [],
            "tags": {},
            "template": [
              {
                "azure_queue_scale_rule": [],
                "container": [
                  {
                    "args": [],
                    "command": [],
                    "cpu": 0.25,
                    "env": [],
                    "ephemeral_storage": "1Gi",
                    "image": "nginx:latest",
                    "liveness_probe": [],
                    "memory": "0.5Gi",
                    "name": "nginx",
                    "readiness_probe": [],
                    "startup_probe": [],
                    "volume_mounts": []
                  }
                ],
                "custom_scale_rule": [],
                "http_scale_rule": [],
                "init_container": [],
                "max_replicas": 3,
                "min_replicas": 1,
                "revision_suffix": "",
                "tcp_scale_rule": [],
                "volume": []
              }
            ],
            "timeouts": null,
            "workload_profile_name": "profile-D4"
          },
          "sensitive_attributes": [
            [
              {
                "type": "get_attr",
                "value": "custom_domain_verification_id"
              }
            ]
          ],
          "private": "eyJlMmJmYjczMC1lY2FhLTExZTYtOGY4OC0zNDM2M2JjN2M0YzAiOnsiY3JlYXRlIjoxODAwMDAwMDAwMDAwLCJkZWxldGUiOjE4MDAwMDAwMDAwMDAsInJlYWQiOjMwMDAwMDAwMDAwMCwidXBkYXRlIjoxODAwMDAwMDAwMDAwfX0=",
          "dependencies": [
            "azurerm_resource_group.rg-hub",
            "module.spoke-aca.azurerm_container_app_environment.env",
            "module.spoke-aca.azurerm_resource_group.rg",
            "module.spoke-aca.azurerm_subnet.snet-aca",
            "module.spoke-aca.azurerm_virtual_network.vnet-spoke"
          ]
        }
      ]
    },
    {
      "module": "module.spoke-aca[\"3\"]",
      "mode": "managed",
      "type": "azurerm_container_app_environment",
      "name": "env",
      "provider": "provider[\"registry.terraform.io/hashicorp/azurerm\"]",
      "instances": [
        {
          "schema_version": 0,
          "attributes": {
            "dapr_application_insights_connection_string": "",
            "default_domain": "purpledune-f27c2095.swedencentral.azurecontainerapps.io",
            "docker_bridge_cidr": "",
            "id": "/subscriptions/38977b70-47bf-4da5-a492-88712fce8725/resourceGroups/rg-spoke-aca-22-3/providers/Microsoft.App/managedEnvironments/aca-environment",
            "infrastructure_resource_group_name": "ME_aca-environment_rg-spoke-aca-22-3_swedencentral",
            "infrastructure_subnet_id": "/subscriptions/38977b70-47bf-4da5-a492-88712fce8725/resourceGroups/rg-spoke-aca-22-3/providers/Microsoft.Network/virtualNetworks/vnet-spoke/subnets/snet-aca",
            "internal_load_balancer_enabled": true,
            "location": "swedencentral",
            "log_analytics_workspace_id": "",
            "name": "aca-environment",
            "platform_reserved_cidr": "",
            "platform_reserved_dns_ip_address": "",
            "resource_group_name": "rg-spoke-aca-22-3",
            "static_ip_address": "10.3.0.148",
            "tags": {},
            "timeouts": null,
            "workload_profile": [
              {
                "maximum_count": 3,
                "minimum_count": 1,
                "name": "profile-D4",
                "workload_profile_type": "D4"
              }
            ],
            "zone_redundancy_enabled": false
          },
          "sensitive_attributes": [
            [
              {
                "type": "get_attr",
                "value": "dapr_application_insights_connection_string"
              }
            ]
          ],
          "private": "eyJlMmJmYjczMC1lY2FhLTExZTYtOGY4OC0zNDM2M2JjN2M0YzAiOnsiY3JlYXRlIjoxODAwMDAwMDAwMDAwLCJkZWxldGUiOjE4MDAwMDAwMDAwMDAsInJlYWQiOjMwMDAwMDAwMDAwMCwidXBkYXRlIjoxODAwMDAwMDAwMDAwfX0=",
          "dependencies": [
            "azurerm_resource_group.rg-hub",
            "module.spoke-aca.azurerm_resource_group.rg",
            "module.spoke-aca.azurerm_subnet.snet-aca",
            "module.spoke-aca.azurerm_virtual_network.vnet-spoke"
          ]
        }
      ]
    },
    {
      "module": "module.spoke-aca[\"3\"]",
      "mode": "managed",
      "type": "azurerm_key_vault",
      "name": "keyvault",
      "provider": "provider[\"registry.terraform.io/hashicorp/azurerm\"]",
      "instances": [
        {
          "schema_version": 2,
          "attributes": {
            "access_policy": [],
            "contact": [],
            "enable_rbac_authorization": true,
            "enabled_for_deployment": false,
            "enabled_for_disk_encryption": false,
            "enabled_for_template_deployment": false,
            "id": "/subscriptions/38977b70-47bf-4da5-a492-88712fce8725/resourceGroups/rg-spoke-aca-22-3/providers/Microsoft.KeyVault/vaults/kv-aca-scaal",
            "location": "swedencentral",
            "name": "kv-aca-scaal",
            "network_acls": [
              {
                "bypass": "AzureServices",
                "default_action": "Allow",
                "ip_rules": [],
                "virtual_network_subnet_ids": []
              }
            ],
            "public_network_access_enabled": true,
            "purge_protection_enabled": false,
            "resource_group_name": "rg-spoke-aca-22-3",
            "sku_name": "standard",
            "soft_delete_retention_days": 7,
            "tags": null,
            "tenant_id": "a8f7faa1-3e2e-4d84-a6cb-daf7eb97d6e4",
            "timeouts": null,
            "vault_uri": "https://kv-aca-scaal.vault.azure.net/"
          },
          "sensitive_attributes": [],
          "private": "eyJlMmJmYjczMC1lY2FhLTExZTYtOGY4OC0zNDM2M2JjN2M0YzAiOnsiY3JlYXRlIjoxODAwMDAwMDAwMDAwLCJkZWxldGUiOjE4MDAwMDAwMDAwMDAsInJlYWQiOjMwMDAwMDAwMDAwMCwidXBkYXRlIjoxODAwMDAwMDAwMDAwfSwic2NoZW1hX3ZlcnNpb24iOiIyIn0=",
          "dependencies": [
            "azurerm_resource_group.rg-hub",
            "module.spoke-aca.azurerm_resource_group.rg",
            "module.spoke-aca.data.azurerm_client_config.current",
            "module.spoke-aca.random_string.random"
          ]
        }
      ]
    },
    {
      "module": "module.spoke-aca[\"3\"]",
      "mode": "managed",
      "type": "azurerm_key_vault_certificate",
      "name": "local_domain_certs",
      "provider": "provider[\"registry.terraform.io/hashicorp/azurerm\"]",
      "instances": [
        {
          "schema_version": 0,
          "attributes": {
            "certificate": [],
            "certificate_attribute": [
              {
                "created": "2024-05-02T16:59:23Z",
                "enabled": true,
                "expires": "2025-05-02T16:59:23Z",
                "not_before": "2024-05-02T16:49:23Z",
                "recovery_level": "CustomizedRecoverable+Purgeable",
                "updated": "2024-05-02T16:59:23Z"
              }
            ],
            "certificate_data": "3082034830820230A00302010202102F9A9DAB42744EE48D8F746743F30F68300D06092A864886F70D01010B05003018311630140603550403130D696E7465726E616C2E636F7270301E170D3234303530323136343932335A170D3235303530323136353932335A3018311630140603550403130D696E7465726E616C2E636F727030820122300D06092A864886F70D01010105000382010F003082010A0282010100CE15DA63BB5FDA89DDDB9D3BE0144D14906195BF75FF3D9ED0467812189A28A943FC2FE0667A0E736C260BF16E6233BBB1E956E44F7AE57F03B1D3FAA490E21BED7D9B79D96DED559F0B9E4AA711C6065A3C701374F80615E6F4F976A7AE887E539DA72E833B9ADF9A2447A9F0992FD385E2587B11B38D395518B324DD28C6E4233E13D09694C906322E146C907D831B26C02DBF4E8D5B3FB65C14F3BF9817CEA0FF718B852EB7278D22CDD7C38A9CE6458CDF2C880877A1C8327C4419BDBA7A55787A9E0501D8E74668ADDF66B572A62975A6C70722CADB9132931370267F005EE56B8C80A525F9FDABB13605F9181C6AA4D995EE27155BB79FA0B254339EA50203010001A3818D30818A300E0603551D0F0101FF0404030205A030090603551D130402300030130603551D25040C300A06082B0601050507030130180603551D110411300F820D696E7465726E616C2E636F7270301F0603551D230418301680148A61320ECC4CF5022D29C81480FC6D1A08DBBCD5301D0603551D0E041604148A61320ECC4CF5022D29C81480FC6D1A08DBBCD5300D06092A864886F70D01010B05000382010100A9C46AF4623D9D72D1E4C59B956A509F1D1ABFB485394C834D32FCADB76480DB931747EFBFEA5CE03199EAF4C7F2A9EA5810F670BAB32BC4D11155B0EA4735AFEE5A2FD786D0F6287B463E9EBE3CF88C8C21CD179ED6DE414BDCE49730C234FB1BA5A1993FDAF023470E8DCB83AB334F025FF412535BDDA90DB83588595A89D56CE64FB5825DE83DF4883CA2DAA89640C165BC6E9FA1115033066CBD50A2007C11BD227CBDA960831D74A7CD54353967EEE5EB5333EFF3D44D7FCD30C503262353523C7DAC2E4A45EA5BC806B524EDAFD3923225FA0A57C8C610EB66465BAF73B1797D41FD5498C796317D3ED7009200549641384269C4AE5F2EFA264D39FE96",
            "certificate_data_base64": "MIIDSDCCAjCgAwIBAgIQL5qdq0J0TuSNj3RnQ/MPaDANBgkqhkiG9w0BAQsFADAYMRYwFAYDVQQDEw1pbnRlcm5hbC5jb3JwMB4XDTI0MDUwMjE2NDkyM1oXDTI1MDUwMjE2NTkyM1owGDEWMBQGA1UEAxMNaW50ZXJuYWwuY29ycDCCASIwDQYJKoZIhvcNAQEBBQADggEPADCCAQoCggEBAM4V2mO7X9qJ3dudO+AUTRSQYZW/df89ntBGeBIYmiipQ/wv4GZ6DnNsJgvxbmIzu7HpVuRPeuV/A7HT+qSQ4hvtfZt52W3tVZ8LnkqnEcYGWjxwE3T4BhXm9Pl2p66IflOdpy6DO5rfmiRHqfCZL9OF4lh7EbONOVUYsyTdKMbkIz4T0JaUyQYyLhRskH2DGybALb9OjVs/tlwU87+YF86g/3GLhS63J40izdfDipzmRYzfLIgId6HIMnxEGb26elV4ep4FAdjnRmit32a1cqYpdabHByLK25EykxNwJn8AXuVrjIClJfn9q7E2BfkYHGqk2ZXuJxVbt5+gslQznqUCAwEAAaOBjTCBijAOBgNVHQ8BAf8EBAMCBaAwCQYDVR0TBAIwADATBgNVHSUEDDAKBggrBgEFBQcDATAYBgNVHREEETAPgg1pbnRlcm5hbC5jb3JwMB8GA1UdIwQYMBaAFIphMg7MTPUCLSnIFID8bRoI27zVMB0GA1UdDgQWBBSKYTIOzEz1Ai0pyBSA/G0aCNu81TANBgkqhkiG9w0BAQsFAAOCAQEAqcRq9GI9nXLR5MWblWpQnx0av7SFOUyDTTL8rbdkgNuTF0fvv+pc4DGZ6vTH8qnqWBD2cLqzK8TREVWw6kc1r+5aL9eG0PYoe0Y+nr48+IyMIc0XntbeQUvc5JcwwjT7G6WhmT/a8CNHDo3Lg6szTwJf9BJTW92pDbg1iFlaidVs5k+1gl3oPfSIPKLaqJZAwWW8bp+hEVAzBmy9UKIAfBG9Iny9qWCDHXSnzVQ1OWfu5etTM+/z1E1/zTDFAyYjU1I8fawuSkXqW8gGtSTtr9OSMiX6ClfIxhDrZkZbr3OxeX1B/VSYx5YxfT7XAJIAVJZBOEJpxK5fLvomTTn+lg==",
            "certificate_policy": [
              {
                "issuer_parameters": [
                  {
                    "name": "Self"
                  }
                ],
                "key_properties": [
                  {
                    "curve": "",
                    "exportable": true,
                    "key_size": 2048,
                    "key_type": "RSA",
                    "reuse_key": true
                  }
                ],
                "lifetime_action": [
                  {
                    "action": [
                      {
                        "action_type": "AutoRenew"
                      }
                    ],
                    "trigger": [
                      {
                        "days_before_expiry": 30,
                        "lifetime_percentage": 0
                      }
                    ]
                  }
                ],
                "secret_properties": [
                  {
                    "content_type": "application/x-pkcs12"
                  }
                ],
                "x509_certificate_properties": [
                  {
                    "extended_key_usage": [
                      "1.3.6.1.5.5.7.3.1"
                    ],
                    "key_usage": [
                      "digitalSignature",
                      "keyEncipherment"
                    ],
                    "subject": "CN=internal.corp",
                    "subject_alternative_names": [
                      {
                        "dns_names": [
                          "internal.corp"
                        ],
                        "emails": null,
                        "upns": null
                      }
                    ],
                    "validity_in_months": 12
                  }
                ]
              }
            ],
            "id": "https://kv-aca-scaal.vault.azure.net/certificates/internal-corp/913348f250dd4850948a723532fae2c0",
            "key_vault_id": "/subscriptions/38977b70-47bf-4da5-a492-88712fce8725/resourceGroups/rg-spoke-aca-22-3/providers/Microsoft.KeyVault/vaults/kv-aca-scaal",
            "name": "internal-corp",
            "resource_manager_id": "/subscriptions/38977b70-47bf-4da5-a492-88712fce8725/resourceGroups/rg-spoke-aca-22-3/providers/Microsoft.KeyVault/vaults/kv-aca-scaal/certificates/internal-corp/versions/913348f250dd4850948a723532fae2c0",
            "resource_manager_versionless_id": "/subscriptions/38977b70-47bf-4da5-a492-88712fce8725/resourceGroups/rg-spoke-aca-22-3/providers/Microsoft.KeyVault/vaults/kv-aca-scaal/certificates/internal-corp",
            "secret_id": "https://kv-aca-scaal.vault.azure.net/secrets/internal-corp/913348f250dd4850948a723532fae2c0",
            "tags": null,
            "thumbprint": "7E2336104F50AD15D303034B07165C6E60CB144C",
            "timeouts": null,
            "version": "913348f250dd4850948a723532fae2c0",
            "versionless_id": "https://kv-aca-scaal.vault.azure.net/certificates/internal-corp",
            "versionless_secret_id": "https://kv-aca-scaal.vault.azure.net/secrets/internal-corp"
          },
          "sensitive_attributes": [],
          "private": "eyJlMmJmYjczMC1lY2FhLTExZTYtOGY4OC0zNDM2M2JjN2M0YzAiOnsiY3JlYXRlIjozNjAwMDAwMDAwMDAwLCJkZWxldGUiOjE4MDAwMDAwMDAwMDAsInJlYWQiOjE4MDAwMDAwMDAwMDAsInVwZGF0ZSI6MTgwMDAwMDAwMDAwMH19",
          "dependencies": [
            "azurerm_resource_group.rg-hub",
            "module.spoke-aca.azurerm_key_vault.keyvault",
            "module.spoke-aca.azurerm_resource_group.rg",
            "module.spoke-aca.azurerm_role_assignment.role-certificates-officer",
            "module.spoke-aca.data.azurerm_client_config.current",
            "module.spoke-aca.random_string.random"
          ]
        }
      ]
    },
    {
      "module": "module.spoke-aca[\"3\"]",
      "mode": "managed",
      "type": "azurerm_linux_virtual_machine",
      "name": "vm",
      "provider": "provider[\"registry.terraform.io/hashicorp/azurerm\"]",
      "instances": [
        {
          "schema_version": 0,
          "attributes": {
            "additional_capabilities": [],
            "admin_password": "@Aa123456789",
            "admin_ssh_key": [],
            "admin_username": "azureuser",
            "allow_extension_operations": true,
            "availability_set_id": "",
            "boot_diagnostics": [
              {
                "storage_account_uri": ""
              }
            ],
            "bypass_platform_safety_checks_on_user_schedule_enabled": false,
            "capacity_reservation_group_id": "",
            "computer_name": "vm-linux",
            "custom_data": null,
            "dedicated_host_group_id": "",
            "dedicated_host_id": "",
            "disable_password_authentication": false,
            "disk_controller_type": "SCSI",
            "edge_zone": "",
            "encryption_at_host_enabled": false,
            "eviction_policy": "Deallocate",
            "extensions_time_budget": "PT1H30M",
            "gallery_application": [],
            "id": "/subscriptions/38977b70-47bf-4da5-a492-88712fce8725/resourceGroups/rg-spoke-aca-22-3/providers/Microsoft.Compute/virtualMachines/vm-linux",
            "identity": [],
            "license_type": "",
            "location": "swedencentral",
            "max_bid_price": -1,
            "name": "vm-linux",
            "network_interface_ids": [
              "/subscriptions/38977b70-47bf-4da5-a492-88712fce8725/resourceGroups/rg-spoke-aca-22-3/providers/Microsoft.Network/networkInterfaces/nic-vm"
            ],
            "os_disk": [
              {
                "caching": "ReadWrite",
                "diff_disk_settings": [],
                "disk_encryption_set_id": "",
                "disk_size_gb": 30,
                "name": "disk-os-vm",
                "secure_vm_disk_encryption_set_id": "",
                "security_encryption_type": "",
                "storage_account_type": "Standard_LRS",
                "write_accelerator_enabled": false
              }
            ],
            "os_image_notification": [],
            "patch_assessment_mode": "ImageDefault",
            "patch_mode": "ImageDefault",
            "plan": [],
            "platform_fault_domain": -1,
            "priority": "Spot",
            "private_ip_address": "10.3.1.4",
            "private_ip_addresses": [
              "10.3.1.4"
            ],
            "provision_vm_agent": true,
            "proximity_placement_group_id": "",
            "public_ip_address": "",
            "public_ip_addresses": [],
            "reboot_setting": "",
            "resource_group_name": "rg-spoke-aca-22-3",
            "secret": [],
            "secure_boot_enabled": false,
            "size": "Standard_B2ats_v2",
            "source_image_id": "",
            "source_image_reference": [
              {
                "offer": "0001-com-ubuntu-server-jammy",
                "publisher": "canonical",
                "sku": "22_04-lts-gen2",
                "version": "latest"
              }
            ],
            "tags": {},
            "termination_notification": [],
            "timeouts": null,
            "user_data": "",
            "virtual_machine_id": "f8854057-051c-4358-b72c-cceeeae60d46",
            "virtual_machine_scale_set_id": "",
            "vm_agent_platform_updates_enabled": false,
            "vtpm_enabled": false,
            "zone": ""
          },
          "sensitive_attributes": [
            [
              {
                "type": "get_attr",
                "value": "custom_data"
              }
            ],
            [
              {
                "type": "get_attr",
                "value": "admin_password"
              }
            ]
          ],
          "private": "eyJlMmJmYjczMC1lY2FhLTExZTYtOGY4OC0zNDM2M2JjN2M0YzAiOnsiY3JlYXRlIjoyNzAwMDAwMDAwMDAwLCJkZWxldGUiOjI3MDAwMDAwMDAwMDAsInJlYWQiOjMwMDAwMDAwMDAwMCwidXBkYXRlIjoyNzAwMDAwMDAwMDAwfX0=",
          "dependencies": [
            "azurerm_resource_group.rg-hub",
            "module.spoke-aca.azurerm_network_interface.nic-vm",
            "module.spoke-aca.azurerm_resource_group.rg",
            "module.spoke-aca.azurerm_subnet.snet-vm",
            "module.spoke-aca.azurerm_virtual_network.vnet-spoke"
          ]
        }
      ]
    },
    {
      "module": "module.spoke-aca[\"3\"]",
      "mode": "managed",
      "type": "azurerm_network_interface",
      "name": "nic-vm",
      "provider": "provider[\"registry.terraform.io/hashicorp/azurerm\"]",
      "instances": [
        {
          "schema_version": 0,
          "attributes": {
            "applied_dns_servers": [],
            "auxiliary_mode": "",
            "auxiliary_sku": "",
            "dns_servers": [],
            "edge_zone": "",
            "enable_accelerated_networking": false,
            "enable_ip_forwarding": false,
            "id": "/subscriptions/38977b70-47bf-4da5-a492-88712fce8725/resourceGroups/rg-spoke-aca-22-3/providers/Microsoft.Network/networkInterfaces/nic-vm",
            "internal_dns_name_label": "",
            "internal_domain_name_suffix": "yjt5giwkmznepfz1kqyjvg0g1h.gvxx.internal.cloudapp.net",
            "ip_configuration": [
              {
                "gateway_load_balancer_frontend_ip_configuration_id": "",
                "name": "internal",
                "primary": true,
                "private_ip_address": "10.3.1.4",
                "private_ip_address_allocation": "Dynamic",
                "private_ip_address_version": "IPv4",
                "public_ip_address_id": "",
                "subnet_id": "/subscriptions/38977b70-47bf-4da5-a492-88712fce8725/resourceGroups/rg-spoke-aca-22-3/providers/Microsoft.Network/virtualNetworks/vnet-spoke/subnets/snet-vm"
              }
            ],
            "location": "swedencentral",
            "mac_address": "60-45-BD-FD-DC-0C",
            "name": "nic-vm",
            "private_ip_address": "10.3.1.4",
            "private_ip_addresses": [
              "10.3.1.4"
            ],
            "resource_group_name": "rg-spoke-aca-22-3",
            "tags": {},
            "timeouts": null,
            "virtual_machine_id": "/subscriptions/38977b70-47bf-4da5-a492-88712fce8725/resourceGroups/rg-spoke-aca-22-3/providers/Microsoft.Compute/virtualMachines/vm-linux"
          },
          "sensitive_attributes": [],
          "private": "eyJlMmJmYjczMC1lY2FhLTExZTYtOGY4OC0zNDM2M2JjN2M0YzAiOnsiY3JlYXRlIjoxODAwMDAwMDAwMDAwLCJkZWxldGUiOjE4MDAwMDAwMDAwMDAsInJlYWQiOjMwMDAwMDAwMDAwMCwidXBkYXRlIjoxODAwMDAwMDAwMDAwfX0=",
          "dependencies": [
            "azurerm_resource_group.rg-hub",
            "module.spoke-aca.azurerm_resource_group.rg",
            "module.spoke-aca.azurerm_subnet.snet-vm",
            "module.spoke-aca.azurerm_virtual_network.vnet-spoke"
          ]
        }
      ]
    },
    {
      "module": "module.spoke-aca[\"3\"]",
      "mode": "managed",
      "type": "azurerm_private_dns_a_record",
      "name": "a-record-nginx",
      "provider": "provider[\"registry.terraform.io/hashicorp/azurerm\"]",
      "instances": [
        {
          "schema_version": 0,
          "attributes": {
            "fqdn": "*.purpledune-f27c2095.swedencentral.azurecontainerapps.io.",
            "id": "/subscriptions/38977b70-47bf-4da5-a492-88712fce8725/resourceGroups/rg-hub-aca-22/providers/Microsoft.Network/privateDnsZones/swedencentral.azurecontainerapps.io/A/*.purpledune-f27c2095",
            "name": "*.purpledune-f27c2095",
            "records": [
              "10.3.0.148"
            ],
            "resource_group_name": "rg-hub-aca-22",
            "tags": {},
            "timeouts": null,
            "ttl": 300,
            "zone_name": "swedencentral.azurecontainerapps.io"
          },
          "sensitive_attributes": [],
          "private": "eyJlMmJmYjczMC1lY2FhLTExZTYtOGY4OC0zNDM2M2JjN2M0YzAiOnsiY3JlYXRlIjoxODAwMDAwMDAwMDAwLCJkZWxldGUiOjE4MDAwMDAwMDAwMDAsInJlYWQiOjMwMDAwMDAwMDAwMCwidXBkYXRlIjoxODAwMDAwMDAwMDAwfX0=",
          "dependencies": [
            "azurerm_private_dns_zone.private-dns-zone",
            "azurerm_resource_group.rg-hub",
            "module.spoke-aca.azurerm_container_app_environment.env",
            "module.spoke-aca.azurerm_resource_group.rg",
            "module.spoke-aca.azurerm_subnet.snet-aca",
            "module.spoke-aca.azurerm_virtual_network.vnet-spoke"
          ]
        }
      ]
    },
    {
      "module": "module.spoke-aca[\"3\"]",
      "mode": "managed",
      "type": "azurerm_private_dns_zone_virtual_network_link",
      "name": "link-vnet-spoke",
      "provider": "provider[\"registry.terraform.io/hashicorp/azurerm\"]",
      "instances": [
        {
          "schema_version": 0,
          "attributes": {
            "id": "/subscriptions/38977b70-47bf-4da5-a492-88712fce8725/resourceGroups/rg-hub-aca-22/providers/Microsoft.Network/privateDnsZones/swedencentral.azurecontainerapps.io/virtualNetworkLinks/link-vnet-spoke-22-3",
            "name": "link-vnet-spoke-22-3",
            "private_dns_zone_name": "swedencentral.azurecontainerapps.io",
            "registration_enabled": false,
            "resource_group_name": "rg-hub-aca-22",
            "tags": {},
            "timeouts": null,
            "virtual_network_id": "/subscriptions/38977b70-47bf-4da5-a492-88712fce8725/resourceGroups/rg-spoke-aca-22-3/providers/Microsoft.Network/virtualNetworks/vnet-spoke"
          },
          "sensitive_attributes": [],
          "private": "eyJlMmJmYjczMC1lY2FhLTExZTYtOGY4OC0zNDM2M2JjN2M0YzAiOnsiY3JlYXRlIjoxODAwMDAwMDAwMDAwLCJkZWxldGUiOjE4MDAwMDAwMDAwMDAsInJlYWQiOjMwMDAwMDAwMDAwMCwidXBkYXRlIjoxODAwMDAwMDAwMDAwfX0=",
          "dependencies": [
            "azurerm_private_dns_zone.private-dns-zone",
            "azurerm_resource_group.rg-hub",
            "module.spoke-aca.azurerm_resource_group.rg",
            "module.spoke-aca.azurerm_virtual_network.vnet-spoke"
          ]
        }
      ]
    },
    {
      "module": "module.spoke-aca[\"3\"]",
      "mode": "managed",
      "type": "azurerm_resource_group",
      "name": "rg",
      "provider": "provider[\"registry.terraform.io/hashicorp/azurerm\"]",
      "instances": [
        {
          "schema_version": 0,
          "attributes": {
            "id": "/subscriptions/38977b70-47bf-4da5-a492-88712fce8725/resourceGroups/rg-spoke-aca-22-3",
            "location": "swedencentral",
            "managed_by": "",
            "name": "rg-spoke-aca-22-3",
            "tags": {},
            "timeouts": null
          },
          "sensitive_attributes": [],
          "private": "eyJlMmJmYjczMC1lY2FhLTExZTYtOGY4OC0zNDM2M2JjN2M0YzAiOnsiY3JlYXRlIjo1NDAwMDAwMDAwMDAwLCJkZWxldGUiOjU0MDAwMDAwMDAwMDAsInJlYWQiOjMwMDAwMDAwMDAwMCwidXBkYXRlIjo1NDAwMDAwMDAwMDAwfX0=",
          "dependencies": [
            "azurerm_resource_group.rg-hub"
          ]
        }
      ]
    },
    {
      "module": "module.spoke-aca[\"3\"]",
      "mode": "managed",
      "type": "azurerm_role_assignment",
      "name": "role-certificates-officer",
      "provider": "provider[\"registry.terraform.io/hashicorp/azurerm\"]",
      "instances": [
        {
          "schema_version": 0,
          "attributes": {
            "condition": "",
            "condition_version": "",
            "delegated_managed_identity_resource_id": "",
            "description": "",
            "id": "/subscriptions/38977b70-47bf-4da5-a492-88712fce8725/resourceGroups/rg-spoke-aca-22-3/providers/Microsoft.KeyVault/vaults/kv-aca-scaal/providers/Microsoft.Authorization/roleAssignments/b23c4235-d4d6-d4e2-600b-fb7053af0cea",
            "name": "b23c4235-d4d6-d4e2-600b-fb7053af0cea",
            "principal_id": "0a8648bf-28ec-4a7f-be65-0d6d8a172282",
            "principal_type": "User",
            "role_definition_id": "/subscriptions/38977b70-47bf-4da5-a492-88712fce8725/providers/Microsoft.Authorization/roleDefinitions/a4417e6f-fecd-4de8-b567-7b0420556985",
            "role_definition_name": "Key Vault Certificates Officer",
            "scope": "/subscriptions/38977b70-47bf-4da5-a492-88712fce8725/resourceGroups/rg-spoke-aca-22-3/providers/Microsoft.KeyVault/vaults/kv-aca-scaal",
            "skip_service_principal_aad_check": null,
            "timeouts": null
          },
          "sensitive_attributes": [],
          "private": "eyJlMmJmYjczMC1lY2FhLTExZTYtOGY4OC0zNDM2M2JjN2M0YzAiOnsiY3JlYXRlIjoxODAwMDAwMDAwMDAwLCJkZWxldGUiOjE4MDAwMDAwMDAwMDAsInJlYWQiOjMwMDAwMDAwMDAwMH19",
          "dependencies": [
            "azurerm_resource_group.rg-hub",
            "module.spoke-aca.azurerm_key_vault.keyvault",
            "module.spoke-aca.azurerm_resource_group.rg",
            "module.spoke-aca.data.azurerm_client_config.current",
            "module.spoke-aca.random_string.random"
          ]
        }
      ]
    },
    {
      "module": "module.spoke-aca[\"3\"]",
      "mode": "managed",
      "type": "azurerm_subnet",
      "name": "snet-aca",
      "provider": "provider[\"registry.terraform.io/hashicorp/azurerm\"]",
      "instances": [
        {
          "schema_version": 0,
          "attributes": {
            "address_prefixes": [
              "10.3.0.0/24"
            ],
            "delegation": [
              {
                "name": "delegation",
                "service_delegation": [
                  {
                    "actions": [
                      "Microsoft.Network/virtualNetworks/subnets/join/action"
                    ],
                    "name": "Microsoft.App/environments"
                  }
                ]
              }
            ],
            "enforce_private_link_endpoint_network_policies": false,
            "enforce_private_link_service_network_policies": false,
            "id": "/subscriptions/38977b70-47bf-4da5-a492-88712fce8725/resourceGroups/rg-spoke-aca-22-3/providers/Microsoft.Network/virtualNetworks/vnet-spoke/subnets/snet-aca",
            "name": "snet-aca",
            "private_endpoint_network_policies_enabled": true,
            "private_link_service_network_policies_enabled": true,
            "resource_group_name": "rg-spoke-aca-22-3",
            "service_endpoint_policy_ids": [],
            "service_endpoints": [],
            "timeouts": null,
            "virtual_network_name": "vnet-spoke"
          },
          "sensitive_attributes": [],
          "private": "eyJlMmJmYjczMC1lY2FhLTExZTYtOGY4OC0zNDM2M2JjN2M0YzAiOnsiY3JlYXRlIjoxODAwMDAwMDAwMDAwLCJkZWxldGUiOjE4MDAwMDAwMDAwMDAsInJlYWQiOjMwMDAwMDAwMDAwMCwidXBkYXRlIjoxODAwMDAwMDAwMDAwfX0=",
          "dependencies": [
            "azurerm_resource_group.rg-hub",
            "module.spoke-aca.azurerm_resource_group.rg",
            "module.spoke-aca.azurerm_virtual_network.vnet-spoke"
          ]
        }
      ]
    },
    {
      "module": "module.spoke-aca[\"3\"]",
      "mode": "managed",
      "type": "azurerm_subnet",
      "name": "snet-vm",
      "provider": "provider[\"registry.terraform.io/hashicorp/azurerm\"]",
      "instances": [
        {
          "schema_version": 0,
          "attributes": {
            "address_prefixes": [
              "10.3.1.0/24"
            ],
            "delegation": [],
            "enforce_private_link_endpoint_network_policies": false,
            "enforce_private_link_service_network_policies": false,
            "id": "/subscriptions/38977b70-47bf-4da5-a492-88712fce8725/resourceGroups/rg-spoke-aca-22-3/providers/Microsoft.Network/virtualNetworks/vnet-spoke/subnets/snet-vm",
            "name": "snet-vm",
            "private_endpoint_network_policies_enabled": true,
            "private_link_service_network_policies_enabled": true,
            "resource_group_name": "rg-spoke-aca-22-3",
            "service_endpoint_policy_ids": [],
            "service_endpoints": [],
            "timeouts": null,
            "virtual_network_name": "vnet-spoke"
          },
          "sensitive_attributes": [],
          "private": "eyJlMmJmYjczMC1lY2FhLTExZTYtOGY4OC0zNDM2M2JjN2M0YzAiOnsiY3JlYXRlIjoxODAwMDAwMDAwMDAwLCJkZWxldGUiOjE4MDAwMDAwMDAwMDAsInJlYWQiOjMwMDAwMDAwMDAwMCwidXBkYXRlIjoxODAwMDAwMDAwMDAwfX0=",
          "dependencies": [
            "azurerm_resource_group.rg-hub",
            "module.spoke-aca.azurerm_resource_group.rg",
            "module.spoke-aca.azurerm_virtual_network.vnet-spoke"
          ]
        }
      ]
    },
    {
      "module": "module.spoke-aca[\"3\"]",
      "mode": "managed",
      "type": "azurerm_virtual_network",
      "name": "vnet-spoke",
      "provider": "provider[\"registry.terraform.io/hashicorp/azurerm\"]",
      "instances": [
        {
          "schema_version": 0,
          "attributes": {
            "address_space": [
              "10.3.0.0/16"
            ],
            "bgp_community": "",
            "ddos_protection_plan": [],
            "dns_servers": [],
            "edge_zone": "",
            "encryption": [],
            "flow_timeout_in_minutes": 0,
            "guid": "22f367c2-66ca-475a-973b-54309a9b46df",
            "id": "/subscriptions/38977b70-47bf-4da5-a492-88712fce8725/resourceGroups/rg-spoke-aca-22-3/providers/Microsoft.Network/virtualNetworks/vnet-spoke",
            "location": "swedencentral",
            "name": "vnet-spoke",
            "resource_group_name": "rg-spoke-aca-22-3",
            "subnet": [
              {
                "address_prefix": "10.3.0.0/24",
                "id": "/subscriptions/38977b70-47bf-4da5-a492-88712fce8725/resourceGroups/rg-spoke-aca-22-3/providers/Microsoft.Network/virtualNetworks/vnet-spoke/subnets/snet-aca",
                "name": "snet-aca",
                "security_group": ""
              },
              {
                "address_prefix": "10.3.1.0/24",
                "id": "/subscriptions/38977b70-47bf-4da5-a492-88712fce8725/resourceGroups/rg-spoke-aca-22-3/providers/Microsoft.Network/virtualNetworks/vnet-spoke/subnets/snet-vm",
                "name": "snet-vm",
                "security_group": ""
              }
            ],
            "tags": {},
            "timeouts": null
          },
          "sensitive_attributes": [],
          "private": "eyJlMmJmYjczMC1lY2FhLTExZTYtOGY4OC0zNDM2M2JjN2M0YzAiOnsiY3JlYXRlIjoxODAwMDAwMDAwMDAwLCJkZWxldGUiOjE4MDAwMDAwMDAwMDAsInJlYWQiOjMwMDAwMDAwMDAwMCwidXBkYXRlIjoxODAwMDAwMDAwMDAwfX0=",
          "dependencies": [
            "azurerm_resource_group.rg-hub",
            "module.spoke-aca.azurerm_resource_group.rg"
          ]
        }
      ]
    },
    {
      "module": "module.spoke-aca[\"3\"]",
      "mode": "managed",
      "type": "azurerm_virtual_network_peering",
      "name": "hub-to-spoke",
      "provider": "provider[\"registry.terraform.io/hashicorp/azurerm\"]",
      "instances": [
        {
          "schema_version": 0,
          "attributes": {
            "allow_forwarded_traffic": true,
            "allow_gateway_transit": false,
            "allow_virtual_network_access": true,
            "id": "/subscriptions/38977b70-47bf-4da5-a492-88712fce8725/resourceGroups/rg-hub-aca-22/providers/Microsoft.Network/virtualNetworks/vnet-hub/virtualNetworkPeerings/hub-to-spoke-22-3",
            "name": "hub-to-spoke-22-3",
            "remote_virtual_network_id": "/subscriptions/38977b70-47bf-4da5-a492-88712fce8725/resourceGroups/rg-spoke-aca-22-3/providers/Microsoft.Network/virtualNetworks/vnet-spoke",
            "resource_group_name": "rg-hub-aca-22",
            "timeouts": null,
            "triggers": null,
            "use_remote_gateways": false,
            "virtual_network_name": "vnet-hub"
          },
          "sensitive_attributes": [],
          "private": "eyJlMmJmYjczMC1lY2FhLTExZTYtOGY4OC0zNDM2M2JjN2M0YzAiOnsiY3JlYXRlIjoxODAwMDAwMDAwMDAwLCJkZWxldGUiOjE4MDAwMDAwMDAwMDAsInJlYWQiOjMwMDAwMDAwMDAwMCwidXBkYXRlIjoxODAwMDAwMDAwMDAwfX0=",
          "dependencies": [
            "azurerm_resource_group.rg-hub",
            "azurerm_virtual_network.vnet-hub",
            "module.spoke-aca.azurerm_resource_group.rg",
            "module.spoke-aca.azurerm_virtual_network.vnet-spoke"
          ]
        }
      ]
    },
    {
      "module": "module.spoke-aca[\"3\"]",
      "mode": "managed",
      "type": "azurerm_virtual_network_peering",
      "name": "spoke-to-hub",
      "provider": "provider[\"registry.terraform.io/hashicorp/azurerm\"]",
      "instances": [
        {
          "schema_version": 0,
          "attributes": {
            "allow_forwarded_traffic": true,
            "allow_gateway_transit": false,
            "allow_virtual_network_access": true,
            "id": "/subscriptions/38977b70-47bf-4da5-a492-88712fce8725/resourceGroups/rg-spoke-aca-22-3/providers/Microsoft.Network/virtualNetworks/vnet-spoke/virtualNetworkPeerings/spoke-22-3-to-hub",
            "name": "spoke-22-3-to-hub",
            "remote_virtual_network_id": "/subscriptions/38977b70-47bf-4da5-a492-88712fce8725/resourceGroups/rg-hub-aca-22/providers/Microsoft.Network/virtualNetworks/vnet-hub",
            "resource_group_name": "rg-spoke-aca-22-3",
            "timeouts": null,
            "triggers": null,
            "use_remote_gateways": false,
            "virtual_network_name": "vnet-spoke"
          },
          "sensitive_attributes": [],
          "private": "eyJlMmJmYjczMC1lY2FhLTExZTYtOGY4OC0zNDM2M2JjN2M0YzAiOnsiY3JlYXRlIjoxODAwMDAwMDAwMDAwLCJkZWxldGUiOjE4MDAwMDAwMDAwMDAsInJlYWQiOjMwMDAwMDAwMDAwMCwidXBkYXRlIjoxODAwMDAwMDAwMDAwfX0=",
          "dependencies": [
            "azurerm_resource_group.rg-hub",
            "azurerm_virtual_network.vnet-hub",
            "module.spoke-aca.azurerm_resource_group.rg",
            "module.spoke-aca.azurerm_virtual_network.vnet-spoke"
          ]
        }
      ]
    },
    {
      "module": "module.spoke-aca[\"3\"]",
      "mode": "managed",
      "type": "random_string",
      "name": "random",
      "provider": "provider[\"registry.terraform.io/hashicorp/random\"]",
      "instances": [
        {
          "schema_version": 2,
          "attributes": {
            "id": "scaal",
            "keepers": null,
            "length": 5,
            "lower": true,
            "min_lower": 0,
            "min_numeric": 0,
            "min_special": 0,
            "min_upper": 0,
            "number": true,
            "numeric": true,
            "override_special": null,
            "result": "scaal",
            "special": false,
            "upper": false
          },
          "sensitive_attributes": []
        }
      ]
    }
  ],
  "check_results": null
}
