{
  "version": 4,
  "terraform_version": "1.8.2",
  "serial": 28,
  "lineage": "bc567426-ab5f-6f10-33b1-d671d84f27f2",
  "outputs": {
    "app_url": {
      "value": "aca-app-demo--1wllyxw.salmonsky-ef6f9d0e.westeurope.azurecontainerapps.io",
      "type": "string"
    },
    "appgw_ip": {
      "value": "108.142.135.4",
      "type": "string"
    },
    "custom_domain_name": {
      "value": "azureapp011.com",
      "type": "string"
    }
  },
  "resources": [
    {
      "mode": "data",
      "type": "azurerm_client_config",
      "name": "current",
      "provider": "provider[\"registry.terraform.io/hashicorp/azurerm\"]",
      "instances": [
        {
          "schema_version": 0,
          "attributes": {
            "client_id": "04b07795-8ddb-461a-bbee-02f9e1bf7b46",
            "id": "Y2xpZW50Q29uZmlncy9jbGllbnRJZD0wNGIwNzc5NS04ZGRiLTQ2MWEtYmJlZS0wMmY5ZTFiZjdiNDY7b2JqZWN0SWQ9MGE4NjQ4YmYtMjhlYy00YTdmLWJlNjUtMGQ2ZDhhMTcyMjgyO3N1YnNjcmlwdGlvbklkPTM4OTc3YjcwLTQ3YmYtNGRhNS1hNDkyLTg4NzEyZmNlODcyNTt0ZW5hbnRJZD1hOGY3ZmFhMS0zZTJlLTRkODQtYTZjYi1kYWY3ZWI5N2Q2ZTQ=",
            "object_id": "0a8648bf-28ec-4a7f-be65-0d6d8a172282",
            "subscription_id": "38977b70-47bf-4da5-a492-88712fce8725",
            "tenant_id": "a8f7faa1-3e2e-4d84-a6cb-daf7eb97d6e4",
            "timeouts": null
          },
          "sensitive_attributes": []
        }
      ]
    },
    {
      "mode": "managed",
      "type": "azurerm_application_gateway",
      "name": "appgateway",
      "provider": "provider[\"registry.terraform.io/hashicorp/azurerm\"]",
      "instances": [
        {
          "schema_version": 0,
          "attributes": {
            "authentication_certificate": [],
            "autoscale_configuration": [],
            "backend_address_pool": [
              {
                "fqdns": [
                  "aca-app-demo--1wllyxw.salmonsky-ef6f9d0e.westeurope.azurecontainerapps.io"
                ],
                "id": "/subscriptions/38977b70-47bf-4da5-a492-88712fce8725/resourceGroups/rg-containerapps-internal-appgw/providers/Microsoft.Network/applicationGateways/appgateway/backendAddressPools/backend-address-pool",
                "ip_addresses": [],
                "name": "backend-address-pool"
              }
            ],
            "backend_http_settings": [
              {
                "affinity_cookie_name": "ApplicationGatewayAffinity",
                "authentication_certificate": [],
                "connection_draining": [],
                "cookie_based_affinity": "Disabled",
                "host_name": "",
                "id": "/subscriptions/38977b70-47bf-4da5-a492-88712fce8725/resourceGroups/rg-containerapps-internal-appgw/providers/Microsoft.Network/applicationGateways/appgateway/backendHttpSettingsCollection/backend-http-settings-https",
                "name": "backend-http-settings-https",
                "path": "",
                "pick_host_name_from_backend_address": true,
                "port": 443,
                "probe_id": "/subscriptions/38977b70-47bf-4da5-a492-88712fce8725/resourceGroups/rg-containerapps-internal-appgw/providers/Microsoft.Network/applicationGateways/appgateway/probes/http-health-probe",
                "probe_name": "http-health-probe",
                "protocol": "Https",
                "request_timeout": 20,
                "trusted_root_certificate_names": []
              }
            ],
            "custom_error_configuration": [],
            "enable_http2": false,
            "fips_enabled": false,
            "firewall_policy_id": "",
            "force_firewall_policy_association": false,
            "frontend_ip_configuration": [
              {
                "id": "/subscriptions/38977b70-47bf-4da5-a492-88712fce8725/resourceGroups/rg-containerapps-internal-appgw/providers/Microsoft.Network/applicationGateways/appgateway/frontendIPConfigurations/frontend-ip-configuration",
                "name": "frontend-ip-configuration",
                "private_ip_address": "",
                "private_ip_address_allocation": "Dynamic",
                "private_link_configuration_id": "",
                "private_link_configuration_name": "",
                "public_ip_address_id": "/subscriptions/38977b70-47bf-4da5-a492-88712fce8725/resourceGroups/rg-containerapps-internal-appgw/providers/Microsoft.Network/publicIPAddresses/pip-appgateway",
                "subnet_id": ""
              }
            ],
            "frontend_port": [
              {
                "id": "/subscriptions/38977b70-47bf-4da5-a492-88712fce8725/resourceGroups/rg-containerapps-internal-appgw/providers/Microsoft.Network/applicationGateways/appgateway/frontendPorts/frontend-port-http",
                "name": "frontend-port-http",
                "port": 80
              },
              {
                "id": "/subscriptions/38977b70-47bf-4da5-a492-88712fce8725/resourceGroups/rg-containerapps-internal-appgw/providers/Microsoft.Network/applicationGateways/appgateway/frontendPorts/frontend-port-https",
                "name": "frontend-port-https",
                "port": 443
              }
            ],
            "gateway_ip_configuration": [
              {
                "id": "/subscriptions/38977b70-47bf-4da5-a492-88712fce8725/resourceGroups/rg-containerapps-internal-appgw/providers/Microsoft.Network/applicationGateways/appgateway/gatewayIPConfigurations/appgateway-ip-configuration",
                "name": "appgateway-ip-configuration",
                "subnet_id": "/subscriptions/38977b70-47bf-4da5-a492-88712fce8725/resourceGroups/rg-containerapps-internal-appgw/providers/Microsoft.Network/virtualNetworks/vnet-internal/subnets/subnet-appgw"
              }
            ],
            "global": [],
            "http_listener": [
              {
                "custom_error_configuration": [],
                "firewall_policy_id": "",
                "frontend_ip_configuration_id": "/subscriptions/38977b70-47bf-4da5-a492-88712fce8725/resourceGroups/rg-containerapps-internal-appgw/providers/Microsoft.Network/applicationGateways/appgateway/frontendIPConfigurations/frontend-ip-configuration",
                "frontend_ip_configuration_name": "frontend-ip-configuration",
                "frontend_port_id": "/subscriptions/38977b70-47bf-4da5-a492-88712fce8725/resourceGroups/rg-containerapps-internal-appgw/providers/Microsoft.Network/applicationGateways/appgateway/frontendPorts/frontend-port-http",
                "frontend_port_name": "frontend-port-http",
                "host_name": "",
                "host_names": [],
                "id": "/subscriptions/38977b70-47bf-4da5-a492-88712fce8725/resourceGroups/rg-containerapps-internal-appgw/providers/Microsoft.Network/applicationGateways/appgateway/httpListeners/listener-http",
                "name": "listener-http",
                "protocol": "Http",
                "require_sni": false,
                "ssl_certificate_id": "",
                "ssl_certificate_name": "",
                "ssl_profile_id": "",
                "ssl_profile_name": ""
              },
              {
                "custom_error_configuration": [],
                "firewall_policy_id": "",
                "frontend_ip_configuration_id": "/subscriptions/38977b70-47bf-4da5-a492-88712fce8725/resourceGroups/rg-containerapps-internal-appgw/providers/Microsoft.Network/applicationGateways/appgateway/frontendIPConfigurations/frontend-ip-configuration",
                "frontend_ip_configuration_name": "frontend-ip-configuration",
                "frontend_port_id": "/subscriptions/38977b70-47bf-4da5-a492-88712fce8725/resourceGroups/rg-containerapps-internal-appgw/providers/Microsoft.Network/applicationGateways/appgateway/frontendPorts/frontend-port-https",
                "frontend_port_name": "frontend-port-https",
                "host_name": "",
                "host_names": [],
                "id": "/subscriptions/38977b70-47bf-4da5-a492-88712fce8725/resourceGroups/rg-containerapps-internal-appgw/providers/Microsoft.Network/applicationGateways/appgateway/httpListeners/listener-https",
                "name": "listener-https",
                "protocol": "Https",
                "require_sni": false,
                "ssl_certificate_id": "/subscriptions/38977b70-47bf-4da5-a492-88712fce8725/resourceGroups/rg-containerapps-internal-appgw/providers/Microsoft.Network/applicationGateways/appgateway/sslCertificates/azureapp011.com",
                "ssl_certificate_name": "azureapp011.com",
                "ssl_profile_id": "",
                "ssl_profile_name": ""
              }
            ],
            "id": "/subscriptions/38977b70-47bf-4da5-a492-88712fce8725/resourceGroups/rg-containerapps-internal-appgw/providers/Microsoft.Network/applicationGateways/appgateway",
            "identity": [
              {
                "identity_ids": [
                  "/subscriptions/38977b70-47bf-4da5-a492-88712fce8725/resourceGroups/rg-containerapps-internal-appgw/providers/Microsoft.ManagedIdentity/userAssignedIdentities/identity-appgw"
                ],
                "type": "UserAssigned"
              }
            ],
            "location": "westeurope",
            "name": "appgateway",
            "private_endpoint_connection": [],
            "private_link_configuration": [],
            "probe": [
              {
                "host": "",
                "id": "/subscriptions/38977b70-47bf-4da5-a492-88712fce8725/resourceGroups/rg-containerapps-internal-appgw/providers/Microsoft.Network/applicationGateways/appgateway/probes/http-health-probe",
                "interval": 30,
                "match": [
                  {
                    "body": "",
                    "status_code": [
                      "200-399"
                    ]
                  }
                ],
                "minimum_servers": 0,
                "name": "http-health-probe",
                "path": "/",
                "pick_host_name_from_backend_http_settings": true,
                "port": 0,
                "protocol": "Https",
                "timeout": 30,
                "unhealthy_threshold": 3
              }
            ],
            "redirect_configuration": [
              {
                "id": "/subscriptions/38977b70-47bf-4da5-a492-88712fce8725/resourceGroups/rg-containerapps-internal-appgw/providers/Microsoft.Network/applicationGateways/appgateway/redirectConfigurations/redirect-configuration",
                "include_path": true,
                "include_query_string": true,
                "name": "redirect-configuration",
                "redirect_type": "Permanent",
                "target_listener_id": "/subscriptions/38977b70-47bf-4da5-a492-88712fce8725/resourceGroups/rg-containerapps-internal-appgw/providers/Microsoft.Network/applicationGateways/appgateway/httpListeners/listener-https",
                "target_listener_name": "listener-https",
                "target_url": ""
              }
            ],
            "request_routing_rule": [
              {
                "backend_address_pool_id": "",
                "backend_address_pool_name": "",
                "backend_http_settings_id": "",
                "backend_http_settings_name": "",
                "http_listener_id": "/subscriptions/38977b70-47bf-4da5-a492-88712fce8725/resourceGroups/rg-containerapps-internal-appgw/providers/Microsoft.Network/applicationGateways/appgateway/httpListeners/listener-http",
                "http_listener_name": "listener-http",
                "id": "/subscriptions/38977b70-47bf-4da5-a492-88712fce8725/resourceGroups/rg-containerapps-internal-appgw/providers/Microsoft.Network/applicationGateways/appgateway/requestRoutingRules/request-routing-rule-http",
                "name": "request-routing-rule-http",
                "priority": 1,
                "redirect_configuration_id": "/subscriptions/38977b70-47bf-4da5-a492-88712fce8725/resourceGroups/rg-containerapps-internal-appgw/providers/Microsoft.Network/applicationGateways/appgateway/redirectConfigurations/redirect-configuration",
                "redirect_configuration_name": "redirect-configuration",
                "rewrite_rule_set_id": "",
                "rewrite_rule_set_name": "",
                "rule_type": "Basic",
                "url_path_map_id": "",
                "url_path_map_name": ""
              },
              {
                "backend_address_pool_id": "/subscriptions/38977b70-47bf-4da5-a492-88712fce8725/resourceGroups/rg-containerapps-internal-appgw/providers/Microsoft.Network/applicationGateways/appgateway/backendAddressPools/backend-address-pool",
                "backend_address_pool_name": "backend-address-pool",
                "backend_http_settings_id": "/subscriptions/38977b70-47bf-4da5-a492-88712fce8725/resourceGroups/rg-containerapps-internal-appgw/providers/Microsoft.Network/applicationGateways/appgateway/backendHttpSettingsCollection/backend-http-settings-https",
                "backend_http_settings_name": "backend-http-settings-https",
                "http_listener_id": "/subscriptions/38977b70-47bf-4da5-a492-88712fce8725/resourceGroups/rg-containerapps-internal-appgw/providers/Microsoft.Network/applicationGateways/appgateway/httpListeners/listener-https",
                "http_listener_name": "listener-https",
                "id": "/subscriptions/38977b70-47bf-4da5-a492-88712fce8725/resourceGroups/rg-containerapps-internal-appgw/providers/Microsoft.Network/applicationGateways/appgateway/requestRoutingRules/request-routing-rule-https",
                "name": "request-routing-rule-https",
                "priority": 2,
                "redirect_configuration_id": "",
                "redirect_configuration_name": "",
                "rewrite_rule_set_id": "",
                "rewrite_rule_set_name": "",
                "rule_type": "Basic",
                "url_path_map_id": "",
                "url_path_map_name": ""
              }
            ],
            "resource_group_name": "rg-containerapps-internal-appgw",
            "rewrite_rule_set": [],
            "sku": [
              {
                "capacity": 1,
                "name": "Standard_v2",
                "tier": "Standard_v2"
              }
            ],
            "ssl_certificate": [
              {
                "data": "",
                "id": "/subscriptions/38977b70-47bf-4da5-a492-88712fce8725/resourceGroups/rg-containerapps-internal-appgw/providers/Microsoft.Network/applicationGateways/appgateway/sslCertificates/azureapp011.com",
                "key_vault_secret_id": "https://kv-appgw-i3luc.vault.azure.net/secrets/azureapp011-com/541c5b16d83c4b9590ab390b56657ab1",
                "name": "azureapp011.com",
                "password": "",
                "public_cert_data": ""
              }
            ],
            "ssl_policy": [
              {
                "cipher_suites": [],
                "disabled_protocols": [],
                "min_protocol_version": "",
                "policy_name": "AppGwSslPolicy20150501",
                "policy_type": "Predefined"
              }
            ],
            "ssl_profile": [],
            "tags": null,
            "timeouts": null,
            "trusted_client_certificate": [],
            "trusted_root_certificate": [],
            "url_path_map": [],
            "waf_configuration": [],
            "zones": null
          },
          "sensitive_attributes": [
            [
              {
                "type": "get_attr",
                "value": "ssl_certificate"
              }
            ]
          ],
          "private": "eyJlMmJmYjczMC1lY2FhLTExZTYtOGY4OC0zNDM2M2JjN2M0YzAiOnsiY3JlYXRlIjo1NDAwMDAwMDAwMDAwLCJkZWxldGUiOjU0MDAwMDAwMDAwMDAsInJlYWQiOjMwMDAwMDAwMDAwMCwidXBkYXRlIjo1NDAwMDAwMDAwMDAwfX0=",
          "dependencies": [
            "azurerm_container_app.app",
            "azurerm_container_app_environment.env",
            "azurerm_key_vault.keyvault",
            "azurerm_key_vault_certificate.local_domain_certs",
            "azurerm_public_ip.pip-appgateway",
            "azurerm_resource_group.rg",
            "azurerm_role_assignment.role-certificates-officer",
            "azurerm_subnet.subnet-appgw",
            "azurerm_subnet.subnet-container-apps",
            "azurerm_user_assigned_identity.identity-appgw",
            "azurerm_virtual_network.vnet",
            "data.azurerm_client_config.current",
            "random_string.random"
          ]
        }
      ]
    },
    {
      "mode": "managed",
      "type": "azurerm_bastion_host",
      "name": "bastion",
      "provider": "provider[\"registry.terraform.io/hashicorp/azurerm\"]",
      "instances": [
        {
          "schema_version": 0,
          "attributes": {
            "copy_paste_enabled": true,
            "dns_name": "bst-f02f4ad2-212b-4303-9e3f-c9c26af6d346.bastion.azure.com",
            "file_copy_enabled": false,
            "id": "/subscriptions/38977b70-47bf-4da5-a492-88712fce8725/resourceGroups/rg-containerapps-internal-appgw/providers/Microsoft.Network/bastionHosts/bastion",
            "ip_configuration": [
              {
                "name": "configuration",
                "public_ip_address_id": "/subscriptions/38977b70-47bf-4da5-a492-88712fce8725/resourceGroups/rg-containerapps-internal-appgw/providers/Microsoft.Network/publicIPAddresses/pip-bastion",
                "subnet_id": "/subscriptions/38977b70-47bf-4da5-a492-88712fce8725/resourceGroups/rg-containerapps-internal-appgw/providers/Microsoft.Network/virtualNetworks/vnet-internal/subnets/AzureBastionSubnet"
              }
            ],
            "ip_connect_enabled": false,
            "location": "westeurope",
            "name": "bastion",
            "resource_group_name": "rg-containerapps-internal-appgw",
            "scale_units": 2,
            "shareable_link_enabled": false,
            "sku": "Basic",
            "tags": null,
            "timeouts": null,
            "tunneling_enabled": false
          },
          "sensitive_attributes": [],
          "private": "eyJlMmJmYjczMC1lY2FhLTExZTYtOGY4OC0zNDM2M2JjN2M0YzAiOnsiY3JlYXRlIjoxODAwMDAwMDAwMDAwLCJkZWxldGUiOjE4MDAwMDAwMDAwMDAsInJlYWQiOjMwMDAwMDAwMDAwMCwidXBkYXRlIjoxODAwMDAwMDAwMDAwfX0=",
          "dependencies": [
            "azurerm_public_ip.pip-bastion",
            "azurerm_resource_group.rg",
            "azurerm_subnet.subnet-bastion",
            "azurerm_virtual_network.vnet"
          ]
        }
      ]
    },
    {
      "mode": "managed",
      "type": "azurerm_container_app",
      "name": "app",
      "provider": "provider[\"registry.terraform.io/hashicorp/azurerm\"]",
      "instances": [
        {
          "schema_version": 0,
          "attributes": {
            "container_app_environment_id": "/subscriptions/38977b70-47bf-4da5-a492-88712fce8725/resourceGroups/rg-containerapps-internal-appgw/providers/Microsoft.App/managedEnvironments/aca-environment",
            "custom_domain_verification_id": "2AE36349F34CF07C26682CAB69940DF26614B5B61797CA2B82A7EC6564045909",
            "dapr": [],
            "id": "/subscriptions/38977b70-47bf-4da5-a492-88712fce8725/resourceGroups/rg-containerapps-internal-appgw/providers/Microsoft.App/containerApps/aca-app-demo",
            "identity": [],
            "ingress": [
              {
                "allow_insecure_connections": false,
                "custom_domain": [],
                "exposed_port": 0,
                "external_enabled": true,
                "fqdn": "aca-app-demo.salmonsky-ef6f9d0e.westeurope.azurecontainerapps.io",
                "ip_security_restriction": [],
                "target_port": 80,
                "traffic_weight": [
                  {
                    "label": "",
                    "latest_revision": true,
                    "percentage": 100,
                    "revision_suffix": ""
                  }
                ],
                "transport": "auto"
              }
            ],
            "latest_revision_fqdn": "aca-app-demo--1wllyxw.salmonsky-ef6f9d0e.westeurope.azurecontainerapps.io",
            "latest_revision_name": "aca-app-demo--1wllyxw",
            "location": "westeurope",
            "name": "aca-app-demo",
            "outbound_ip_addresses": [],
            "registry": [],
            "resource_group_name": "rg-containerapps-internal-appgw",
            "revision_mode": "Single",
            "secret": [],
            "tags": null,
            "template": [
              {
                "azure_queue_scale_rule": [],
                "container": [
                  {
                    "args": null,
                    "command": null,
                    "cpu": 0.25,
                    "env": [],
                    "ephemeral_storage": "1Gi",
                    "image": "mcr.microsoft.com/azuredocs/containerapps-helloworld:latest",
                    "liveness_probe": [],
                    "memory": "0.5Gi",
                    "name": "helloworld-app",
                    "readiness_probe": [],
                    "startup_probe": [],
                    "volume_mounts": []
                  }
                ],
                "custom_scale_rule": [],
                "http_scale_rule": [],
                "init_container": [],
                "max_replicas": 3,
                "min_replicas": 1,
                "revision_suffix": "",
                "tcp_scale_rule": [],
                "volume": []
              }
            ],
            "timeouts": null,
            "workload_profile_name": "profile-D4"
          },
          "sensitive_attributes": [
            [
              {
                "type": "get_attr",
                "value": "custom_domain_verification_id"
              }
            ]
          ],
          "private": "eyJlMmJmYjczMC1lY2FhLTExZTYtOGY4OC0zNDM2M2JjN2M0YzAiOnsiY3JlYXRlIjoxODAwMDAwMDAwMDAwLCJkZWxldGUiOjE4MDAwMDAwMDAwMDAsInJlYWQiOjMwMDAwMDAwMDAwMCwidXBkYXRlIjoxODAwMDAwMDAwMDAwfX0=",
          "dependencies": [
            "azurerm_container_app_environment.env",
            "azurerm_resource_group.rg",
            "azurerm_subnet.subnet-container-apps",
            "azurerm_virtual_network.vnet"
          ]
        }
      ]
    },
    {
      "mode": "managed",
      "type": "azurerm_container_app_environment",
      "name": "env",
      "provider": "provider[\"registry.terraform.io/hashicorp/azurerm\"]",
      "instances": [
        {
          "schema_version": 0,
          "attributes": {
            "dapr_application_insights_connection_string": "",
            "default_domain": "salmonsky-ef6f9d0e.westeurope.azurecontainerapps.io",
            "docker_bridge_cidr": "",
            "id": "/subscriptions/38977b70-47bf-4da5-a492-88712fce8725/resourceGroups/rg-containerapps-internal-appgw/providers/Microsoft.App/managedEnvironments/aca-environment",
            "infrastructure_resource_group_name": "ME_aca-environment_rg-containerapps-internal-appgw_westeurope",
            "infrastructure_subnet_id": "/subscriptions/38977b70-47bf-4da5-a492-88712fce8725/resourceGroups/rg-containerapps-internal-appgw/providers/Microsoft.Network/virtualNetworks/vnet-internal/subnets/subnet-container-apps",
            "internal_load_balancer_enabled": true,
            "location": "westeurope",
            "log_analytics_workspace_id": "",
            "name": "aca-environment",
            "platform_reserved_cidr": "",
            "platform_reserved_dns_ip_address": "",
            "resource_group_name": "rg-containerapps-internal-appgw",
            "static_ip_address": "10.0.0.24",
            "tags": null,
            "timeouts": null,
            "workload_profile": [
              {
                "maximum_count": 3,
                "minimum_count": 1,
                "name": "profile-D4",
                "workload_profile_type": "D4"
              }
            ],
            "zone_redundancy_enabled": true
          },
          "sensitive_attributes": [
            [
              {
                "type": "get_attr",
                "value": "dapr_application_insights_connection_string"
              }
            ]
          ],
          "private": "eyJlMmJmYjczMC1lY2FhLTExZTYtOGY4OC0zNDM2M2JjN2M0YzAiOnsiY3JlYXRlIjoxODAwMDAwMDAwMDAwLCJkZWxldGUiOjE4MDAwMDAwMDAwMDAsInJlYWQiOjMwMDAwMDAwMDAwMCwidXBkYXRlIjoxODAwMDAwMDAwMDAwfX0=",
          "dependencies": [
            "azurerm_resource_group.rg",
            "azurerm_subnet.subnet-container-apps",
            "azurerm_virtual_network.vnet"
          ]
        }
      ]
    },
    {
      "mode": "managed",
      "type": "azurerm_dns_a_record",
      "name": "dns_a_record_appgw",
      "provider": "provider[\"registry.terraform.io/hashicorp/azurerm\"]",
      "instances": [
        {
          "schema_version": 1,
          "attributes": {
            "fqdn": "azureapp011.com.",
            "id": "/subscriptions/38977b70-47bf-4da5-a492-88712fce8725/resourceGroups/rg-containerapps-internal-appgw/providers/Microsoft.Network/dnsZones/azureapp011.com/A/@",
            "name": "@",
            "records": [
              "108.142.135.4"
            ],
            "resource_group_name": "rg-containerapps-internal-appgw",
            "tags": null,
            "target_resource_id": "",
            "timeouts": null,
            "ttl": 300,
            "zone_name": "azureapp011.com"
          },
          "sensitive_attributes": [],
          "private": "eyJlMmJmYjczMC1lY2FhLTExZTYtOGY4OC0zNDM2M2JjN2M0YzAiOnsiY3JlYXRlIjoxODAwMDAwMDAwMDAwLCJkZWxldGUiOjE4MDAwMDAwMDAwMDAsInJlYWQiOjMwMDAwMDAwMDAwMCwidXBkYXRlIjoxODAwMDAwMDAwMDAwfSwic2NoZW1hX3ZlcnNpb24iOiIxIn0=",
          "dependencies": [
            "azurerm_dns_zone.dns_zone",
            "azurerm_public_ip.pip-appgateway",
            "azurerm_resource_group.rg"
          ]
        }
      ]
    },
    {
      "mode": "managed",
      "type": "azurerm_dns_zone",
      "name": "dns_zone",
      "provider": "provider[\"registry.terraform.io/hashicorp/azurerm\"]",
      "instances": [
        {
          "schema_version": 2,
          "attributes": {
            "id": "/subscriptions/38977b70-47bf-4da5-a492-88712fce8725/resourceGroups/rg-containerapps-internal-appgw/providers/Microsoft.Network/dnsZones/azureapp011.com",
            "max_number_of_record_sets": 10000,
            "name": "azureapp011.com",
            "name_servers": [
              "ns1-37.azure-dns.com.",
              "ns2-37.azure-dns.net.",
              "ns3-37.azure-dns.org.",
              "ns4-37.azure-dns.info."
            ],
            "number_of_record_sets": 2,
            "resource_group_name": "rg-containerapps-internal-appgw",
            "soa_record": [
              {
                "email": "azuredns-hostmaster.microsoft.com",
                "expire_time": 2419200,
                "fqdn": "azureapp011.com.",
                "host_name": "ns1-37.azure-dns.com.",
                "minimum_ttl": 300,
                "refresh_time": 3600,
                "retry_time": 300,
                "serial_number": 1,
                "tags": {},
                "ttl": 3600
              }
            ],
            "tags": null,
            "timeouts": null
          },
          "sensitive_attributes": [],
          "private": "eyJlMmJmYjczMC1lY2FhLTExZTYtOGY4OC0zNDM2M2JjN2M0YzAiOnsiY3JlYXRlIjoxODAwMDAwMDAwMDAwLCJkZWxldGUiOjE4MDAwMDAwMDAwMDAsInJlYWQiOjMwMDAwMDAwMDAwMCwidXBkYXRlIjoxODAwMDAwMDAwMDAwfSwic2NoZW1hX3ZlcnNpb24iOiIyIn0=",
          "dependencies": [
            "azurerm_resource_group.rg"
          ]
        }
      ]
    },
    {
      "mode": "managed",
      "type": "azurerm_key_vault",
      "name": "keyvault",
      "provider": "provider[\"registry.terraform.io/hashicorp/azurerm\"]",
      "instances": [
        {
          "schema_version": 2,
          "attributes": {
            "access_policy": [],
            "contact": [],
            "enable_rbac_authorization": true,
            "enabled_for_deployment": false,
            "enabled_for_disk_encryption": false,
            "enabled_for_template_deployment": false,
            "id": "/subscriptions/38977b70-47bf-4da5-a492-88712fce8725/resourceGroups/rg-containerapps-internal-appgw/providers/Microsoft.KeyVault/vaults/kv-appgw-i3luc",
            "location": "westeurope",
            "name": "kv-appgw-i3luc",
            "network_acls": [
              {
                "bypass": "AzureServices",
                "default_action": "Allow",
                "ip_rules": [],
                "virtual_network_subnet_ids": []
              }
            ],
            "public_network_access_enabled": true,
            "purge_protection_enabled": false,
            "resource_group_name": "rg-containerapps-internal-appgw",
            "sku_name": "standard",
            "soft_delete_retention_days": 7,
            "tags": null,
            "tenant_id": "a8f7faa1-3e2e-4d84-a6cb-daf7eb97d6e4",
            "timeouts": null,
            "vault_uri": "https://kv-appgw-i3luc.vault.azure.net/"
          },
          "sensitive_attributes": [],
          "private": "eyJlMmJmYjczMC1lY2FhLTExZTYtOGY4OC0zNDM2M2JjN2M0YzAiOnsiY3JlYXRlIjoxODAwMDAwMDAwMDAwLCJkZWxldGUiOjE4MDAwMDAwMDAwMDAsInJlYWQiOjMwMDAwMDAwMDAwMCwidXBkYXRlIjoxODAwMDAwMDAwMDAwfSwic2NoZW1hX3ZlcnNpb24iOiIyIn0=",
          "dependencies": [
            "azurerm_resource_group.rg",
            "data.azurerm_client_config.current",
            "random_string.random"
          ]
        }
      ]
    },
    {
      "mode": "managed",
      "type": "azurerm_key_vault_certificate",
      "name": "local_domain_certs",
      "provider": "provider[\"registry.terraform.io/hashicorp/azurerm\"]",
      "instances": [
        {
          "schema_version": 0,
          "attributes": {
            "certificate": [],
            "certificate_attribute": [
              {
                "created": "2024-05-01T07:43:57Z",
                "enabled": true,
                "expires": "2025-05-01T07:43:57Z",
                "not_before": "2024-05-01T07:33:57Z",
                "recovery_level": "CustomizedRecoverable+Purgeable",
                "updated": "2024-05-01T07:43:57Z"
              }
            ],
            "certificate_data": "3082034E30820236A00302010202107DB421AA6C4541E6858B269938F7727F300D06092A864886F70D01010B0500301A311830160603550403130F617A7572656170703031312E636F6D301E170D3234303530313037333335375A170D3235303530313037343335375A301A311830160603550403130F617A7572656170703031312E636F6D30820122300D06092A864886F70D01010105000382010F003082010A0282010100B6D914EAE2A4FC1839D354B7D71AEB4ED0DEDC56ADF3BF1BFAECBC7D61ABD4189C1C06DEF263B8C50CE0BC7E04E36C9E4D8C043E35C7B3585CD78375BFE2A68CC8213992D8A09070CEFE06C4F00B92B83168EEA2F5AB820EE762FCE9F89DDAD577016D60209D0C32B8A0281E1B534FBAB41D6D9263B7A89DDE77E64631792DE0D0CE8638A43EFE790074BD1142F173A3967431483AB7224D44DBA6E3EB1F7872BFCEF98B61372B4D3C1EC1571A0D32DC3E4AA8FFB6DADDA435CE87E72B39313C466DC3BAC8211733637EAB2013F760714B5459640C9E028E44209BEEC19D5B33E9467696347AC2F6D0B5704FD76266819B8AC5F31FF77BE65D024D69C53E6D290203010001A3818F30818C300E0603551D0F0101FF0404030205A030090603551D130402300030130603551D25040C300A06082B06010505070301301A0603551D1104133011820F617A7572656170703031312E636F6D301F0603551D23041830168014A58105BDB5D138C9DF026BD0E44E200F0C02C552301D0603551D0E04160414A58105BDB5D138C9DF026BD0E44E200F0C02C552300D06092A864886F70D01010B05000382010100994E37D7304CF2B97C7F81976CE5C7435FDFEBF561D2708635F0839312BD77C1CC0DC939DB1756044FCE230C1F2EF12AFDD4A14E5E642D6FA7CB21925249071B3FFF47F75FE63053F9D405C40FC2CE132FAE6FBF294DE07FD8601177A8AA0A297D6D77E384ED2F1E9CEC9170AE56E5608B2F17D27A1BE057D07D4CE6621D7E201E926867FC69FD448DDE6124E199B0D3D313B8597BF597F464EA34A0BA98BF82441B7A0E5DAEBE67ECE005F227A6115BB9D79727D16D432178B62024B543F4C49CFF107228FBA901FCE6CF7C4A5E850A544A4A9BBEFDAD6A7C4E560EA27F97FC15F1C1B8FE372E1D017AEE5AB6EF46BF829E28B48E7034E7DDCE2F2FCF5E8912",
            "certificate_data_base64": "MIIDTjCCAjagAwIBAgIQfbQhqmxFQeaFiyaZOPdyfzANBgkqhkiG9w0BAQsFADAaMRgwFgYDVQQDEw9henVyZWFwcDAxMS5jb20wHhcNMjQwNTAxMDczMzU3WhcNMjUwNTAxMDc0MzU3WjAaMRgwFgYDVQQDEw9henVyZWFwcDAxMS5jb20wggEiMA0GCSqGSIb3DQEBAQUAA4IBDwAwggEKAoIBAQC22RTq4qT8GDnTVLfXGutO0N7cVq3zvxv67Lx9YavUGJwcBt7yY7jFDOC8fgTjbJ5NjAQ+NcezWFzXg3W/4qaMyCE5ktigkHDO/gbE8AuSuDFo7qL1q4IO52L86fid2tV3AW1gIJ0MMrigKB4bU0+6tB1tkmO3qJ3ed+ZGMXkt4NDOhjikPv55AHS9EULxc6OWdDFIOrciTUTbpuPrH3hyv875i2E3K008HsFXGg0y3D5KqP+22t2kNc6H5ys5MTxGbcO6yCEXM2N+qyAT92BxS1RZZAyeAo5EIJvuwZ1bM+lGdpY0esL20LVwT9diZoGbisXzH/d75l0CTWnFPm0pAgMBAAGjgY8wgYwwDgYDVR0PAQH/BAQDAgWgMAkGA1UdEwQCMAAwEwYDVR0lBAwwCgYIKwYBBQUHAwEwGgYDVR0RBBMwEYIPYXp1cmVhcHAwMTEuY29tMB8GA1UdIwQYMBaAFKWBBb210TjJ3wJr0OROIA8MAsVSMB0GA1UdDgQWBBSlgQW9tdE4yd8Ca9DkTiAPDALFUjANBgkqhkiG9w0BAQsFAAOCAQEAmU431zBM8rl8f4GXbOXHQ1/f6/Vh0nCGNfCDkxK9d8HMDck52xdWBE/OIwwfLvEq/dShTl5kLW+nyyGSUkkHGz//R/df5jBT+dQFxA/CzhMvrm+/KU3gf9hgEXeoqgopfW1344TtLx6c7JFwrlblYIsvF9J6G+BX0H1M5mIdfiAekmhn/Gn9RI3eYSThmbDT0xO4WXv1l/Rk6jSgupi/gkQbeg5drr5n7OAF8iemEVu515cn0W1DIXi2ICS1Q/TEnP8Qcij7qQH85s98Sl6FClRKSpu+/a1qfE5WDqJ/l/wV8cG4/jcuHQF67lq270a/gp4otI5wNOfdzi8vz16JEg==",
            "certificate_policy": [
              {
                "issuer_parameters": [
                  {
                    "name": "Self"
                  }
                ],
                "key_properties": [
                  {
                    "curve": "",
                    "exportable": true,
                    "key_size": 2048,
                    "key_type": "RSA",
                    "reuse_key": true
                  }
                ],
                "lifetime_action": [
                  {
                    "action": [
                      {
                        "action_type": "AutoRenew"
                      }
                    ],
                    "trigger": [
                      {
                        "days_before_expiry": 30,
                        "lifetime_percentage": 0
                      }
                    ]
                  }
                ],
                "secret_properties": [
                  {
                    "content_type": "application/x-pkcs12"
                  }
                ],
                "x509_certificate_properties": [
                  {
                    "extended_key_usage": [
                      "1.3.6.1.5.5.7.3.1"
                    ],
                    "key_usage": [
                      "digitalSignature",
                      "keyEncipherment"
                    ],
                    "subject": "CN=azureapp011.com",
                    "subject_alternative_names": [
                      {
                        "dns_names": [
                          "azureapp011.com"
                        ],
                        "emails": null,
                        "upns": null
                      }
                    ],
                    "validity_in_months": 12
                  }
                ]
              }
            ],
            "id": "https://kv-appgw-i3luc.vault.azure.net/certificates/azureapp011-com/541c5b16d83c4b9590ab390b56657ab1",
            "key_vault_id": "/subscriptions/38977b70-47bf-4da5-a492-88712fce8725/resourceGroups/rg-containerapps-internal-appgw/providers/Microsoft.KeyVault/vaults/kv-appgw-i3luc",
            "name": "azureapp011-com",
            "resource_manager_id": "/subscriptions/38977b70-47bf-4da5-a492-88712fce8725/resourceGroups/rg-containerapps-internal-appgw/providers/Microsoft.KeyVault/vaults/kv-appgw-i3luc/certificates/azureapp011-com/versions/541c5b16d83c4b9590ab390b56657ab1",
            "resource_manager_versionless_id": "/subscriptions/38977b70-47bf-4da5-a492-88712fce8725/resourceGroups/rg-containerapps-internal-appgw/providers/Microsoft.KeyVault/vaults/kv-appgw-i3luc/certificates/azureapp011-com",
            "secret_id": "https://kv-appgw-i3luc.vault.azure.net/secrets/azureapp011-com/541c5b16d83c4b9590ab390b56657ab1",
            "tags": null,
            "thumbprint": "F99ECBA9A5ADE9DA0B44CB3F625CBBE9CC309E1D",
            "timeouts": null,
            "version": "541c5b16d83c4b9590ab390b56657ab1",
            "versionless_id": "https://kv-appgw-i3luc.vault.azure.net/certificates/azureapp011-com",
            "versionless_secret_id": "https://kv-appgw-i3luc.vault.azure.net/secrets/azureapp011-com"
          },
          "sensitive_attributes": [],
          "private": "eyJlMmJmYjczMC1lY2FhLTExZTYtOGY4OC0zNDM2M2JjN2M0YzAiOnsiY3JlYXRlIjozNjAwMDAwMDAwMDAwLCJkZWxldGUiOjE4MDAwMDAwMDAwMDAsInJlYWQiOjE4MDAwMDAwMDAwMDAsInVwZGF0ZSI6MTgwMDAwMDAwMDAwMH19",
          "dependencies": [
            "azurerm_key_vault.keyvault",
            "azurerm_resource_group.rg",
            "azurerm_role_assignment.role-certificates-officer",
            "data.azurerm_client_config.current",
            "random_string.random"
          ]
        }
      ]
    },
    {
      "mode": "managed",
      "type": "azurerm_network_interface",
      "name": "nic-vm-windows",
      "provider": "provider[\"registry.terraform.io/hashicorp/azurerm\"]",
      "instances": [
        {
          "schema_version": 0,
          "attributes": {
            "applied_dns_servers": [],
            "auxiliary_mode": "",
            "auxiliary_sku": "",
            "dns_servers": [],
            "edge_zone": "",
            "enable_accelerated_networking": false,
            "enable_ip_forwarding": false,
            "id": "/subscriptions/38977b70-47bf-4da5-a492-88712fce8725/resourceGroups/rg-containerapps-internal-appgw/providers/Microsoft.Network/networkInterfaces/nic-vm-windows",
            "internal_dns_name_label": "",
            "internal_domain_name_suffix": "jqs2qbsdf2fedii14xkhzlt5ea.ax.internal.cloudapp.net",
            "ip_configuration": [
              {
                "gateway_load_balancer_frontend_ip_configuration_id": "",
                "name": "internal",
                "primary": true,
                "private_ip_address": "10.0.2.4",
                "private_ip_address_allocation": "Dynamic",
                "private_ip_address_version": "IPv4",
                "public_ip_address_id": "",
                "subnet_id": "/subscriptions/38977b70-47bf-4da5-a492-88712fce8725/resourceGroups/rg-containerapps-internal-appgw/providers/Microsoft.Network/virtualNetworks/vnet-internal/subnets/subnet-jumpbox"
              }
            ],
            "location": "westeurope",
            "mac_address": "",
            "name": "nic-vm-windows",
            "private_ip_address": "10.0.2.4",
            "private_ip_addresses": [
              "10.0.2.4"
            ],
            "resource_group_name": "rg-containerapps-internal-appgw",
            "tags": null,
            "timeouts": null,
            "virtual_machine_id": ""
          },
          "sensitive_attributes": [],
          "private": "eyJlMmJmYjczMC1lY2FhLTExZTYtOGY4OC0zNDM2M2JjN2M0YzAiOnsiY3JlYXRlIjoxODAwMDAwMDAwMDAwLCJkZWxldGUiOjE4MDAwMDAwMDAwMDAsInJlYWQiOjMwMDAwMDAwMDAwMCwidXBkYXRlIjoxODAwMDAwMDAwMDAwfX0=",
          "dependencies": [
            "azurerm_resource_group.rg",
            "azurerm_subnet.subnet-jumpbox",
            "azurerm_virtual_network.vnet"
          ]
        }
      ]
    },
    {
      "mode": "managed",
      "type": "azurerm_private_dns_a_record",
      "name": "a-record",
      "provider": "provider[\"registry.terraform.io/hashicorp/azurerm\"]",
      "instances": [
        {
          "schema_version": 0,
          "attributes": {
            "fqdn": "salmonsky-ef6f9d0e.westeurope.azurecontainerapps.io.",
            "id": "/subscriptions/38977b70-47bf-4da5-a492-88712fce8725/resourceGroups/rg-containerapps-internal-appgw/providers/Microsoft.Network/privateDnsZones/salmonsky-ef6f9d0e.westeurope.azurecontainerapps.io/A/@",
            "name": "@",
            "records": [
              "10.0.0.24"
            ],
            "resource_group_name": "rg-containerapps-internal-appgw",
            "tags": null,
            "timeouts": null,
            "ttl": 300,
            "zone_name": "salmonsky-ef6f9d0e.westeurope.azurecontainerapps.io"
          },
          "sensitive_attributes": [],
          "private": "eyJlMmJmYjczMC1lY2FhLTExZTYtOGY4OC0zNDM2M2JjN2M0YzAiOnsiY3JlYXRlIjoxODAwMDAwMDAwMDAwLCJkZWxldGUiOjE4MDAwMDAwMDAwMDAsInJlYWQiOjMwMDAwMDAwMDAwMCwidXBkYXRlIjoxODAwMDAwMDAwMDAwfX0=",
          "dependencies": [
            "azurerm_container_app_environment.env",
            "azurerm_private_dns_zone.private-dns-zone",
            "azurerm_resource_group.rg",
            "azurerm_subnet.subnet-container-apps",
            "azurerm_virtual_network.vnet"
          ]
        }
      ]
    },
    {
      "mode": "managed",
      "type": "azurerm_private_dns_a_record",
      "name": "a-record-wild-card",
      "provider": "provider[\"registry.terraform.io/hashicorp/azurerm\"]",
      "instances": [
        {
          "schema_version": 0,
          "attributes": {
            "fqdn": "*.salmonsky-ef6f9d0e.westeurope.azurecontainerapps.io.",
            "id": "/subscriptions/38977b70-47bf-4da5-a492-88712fce8725/resourceGroups/rg-containerapps-internal-appgw/providers/Microsoft.Network/privateDnsZones/salmonsky-ef6f9d0e.westeurope.azurecontainerapps.io/A/*",
            "name": "*",
            "records": [
              "10.0.0.24"
            ],
            "resource_group_name": "rg-containerapps-internal-appgw",
            "tags": null,
            "timeouts": null,
            "ttl": 300,
            "zone_name": "salmonsky-ef6f9d0e.westeurope.azurecontainerapps.io"
          },
          "sensitive_attributes": [],
          "private": "eyJlMmJmYjczMC1lY2FhLTExZTYtOGY4OC0zNDM2M2JjN2M0YzAiOnsiY3JlYXRlIjoxODAwMDAwMDAwMDAwLCJkZWxldGUiOjE4MDAwMDAwMDAwMDAsInJlYWQiOjMwMDAwMDAwMDAwMCwidXBkYXRlIjoxODAwMDAwMDAwMDAwfX0=",
          "dependencies": [
            "azurerm_container_app_environment.env",
            "azurerm_private_dns_zone.private-dns-zone",
            "azurerm_resource_group.rg",
            "azurerm_subnet.subnet-container-apps",
            "azurerm_virtual_network.vnet"
          ]
        }
      ]
    },
    {
      "mode": "managed",
      "type": "azurerm_private_dns_zone",
      "name": "private-dns-zone",
      "provider": "provider[\"registry.terraform.io/hashicorp/azurerm\"]",
      "instances": [
        {
          "schema_version": 0,
          "attributes": {
            "id": "/subscriptions/38977b70-47bf-4da5-a492-88712fce8725/resourceGroups/rg-containerapps-internal-appgw/providers/Microsoft.Network/privateDnsZones/salmonsky-ef6f9d0e.westeurope.azurecontainerapps.io",
            "max_number_of_record_sets": 25000,
            "max_number_of_virtual_network_links": 1000,
            "max_number_of_virtual_network_links_with_registration": 100,
            "name": "salmonsky-ef6f9d0e.westeurope.azurecontainerapps.io",
            "number_of_record_sets": 1,
            "resource_group_name": "rg-containerapps-internal-appgw",
            "soa_record": [
              {
                "email": "azureprivatedns-host.microsoft.com",
                "expire_time": 2419200,
                "fqdn": "salmonsky-ef6f9d0e.westeurope.azurecontainerapps.io.",
                "host_name": "azureprivatedns.net",
                "minimum_ttl": 10,
                "refresh_time": 3600,
                "retry_time": 300,
                "serial_number": 1,
                "tags": {},
                "ttl": 3600
              }
            ],
            "tags": null,
            "timeouts": null
          },
          "sensitive_attributes": [],
          "private": "eyJlMmJmYjczMC1lY2FhLTExZTYtOGY4OC0zNDM2M2JjN2M0YzAiOnsiY3JlYXRlIjoxODAwMDAwMDAwMDAwLCJkZWxldGUiOjE4MDAwMDAwMDAwMDAsInJlYWQiOjMwMDAwMDAwMDAwMCwidXBkYXRlIjoxODAwMDAwMDAwMDAwfX0=",
          "dependencies": [
            "azurerm_container_app_environment.env",
            "azurerm_resource_group.rg",
            "azurerm_subnet.subnet-container-apps",
            "azurerm_virtual_network.vnet"
          ]
        }
      ]
    },
    {
      "mode": "managed",
      "type": "azurerm_private_dns_zone_virtual_network_link",
      "name": "link-dns-vnet",
      "provider": "provider[\"registry.terraform.io/hashicorp/azurerm\"]",
      "instances": [
        {
          "schema_version": 0,
          "attributes": {
            "id": "/subscriptions/38977b70-47bf-4da5-a492-88712fce8725/resourceGroups/rg-containerapps-internal-appgw/providers/Microsoft.Network/privateDnsZones/salmonsky-ef6f9d0e.westeurope.azurecontainerapps.io/virtualNetworkLinks/link-dns-vnet",
            "name": "link-dns-vnet",
            "private_dns_zone_name": "salmonsky-ef6f9d0e.westeurope.azurecontainerapps.io",
            "registration_enabled": false,
            "resource_group_name": "rg-containerapps-internal-appgw",
            "tags": null,
            "timeouts": null,
            "virtual_network_id": "/subscriptions/38977b70-47bf-4da5-a492-88712fce8725/resourceGroups/rg-containerapps-internal-appgw/providers/Microsoft.Network/virtualNetworks/vnet-internal"
          },
          "sensitive_attributes": [],
          "private": "eyJlMmJmYjczMC1lY2FhLTExZTYtOGY4OC0zNDM2M2JjN2M0YzAiOnsiY3JlYXRlIjoxODAwMDAwMDAwMDAwLCJkZWxldGUiOjE4MDAwMDAwMDAwMDAsInJlYWQiOjMwMDAwMDAwMDAwMCwidXBkYXRlIjoxODAwMDAwMDAwMDAwfX0=",
          "dependencies": [
            "azurerm_container_app_environment.env",
            "azurerm_private_dns_zone.private-dns-zone",
            "azurerm_resource_group.rg",
            "azurerm_subnet.subnet-container-apps",
            "azurerm_virtual_network.vnet"
          ]
        }
      ]
    },
    {
      "mode": "managed",
      "type": "azurerm_public_ip",
      "name": "pip-appgateway",
      "provider": "provider[\"registry.terraform.io/hashicorp/azurerm\"]",
      "instances": [
        {
          "schema_version": 0,
          "attributes": {
            "allocation_method": "Static",
            "ddos_protection_mode": "VirtualNetworkInherited",
            "ddos_protection_plan_id": null,
            "domain_name_label": null,
            "edge_zone": "",
            "fqdn": null,
            "id": "/subscriptions/38977b70-47bf-4da5-a492-88712fce8725/resourceGroups/rg-containerapps-internal-appgw/providers/Microsoft.Network/publicIPAddresses/pip-appgateway",
            "idle_timeout_in_minutes": 4,
            "ip_address": "108.142.135.4",
            "ip_tags": null,
            "ip_version": "IPv4",
            "location": "westeurope",
            "name": "pip-appgateway",
            "public_ip_prefix_id": null,
            "resource_group_name": "rg-containerapps-internal-appgw",
            "reverse_fqdn": null,
            "sku": "Standard",
            "sku_tier": "Regional",
            "tags": null,
            "timeouts": null,
            "zones": null
          },
          "sensitive_attributes": [],
          "private": "eyJlMmJmYjczMC1lY2FhLTExZTYtOGY4OC0zNDM2M2JjN2M0YzAiOnsiY3JlYXRlIjoxODAwMDAwMDAwMDAwLCJkZWxldGUiOjE4MDAwMDAwMDAwMDAsInJlYWQiOjMwMDAwMDAwMDAwMCwidXBkYXRlIjoxODAwMDAwMDAwMDAwfX0=",
          "dependencies": [
            "azurerm_resource_group.rg"
          ]
        }
      ]
    },
    {
      "mode": "managed",
      "type": "azurerm_public_ip",
      "name": "pip-bastion",
      "provider": "provider[\"registry.terraform.io/hashicorp/azurerm\"]",
      "instances": [
        {
          "schema_version": 0,
          "attributes": {
            "allocation_method": "Static",
            "ddos_protection_mode": "VirtualNetworkInherited",
            "ddos_protection_plan_id": null,
            "domain_name_label": null,
            "edge_zone": "",
            "fqdn": null,
            "id": "/subscriptions/38977b70-47bf-4da5-a492-88712fce8725/resourceGroups/rg-containerapps-internal-appgw/providers/Microsoft.Network/publicIPAddresses/pip-bastion",
            "idle_timeout_in_minutes": 4,
            "ip_address": "108.142.135.7",
            "ip_tags": null,
            "ip_version": "IPv4",
            "location": "westeurope",
            "name": "pip-bastion",
            "public_ip_prefix_id": null,
            "resource_group_name": "rg-containerapps-internal-appgw",
            "reverse_fqdn": null,
            "sku": "Standard",
            "sku_tier": "Regional",
            "tags": null,
            "timeouts": null,
            "zones": null
          },
          "sensitive_attributes": [],
          "private": "eyJlMmJmYjczMC1lY2FhLTExZTYtOGY4OC0zNDM2M2JjN2M0YzAiOnsiY3JlYXRlIjoxODAwMDAwMDAwMDAwLCJkZWxldGUiOjE4MDAwMDAwMDAwMDAsInJlYWQiOjMwMDAwMDAwMDAwMCwidXBkYXRlIjoxODAwMDAwMDAwMDAwfX0=",
          "dependencies": [
            "azurerm_resource_group.rg"
          ]
        }
      ]
    },
    {
      "mode": "managed",
      "type": "azurerm_resource_group",
      "name": "rg",
      "provider": "provider[\"registry.terraform.io/hashicorp/azurerm\"]",
      "instances": [
        {
          "schema_version": 0,
          "attributes": {
            "id": "/subscriptions/38977b70-47bf-4da5-a492-88712fce8725/resourceGroups/rg-containerapps-internal-appgw",
            "location": "westeurope",
            "managed_by": "",
            "name": "rg-containerapps-internal-appgw",
            "tags": null,
            "timeouts": null
          },
          "sensitive_attributes": [],
          "private": "eyJlMmJmYjczMC1lY2FhLTExZTYtOGY4OC0zNDM2M2JjN2M0YzAiOnsiY3JlYXRlIjo1NDAwMDAwMDAwMDAwLCJkZWxldGUiOjU0MDAwMDAwMDAwMDAsInJlYWQiOjMwMDAwMDAwMDAwMCwidXBkYXRlIjo1NDAwMDAwMDAwMDAwfX0="
        }
      ]
    },
    {
      "mode": "managed",
      "type": "azurerm_role_assignment",
      "name": "identity-appgw-secret-user",
      "provider": "provider[\"registry.terraform.io/hashicorp/azurerm\"]",
      "instances": [
        {
          "schema_version": 0,
          "attributes": {
            "condition": "",
            "condition_version": "",
            "delegated_managed_identity_resource_id": "",
            "description": "",
            "id": "/subscriptions/38977b70-47bf-4da5-a492-88712fce8725/resourceGroups/rg-containerapps-internal-appgw/providers/Microsoft.KeyVault/vaults/kv-appgw-i3luc/providers/Microsoft.Authorization/roleAssignments/28bbf0a3-18d9-7479-3c90-9b1cbce77365",
            "name": "28bbf0a3-18d9-7479-3c90-9b1cbce77365",
            "principal_id": "971918ef-acc1-49ef-a50e-13ef5981db75",
            "principal_type": "ServicePrincipal",
            "role_definition_id": "/subscriptions/38977b70-47bf-4da5-a492-88712fce8725/providers/Microsoft.Authorization/roleDefinitions/4633458b-17de-408a-b874-0445c86b69e6",
            "role_definition_name": "Key Vault Secrets User",
            "scope": "/subscriptions/38977b70-47bf-4da5-a492-88712fce8725/resourceGroups/rg-containerapps-internal-appgw/providers/Microsoft.KeyVault/vaults/kv-appgw-i3luc",
            "skip_service_principal_aad_check": null,
            "timeouts": null
          },
          "sensitive_attributes": [],
          "private": "eyJlMmJmYjczMC1lY2FhLTExZTYtOGY4OC0zNDM2M2JjN2M0YzAiOnsiY3JlYXRlIjoxODAwMDAwMDAwMDAwLCJkZWxldGUiOjE4MDAwMDAwMDAwMDAsInJlYWQiOjMwMDAwMDAwMDAwMH19",
          "dependencies": [
            "azurerm_key_vault.keyvault",
            "azurerm_resource_group.rg",
            "azurerm_user_assigned_identity.identity-appgw",
            "data.azurerm_client_config.current",
            "random_string.random"
          ]
        }
      ]
    },
    {
      "mode": "managed",
      "type": "azurerm_role_assignment",
      "name": "role-certificates-officer",
      "provider": "provider[\"registry.terraform.io/hashicorp/azurerm\"]",
      "instances": [
        {
          "schema_version": 0,
          "attributes": {
            "condition": "",
            "condition_version": "",
            "delegated_managed_identity_resource_id": "",
            "description": "",
            "id": "/subscriptions/38977b70-47bf-4da5-a492-88712fce8725/resourceGroups/rg-containerapps-internal-appgw/providers/Microsoft.KeyVault/vaults/kv-appgw-i3luc/providers/Microsoft.Authorization/roleAssignments/a1bd7df3-cbb1-f623-2b5c-42d5784c402b",
            "name": "a1bd7df3-cbb1-f623-2b5c-42d5784c402b",
            "principal_id": "0a8648bf-28ec-4a7f-be65-0d6d8a172282",
            "principal_type": "User",
            "role_definition_id": "/subscriptions/38977b70-47bf-4da5-a492-88712fce8725/providers/Microsoft.Authorization/roleDefinitions/a4417e6f-fecd-4de8-b567-7b0420556985",
            "role_definition_name": "Key Vault Certificates Officer",
            "scope": "/subscriptions/38977b70-47bf-4da5-a492-88712fce8725/resourceGroups/rg-containerapps-internal-appgw/providers/Microsoft.KeyVault/vaults/kv-appgw-i3luc",
            "skip_service_principal_aad_check": null,
            "timeouts": null
          },
          "sensitive_attributes": [],
          "private": "eyJlMmJmYjczMC1lY2FhLTExZTYtOGY4OC0zNDM2M2JjN2M0YzAiOnsiY3JlYXRlIjoxODAwMDAwMDAwMDAwLCJkZWxldGUiOjE4MDAwMDAwMDAwMDAsInJlYWQiOjMwMDAwMDAwMDAwMH19",
          "dependencies": [
            "azurerm_key_vault.keyvault",
            "azurerm_resource_group.rg",
            "data.azurerm_client_config.current",
            "random_string.random"
          ]
        }
      ]
    },
    {
      "mode": "managed",
      "type": "azurerm_subnet",
      "name": "subnet-appgw",
      "provider": "provider[\"registry.terraform.io/hashicorp/azurerm\"]",
      "instances": [
        {
          "schema_version": 0,
          "attributes": {
            "address_prefixes": [
              "10.0.1.0/24"
            ],
            "delegation": [],
            "enforce_private_link_endpoint_network_policies": false,
            "enforce_private_link_service_network_policies": false,
            "id": "/subscriptions/38977b70-47bf-4da5-a492-88712fce8725/resourceGroups/rg-containerapps-internal-appgw/providers/Microsoft.Network/virtualNetworks/vnet-internal/subnets/subnet-appgw",
            "name": "subnet-appgw",
            "private_endpoint_network_policies_enabled": true,
            "private_link_service_network_policies_enabled": true,
            "resource_group_name": "rg-containerapps-internal-appgw",
            "service_endpoint_policy_ids": null,
            "service_endpoints": null,
            "timeouts": null,
            "virtual_network_name": "vnet-internal"
          },
          "sensitive_attributes": [],
          "private": "eyJlMmJmYjczMC1lY2FhLTExZTYtOGY4OC0zNDM2M2JjN2M0YzAiOnsiY3JlYXRlIjoxODAwMDAwMDAwMDAwLCJkZWxldGUiOjE4MDAwMDAwMDAwMDAsInJlYWQiOjMwMDAwMDAwMDAwMCwidXBkYXRlIjoxODAwMDAwMDAwMDAwfX0=",
          "dependencies": [
            "azurerm_resource_group.rg",
            "azurerm_virtual_network.vnet"
          ]
        }
      ]
    },
    {
      "mode": "managed",
      "type": "azurerm_subnet",
      "name": "subnet-bastion",
      "provider": "provider[\"registry.terraform.io/hashicorp/azurerm\"]",
      "instances": [
        {
          "schema_version": 0,
          "attributes": {
            "address_prefixes": [
              "10.0.3.0/24"
            ],
            "delegation": [],
            "enforce_private_link_endpoint_network_policies": false,
            "enforce_private_link_service_network_policies": false,
            "id": "/subscriptions/38977b70-47bf-4da5-a492-88712fce8725/resourceGroups/rg-containerapps-internal-appgw/providers/Microsoft.Network/virtualNetworks/vnet-internal/subnets/AzureBastionSubnet",
            "name": "AzureBastionSubnet",
            "private_endpoint_network_policies_enabled": true,
            "private_link_service_network_policies_enabled": true,
            "resource_group_name": "rg-containerapps-internal-appgw",
            "service_endpoint_policy_ids": null,
            "service_endpoints": null,
            "timeouts": null,
            "virtual_network_name": "vnet-internal"
          },
          "sensitive_attributes": [],
          "private": "eyJlMmJmYjczMC1lY2FhLTExZTYtOGY4OC0zNDM2M2JjN2M0YzAiOnsiY3JlYXRlIjoxODAwMDAwMDAwMDAwLCJkZWxldGUiOjE4MDAwMDAwMDAwMDAsInJlYWQiOjMwMDAwMDAwMDAwMCwidXBkYXRlIjoxODAwMDAwMDAwMDAwfX0=",
          "dependencies": [
            "azurerm_resource_group.rg",
            "azurerm_virtual_network.vnet"
          ]
        }
      ]
    },
    {
      "mode": "managed",
      "type": "azurerm_subnet",
      "name": "subnet-container-apps",
      "provider": "provider[\"registry.terraform.io/hashicorp/azurerm\"]",
      "instances": [
        {
          "schema_version": 0,
          "attributes": {
            "address_prefixes": [
              "10.0.0.0/27"
            ],
            "delegation": [
              {
                "name": "delegation",
                "service_delegation": [
                  {
                    "actions": [
                      "Microsoft.Network/virtualNetworks/subnets/join/action"
                    ],
                    "name": "Microsoft.App/environments"
                  }
                ]
              }
            ],
            "enforce_private_link_endpoint_network_policies": false,
            "enforce_private_link_service_network_policies": false,
            "id": "/subscriptions/38977b70-47bf-4da5-a492-88712fce8725/resourceGroups/rg-containerapps-internal-appgw/providers/Microsoft.Network/virtualNetworks/vnet-internal/subnets/subnet-container-apps",
            "name": "subnet-container-apps",
            "private_endpoint_network_policies_enabled": true,
            "private_link_service_network_policies_enabled": true,
            "resource_group_name": "rg-containerapps-internal-appgw",
            "service_endpoint_policy_ids": null,
            "service_endpoints": null,
            "timeouts": null,
            "virtual_network_name": "vnet-internal"
          },
          "sensitive_attributes": [],
          "private": "eyJlMmJmYjczMC1lY2FhLTExZTYtOGY4OC0zNDM2M2JjN2M0YzAiOnsiY3JlYXRlIjoxODAwMDAwMDAwMDAwLCJkZWxldGUiOjE4MDAwMDAwMDAwMDAsInJlYWQiOjMwMDAwMDAwMDAwMCwidXBkYXRlIjoxODAwMDAwMDAwMDAwfX0=",
          "dependencies": [
            "azurerm_resource_group.rg",
            "azurerm_virtual_network.vnet"
          ]
        }
      ]
    },
    {
      "mode": "managed",
      "type": "azurerm_subnet",
      "name": "subnet-jumpbox",
      "provider": "provider[\"registry.terraform.io/hashicorp/azurerm\"]",
      "instances": [
        {
          "schema_version": 0,
          "attributes": {
            "address_prefixes": [
              "10.0.2.0/24"
            ],
            "delegation": [],
            "enforce_private_link_endpoint_network_policies": false,
            "enforce_private_link_service_network_policies": false,
            "id": "/subscriptions/38977b70-47bf-4da5-a492-88712fce8725/resourceGroups/rg-containerapps-internal-appgw/providers/Microsoft.Network/virtualNetworks/vnet-internal/subnets/subnet-jumpbox",
            "name": "subnet-jumpbox",
            "private_endpoint_network_policies_enabled": true,
            "private_link_service_network_policies_enabled": true,
            "resource_group_name": "rg-containerapps-internal-appgw",
            "service_endpoint_policy_ids": null,
            "service_endpoints": null,
            "timeouts": null,
            "virtual_network_name": "vnet-internal"
          },
          "sensitive_attributes": [],
          "private": "eyJlMmJmYjczMC1lY2FhLTExZTYtOGY4OC0zNDM2M2JjN2M0YzAiOnsiY3JlYXRlIjoxODAwMDAwMDAwMDAwLCJkZWxldGUiOjE4MDAwMDAwMDAwMDAsInJlYWQiOjMwMDAwMDAwMDAwMCwidXBkYXRlIjoxODAwMDAwMDAwMDAwfX0=",
          "dependencies": [
            "azurerm_resource_group.rg",
            "azurerm_virtual_network.vnet"
          ]
        }
      ]
    },
    {
      "mode": "managed",
      "type": "azurerm_user_assigned_identity",
      "name": "identity-appgw",
      "provider": "provider[\"registry.terraform.io/hashicorp/azurerm\"]",
      "instances": [
        {
          "schema_version": 1,
          "attributes": {
            "client_id": "7821f5a8-1f7f-4346-b4c3-8b2eb9272700",
            "id": "/subscriptions/38977b70-47bf-4da5-a492-88712fce8725/resourceGroups/rg-containerapps-internal-appgw/providers/Microsoft.ManagedIdentity/userAssignedIdentities/identity-appgw",
            "location": "westeurope",
            "name": "identity-appgw",
            "principal_id": "971918ef-acc1-49ef-a50e-13ef5981db75",
            "resource_group_name": "rg-containerapps-internal-appgw",
            "tags": null,
            "tenant_id": "a8f7faa1-3e2e-4d84-a6cb-daf7eb97d6e4",
            "timeouts": null
          },
          "sensitive_attributes": [],
          "private": "eyJlMmJmYjczMC1lY2FhLTExZTYtOGY4OC0zNDM2M2JjN2M0YzAiOnsiY3JlYXRlIjoxODAwMDAwMDAwMDAwLCJkZWxldGUiOjE4MDAwMDAwMDAwMDAsInJlYWQiOjMwMDAwMDAwMDAwMCwidXBkYXRlIjoxODAwMDAwMDAwMDAwfSwic2NoZW1hX3ZlcnNpb24iOiIxIn0=",
          "dependencies": [
            "azurerm_resource_group.rg"
          ]
        }
      ]
    },
    {
      "mode": "managed",
      "type": "azurerm_virtual_network",
      "name": "vnet",
      "provider": "provider[\"registry.terraform.io/hashicorp/azurerm\"]",
      "instances": [
        {
          "schema_version": 0,
          "attributes": {
            "address_space": [
              "10.0.0.0/16"
            ],
            "bgp_community": "",
            "ddos_protection_plan": [],
            "dns_servers": [],
            "edge_zone": "",
            "encryption": [],
            "flow_timeout_in_minutes": 0,
            "guid": "06c8254c-2f43-410a-a11b-f5d47cae7f20",
            "id": "/subscriptions/38977b70-47bf-4da5-a492-88712fce8725/resourceGroups/rg-containerapps-internal-appgw/providers/Microsoft.Network/virtualNetworks/vnet-internal",
            "location": "westeurope",
            "name": "vnet-internal",
            "resource_group_name": "rg-containerapps-internal-appgw",
            "subnet": [],
            "tags": null,
            "timeouts": null
          },
          "sensitive_attributes": [],
          "private": "eyJlMmJmYjczMC1lY2FhLTExZTYtOGY4OC0zNDM2M2JjN2M0YzAiOnsiY3JlYXRlIjoxODAwMDAwMDAwMDAwLCJkZWxldGUiOjE4MDAwMDAwMDAwMDAsInJlYWQiOjMwMDAwMDAwMDAwMCwidXBkYXRlIjoxODAwMDAwMDAwMDAwfX0=",
          "dependencies": [
            "azurerm_resource_group.rg"
          ]
        }
      ]
    },
    {
      "mode": "managed",
      "type": "azurerm_windows_virtual_machine",
      "name": "vm-windows",
      "provider": "provider[\"registry.terraform.io/hashicorp/azurerm\"]",
      "instances": [
        {
          "schema_version": 0,
          "attributes": {
            "additional_capabilities": [],
            "additional_unattend_content": [],
            "admin_password": "@Aa123456789",
            "admin_username": "azureuser",
            "allow_extension_operations": true,
            "availability_set_id": "",
            "boot_diagnostics": [
              {
                "storage_account_uri": ""
              }
            ],
            "bypass_platform_safety_checks_on_user_schedule_enabled": false,
            "capacity_reservation_group_id": "",
            "computer_name": "vm-windows-w11",
            "custom_data": null,
            "dedicated_host_group_id": "",
            "dedicated_host_id": "",
            "disk_controller_type": "SCSI",
            "edge_zone": "",
            "enable_automatic_updates": true,
            "encryption_at_host_enabled": false,
            "eviction_policy": "",
            "extensions_time_budget": "PT1H30M",
            "gallery_application": [],
            "hotpatching_enabled": false,
            "id": "/subscriptions/38977b70-47bf-4da5-a492-88712fce8725/resourceGroups/rg-containerapps-internal-appgw/providers/Microsoft.Compute/virtualMachines/vm-windows-w11",
            "identity": [
              {
                "identity_ids": [],
                "principal_id": "f912a77d-6816-460c-a1de-335517d1098f",
                "tenant_id": "a8f7faa1-3e2e-4d84-a6cb-daf7eb97d6e4",
                "type": "SystemAssigned"
              }
            ],
            "license_type": "",
            "location": "westeurope",
            "max_bid_price": -1,
            "name": "vm-windows-w11",
            "network_interface_ids": [
              "/subscriptions/38977b70-47bf-4da5-a492-88712fce8725/resourceGroups/rg-containerapps-internal-appgw/providers/Microsoft.Network/networkInterfaces/nic-vm-windows"
            ],
            "os_disk": [
              {
                "caching": "ReadWrite",
                "diff_disk_settings": [],
                "disk_encryption_set_id": "",
                "disk_size_gb": 127,
                "name": "vm-windows-w11_OsDisk_1_98d0f428ae8e46cf90413805f3b1ec5d",
                "secure_vm_disk_encryption_set_id": "",
                "security_encryption_type": "",
                "storage_account_type": "Standard_LRS",
                "write_accelerator_enabled": false
              }
            ],
            "os_image_notification": [],
            "patch_assessment_mode": "ImageDefault",
            "patch_mode": "AutomaticByOS",
            "plan": [],
            "platform_fault_domain": -1,
            "priority": "Regular",
            "private_ip_address": "10.0.2.4",
            "private_ip_addresses": [
              "10.0.2.4"
            ],
            "provision_vm_agent": true,
            "proximity_placement_group_id": "",
            "public_ip_address": "",
            "public_ip_addresses": [],
            "reboot_setting": "",
            "resource_group_name": "rg-containerapps-internal-appgw",
            "secret": [],
            "secure_boot_enabled": false,
            "size": "Standard_B2als_v2",
            "source_image_id": "",
            "source_image_reference": [
              {
                "offer": "windows-11",
                "publisher": "MicrosoftWindowsDesktop",
                "sku": "win11-23h2-pro",
                "version": "latest"
              }
            ],
            "tags": null,
            "termination_notification": null,
            "timeouts": null,
            "timezone": "",
            "user_data": "",
            "virtual_machine_id": "c34c90eb-1798-45ec-912d-08768f585630",
            "virtual_machine_scale_set_id": "",
            "vm_agent_platform_updates_enabled": false,
            "vtpm_enabled": false,
            "winrm_listener": [],
            "zone": ""
          },
          "sensitive_attributes": [
            [
              {
                "type": "get_attr",
                "value": "custom_data"
              }
            ],
            [
              {
                "type": "get_attr",
                "value": "admin_password"
              }
            ]
          ],
          "private": "eyJlMmJmYjczMC1lY2FhLTExZTYtOGY4OC0zNDM2M2JjN2M0YzAiOnsiY3JlYXRlIjoyNzAwMDAwMDAwMDAwLCJkZWxldGUiOjI3MDAwMDAwMDAwMDAsInJlYWQiOjMwMDAwMDAwMDAwMCwidXBkYXRlIjoyNzAwMDAwMDAwMDAwfX0=",
          "dependencies": [
            "azurerm_network_interface.nic-vm-windows",
            "azurerm_resource_group.rg",
            "azurerm_subnet.subnet-jumpbox",
            "azurerm_virtual_network.vnet"
          ]
        }
      ]
    },
    {
      "mode": "managed",
      "type": "random_string",
      "name": "random",
      "provider": "provider[\"registry.terraform.io/hashicorp/random\"]",
      "instances": [
        {
          "schema_version": 2,
          "attributes": {
            "id": "i3luc",
            "keepers": null,
            "length": 5,
            "lower": true,
            "min_lower": 0,
            "min_numeric": 0,
            "min_special": 0,
            "min_upper": 0,
            "number": true,
            "numeric": true,
            "override_special": null,
            "result": "i3luc",
            "special": false,
            "upper": false
          },
          "sensitive_attributes": []
        }
      ]
    },
    {
      "module": "module.appservice_domain",
      "mode": "managed",
      "type": "azapi_resource",
      "name": "appservice_domain",
      "provider": "provider[\"registry.terraform.io/azure/azapi\"]",
      "instances": [
        {
          "schema_version": 1,
          "attributes": {
            "body": {
              "value": "{\"properties\":{\"autoRenew\":false,\"consent\":{\"agreedAt\":\"2024-01-01T9:00:00.000Z\",\"agreedBy\":\"2a04:cec0:11d9:24c8:8898:3820:8631:d83\",\"agreementKeys\":[\"DNRA\"]},\"contactAdmin\":{\"addressMailing\":{\"address1\":\"1 Microsoft Way\",\"city\":\"Redmond\",\"country\":\"US\",\"postalCode\":\"98052\",\"state\":\"WA\"},\"email\":\"youremail@email.com\",\"nameFirst\":\"FirstName\",\"nameLast\":\"LastName\",\"phone\":\"+33.762954328\"},\"contactBilling\":{\"addressMailing\":{\"address1\":\"1 Microsoft Way\",\"city\":\"Redmond\",\"country\":\"US\",\"postalCode\":\"98052\",\"state\":\"WA\"},\"email\":\"youremail@email.com\",\"nameFirst\":\"FirstName\",\"nameLast\":\"LastName\",\"phone\":\"+33.762954328\"},\"contactRegistrant\":{\"addressMailing\":{\"address1\":\"1 Microsoft Way\",\"city\":\"Redmond\",\"country\":\"US\",\"postalCode\":\"98052\",\"state\":\"WA\"},\"email\":\"youremail@email.com\",\"nameFirst\":\"FirstName\",\"nameLast\":\"LastName\",\"phone\":\"+33.762954328\"},\"contactTech\":{\"addressMailing\":{\"address1\":\"1 Microsoft Way\",\"city\":\"Redmond\",\"country\":\"US\",\"postalCode\":\"98052\",\"state\":\"WA\"},\"email\":\"youremail@email.com\",\"nameFirst\":\"FirstName\",\"nameLast\":\"LastName\",\"phone\":\"+33.762954328\"},\"dnsType\":\"AzureDns\",\"dnsZoneId\":\"/subscriptions/38977b70-47bf-4da5-a492-88712fce8725/resourceGroups/rg-containerapps-internal-appgw/providers/Microsoft.Network/dnsZones/azureapp011.com\",\"privacy\":false}}",
              "type": "string"
            },
            "id": "/subscriptions/38977b70-47bf-4da5-a492-88712fce8725/resourceGroups/rg-containerapps-internal-appgw/providers/Microsoft.DomainRegistration/domains/azureapp011.com",
            "identity": [],
            "ignore_body_changes": null,
            "ignore_casing": false,
            "ignore_missing_property": true,
            "location": "global",
            "locks": null,
            "name": "azureapp011.com",
            "output": {
              "value": "{\"id\":\"/subscriptions/38977b70-47bf-4da5-a492-88712fce8725/resourceGroups/rg-containerapps-internal-appgw/providers/Microsoft.DomainRegistration/domains/azureapp011.com\",\"location\":\"global\",\"name\":\"azureapp011.com\",\"properties\":{\"autoRenew\":false,\"createdTime\":\"2024-05-01T02:41:15\",\"dnsType\":\"AzureDns\",\"dnsZoneId\":\"/subscriptions/38977b70-47bf-4da5-a492-88712fce8725/resourceGroups/rg-containerapps-internal-appgw/providers/Microsoft.Network/dnsZones/azureapp011.com\",\"domainNotRenewableReasons\":[\"ExpirationNotInRenewalTimeRange\",\"RegistrationStatusNotSupportedForRenewal\"],\"expirationTime\":\"2025-05-01T02:41:15\",\"isSoftDeleted\":false,\"managedHostNames\":[],\"nameServers\":[\"ns1-37.azure-dns.com\",\"ns2-37.azure-dns.net\",\"ns3-37.azure-dns.org\",\"ns4-37.azure-dns.info\"],\"privacy\":false,\"provisioningState\":\"Succeeded\",\"readyForDnsRecordManagement\":false,\"registrationStatus\":\"Awaiting\"},\"type\":\"Microsoft.DomainRegistration/domains\"}",
              "type": "string"
            },
            "parent_id": "/subscriptions/38977b70-47bf-4da5-a492-88712fce8725/resourceGroups/rg-containerapps-internal-appgw",
            "removing_special_chars": false,
            "response_export_values": [
              "*"
            ],
            "schema_validation_enabled": true,
            "tags": null,
            "timeouts": null,
            "type": "Microsoft.DomainRegistration/domains@2022-09-01"
          },
          "sensitive_attributes": [],
          "dependencies": [
            "azurerm_dns_zone.dns_zone",
            "azurerm_resource_group.rg"
          ]
        }
      ]
    }
  ],
  "check_results": [
    {
      "object_kind": "var",
      "config_addr": "module.appservice_domain.var.custom_domain_name",
      "status": "pass",
      "objects": [
        {
          "object_addr": "module.appservice_domain.var.custom_domain_name",
          "status": "pass"
        }
      ]
    },
    {
      "object_kind": "var",
      "config_addr": "var.custom_domain_name",
      "status": "pass",
      "objects": [
        {
          "object_addr": "var.custom_domain_name",
          "status": "pass"
        }
      ]
    }
  ]
}
