{
  "version": 4,
  "terraform_version": "1.8.2",
  "serial": 31,
  "lineage": "24492dba-467b-4c97-86e6-7b1d33064c9b",
  "outputs": {
    "app_fqdn": {
      "value": "inspector-gadget.redpebble-80254836.swedencentral.azurecontainerapps.io",
      "type": "string"
    },
    "custom_domain_name": {
      "value": "app1.internal",
      "type": "string"
    }
  },
  "resources": [
    {
      "mode": "data",
      "type": "azurerm_client_config",
      "name": "current",
      "provider": "provider[\"registry.terraform.io/hashicorp/azurerm\"]",
      "instances": [
        {
          "schema_version": 0,
          "attributes": {
            "client_id": "04b07795-8ddb-461a-bbee-02f9e1bf7b46",
            "id": "Y2xpZW50Q29uZmlncy9jbGllbnRJZD0wNGIwNzc5NS04ZGRiLTQ2MWEtYmJlZS0wMmY5ZTFiZjdiNDY7b2JqZWN0SWQ9MGE4NjQ4YmYtMjhlYy00YTdmLWJlNjUtMGQ2ZDhhMTcyMjgyO3N1YnNjcmlwdGlvbklkPTM4OTc3YjcwLTQ3YmYtNGRhNS1hNDkyLTg4NzEyZmNlODcyNTt0ZW5hbnRJZD1hOGY3ZmFhMS0zZTJlLTRkODQtYTZjYi1kYWY3ZWI5N2Q2ZTQ=",
            "object_id": "0a8648bf-28ec-4a7f-be65-0d6d8a172282",
            "subscription_id": "38977b70-47bf-4da5-a492-88712fce8725",
            "tenant_id": "a8f7faa1-3e2e-4d84-a6cb-daf7eb97d6e4",
            "timeouts": null
          },
          "sensitive_attributes": []
        }
      ]
    },
    {
      "mode": "managed",
      "type": "azurerm_application_gateway",
      "name": "appgateway",
      "provider": "provider[\"registry.terraform.io/hashicorp/azurerm\"]",
      "instances": [
        {
          "schema_version": 0,
          "attributes": {
            "authentication_certificate": [],
            "autoscale_configuration": [],
            "backend_address_pool": [
              {
                "fqdns": [
                  "inspector-gadget.redpebble-80254836.swedencentral.azurecontainerapps.io"
                ],
                "id": "/subscriptions/38977b70-47bf-4da5-a492-88712fce8725/resourceGroups/rg-aca-dns-appgw-23/providers/Microsoft.Network/applicationGateways/appgateway/backendAddressPools/backend-address-pool",
                "ip_addresses": [],
                "name": "backend-address-pool"
              }
            ],
            "backend_http_settings": [
              {
                "affinity_cookie_name": "ApplicationGatewayAffinity",
                "authentication_certificate": [],
                "connection_draining": [],
                "cookie_based_affinity": "Disabled",
                "host_name": "",
                "id": "/subscriptions/38977b70-47bf-4da5-a492-88712fce8725/resourceGroups/rg-aca-dns-appgw-23/providers/Microsoft.Network/applicationGateways/appgateway/backendHttpSettingsCollection/backend-http-settings-https",
                "name": "backend-http-settings-https",
                "path": "",
                "pick_host_name_from_backend_address": true,
                "port": 443,
                "probe_id": "/subscriptions/38977b70-47bf-4da5-a492-88712fce8725/resourceGroups/rg-aca-dns-appgw-23/providers/Microsoft.Network/applicationGateways/appgateway/probes/http-health-probe",
                "probe_name": "http-health-probe",
                "protocol": "Https",
                "request_timeout": 20,
                "trusted_root_certificate_names": []
              }
            ],
            "custom_error_configuration": [],
            "enable_http2": false,
            "fips_enabled": false,
            "firewall_policy_id": "",
            "force_firewall_policy_association": false,
            "frontend_ip_configuration": [
              {
                "id": "/subscriptions/38977b70-47bf-4da5-a492-88712fce8725/resourceGroups/rg-aca-dns-appgw-23/providers/Microsoft.Network/applicationGateways/appgateway/frontendIPConfigurations/frontend-private-ip-configuration",
                "name": "frontend-private-ip-configuration",
                "private_ip_address": "10.0.0.10",
                "private_ip_address_allocation": "Static",
                "private_link_configuration_id": "",
                "private_link_configuration_name": "",
                "public_ip_address_id": "",
                "subnet_id": "/subscriptions/38977b70-47bf-4da5-a492-88712fce8725/resourceGroups/rg-aca-dns-appgw-23/providers/Microsoft.Network/virtualNetworks/vnet-internal/subnets/snet-appgw"
              }
            ],
            "frontend_port": [
              {
                "id": "/subscriptions/38977b70-47bf-4da5-a492-88712fce8725/resourceGroups/rg-aca-dns-appgw-23/providers/Microsoft.Network/applicationGateways/appgateway/frontendPorts/frontend-port-http",
                "name": "frontend-port-http",
                "port": 80
              },
              {
                "id": "/subscriptions/38977b70-47bf-4da5-a492-88712fce8725/resourceGroups/rg-aca-dns-appgw-23/providers/Microsoft.Network/applicationGateways/appgateway/frontendPorts/frontend-port-https",
                "name": "frontend-port-https",
                "port": 443
              }
            ],
            "gateway_ip_configuration": [
              {
                "id": "/subscriptions/38977b70-47bf-4da5-a492-88712fce8725/resourceGroups/rg-aca-dns-appgw-23/providers/Microsoft.Network/applicationGateways/appgateway/gatewayIPConfigurations/appgateway-ip-configuration",
                "name": "appgateway-ip-configuration",
                "subnet_id": "/subscriptions/38977b70-47bf-4da5-a492-88712fce8725/resourceGroups/rg-aca-dns-appgw-23/providers/Microsoft.Network/virtualNetworks/vnet-internal/subnets/snet-appgw"
              }
            ],
            "global": [],
            "http_listener": [
              {
                "custom_error_configuration": [],
                "firewall_policy_id": "",
                "frontend_ip_configuration_id": "/subscriptions/38977b70-47bf-4da5-a492-88712fce8725/resourceGroups/rg-aca-dns-appgw-23/providers/Microsoft.Network/applicationGateways/appgateway/frontendIPConfigurations/frontend-private-ip-configuration",
                "frontend_ip_configuration_name": "frontend-private-ip-configuration",
                "frontend_port_id": "/subscriptions/38977b70-47bf-4da5-a492-88712fce8725/resourceGroups/rg-aca-dns-appgw-23/providers/Microsoft.Network/applicationGateways/appgateway/frontendPorts/frontend-port-http",
                "frontend_port_name": "frontend-port-http",
                "host_name": "app1.internal",
                "host_names": [],
                "id": "/subscriptions/38977b70-47bf-4da5-a492-88712fce8725/resourceGroups/rg-aca-dns-appgw-23/providers/Microsoft.Network/applicationGateways/appgateway/httpListeners/listener-http",
                "name": "listener-http",
                "protocol": "Http",
                "require_sni": false,
                "ssl_certificate_id": "",
                "ssl_certificate_name": "",
                "ssl_profile_id": "",
                "ssl_profile_name": ""
              },
              {
                "custom_error_configuration": [],
                "firewall_policy_id": "",
                "frontend_ip_configuration_id": "/subscriptions/38977b70-47bf-4da5-a492-88712fce8725/resourceGroups/rg-aca-dns-appgw-23/providers/Microsoft.Network/applicationGateways/appgateway/frontendIPConfigurations/frontend-private-ip-configuration",
                "frontend_ip_configuration_name": "frontend-private-ip-configuration",
                "frontend_port_id": "/subscriptions/38977b70-47bf-4da5-a492-88712fce8725/resourceGroups/rg-aca-dns-appgw-23/providers/Microsoft.Network/applicationGateways/appgateway/frontendPorts/frontend-port-https",
                "frontend_port_name": "frontend-port-https",
                "host_name": "app1.internal",
                "host_names": [],
                "id": "/subscriptions/38977b70-47bf-4da5-a492-88712fce8725/resourceGroups/rg-aca-dns-appgw-23/providers/Microsoft.Network/applicationGateways/appgateway/httpListeners/listener-https",
                "name": "listener-https",
                "protocol": "Https",
                "require_sni": false,
                "ssl_certificate_id": "/subscriptions/38977b70-47bf-4da5-a492-88712fce8725/resourceGroups/rg-aca-dns-appgw-23/providers/Microsoft.Network/applicationGateways/appgateway/sslCertificates/app1-internal",
                "ssl_certificate_name": "app1-internal",
                "ssl_profile_id": "",
                "ssl_profile_name": ""
              }
            ],
            "id": "/subscriptions/38977b70-47bf-4da5-a492-88712fce8725/resourceGroups/rg-aca-dns-appgw-23/providers/Microsoft.Network/applicationGateways/appgateway",
            "identity": [
              {
                "identity_ids": [
                  "/subscriptions/38977b70-47bf-4da5-a492-88712fce8725/resourceGroups/rg-aca-dns-appgw-23/providers/Microsoft.ManagedIdentity/userAssignedIdentities/identity-appgw"
                ],
                "type": "UserAssigned"
              }
            ],
            "location": "swedencentral",
            "name": "appgateway",
            "private_endpoint_connection": [],
            "private_link_configuration": [],
            "probe": [
              {
                "host": "",
                "id": "/subscriptions/38977b70-47bf-4da5-a492-88712fce8725/resourceGroups/rg-aca-dns-appgw-23/providers/Microsoft.Network/applicationGateways/appgateway/probes/http-health-probe",
                "interval": 30,
                "match": [
                  {
                    "body": "",
                    "status_code": [
                      "200-399"
                    ]
                  }
                ],
                "minimum_servers": 0,
                "name": "http-health-probe",
                "path": "/",
                "pick_host_name_from_backend_http_settings": true,
                "port": 0,
                "protocol": "Https",
                "timeout": 30,
                "unhealthy_threshold": 3
              }
            ],
            "redirect_configuration": [
              {
                "id": "/subscriptions/38977b70-47bf-4da5-a492-88712fce8725/resourceGroups/rg-aca-dns-appgw-23/providers/Microsoft.Network/applicationGateways/appgateway/redirectConfigurations/redirect-configuration",
                "include_path": true,
                "include_query_string": true,
                "name": "redirect-configuration",
                "redirect_type": "Permanent",
                "target_listener_id": "/subscriptions/38977b70-47bf-4da5-a492-88712fce8725/resourceGroups/rg-aca-dns-appgw-23/providers/Microsoft.Network/applicationGateways/appgateway/httpListeners/listener-https",
                "target_listener_name": "listener-https",
                "target_url": ""
              }
            ],
            "request_routing_rule": [
              {
                "backend_address_pool_id": "",
                "backend_address_pool_name": "",
                "backend_http_settings_id": "",
                "backend_http_settings_name": "",
                "http_listener_id": "/subscriptions/38977b70-47bf-4da5-a492-88712fce8725/resourceGroups/rg-aca-dns-appgw-23/providers/Microsoft.Network/applicationGateways/appgateway/httpListeners/listener-http",
                "http_listener_name": "listener-http",
                "id": "/subscriptions/38977b70-47bf-4da5-a492-88712fce8725/resourceGroups/rg-aca-dns-appgw-23/providers/Microsoft.Network/applicationGateways/appgateway/requestRoutingRules/request-routing-rule-http",
                "name": "request-routing-rule-http",
                "priority": 100,
                "redirect_configuration_id": "/subscriptions/38977b70-47bf-4da5-a492-88712fce8725/resourceGroups/rg-aca-dns-appgw-23/providers/Microsoft.Network/applicationGateways/appgateway/redirectConfigurations/redirect-configuration",
                "redirect_configuration_name": "redirect-configuration",
                "rewrite_rule_set_id": "",
                "rewrite_rule_set_name": "",
                "rule_type": "Basic",
                "url_path_map_id": "",
                "url_path_map_name": ""
              },
              {
                "backend_address_pool_id": "/subscriptions/38977b70-47bf-4da5-a492-88712fce8725/resourceGroups/rg-aca-dns-appgw-23/providers/Microsoft.Network/applicationGateways/appgateway/backendAddressPools/backend-address-pool",
                "backend_address_pool_name": "backend-address-pool",
                "backend_http_settings_id": "/subscriptions/38977b70-47bf-4da5-a492-88712fce8725/resourceGroups/rg-aca-dns-appgw-23/providers/Microsoft.Network/applicationGateways/appgateway/backendHttpSettingsCollection/backend-http-settings-https",
                "backend_http_settings_name": "backend-http-settings-https",
                "http_listener_id": "/subscriptions/38977b70-47bf-4da5-a492-88712fce8725/resourceGroups/rg-aca-dns-appgw-23/providers/Microsoft.Network/applicationGateways/appgateway/httpListeners/listener-https",
                "http_listener_name": "listener-https",
                "id": "/subscriptions/38977b70-47bf-4da5-a492-88712fce8725/resourceGroups/rg-aca-dns-appgw-23/providers/Microsoft.Network/applicationGateways/appgateway/requestRoutingRules/request-routing-rule-https",
                "name": "request-routing-rule-https",
                "priority": 200,
                "redirect_configuration_id": "",
                "redirect_configuration_name": "",
                "rewrite_rule_set_id": "",
                "rewrite_rule_set_name": "",
                "rule_type": "Basic",
                "url_path_map_id": "",
                "url_path_map_name": ""
              }
            ],
            "resource_group_name": "rg-aca-dns-appgw-23",
            "rewrite_rule_set": [],
            "sku": [
              {
                "capacity": 1,
                "name": "Standard_v2",
                "tier": "Standard_v2"
              }
            ],
            "ssl_certificate": [
              {
                "data": "",
                "id": "/subscriptions/38977b70-47bf-4da5-a492-88712fce8725/resourceGroups/rg-aca-dns-appgw-23/providers/Microsoft.Network/applicationGateways/appgateway/sslCertificates/app1-internal",
                "key_vault_secret_id": "https://kv-appgw-45lkc.vault.azure.net/secrets/app1-internal/0ea60a5ad342448ab5d59ff5d1f8db45",
                "name": "app1-internal",
                "password": "",
                "public_cert_data": ""
              }
            ],
            "ssl_policy": [
              {
                "cipher_suites": [],
                "disabled_protocols": [],
                "min_protocol_version": "",
                "policy_name": "AppGwSslPolicy20150501",
                "policy_type": "Predefined"
              }
            ],
            "ssl_profile": [],
            "tags": null,
            "timeouts": null,
            "trusted_client_certificate": [],
            "trusted_root_certificate": [],
            "url_path_map": [],
            "waf_configuration": [],
            "zones": null
          },
          "sensitive_attributes": [
            [
              {
                "type": "get_attr",
                "value": "ssl_certificate"
              }
            ]
          ],
          "private": "eyJlMmJmYjczMC1lY2FhLTExZTYtOGY4OC0zNDM2M2JjN2M0YzAiOnsiY3JlYXRlIjo1NDAwMDAwMDAwMDAwLCJkZWxldGUiOjU0MDAwMDAwMDAwMDAsInJlYWQiOjMwMDAwMDAwMDAwMCwidXBkYXRlIjo1NDAwMDAwMDAwMDAwfX0=",
          "dependencies": [
            "azurerm_container_app.app",
            "azurerm_container_app_environment.env",
            "azurerm_key_vault.keyvault",
            "azurerm_key_vault_certificate.local_domain_certs",
            "azurerm_resource_group.rg",
            "azurerm_role_assignment.role-certificates-officer",
            "azurerm_subnet.snet-aca",
            "azurerm_subnet.snet-appgw",
            "azurerm_user_assigned_identity.identity-appgw",
            "azurerm_virtual_network.vnet",
            "data.azurerm_client_config.current",
            "random_string.random"
          ]
        }
      ]
    },
    {
      "mode": "managed",
      "type": "azurerm_bastion_host",
      "name": "bastion",
      "provider": "provider[\"registry.terraform.io/hashicorp/azurerm\"]",
      "instances": [
        {
          "schema_version": 0,
          "attributes": {
            "copy_paste_enabled": true,
            "dns_name": "bst-1b7aa660-28c8-4f32-8f4f-d6fc8c71ecb4.bastion.azure.com",
            "file_copy_enabled": false,
            "id": "/subscriptions/38977b70-47bf-4da5-a492-88712fce8725/resourceGroups/rg-aca-dns-appgw-23/providers/Microsoft.Network/bastionHosts/bastion",
            "ip_configuration": [
              {
                "name": "configuration",
                "public_ip_address_id": "/subscriptions/38977b70-47bf-4da5-a492-88712fce8725/resourceGroups/rg-aca-dns-appgw-23/providers/Microsoft.Network/publicIPAddresses/pip-bastion",
                "subnet_id": "/subscriptions/38977b70-47bf-4da5-a492-88712fce8725/resourceGroups/rg-aca-dns-appgw-23/providers/Microsoft.Network/virtualNetworks/vnet-internal/subnets/AzureBastionSubnet"
              }
            ],
            "ip_connect_enabled": false,
            "location": "swedencentral",
            "name": "bastion",
            "resource_group_name": "rg-aca-dns-appgw-23",
            "scale_units": 2,
            "shareable_link_enabled": false,
            "sku": "Basic",
            "tags": null,
            "timeouts": null,
            "tunneling_enabled": false
          },
          "sensitive_attributes": [],
          "private": "eyJlMmJmYjczMC1lY2FhLTExZTYtOGY4OC0zNDM2M2JjN2M0YzAiOnsiY3JlYXRlIjoxODAwMDAwMDAwMDAwLCJkZWxldGUiOjE4MDAwMDAwMDAwMDAsInJlYWQiOjMwMDAwMDAwMDAwMCwidXBkYXRlIjoxODAwMDAwMDAwMDAwfX0=",
          "dependencies": [
            "azurerm_public_ip.pip-bastion",
            "azurerm_resource_group.rg",
            "azurerm_subnet.snet-bastion",
            "azurerm_virtual_network.vnet"
          ]
        }
      ]
    },
    {
      "mode": "managed",
      "type": "azurerm_container_app",
      "name": "app",
      "provider": "provider[\"registry.terraform.io/hashicorp/azurerm\"]",
      "instances": [
        {
          "schema_version": 0,
          "attributes": {
            "container_app_environment_id": "/subscriptions/38977b70-47bf-4da5-a492-88712fce8725/resourceGroups/rg-aca-dns-appgw-23/providers/Microsoft.App/managedEnvironments/aca-environment",
            "custom_domain_verification_id": "2AE36349F34CF07C26682CAB69940DF26614B5B61797CA2B82A7EC6564045909",
            "dapr": [],
            "id": "/subscriptions/38977b70-47bf-4da5-a492-88712fce8725/resourceGroups/rg-aca-dns-appgw-23/providers/Microsoft.App/containerApps/inspector-gadget",
            "identity": [],
            "ingress": [
              {
                "allow_insecure_connections": false,
                "custom_domain": [],
                "exposed_port": 0,
                "external_enabled": true,
                "fqdn": "inspector-gadget.redpebble-80254836.swedencentral.azurecontainerapps.io",
                "ip_security_restriction": [],
                "target_port": 80,
                "traffic_weight": [
                  {
                    "label": "",
                    "latest_revision": true,
                    "percentage": 100,
                    "revision_suffix": ""
                  }
                ],
                "transport": "auto"
              }
            ],
            "latest_revision_fqdn": "inspector-gadget--iwmjo7y.redpebble-80254836.swedencentral.azurecontainerapps.io",
            "latest_revision_name": "inspector-gadget--iwmjo7y",
            "location": "swedencentral",
            "name": "inspector-gadget",
            "outbound_ip_addresses": [],
            "registry": [],
            "resource_group_name": "rg-aca-dns-appgw-23",
            "revision_mode": "Single",
            "secret": [],
            "tags": null,
            "template": [
              {
                "azure_queue_scale_rule": [],
                "container": [
                  {
                    "args": null,
                    "command": null,
                    "cpu": 0.25,
                    "env": [],
                    "ephemeral_storage": "1Gi",
                    "image": "jelledruyts/inspectorgadget",
                    "liveness_probe": [],
                    "memory": "0.5Gi",
                    "name": "inspector-gadget",
                    "readiness_probe": [],
                    "startup_probe": [],
                    "volume_mounts": []
                  }
                ],
                "custom_scale_rule": [],
                "http_scale_rule": [],
                "init_container": [],
                "max_replicas": 3,
                "min_replicas": 1,
                "revision_suffix": "",
                "tcp_scale_rule": [],
                "volume": []
              }
            ],
            "timeouts": null,
            "workload_profile_name": "profile-D4"
          },
          "sensitive_attributes": [
            [
              {
                "type": "get_attr",
                "value": "custom_domain_verification_id"
              }
            ]
          ],
          "private": "eyJlMmJmYjczMC1lY2FhLTExZTYtOGY4OC0zNDM2M2JjN2M0YzAiOnsiY3JlYXRlIjoxODAwMDAwMDAwMDAwLCJkZWxldGUiOjE4MDAwMDAwMDAwMDAsInJlYWQiOjMwMDAwMDAwMDAwMCwidXBkYXRlIjoxODAwMDAwMDAwMDAwfX0=",
          "dependencies": [
            "azurerm_container_app_environment.env",
            "azurerm_resource_group.rg",
            "azurerm_subnet.snet-aca",
            "azurerm_virtual_network.vnet"
          ]
        }
      ]
    },
    {
      "mode": "managed",
      "type": "azurerm_container_app_environment",
      "name": "env",
      "provider": "provider[\"registry.terraform.io/hashicorp/azurerm\"]",
      "instances": [
        {
          "schema_version": 0,
          "attributes": {
            "dapr_application_insights_connection_string": "",
            "default_domain": "redpebble-80254836.swedencentral.azurecontainerapps.io",
            "docker_bridge_cidr": "",
            "id": "/subscriptions/38977b70-47bf-4da5-a492-88712fce8725/resourceGroups/rg-aca-dns-appgw-23/providers/Microsoft.App/managedEnvironments/aca-environment",
            "infrastructure_resource_group_name": "ME_aca-environment_rg-aca-dns-appgw-23_swedencentral",
            "infrastructure_subnet_id": "/subscriptions/38977b70-47bf-4da5-a492-88712fce8725/resourceGroups/rg-aca-dns-appgw-23/providers/Microsoft.Network/virtualNetworks/vnet-internal/subnets/snet-aca",
            "internal_load_balancer_enabled": true,
            "location": "swedencentral",
            "log_analytics_workspace_id": "",
            "name": "aca-environment",
            "platform_reserved_cidr": "",
            "platform_reserved_dns_ip_address": "",
            "resource_group_name": "rg-aca-dns-appgw-23",
            "static_ip_address": "10.0.1.13",
            "tags": null,
            "timeouts": null,
            "workload_profile": [
              {
                "maximum_count": 1,
                "minimum_count": 1,
                "name": "profile-D4",
                "workload_profile_type": "D4"
              }
            ],
            "zone_redundancy_enabled": true
          },
          "sensitive_attributes": [
            [
              {
                "type": "get_attr",
                "value": "dapr_application_insights_connection_string"
              }
            ]
          ],
          "private": "eyJlMmJmYjczMC1lY2FhLTExZTYtOGY4OC0zNDM2M2JjN2M0YzAiOnsiY3JlYXRlIjoxODAwMDAwMDAwMDAwLCJkZWxldGUiOjE4MDAwMDAwMDAwMDAsInJlYWQiOjMwMDAwMDAwMDAwMCwidXBkYXRlIjoxODAwMDAwMDAwMDAwfX0=",
          "dependencies": [
            "azurerm_resource_group.rg",
            "azurerm_subnet.snet-aca",
            "azurerm_virtual_network.vnet"
          ]
        }
      ]
    },
    {
      "mode": "managed",
      "type": "azurerm_key_vault",
      "name": "keyvault",
      "provider": "provider[\"registry.terraform.io/hashicorp/azurerm\"]",
      "instances": [
        {
          "schema_version": 2,
          "attributes": {
            "access_policy": [],
            "contact": [],
            "enable_rbac_authorization": true,
            "enabled_for_deployment": false,
            "enabled_for_disk_encryption": false,
            "enabled_for_template_deployment": false,
            "id": "/subscriptions/38977b70-47bf-4da5-a492-88712fce8725/resourceGroups/rg-aca-dns-appgw-23/providers/Microsoft.KeyVault/vaults/kv-appgw-45lkc",
            "location": "swedencentral",
            "name": "kv-appgw-45lkc",
            "network_acls": [
              {
                "bypass": "AzureServices",
                "default_action": "Allow",
                "ip_rules": [],
                "virtual_network_subnet_ids": []
              }
            ],
            "public_network_access_enabled": true,
            "purge_protection_enabled": false,
            "resource_group_name": "rg-aca-dns-appgw-23",
            "sku_name": "standard",
            "soft_delete_retention_days": 7,
            "tags": null,
            "tenant_id": "a8f7faa1-3e2e-4d84-a6cb-daf7eb97d6e4",
            "timeouts": null,
            "vault_uri": "https://kv-appgw-45lkc.vault.azure.net/"
          },
          "sensitive_attributes": [],
          "private": "eyJlMmJmYjczMC1lY2FhLTExZTYtOGY4OC0zNDM2M2JjN2M0YzAiOnsiY3JlYXRlIjoxODAwMDAwMDAwMDAwLCJkZWxldGUiOjE4MDAwMDAwMDAwMDAsInJlYWQiOjMwMDAwMDAwMDAwMCwidXBkYXRlIjoxODAwMDAwMDAwMDAwfSwic2NoZW1hX3ZlcnNpb24iOiIyIn0=",
          "dependencies": [
            "azurerm_resource_group.rg",
            "data.azurerm_client_config.current",
            "random_string.random"
          ]
        }
      ]
    },
    {
      "mode": "managed",
      "type": "azurerm_key_vault_certificate",
      "name": "local_domain_certs",
      "provider": "provider[\"registry.terraform.io/hashicorp/azurerm\"]",
      "instances": [
        {
          "schema_version": 0,
          "attributes": {
            "certificate": [],
            "certificate_attribute": [
              {
                "created": "2024-05-01T14:21:07Z",
                "enabled": true,
                "expires": "2025-05-01T14:21:06Z",
                "not_before": "2024-05-01T14:11:06Z",
                "recovery_level": "CustomizedRecoverable+Purgeable",
                "updated": "2024-05-01T14:21:07Z"
              }
            ],
            "certificate_data": "3082034830820230A00302010202104B54D546F0B44D3DA12FB5B64DE0867F300D06092A864886F70D01010B05003018311630140603550403130D617070312E696E7465726E616C301E170D3234303530313134313130365A170D3235303530313134323130365A3018311630140603550403130D617070312E696E7465726E616C30820122300D06092A864886F70D01010105000382010F003082010A0282010100EF54EA43A38DAD98411E86BCC270FC1B57154446042DCF337334089BC7D0D11E65D272480CBAFF294D66EFF21038A5F86070F57BCD90E981DEAF2D3CDADF04133E5B182B5C44B8B9B900A2BABCEB79C96B8091A5716C204A0C26B85B23AB5015CA1000EAA6BFE9AE9E6F115654C9125BFEE9C2461BC812A7DC004C774AB1743C93273D5C4FEEE566B47EC26D9673786F0FC9C8131E42E1A902B568468851C22804EC31D095F1D8D292F565CFC306C88420DBAB61C3E761A93711A84194DFDD8803B886A36293F45D7E5C297CDD0D4266279DE2B1E251D33731B5939DF7881D3A9513411E51082E336AEDB0C92277DD66CF777030BC16426D421886F03C717BDD0203010001A3818D30818A300E0603551D0F0101FF0404030205A030090603551D130402300030130603551D25040C300A06082B0601050507030130180603551D110411300F820D617070312E696E7465726E616C301F0603551D230418301680145BF1E2D7C30D0C4E5D3E5BB3F61C098E3F7BCA35301D0603551D0E041604145BF1E2D7C30D0C4E5D3E5BB3F61C098E3F7BCA35300D06092A864886F70D01010B050003820101005E13373A9C09E3BACDC7B65933B751E6F932C73223C4585B247A6E743EDCFC875881C04C316B2FFA0045F0E56F6AF40C24CCD7DA643D3843F62CD1B82FA9FEE53641DF4E2560F4194D41F5989A4B0B8BAFFE5849E2335C4AFB79F75DFEF16713878576F1590C68E9C0EDE3AC6FA360058262E56DC9C64AA28B3255A40ACF1DD62921250F9EBB6ECF27922164498589598C203BF3643CC70A3C4F34455DF4A00625C2CE3DE5463DD324DA782ACBC638E7E3985B1DA4D559D808CC7CF2B45379D591A821EE657914204E5D6BE3CB80BC617284D5066DA3221E3556AAC29554114B95AB7C00B627DDA7F02635113705939522A2492C697567AC4321CD787D200814",
            "certificate_data_base64": "MIIDSDCCAjCgAwIBAgIQS1TVRvC0TT2hL7W2TeCGfzANBgkqhkiG9w0BAQsFADAYMRYwFAYDVQQDEw1hcHAxLmludGVybmFsMB4XDTI0MDUwMTE0MTEwNloXDTI1MDUwMTE0MjEwNlowGDEWMBQGA1UEAxMNYXBwMS5pbnRlcm5hbDCCASIwDQYJKoZIhvcNAQEBBQADggEPADCCAQoCggEBAO9U6kOjja2YQR6GvMJw/BtXFURGBC3PM3M0CJvH0NEeZdJySAy6/ylNZu/yEDil+GBw9XvNkOmB3q8tPNrfBBM+WxgrXES4ubkAorq863nJa4CRpXFsIEoMJrhbI6tQFcoQAOqmv+munm8RVlTJElv+6cJGG8gSp9wATHdKsXQ8kyc9XE/u5Wa0fsJtlnN4bw/JyBMeQuGpArVoRohRwigE7DHQlfHY0pL1Zc/DBsiEINurYcPnYak3EahBlN/diAO4hqNik/RdflwpfN0NQmYnneKx4lHTNzG1k533iB06lRNBHlEILjNq7bDJInfdZs93cDC8FkJtQhiG8Dxxe90CAwEAAaOBjTCBijAOBgNVHQ8BAf8EBAMCBaAwCQYDVR0TBAIwADATBgNVHSUEDDAKBggrBgEFBQcDATAYBgNVHREEETAPgg1hcHAxLmludGVybmFsMB8GA1UdIwQYMBaAFFvx4tfDDQxOXT5bs/YcCY4/e8o1MB0GA1UdDgQWBBRb8eLXww0MTl0+W7P2HAmOP3vKNTANBgkqhkiG9w0BAQsFAAOCAQEAXhM3OpwJ47rNx7ZZM7dR5vkyxzIjxFhbJHpudD7c/IdYgcBMMWsv+gBF8OVvavQMJMzX2mQ9OEP2LNG4L6n+5TZB304lYPQZTUH1mJpLC4uv/lhJ4jNcSvt5913+8WcTh4V28VkMaOnA7eOsb6NgBYJi5W3JxkqiizJVpArPHdYpISUPnrtuzyeSIWRJhYlZjCA782Q8xwo8TzRFXfSgBiXCzj3lRj3TJNp4KsvGOOfjmFsdpNVZ2AjMfPK0U3nVkagh7mV5FCBOXWvjy4C8YXKE1QZtoyIeNVaqwpVUEUuVq3wAtifdp/AmNRE3BZOVIqJJLGl1Z6xDIc14fSAIFA==",
            "certificate_policy": [
              {
                "issuer_parameters": [
                  {
                    "name": "Self"
                  }
                ],
                "key_properties": [
                  {
                    "curve": "",
                    "exportable": true,
                    "key_size": 2048,
                    "key_type": "RSA",
                    "reuse_key": true
                  }
                ],
                "lifetime_action": [
                  {
                    "action": [
                      {
                        "action_type": "AutoRenew"
                      }
                    ],
                    "trigger": [
                      {
                        "days_before_expiry": 30,
                        "lifetime_percentage": 0
                      }
                    ]
                  }
                ],
                "secret_properties": [
                  {
                    "content_type": "application/x-pkcs12"
                  }
                ],
                "x509_certificate_properties": [
                  {
                    "extended_key_usage": [
                      "1.3.6.1.5.5.7.3.1"
                    ],
                    "key_usage": [
                      "digitalSignature",
                      "keyEncipherment"
                    ],
                    "subject": "CN=app1.internal",
                    "subject_alternative_names": [
                      {
                        "dns_names": [
                          "app1.internal"
                        ],
                        "emails": null,
                        "upns": null
                      }
                    ],
                    "validity_in_months": 12
                  }
                ]
              }
            ],
            "id": "https://kv-appgw-45lkc.vault.azure.net/certificates/app1-internal/0ea60a5ad342448ab5d59ff5d1f8db45",
            "key_vault_id": "/subscriptions/38977b70-47bf-4da5-a492-88712fce8725/resourceGroups/rg-aca-dns-appgw-23/providers/Microsoft.KeyVault/vaults/kv-appgw-45lkc",
            "name": "app1-internal",
            "resource_manager_id": "/subscriptions/38977b70-47bf-4da5-a492-88712fce8725/resourceGroups/rg-aca-dns-appgw-23/providers/Microsoft.KeyVault/vaults/kv-appgw-45lkc/certificates/app1-internal/versions/0ea60a5ad342448ab5d59ff5d1f8db45",
            "resource_manager_versionless_id": "/subscriptions/38977b70-47bf-4da5-a492-88712fce8725/resourceGroups/rg-aca-dns-appgw-23/providers/Microsoft.KeyVault/vaults/kv-appgw-45lkc/certificates/app1-internal",
            "secret_id": "https://kv-appgw-45lkc.vault.azure.net/secrets/app1-internal/0ea60a5ad342448ab5d59ff5d1f8db45",
            "tags": null,
            "thumbprint": "AF647F02FC3CDF09B0F384540E221370568FCE04",
            "timeouts": null,
            "version": "0ea60a5ad342448ab5d59ff5d1f8db45",
            "versionless_id": "https://kv-appgw-45lkc.vault.azure.net/certificates/app1-internal",
            "versionless_secret_id": "https://kv-appgw-45lkc.vault.azure.net/secrets/app1-internal"
          },
          "sensitive_attributes": [],
          "private": "eyJlMmJmYjczMC1lY2FhLTExZTYtOGY4OC0zNDM2M2JjN2M0YzAiOnsiY3JlYXRlIjozNjAwMDAwMDAwMDAwLCJkZWxldGUiOjE4MDAwMDAwMDAwMDAsInJlYWQiOjE4MDAwMDAwMDAwMDAsInVwZGF0ZSI6MTgwMDAwMDAwMDAwMH19",
          "dependencies": [
            "azurerm_key_vault.keyvault",
            "azurerm_resource_group.rg",
            "azurerm_role_assignment.role-certificates-officer",
            "data.azurerm_client_config.current",
            "random_string.random"
          ]
        }
      ]
    },
    {
      "mode": "managed",
      "type": "azurerm_network_interface",
      "name": "nic-vm-windows",
      "provider": "provider[\"registry.terraform.io/hashicorp/azurerm\"]",
      "instances": [
        {
          "schema_version": 0,
          "attributes": {
            "applied_dns_servers": [],
            "auxiliary_mode": "",
            "auxiliary_sku": "",
            "dns_servers": [],
            "edge_zone": "",
            "enable_accelerated_networking": false,
            "enable_ip_forwarding": false,
            "id": "/subscriptions/38977b70-47bf-4da5-a492-88712fce8725/resourceGroups/rg-aca-dns-appgw-23/providers/Microsoft.Network/networkInterfaces/nic-vm-windows",
            "internal_dns_name_label": "",
            "internal_domain_name_suffix": "xt1trffm1uqupjaokfewe5psfh.gvxx.internal.cloudapp.net",
            "ip_configuration": [
              {
                "gateway_load_balancer_frontend_ip_configuration_id": "",
                "name": "internal",
                "primary": true,
                "private_ip_address": "10.0.3.4",
                "private_ip_address_allocation": "Dynamic",
                "private_ip_address_version": "IPv4",
                "public_ip_address_id": "",
                "subnet_id": "/subscriptions/38977b70-47bf-4da5-a492-88712fce8725/resourceGroups/rg-aca-dns-appgw-23/providers/Microsoft.Network/virtualNetworks/vnet-internal/subnets/snet-jumpbox"
              }
            ],
            "location": "swedencentral",
            "mac_address": "",
            "name": "nic-vm-windows",
            "private_ip_address": "10.0.3.4",
            "private_ip_addresses": [
              "10.0.3.4"
            ],
            "resource_group_name": "rg-aca-dns-appgw-23",
            "tags": null,
            "timeouts": null,
            "virtual_machine_id": ""
          },
          "sensitive_attributes": [],
          "private": "eyJlMmJmYjczMC1lY2FhLTExZTYtOGY4OC0zNDM2M2JjN2M0YzAiOnsiY3JlYXRlIjoxODAwMDAwMDAwMDAwLCJkZWxldGUiOjE4MDAwMDAwMDAwMDAsInJlYWQiOjMwMDAwMDAwMDAwMCwidXBkYXRlIjoxODAwMDAwMDAwMDAwfX0=",
          "dependencies": [
            "azurerm_resource_group.rg",
            "azurerm_subnet.snet-jumpbox",
            "azurerm_virtual_network.vnet"
          ]
        }
      ]
    },
    {
      "mode": "managed",
      "type": "azurerm_private_dns_a_record",
      "name": "a-record-aca",
      "provider": "provider[\"registry.terraform.io/hashicorp/azurerm\"]",
      "instances": [
        {
          "schema_version": 0,
          "attributes": {
            "fqdn": "redpebble-80254836.swedencentral.azurecontainerapps.io.",
            "id": "/subscriptions/38977b70-47bf-4da5-a492-88712fce8725/resourceGroups/rg-aca-dns-appgw-23/providers/Microsoft.Network/privateDnsZones/redpebble-80254836.swedencentral.azurecontainerapps.io/A/@",
            "name": "@",
            "records": [
              "10.0.1.13"
            ],
            "resource_group_name": "rg-aca-dns-appgw-23",
            "tags": null,
            "timeouts": null,
            "ttl": 300,
            "zone_name": "redpebble-80254836.swedencentral.azurecontainerapps.io"
          },
          "sensitive_attributes": [],
          "private": "eyJlMmJmYjczMC1lY2FhLTExZTYtOGY4OC0zNDM2M2JjN2M0YzAiOnsiY3JlYXRlIjoxODAwMDAwMDAwMDAwLCJkZWxldGUiOjE4MDAwMDAwMDAwMDAsInJlYWQiOjMwMDAwMDAwMDAwMCwidXBkYXRlIjoxODAwMDAwMDAwMDAwfX0=",
          "dependencies": [
            "azurerm_container_app_environment.env",
            "azurerm_private_dns_zone.private-dns-zone-aca",
            "azurerm_resource_group.rg",
            "azurerm_subnet.snet-aca",
            "azurerm_virtual_network.vnet"
          ]
        }
      ]
    },
    {
      "mode": "managed",
      "type": "azurerm_private_dns_a_record",
      "name": "a-record-app",
      "provider": "provider[\"registry.terraform.io/hashicorp/azurerm\"]",
      "instances": [
        {
          "schema_version": 0,
          "attributes": {
            "fqdn": "app1.internal.",
            "id": "/subscriptions/38977b70-47bf-4da5-a492-88712fce8725/resourceGroups/rg-aca-dns-appgw-23/providers/Microsoft.Network/privateDnsZones/app1.internal/A/@",
            "name": "@",
            "records": [
              "10.0.0.10"
            ],
            "resource_group_name": "rg-aca-dns-appgw-23",
            "tags": null,
            "timeouts": null,
            "ttl": 300,
            "zone_name": "app1.internal"
          },
          "sensitive_attributes": [],
          "private": "eyJlMmJmYjczMC1lY2FhLTExZTYtOGY4OC0zNDM2M2JjN2M0YzAiOnsiY3JlYXRlIjoxODAwMDAwMDAwMDAwLCJkZWxldGUiOjE4MDAwMDAwMDAwMDAsInJlYWQiOjMwMDAwMDAwMDAwMCwidXBkYXRlIjoxODAwMDAwMDAwMDAwfX0=",
          "dependencies": [
            "azurerm_private_dns_zone.private-dns-zone-apps",
            "azurerm_resource_group.rg"
          ]
        }
      ]
    },
    {
      "mode": "managed",
      "type": "azurerm_private_dns_a_record",
      "name": "a-record-wild-card",
      "provider": "provider[\"registry.terraform.io/hashicorp/azurerm\"]",
      "instances": [
        {
          "schema_version": 0,
          "attributes": {
            "fqdn": "*.redpebble-80254836.swedencentral.azurecontainerapps.io.",
            "id": "/subscriptions/38977b70-47bf-4da5-a492-88712fce8725/resourceGroups/rg-aca-dns-appgw-23/providers/Microsoft.Network/privateDnsZones/redpebble-80254836.swedencentral.azurecontainerapps.io/A/*",
            "name": "*",
            "records": [
              "10.0.1.13"
            ],
            "resource_group_name": "rg-aca-dns-appgw-23",
            "tags": null,
            "timeouts": null,
            "ttl": 300,
            "zone_name": "redpebble-80254836.swedencentral.azurecontainerapps.io"
          },
          "sensitive_attributes": [],
          "private": "eyJlMmJmYjczMC1lY2FhLTExZTYtOGY4OC0zNDM2M2JjN2M0YzAiOnsiY3JlYXRlIjoxODAwMDAwMDAwMDAwLCJkZWxldGUiOjE4MDAwMDAwMDAwMDAsInJlYWQiOjMwMDAwMDAwMDAwMCwidXBkYXRlIjoxODAwMDAwMDAwMDAwfX0=",
          "dependencies": [
            "azurerm_container_app_environment.env",
            "azurerm_private_dns_zone.private-dns-zone-aca",
            "azurerm_resource_group.rg",
            "azurerm_subnet.snet-aca",
            "azurerm_virtual_network.vnet"
          ]
        }
      ]
    },
    {
      "mode": "managed",
      "type": "azurerm_private_dns_zone",
      "name": "private-dns-zone-aca",
      "provider": "provider[\"registry.terraform.io/hashicorp/azurerm\"]",
      "instances": [
        {
          "schema_version": 0,
          "attributes": {
            "id": "/subscriptions/38977b70-47bf-4da5-a492-88712fce8725/resourceGroups/rg-aca-dns-appgw-23/providers/Microsoft.Network/privateDnsZones/redpebble-80254836.swedencentral.azurecontainerapps.io",
            "max_number_of_record_sets": 25000,
            "max_number_of_virtual_network_links": 1000,
            "max_number_of_virtual_network_links_with_registration": 100,
            "name": "redpebble-80254836.swedencentral.azurecontainerapps.io",
            "number_of_record_sets": 1,
            "resource_group_name": "rg-aca-dns-appgw-23",
            "soa_record": [
              {
                "email": "azureprivatedns-host.microsoft.com",
                "expire_time": 2419200,
                "fqdn": "redpebble-80254836.swedencentral.azurecontainerapps.io.",
                "host_name": "azureprivatedns.net",
                "minimum_ttl": 10,
                "refresh_time": 3600,
                "retry_time": 300,
                "serial_number": 1,
                "tags": {},
                "ttl": 3600
              }
            ],
            "tags": null,
            "timeouts": null
          },
          "sensitive_attributes": [],
          "private": "eyJlMmJmYjczMC1lY2FhLTExZTYtOGY4OC0zNDM2M2JjN2M0YzAiOnsiY3JlYXRlIjoxODAwMDAwMDAwMDAwLCJkZWxldGUiOjE4MDAwMDAwMDAwMDAsInJlYWQiOjMwMDAwMDAwMDAwMCwidXBkYXRlIjoxODAwMDAwMDAwMDAwfX0=",
          "dependencies": [
            "azurerm_container_app_environment.env",
            "azurerm_resource_group.rg",
            "azurerm_subnet.snet-aca",
            "azurerm_virtual_network.vnet"
          ]
        }
      ]
    },
    {
      "mode": "managed",
      "type": "azurerm_private_dns_zone",
      "name": "private-dns-zone-apps",
      "provider": "provider[\"registry.terraform.io/hashicorp/azurerm\"]",
      "instances": [
        {
          "schema_version": 0,
          "attributes": {
            "id": "/subscriptions/38977b70-47bf-4da5-a492-88712fce8725/resourceGroups/rg-aca-dns-appgw-23/providers/Microsoft.Network/privateDnsZones/app1.internal",
            "max_number_of_record_sets": 25000,
            "max_number_of_virtual_network_links": 1000,
            "max_number_of_virtual_network_links_with_registration": 100,
            "name": "app1.internal",
            "number_of_record_sets": 1,
            "resource_group_name": "rg-aca-dns-appgw-23",
            "soa_record": [
              {
                "email": "azureprivatedns-host.microsoft.com",
                "expire_time": 2419200,
                "fqdn": "app1.internal.",
                "host_name": "azureprivatedns.net",
                "minimum_ttl": 10,
                "refresh_time": 3600,
                "retry_time": 300,
                "serial_number": 1,
                "tags": {},
                "ttl": 3600
              }
            ],
            "tags": null,
            "timeouts": null
          },
          "sensitive_attributes": [],
          "private": "eyJlMmJmYjczMC1lY2FhLTExZTYtOGY4OC0zNDM2M2JjN2M0YzAiOnsiY3JlYXRlIjoxODAwMDAwMDAwMDAwLCJkZWxldGUiOjE4MDAwMDAwMDAwMDAsInJlYWQiOjMwMDAwMDAwMDAwMCwidXBkYXRlIjoxODAwMDAwMDAwMDAwfX0=",
          "dependencies": [
            "azurerm_resource_group.rg"
          ]
        }
      ]
    },
    {
      "mode": "managed",
      "type": "azurerm_private_dns_zone",
      "name": "private_dns_zone_keyvault",
      "provider": "provider[\"registry.terraform.io/hashicorp/azurerm\"]",
      "instances": [
        {
          "schema_version": 0,
          "attributes": {
            "id": "/subscriptions/38977b70-47bf-4da5-a492-88712fce8725/resourceGroups/rg-aca-dns-appgw-23/providers/Microsoft.Network/privateDnsZones/privatelink.vaultcore.azure.net",
            "max_number_of_record_sets": 25000,
            "max_number_of_virtual_network_links": 1000,
            "max_number_of_virtual_network_links_with_registration": 100,
            "name": "privatelink.vaultcore.azure.net",
            "number_of_record_sets": 1,
            "resource_group_name": "rg-aca-dns-appgw-23",
            "soa_record": [
              {
                "email": "azureprivatedns-host.microsoft.com",
                "expire_time": 2419200,
                "fqdn": "privatelink.vaultcore.azure.net.",
                "host_name": "azureprivatedns.net",
                "minimum_ttl": 10,
                "refresh_time": 3600,
                "retry_time": 300,
                "serial_number": 1,
                "tags": {},
                "ttl": 3600
              }
            ],
            "tags": null,
            "timeouts": null
          },
          "sensitive_attributes": [],
          "private": "eyJlMmJmYjczMC1lY2FhLTExZTYtOGY4OC0zNDM2M2JjN2M0YzAiOnsiY3JlYXRlIjoxODAwMDAwMDAwMDAwLCJkZWxldGUiOjE4MDAwMDAwMDAwMDAsInJlYWQiOjMwMDAwMDAwMDAwMCwidXBkYXRlIjoxODAwMDAwMDAwMDAwfX0=",
          "dependencies": [
            "azurerm_resource_group.rg"
          ]
        }
      ]
    },
    {
      "mode": "managed",
      "type": "azurerm_private_dns_zone_virtual_network_link",
      "name": "dns-keyvault",
      "provider": "provider[\"registry.terraform.io/hashicorp/azurerm\"]",
      "instances": [
        {
          "schema_version": 0,
          "attributes": {
            "id": "/subscriptions/38977b70-47bf-4da5-a492-88712fce8725/resourceGroups/rg-aca-dns-appgw-23/providers/Microsoft.Network/privateDnsZones/privatelink.vaultcore.azure.net/virtualNetworkLinks/dns-keyvault",
            "name": "dns-keyvault",
            "private_dns_zone_name": "privatelink.vaultcore.azure.net",
            "registration_enabled": false,
            "resource_group_name": "rg-aca-dns-appgw-23",
            "tags": null,
            "timeouts": null,
            "virtual_network_id": "/subscriptions/38977b70-47bf-4da5-a492-88712fce8725/resourceGroups/rg-aca-dns-appgw-23/providers/Microsoft.Network/virtualNetworks/vnet-internal"
          },
          "sensitive_attributes": [],
          "private": "eyJlMmJmYjczMC1lY2FhLTExZTYtOGY4OC0zNDM2M2JjN2M0YzAiOnsiY3JlYXRlIjoxODAwMDAwMDAwMDAwLCJkZWxldGUiOjE4MDAwMDAwMDAwMDAsInJlYWQiOjMwMDAwMDAwMDAwMCwidXBkYXRlIjoxODAwMDAwMDAwMDAwfX0=",
          "dependencies": [
            "azurerm_private_dns_zone.private_dns_zone_keyvault",
            "azurerm_resource_group.rg",
            "azurerm_virtual_network.vnet"
          ]
        }
      ]
    },
    {
      "mode": "managed",
      "type": "azurerm_private_dns_zone_virtual_network_link",
      "name": "link-dns-aca-vnet",
      "provider": "provider[\"registry.terraform.io/hashicorp/azurerm\"]",
      "instances": [
        {
          "schema_version": 0,
          "attributes": {
            "id": "/subscriptions/38977b70-47bf-4da5-a492-88712fce8725/resourceGroups/rg-aca-dns-appgw-23/providers/Microsoft.Network/privateDnsZones/redpebble-80254836.swedencentral.azurecontainerapps.io/virtualNetworkLinks/link-dns-aca-vnet",
            "name": "link-dns-aca-vnet",
            "private_dns_zone_name": "redpebble-80254836.swedencentral.azurecontainerapps.io",
            "registration_enabled": false,
            "resource_group_name": "rg-aca-dns-appgw-23",
            "tags": null,
            "timeouts": null,
            "virtual_network_id": "/subscriptions/38977b70-47bf-4da5-a492-88712fce8725/resourceGroups/rg-aca-dns-appgw-23/providers/Microsoft.Network/virtualNetworks/vnet-internal"
          },
          "sensitive_attributes": [],
          "private": "eyJlMmJmYjczMC1lY2FhLTExZTYtOGY4OC0zNDM2M2JjN2M0YzAiOnsiY3JlYXRlIjoxODAwMDAwMDAwMDAwLCJkZWxldGUiOjE4MDAwMDAwMDAwMDAsInJlYWQiOjMwMDAwMDAwMDAwMCwidXBkYXRlIjoxODAwMDAwMDAwMDAwfX0=",
          "dependencies": [
            "azurerm_container_app_environment.env",
            "azurerm_private_dns_zone.private-dns-zone-aca",
            "azurerm_resource_group.rg",
            "azurerm_subnet.snet-aca",
            "azurerm_virtual_network.vnet"
          ]
        }
      ]
    },
    {
      "mode": "managed",
      "type": "azurerm_private_dns_zone_virtual_network_link",
      "name": "link-dns-apps-vnet",
      "provider": "provider[\"registry.terraform.io/hashicorp/azurerm\"]",
      "instances": [
        {
          "schema_version": 0,
          "attributes": {
            "id": "/subscriptions/38977b70-47bf-4da5-a492-88712fce8725/resourceGroups/rg-aca-dns-appgw-23/providers/Microsoft.Network/privateDnsZones/app1.internal/virtualNetworkLinks/link-dns-apps-vnet",
            "name": "link-dns-apps-vnet",
            "private_dns_zone_name": "app1.internal",
            "registration_enabled": false,
            "resource_group_name": "rg-aca-dns-appgw-23",
            "tags": null,
            "timeouts": null,
            "virtual_network_id": "/subscriptions/38977b70-47bf-4da5-a492-88712fce8725/resourceGroups/rg-aca-dns-appgw-23/providers/Microsoft.Network/virtualNetworks/vnet-internal"
          },
          "sensitive_attributes": [],
          "private": "eyJlMmJmYjczMC1lY2FhLTExZTYtOGY4OC0zNDM2M2JjN2M0YzAiOnsiY3JlYXRlIjoxODAwMDAwMDAwMDAwLCJkZWxldGUiOjE4MDAwMDAwMDAwMDAsInJlYWQiOjMwMDAwMDAwMDAwMCwidXBkYXRlIjoxODAwMDAwMDAwMDAwfX0=",
          "dependencies": [
            "azurerm_private_dns_zone.private-dns-zone-apps",
            "azurerm_resource_group.rg",
            "azurerm_virtual_network.vnet"
          ]
        }
      ]
    },
    {
      "mode": "managed",
      "type": "azurerm_private_endpoint",
      "name": "pe-keyvault",
      "provider": "provider[\"registry.terraform.io/hashicorp/azurerm\"]",
      "instances": [
        {
          "schema_version": 0,
          "attributes": {
            "custom_dns_configs": [],
            "custom_network_interface_name": "",
            "id": "/subscriptions/38977b70-47bf-4da5-a492-88712fce8725/resourceGroups/rg-aca-dns-appgw-23/providers/Microsoft.Network/privateEndpoints/pe-keyvault",
            "ip_configuration": [],
            "location": "swedencentral",
            "name": "pe-keyvault",
            "network_interface": [
              {
                "id": "/subscriptions/38977b70-47bf-4da5-a492-88712fce8725/resourceGroups/rg-aca-dns-appgw-23/providers/Microsoft.Network/networkInterfaces/pe-keyvault.nic.93b59e06-2531-47f1-bd22-8612631e01ee",
                "name": "pe-keyvault.nic.93b59e06-2531-47f1-bd22-8612631e01ee"
              }
            ],
            "private_dns_zone_configs": [
              {
                "id": "/subscriptions/38977b70-47bf-4da5-a492-88712fce8725/resourceGroups/rg-aca-dns-appgw-23/providers/Microsoft.Network/privateEndpoints/pe-keyvault/privateDnsZoneGroups/private-dns-zone-group-keyvault/privateDnsZoneConfigs/privatelink.vaultcore.azure.net",
                "name": "privatelink.vaultcore.azure.net",
                "private_dns_zone_id": "/subscriptions/38977b70-47bf-4da5-a492-88712fce8725/resourceGroups/rg-aca-dns-appgw-23/providers/Microsoft.Network/privateDnsZones/privatelink.vaultcore.azure.net",
                "record_sets": [
                  {
                    "fqdn": "kv-appgw-45lkc.privatelink.vaultcore.azure.net",
                    "ip_addresses": [
                      "10.0.2.4"
                    ],
                    "name": "kv-appgw-45lkc",
                    "ttl": 10,
                    "type": "A"
                  }
                ]
              }
            ],
            "private_dns_zone_group": [
              {
                "id": "/subscriptions/38977b70-47bf-4da5-a492-88712fce8725/resourceGroups/rg-aca-dns-appgw-23/providers/Microsoft.Network/privateEndpoints/pe-keyvault/privateDnsZoneGroups/private-dns-zone-group-keyvault",
                "name": "private-dns-zone-group-keyvault",
                "private_dns_zone_ids": [
                  "/subscriptions/38977b70-47bf-4da5-a492-88712fce8725/resourceGroups/rg-aca-dns-appgw-23/providers/Microsoft.Network/privateDnsZones/privatelink.vaultcore.azure.net"
                ]
              }
            ],
            "private_service_connection": [
              {
                "is_manual_connection": false,
                "name": "connection-keyvault",
                "private_connection_resource_alias": "",
                "private_connection_resource_id": "/subscriptions/38977b70-47bf-4da5-a492-88712fce8725/resourceGroups/rg-aca-dns-appgw-23/providers/Microsoft.KeyVault/vaults/kv-appgw-45lkc",
                "private_ip_address": "10.0.2.4",
                "request_message": "",
                "subresource_names": [
                  "vault"
                ]
              }
            ],
            "resource_group_name": "rg-aca-dns-appgw-23",
            "subnet_id": "/subscriptions/38977b70-47bf-4da5-a492-88712fce8725/resourceGroups/rg-aca-dns-appgw-23/providers/Microsoft.Network/virtualNetworks/vnet-internal/subnets/snet-pe",
            "tags": null,
            "timeouts": null
          },
          "sensitive_attributes": [],
          "private": "eyJlMmJmYjczMC1lY2FhLTExZTYtOGY4OC0zNDM2M2JjN2M0YzAiOnsiY3JlYXRlIjozNjAwMDAwMDAwMDAwLCJkZWxldGUiOjM2MDAwMDAwMDAwMDAsInJlYWQiOjMwMDAwMDAwMDAwMCwidXBkYXRlIjozNjAwMDAwMDAwMDAwfX0=",
          "dependencies": [
            "azurerm_key_vault.keyvault",
            "azurerm_private_dns_zone.private_dns_zone_keyvault",
            "azurerm_resource_group.rg",
            "azurerm_subnet.snet-pe",
            "azurerm_virtual_network.vnet",
            "data.azurerm_client_config.current",
            "random_string.random"
          ]
        }
      ]
    },
    {
      "mode": "managed",
      "type": "azurerm_public_ip",
      "name": "pip-bastion",
      "provider": "provider[\"registry.terraform.io/hashicorp/azurerm\"]",
      "instances": [
        {
          "schema_version": 0,
          "attributes": {
            "allocation_method": "Static",
            "ddos_protection_mode": "VirtualNetworkInherited",
            "ddos_protection_plan_id": null,
            "domain_name_label": null,
            "edge_zone": "",
            "fqdn": null,
            "id": "/subscriptions/38977b70-47bf-4da5-a492-88712fce8725/resourceGroups/rg-aca-dns-appgw-23/providers/Microsoft.Network/publicIPAddresses/pip-bastion",
            "idle_timeout_in_minutes": 4,
            "ip_address": "4.223.140.23",
            "ip_tags": null,
            "ip_version": "IPv4",
            "location": "swedencentral",
            "name": "pip-bastion",
            "public_ip_prefix_id": null,
            "resource_group_name": "rg-aca-dns-appgw-23",
            "reverse_fqdn": null,
            "sku": "Standard",
            "sku_tier": "Regional",
            "tags": null,
            "timeouts": null,
            "zones": null
          },
          "sensitive_attributes": [],
          "private": "eyJlMmJmYjczMC1lY2FhLTExZTYtOGY4OC0zNDM2M2JjN2M0YzAiOnsiY3JlYXRlIjoxODAwMDAwMDAwMDAwLCJkZWxldGUiOjE4MDAwMDAwMDAwMDAsInJlYWQiOjMwMDAwMDAwMDAwMCwidXBkYXRlIjoxODAwMDAwMDAwMDAwfX0=",
          "dependencies": [
            "azurerm_resource_group.rg"
          ]
        }
      ]
    },
    {
      "mode": "managed",
      "type": "azurerm_resource_group",
      "name": "rg",
      "provider": "provider[\"registry.terraform.io/hashicorp/azurerm\"]",
      "instances": [
        {
          "schema_version": 0,
          "attributes": {
            "id": "/subscriptions/38977b70-47bf-4da5-a492-88712fce8725/resourceGroups/rg-aca-dns-appgw-23",
            "location": "swedencentral",
            "managed_by": "",
            "name": "rg-aca-dns-appgw-23",
            "tags": null,
            "timeouts": null
          },
          "sensitive_attributes": [],
          "private": "eyJlMmJmYjczMC1lY2FhLTExZTYtOGY4OC0zNDM2M2JjN2M0YzAiOnsiY3JlYXRlIjo1NDAwMDAwMDAwMDAwLCJkZWxldGUiOjU0MDAwMDAwMDAwMDAsInJlYWQiOjMwMDAwMDAwMDAwMCwidXBkYXRlIjo1NDAwMDAwMDAwMDAwfX0="
        }
      ]
    },
    {
      "mode": "managed",
      "type": "azurerm_role_assignment",
      "name": "identity-appgw-secret-user",
      "provider": "provider[\"registry.terraform.io/hashicorp/azurerm\"]",
      "instances": [
        {
          "schema_version": 0,
          "attributes": {
            "condition": "",
            "condition_version": "",
            "delegated_managed_identity_resource_id": "",
            "description": "",
            "id": "/subscriptions/38977b70-47bf-4da5-a492-88712fce8725/resourceGroups/rg-aca-dns-appgw-23/providers/Microsoft.KeyVault/vaults/kv-appgw-45lkc/providers/Microsoft.Authorization/roleAssignments/f2397e0d-1979-5e3a-2dec-5626c75f3de4",
            "name": "f2397e0d-1979-5e3a-2dec-5626c75f3de4",
            "principal_id": "032d8f35-7542-46db-8818-3246af79e8f8",
            "principal_type": "ServicePrincipal",
            "role_definition_id": "/subscriptions/38977b70-47bf-4da5-a492-88712fce8725/providers/Microsoft.Authorization/roleDefinitions/4633458b-17de-408a-b874-0445c86b69e6",
            "role_definition_name": "Key Vault Secrets User",
            "scope": "/subscriptions/38977b70-47bf-4da5-a492-88712fce8725/resourceGroups/rg-aca-dns-appgw-23/providers/Microsoft.KeyVault/vaults/kv-appgw-45lkc",
            "skip_service_principal_aad_check": null,
            "timeouts": null
          },
          "sensitive_attributes": [],
          "private": "eyJlMmJmYjczMC1lY2FhLTExZTYtOGY4OC0zNDM2M2JjN2M0YzAiOnsiY3JlYXRlIjoxODAwMDAwMDAwMDAwLCJkZWxldGUiOjE4MDAwMDAwMDAwMDAsInJlYWQiOjMwMDAwMDAwMDAwMH19",
          "dependencies": [
            "azurerm_key_vault.keyvault",
            "azurerm_resource_group.rg",
            "azurerm_user_assigned_identity.identity-appgw",
            "data.azurerm_client_config.current",
            "random_string.random"
          ]
        }
      ]
    },
    {
      "mode": "managed",
      "type": "azurerm_role_assignment",
      "name": "role-certificates-officer",
      "provider": "provider[\"registry.terraform.io/hashicorp/azurerm\"]",
      "instances": [
        {
          "schema_version": 0,
          "attributes": {
            "condition": "",
            "condition_version": "",
            "delegated_managed_identity_resource_id": "",
            "description": "",
            "id": "/subscriptions/38977b70-47bf-4da5-a492-88712fce8725/resourceGroups/rg-aca-dns-appgw-23/providers/Microsoft.KeyVault/vaults/kv-appgw-45lkc/providers/Microsoft.Authorization/roleAssignments/7c85b6de-fe3c-9065-7a2b-4a775f8ca64d",
            "name": "7c85b6de-fe3c-9065-7a2b-4a775f8ca64d",
            "principal_id": "0a8648bf-28ec-4a7f-be65-0d6d8a172282",
            "principal_type": "User",
            "role_definition_id": "/subscriptions/38977b70-47bf-4da5-a492-88712fce8725/providers/Microsoft.Authorization/roleDefinitions/a4417e6f-fecd-4de8-b567-7b0420556985",
            "role_definition_name": "Key Vault Certificates Officer",
            "scope": "/subscriptions/38977b70-47bf-4da5-a492-88712fce8725/resourceGroups/rg-aca-dns-appgw-23/providers/Microsoft.KeyVault/vaults/kv-appgw-45lkc",
            "skip_service_principal_aad_check": null,
            "timeouts": null
          },
          "sensitive_attributes": [],
          "private": "eyJlMmJmYjczMC1lY2FhLTExZTYtOGY4OC0zNDM2M2JjN2M0YzAiOnsiY3JlYXRlIjoxODAwMDAwMDAwMDAwLCJkZWxldGUiOjE4MDAwMDAwMDAwMDAsInJlYWQiOjMwMDAwMDAwMDAwMH19",
          "dependencies": [
            "azurerm_key_vault.keyvault",
            "azurerm_resource_group.rg",
            "data.azurerm_client_config.current",
            "random_string.random"
          ]
        }
      ]
    },
    {
      "mode": "managed",
      "type": "azurerm_subnet",
      "name": "snet-aca",
      "provider": "provider[\"registry.terraform.io/hashicorp/azurerm\"]",
      "instances": [
        {
          "schema_version": 0,
          "attributes": {
            "address_prefixes": [
              "10.0.1.0/27"
            ],
            "delegation": [
              {
                "name": "delegation",
                "service_delegation": [
                  {
                    "actions": [
                      "Microsoft.Network/virtualNetworks/subnets/join/action"
                    ],
                    "name": "Microsoft.App/environments"
                  }
                ]
              }
            ],
            "enforce_private_link_endpoint_network_policies": false,
            "enforce_private_link_service_network_policies": false,
            "id": "/subscriptions/38977b70-47bf-4da5-a492-88712fce8725/resourceGroups/rg-aca-dns-appgw-23/providers/Microsoft.Network/virtualNetworks/vnet-internal/subnets/snet-aca",
            "name": "snet-aca",
            "private_endpoint_network_policies_enabled": true,
            "private_link_service_network_policies_enabled": true,
            "resource_group_name": "rg-aca-dns-appgw-23",
            "service_endpoint_policy_ids": null,
            "service_endpoints": null,
            "timeouts": null,
            "virtual_network_name": "vnet-internal"
          },
          "sensitive_attributes": [],
          "private": "eyJlMmJmYjczMC1lY2FhLTExZTYtOGY4OC0zNDM2M2JjN2M0YzAiOnsiY3JlYXRlIjoxODAwMDAwMDAwMDAwLCJkZWxldGUiOjE4MDAwMDAwMDAwMDAsInJlYWQiOjMwMDAwMDAwMDAwMCwidXBkYXRlIjoxODAwMDAwMDAwMDAwfX0=",
          "dependencies": [
            "azurerm_resource_group.rg",
            "azurerm_virtual_network.vnet"
          ]
        }
      ]
    },
    {
      "mode": "managed",
      "type": "azurerm_subnet",
      "name": "snet-appgw",
      "provider": "provider[\"registry.terraform.io/hashicorp/azurerm\"]",
      "instances": [
        {
          "schema_version": 0,
          "attributes": {
            "address_prefixes": [
              "10.0.0.0/24"
            ],
            "delegation": [],
            "enforce_private_link_endpoint_network_policies": false,
            "enforce_private_link_service_network_policies": false,
            "id": "/subscriptions/38977b70-47bf-4da5-a492-88712fce8725/resourceGroups/rg-aca-dns-appgw-23/providers/Microsoft.Network/virtualNetworks/vnet-internal/subnets/snet-appgw",
            "name": "snet-appgw",
            "private_endpoint_network_policies_enabled": true,
            "private_link_service_network_policies_enabled": true,
            "resource_group_name": "rg-aca-dns-appgw-23",
            "service_endpoint_policy_ids": null,
            "service_endpoints": null,
            "timeouts": null,
            "virtual_network_name": "vnet-internal"
          },
          "sensitive_attributes": [],
          "private": "eyJlMmJmYjczMC1lY2FhLTExZTYtOGY4OC0zNDM2M2JjN2M0YzAiOnsiY3JlYXRlIjoxODAwMDAwMDAwMDAwLCJkZWxldGUiOjE4MDAwMDAwMDAwMDAsInJlYWQiOjMwMDAwMDAwMDAwMCwidXBkYXRlIjoxODAwMDAwMDAwMDAwfX0=",
          "dependencies": [
            "azurerm_resource_group.rg",
            "azurerm_virtual_network.vnet"
          ]
        }
      ]
    },
    {
      "mode": "managed",
      "type": "azurerm_subnet",
      "name": "snet-bastion",
      "provider": "provider[\"registry.terraform.io/hashicorp/azurerm\"]",
      "instances": [
        {
          "schema_version": 0,
          "attributes": {
            "address_prefixes": [
              "10.0.4.0/24"
            ],
            "delegation": [],
            "enforce_private_link_endpoint_network_policies": false,
            "enforce_private_link_service_network_policies": false,
            "id": "/subscriptions/38977b70-47bf-4da5-a492-88712fce8725/resourceGroups/rg-aca-dns-appgw-23/providers/Microsoft.Network/virtualNetworks/vnet-internal/subnets/AzureBastionSubnet",
            "name": "AzureBastionSubnet",
            "private_endpoint_network_policies_enabled": true,
            "private_link_service_network_policies_enabled": true,
            "resource_group_name": "rg-aca-dns-appgw-23",
            "service_endpoint_policy_ids": null,
            "service_endpoints": null,
            "timeouts": null,
            "virtual_network_name": "vnet-internal"
          },
          "sensitive_attributes": [],
          "private": "eyJlMmJmYjczMC1lY2FhLTExZTYtOGY4OC0zNDM2M2JjN2M0YzAiOnsiY3JlYXRlIjoxODAwMDAwMDAwMDAwLCJkZWxldGUiOjE4MDAwMDAwMDAwMDAsInJlYWQiOjMwMDAwMDAwMDAwMCwidXBkYXRlIjoxODAwMDAwMDAwMDAwfX0=",
          "dependencies": [
            "azurerm_resource_group.rg",
            "azurerm_virtual_network.vnet"
          ]
        }
      ]
    },
    {
      "mode": "managed",
      "type": "azurerm_subnet",
      "name": "snet-jumpbox",
      "provider": "provider[\"registry.terraform.io/hashicorp/azurerm\"]",
      "instances": [
        {
          "schema_version": 0,
          "attributes": {
            "address_prefixes": [
              "10.0.3.0/24"
            ],
            "delegation": [],
            "enforce_private_link_endpoint_network_policies": false,
            "enforce_private_link_service_network_policies": false,
            "id": "/subscriptions/38977b70-47bf-4da5-a492-88712fce8725/resourceGroups/rg-aca-dns-appgw-23/providers/Microsoft.Network/virtualNetworks/vnet-internal/subnets/snet-jumpbox",
            "name": "snet-jumpbox",
            "private_endpoint_network_policies_enabled": true,
            "private_link_service_network_policies_enabled": true,
            "resource_group_name": "rg-aca-dns-appgw-23",
            "service_endpoint_policy_ids": null,
            "service_endpoints": null,
            "timeouts": null,
            "virtual_network_name": "vnet-internal"
          },
          "sensitive_attributes": [],
          "private": "eyJlMmJmYjczMC1lY2FhLTExZTYtOGY4OC0zNDM2M2JjN2M0YzAiOnsiY3JlYXRlIjoxODAwMDAwMDAwMDAwLCJkZWxldGUiOjE4MDAwMDAwMDAwMDAsInJlYWQiOjMwMDAwMDAwMDAwMCwidXBkYXRlIjoxODAwMDAwMDAwMDAwfX0=",
          "dependencies": [
            "azurerm_resource_group.rg",
            "azurerm_virtual_network.vnet"
          ]
        }
      ]
    },
    {
      "mode": "managed",
      "type": "azurerm_subnet",
      "name": "snet-pe",
      "provider": "provider[\"registry.terraform.io/hashicorp/azurerm\"]",
      "instances": [
        {
          "schema_version": 0,
          "attributes": {
            "address_prefixes": [
              "10.0.2.0/24"
            ],
            "delegation": [],
            "enforce_private_link_endpoint_network_policies": false,
            "enforce_private_link_service_network_policies": false,
            "id": "/subscriptions/38977b70-47bf-4da5-a492-88712fce8725/resourceGroups/rg-aca-dns-appgw-23/providers/Microsoft.Network/virtualNetworks/vnet-internal/subnets/snet-pe",
            "name": "snet-pe",
            "private_endpoint_network_policies_enabled": true,
            "private_link_service_network_policies_enabled": true,
            "resource_group_name": "rg-aca-dns-appgw-23",
            "service_endpoint_policy_ids": null,
            "service_endpoints": null,
            "timeouts": null,
            "virtual_network_name": "vnet-internal"
          },
          "sensitive_attributes": [],
          "private": "eyJlMmJmYjczMC1lY2FhLTExZTYtOGY4OC0zNDM2M2JjN2M0YzAiOnsiY3JlYXRlIjoxODAwMDAwMDAwMDAwLCJkZWxldGUiOjE4MDAwMDAwMDAwMDAsInJlYWQiOjMwMDAwMDAwMDAwMCwidXBkYXRlIjoxODAwMDAwMDAwMDAwfX0=",
          "dependencies": [
            "azurerm_resource_group.rg",
            "azurerm_virtual_network.vnet"
          ]
        }
      ]
    },
    {
      "mode": "managed",
      "type": "azurerm_user_assigned_identity",
      "name": "identity-appgw",
      "provider": "provider[\"registry.terraform.io/hashicorp/azurerm\"]",
      "instances": [
        {
          "schema_version": 1,
          "attributes": {
            "client_id": "c208d657-dba7-4e7d-9355-3c91a4c00be1",
            "id": "/subscriptions/38977b70-47bf-4da5-a492-88712fce8725/resourceGroups/rg-aca-dns-appgw-23/providers/Microsoft.ManagedIdentity/userAssignedIdentities/identity-appgw",
            "location": "swedencentral",
            "name": "identity-appgw",
            "principal_id": "032d8f35-7542-46db-8818-3246af79e8f8",
            "resource_group_name": "rg-aca-dns-appgw-23",
            "tags": null,
            "tenant_id": "a8f7faa1-3e2e-4d84-a6cb-daf7eb97d6e4",
            "timeouts": null
          },
          "sensitive_attributes": [],
          "private": "eyJlMmJmYjczMC1lY2FhLTExZTYtOGY4OC0zNDM2M2JjN2M0YzAiOnsiY3JlYXRlIjoxODAwMDAwMDAwMDAwLCJkZWxldGUiOjE4MDAwMDAwMDAwMDAsInJlYWQiOjMwMDAwMDAwMDAwMCwidXBkYXRlIjoxODAwMDAwMDAwMDAwfSwic2NoZW1hX3ZlcnNpb24iOiIxIn0=",
          "dependencies": [
            "azurerm_resource_group.rg"
          ]
        }
      ]
    },
    {
      "mode": "managed",
      "type": "azurerm_virtual_network",
      "name": "vnet",
      "provider": "provider[\"registry.terraform.io/hashicorp/azurerm\"]",
      "instances": [
        {
          "schema_version": 0,
          "attributes": {
            "address_space": [
              "10.0.0.0/16"
            ],
            "bgp_community": "",
            "ddos_protection_plan": [],
            "dns_servers": [],
            "edge_zone": "",
            "encryption": [],
            "flow_timeout_in_minutes": 0,
            "guid": "9438f7bc-ddac-4721-a40e-5149627df22f",
            "id": "/subscriptions/38977b70-47bf-4da5-a492-88712fce8725/resourceGroups/rg-aca-dns-appgw-23/providers/Microsoft.Network/virtualNetworks/vnet-internal",
            "location": "swedencentral",
            "name": "vnet-internal",
            "resource_group_name": "rg-aca-dns-appgw-23",
            "subnet": [],
            "tags": null,
            "timeouts": null
          },
          "sensitive_attributes": [],
          "private": "eyJlMmJmYjczMC1lY2FhLTExZTYtOGY4OC0zNDM2M2JjN2M0YzAiOnsiY3JlYXRlIjoxODAwMDAwMDAwMDAwLCJkZWxldGUiOjE4MDAwMDAwMDAwMDAsInJlYWQiOjMwMDAwMDAwMDAwMCwidXBkYXRlIjoxODAwMDAwMDAwMDAwfX0=",
          "dependencies": [
            "azurerm_resource_group.rg"
          ]
        }
      ]
    },
    {
      "mode": "managed",
      "type": "azurerm_windows_virtual_machine",
      "name": "jumpbox",
      "provider": "provider[\"registry.terraform.io/hashicorp/azurerm\"]",
      "instances": [
        {
          "schema_version": 0,
          "attributes": {
            "additional_capabilities": [],
            "additional_unattend_content": [],
            "admin_password": "@Aa123456789",
            "admin_username": "azureuser",
            "allow_extension_operations": true,
            "availability_set_id": "",
            "boot_diagnostics": [
              {
                "storage_account_uri": ""
              }
            ],
            "bypass_platform_safety_checks_on_user_schedule_enabled": false,
            "capacity_reservation_group_id": "",
            "computer_name": "vm-windows-w11",
            "custom_data": null,
            "dedicated_host_group_id": "",
            "dedicated_host_id": "",
            "disk_controller_type": "SCSI",
            "edge_zone": "",
            "enable_automatic_updates": true,
            "encryption_at_host_enabled": false,
            "eviction_policy": "Deallocate",
            "extensions_time_budget": "PT1H30M",
            "gallery_application": [],
            "hotpatching_enabled": false,
            "id": "/subscriptions/38977b70-47bf-4da5-a492-88712fce8725/resourceGroups/rg-aca-dns-appgw-23/providers/Microsoft.Compute/virtualMachines/vm-windows-w11",
            "identity": [
              {
                "identity_ids": [],
                "principal_id": "bdebc832-bec0-4281-a1a0-70ff574ebde7",
                "tenant_id": "a8f7faa1-3e2e-4d84-a6cb-daf7eb97d6e4",
                "type": "SystemAssigned"
              }
            ],
            "license_type": "",
            "location": "swedencentral",
            "max_bid_price": -1,
            "name": "vm-windows-w11",
            "network_interface_ids": [
              "/subscriptions/38977b70-47bf-4da5-a492-88712fce8725/resourceGroups/rg-aca-dns-appgw-23/providers/Microsoft.Network/networkInterfaces/nic-vm-windows"
            ],
            "os_disk": [
              {
                "caching": "ReadWrite",
                "diff_disk_settings": [],
                "disk_encryption_set_id": "",
                "disk_size_gb": 127,
                "name": "disk-os-vm-windows11",
                "secure_vm_disk_encryption_set_id": "",
                "security_encryption_type": "",
                "storage_account_type": "Standard_LRS",
                "write_accelerator_enabled": false
              }
            ],
            "os_image_notification": [],
            "patch_assessment_mode": "ImageDefault",
            "patch_mode": "AutomaticByOS",
            "plan": [],
            "platform_fault_domain": -1,
            "priority": "Spot",
            "private_ip_address": "10.0.3.4",
            "private_ip_addresses": [
              "10.0.3.4"
            ],
            "provision_vm_agent": true,
            "proximity_placement_group_id": "",
            "public_ip_address": "",
            "public_ip_addresses": [],
            "reboot_setting": "",
            "resource_group_name": "rg-aca-dns-appgw-23",
            "secret": [],
            "secure_boot_enabled": false,
            "size": "Standard_B2als_v2",
            "source_image_id": "",
            "source_image_reference": [
              {
                "offer": "windows-11",
                "publisher": "MicrosoftWindowsDesktop",
                "sku": "win11-23h2-pro",
                "version": "latest"
              }
            ],
            "tags": null,
            "termination_notification": null,
            "timeouts": null,
            "timezone": "",
            "user_data": "",
            "virtual_machine_id": "dea878f7-d5f1-44d9-ad9d-34600bcd1f5e",
            "virtual_machine_scale_set_id": "",
            "vm_agent_platform_updates_enabled": false,
            "vtpm_enabled": false,
            "winrm_listener": [],
            "zone": ""
          },
          "sensitive_attributes": [
            [
              {
                "type": "get_attr",
                "value": "custom_data"
              }
            ],
            [
              {
                "type": "get_attr",
                "value": "admin_password"
              }
            ]
          ],
          "private": "eyJlMmJmYjczMC1lY2FhLTExZTYtOGY4OC0zNDM2M2JjN2M0YzAiOnsiY3JlYXRlIjoyNzAwMDAwMDAwMDAwLCJkZWxldGUiOjI3MDAwMDAwMDAwMDAsInJlYWQiOjMwMDAwMDAwMDAwMCwidXBkYXRlIjoyNzAwMDAwMDAwMDAwfX0=",
          "dependencies": [
            "azurerm_network_interface.nic-vm-windows",
            "azurerm_resource_group.rg",
            "azurerm_subnet.snet-jumpbox",
            "azurerm_virtual_network.vnet"
          ]
        }
      ]
    },
    {
      "mode": "managed",
      "type": "random_string",
      "name": "random",
      "provider": "provider[\"registry.terraform.io/hashicorp/random\"]",
      "instances": [
        {
          "schema_version": 2,
          "attributes": {
            "id": "45lkc",
            "keepers": null,
            "length": 5,
            "lower": true,
            "min_lower": 0,
            "min_numeric": 0,
            "min_special": 0,
            "min_upper": 0,
            "number": true,
            "numeric": true,
            "override_special": null,
            "result": "45lkc",
            "special": false,
            "upper": false
          },
          "sensitive_attributes": []
        }
      ]
    }
  ],
  "check_results": null
}
