{
  "version": 4,
  "terraform_version": "1.8.3",
  "serial": 12,
  "lineage": "266ddc19-c96c-1188-8352-4b8e729592ec",
  "outputs": {
    "app_frontend_url": {
      "value": "aca-app-frontend-ui--gfexvi2.jollywave-afeef976.swedencentral.azurecontainerapps.io",
      "type": "string"
    }
  },
  "resources": [
    {
      "mode": "managed",
      "type": "azurerm_container_app",
      "name": "aca_backend",
      "provider": "provider[\"registry.terraform.io/hashicorp/azurerm\"]",
      "instances": [
        {
          "schema_version": 0,
          "attributes": {
            "container_app_environment_id": "/subscriptions/38977b70-47bf-4da5-a492-88712fce8725/resourceGroups/rg-containerapps-terraform-04/providers/Microsoft.App/managedEnvironments/aca-environment",
            "custom_domain_verification_id": "2AE36349F34CF07C26682CAB69940DF26614B5B61797CA2B82A7EC6564045909",
            "dapr": [],
            "id": "/subscriptions/38977b70-47bf-4da5-a492-88712fce8725/resourceGroups/rg-containerapps-terraform-04/providers/Microsoft.App/containerApps/aca-app-backend-api",
            "identity": [],
            "ingress": [
              {
                "allow_insecure_connections": false,
                "custom_domain": [],
                "exposed_port": 0,
                "external_enabled": false,
                "fqdn": "aca-app-backend-api.internal.jollywave-afeef976.swedencentral.azurecontainerapps.io",
                "ip_security_restriction": [],
                "target_port": 3500,
                "traffic_weight": [
                  {
                    "label": "",
                    "latest_revision": true,
                    "percentage": 100,
                    "revision_suffix": ""
                  }
                ],
                "transport": "auto"
              }
            ],
            "latest_revision_fqdn": "aca-app-backend-api--z6t5601.internal.jollywave-afeef976.swedencentral.azurecontainerapps.io",
            "latest_revision_name": "aca-app-backend-api--z6t5601",
            "location": "swedencentral",
            "name": "aca-app-backend-api",
            "outbound_ip_addresses": [
              "4.225.43.75"
            ],
            "registry": [],
            "resource_group_name": "rg-containerapps-terraform-04",
            "revision_mode": "Single",
            "secret": [],
            "tags": null,
            "template": [
              {
                "azure_queue_scale_rule": [],
                "container": [
                  {
                    "args": null,
                    "command": null,
                    "cpu": 0.25,
                    "env": [],
                    "ephemeral_storage": "1Gi",
                    "image": "ghcr.io/houssemdellai/containerapps-album-backend:v1",
                    "liveness_probe": [],
                    "memory": "0.5Gi",
                    "name": "backend-api",
                    "readiness_probe": [],
                    "startup_probe": [],
                    "volume_mounts": []
                  }
                ],
                "custom_scale_rule": [],
                "http_scale_rule": [],
                "init_container": [],
                "max_replicas": 10,
                "min_replicas": 0,
                "revision_suffix": "",
                "tcp_scale_rule": [],
                "volume": []
              }
            ],
            "timeouts": null,
            "workload_profile_name": ""
          },
          "sensitive_attributes": [
            [
              {
                "type": "get_attr",
                "value": "custom_domain_verification_id"
              }
            ]
          ],
          "private": "eyJlMmJmYjczMC1lY2FhLTExZTYtOGY4OC0zNDM2M2JjN2M0YzAiOnsiY3JlYXRlIjoxODAwMDAwMDAwMDAwLCJkZWxldGUiOjE4MDAwMDAwMDAwMDAsInJlYWQiOjMwMDAwMDAwMDAwMCwidXBkYXRlIjoxODAwMDAwMDAwMDAwfX0=",
          "dependencies": [
            "azurerm_container_app_environment.aca_environment",
            "azurerm_log_analytics_workspace.workspace",
            "azurerm_resource_group.rg"
          ]
        }
      ]
    },
    {
      "mode": "managed",
      "type": "azurerm_container_app",
      "name": "aca_frontend",
      "provider": "provider[\"registry.terraform.io/hashicorp/azurerm\"]",
      "instances": [
        {
          "schema_version": 0,
          "attributes": {
            "container_app_environment_id": "/subscriptions/38977b70-47bf-4da5-a492-88712fce8725/resourceGroups/rg-containerapps-terraform-04/providers/Microsoft.App/managedEnvironments/aca-environment",
            "custom_domain_verification_id": "2AE36349F34CF07C26682CAB69940DF26614B5B61797CA2B82A7EC6564045909",
            "dapr": [],
            "id": "/subscriptions/38977b70-47bf-4da5-a492-88712fce8725/resourceGroups/rg-containerapps-terraform-04/providers/Microsoft.App/containerApps/aca-app-frontend-ui",
            "identity": [],
            "ingress": [
              {
                "allow_insecure_connections": false,
                "custom_domain": [],
                "exposed_port": 0,
                "external_enabled": true,
                "fqdn": "aca-app-frontend-ui.jollywave-afeef976.swedencentral.azurecontainerapps.io",
                "ip_security_restriction": [],
                "target_port": 3000,
                "traffic_weight": [
                  {
                    "label": "",
                    "latest_revision": true,
                    "percentage": 100,
                    "revision_suffix": ""
                  }
                ],
                "transport": "auto"
              }
            ],
            "latest_revision_fqdn": "aca-app-frontend-ui--gfexvi2.jollywave-afeef976.swedencentral.azurecontainerapps.io",
            "latest_revision_name": "aca-app-frontend-ui--gfexvi2",
            "location": "swedencentral",
            "name": "aca-app-frontend-ui",
            "outbound_ip_addresses": [
              "4.225.43.75"
            ],
            "registry": [],
            "resource_group_name": "rg-containerapps-terraform-04",
            "revision_mode": "Single",
            "secret": [],
            "tags": null,
            "template": [
              {
                "azure_queue_scale_rule": [],
                "container": [
                  {
                    "args": null,
                    "command": null,
                    "cpu": 0.25,
                    "env": [
                      {
                        "name": "API_BASE_URL",
                        "secret_name": "",
                        "value": "https://aca-app-backend-api--z6t5601.internal.jollywave-afeef976.swedencentral.azurecontainerapps.io"
                      }
                    ],
                    "ephemeral_storage": "1Gi",
                    "image": "ghcr.io/houssemdellai/containerapps-album-frontend:v1",
                    "liveness_probe": [],
                    "memory": "0.5Gi",
                    "name": "frontend-ui",
                    "readiness_probe": [],
                    "startup_probe": [],
                    "volume_mounts": []
                  }
                ],
                "custom_scale_rule": [],
                "http_scale_rule": [],
                "init_container": [],
                "max_replicas": 10,
                "min_replicas": 0,
                "revision_suffix": "",
                "tcp_scale_rule": [],
                "volume": []
              }
            ],
            "timeouts": null,
            "workload_profile_name": ""
          },
          "sensitive_attributes": [
            [
              {
                "type": "get_attr",
                "value": "custom_domain_verification_id"
              }
            ]
          ],
          "private": "eyJlMmJmYjczMC1lY2FhLTExZTYtOGY4OC0zNDM2M2JjN2M0YzAiOnsiY3JlYXRlIjoxODAwMDAwMDAwMDAwLCJkZWxldGUiOjE4MDAwMDAwMDAwMDAsInJlYWQiOjMwMDAwMDAwMDAwMCwidXBkYXRlIjoxODAwMDAwMDAwMDAwfX0=",
          "dependencies": [
            "azurerm_container_app.aca_backend",
            "azurerm_container_app_environment.aca_environment",
            "azurerm_log_analytics_workspace.workspace",
            "azurerm_resource_group.rg"
          ]
        }
      ]
    },
    {
      "mode": "managed",
      "type": "azurerm_container_app_environment",
      "name": "aca_environment",
      "provider": "provider[\"registry.terraform.io/hashicorp/azurerm\"]",
      "instances": [
        {
          "schema_version": 0,
          "attributes": {
            "custom_domain_verification_id": "2AE36349F34CF07C26682CAB69940DF26614B5B61797CA2B82A7EC6564045909",
            "dapr_application_insights_connection_string": "",
            "default_domain": "jollywave-afeef976.swedencentral.azurecontainerapps.io",
            "docker_bridge_cidr": "",
            "id": "/subscriptions/38977b70-47bf-4da5-a492-88712fce8725/resourceGroups/rg-containerapps-terraform-04/providers/Microsoft.App/managedEnvironments/aca-environment",
            "infrastructure_resource_group_name": "",
            "infrastructure_subnet_id": "",
            "internal_load_balancer_enabled": false,
            "location": "swedencentral",
            "log_analytics_workspace_id": "/subscriptions/38977b70-47bf-4da5-a492-88712fce8725/resourceGroups/rg-containerapps-terraform-04/providers/Microsoft.OperationalInsights/workspaces/workspace-aca",
            "name": "aca-environment",
            "platform_reserved_cidr": "",
            "platform_reserved_dns_ip_address": "",
            "resource_group_name": "rg-containerapps-terraform-04",
            "static_ip_address": "4.225.88.98",
            "tags": null,
            "timeouts": null,
            "workload_profile": [],
            "zone_redundancy_enabled": false
          },
          "sensitive_attributes": [
            [
              {
                "type": "get_attr",
                "value": "dapr_application_insights_connection_string"
              }
            ]
          ],
          "private": "eyJlMmJmYjczMC1lY2FhLTExZTYtOGY4OC0zNDM2M2JjN2M0YzAiOnsiY3JlYXRlIjoxODAwMDAwMDAwMDAwLCJkZWxldGUiOjE4MDAwMDAwMDAwMDAsInJlYWQiOjMwMDAwMDAwMDAwMCwidXBkYXRlIjoxODAwMDAwMDAwMDAwfX0=",
          "dependencies": [
            "azurerm_log_analytics_workspace.workspace",
            "azurerm_resource_group.rg"
          ]
        }
      ]
    },
    {
      "mode": "managed",
      "type": "azurerm_log_analytics_workspace",
      "name": "workspace",
      "provider": "provider[\"registry.terraform.io/hashicorp/azurerm\"]",
      "instances": [
        {
          "schema_version": 3,
          "attributes": {
            "allow_resource_only_permissions": true,
            "cmk_for_query_forced": false,
            "daily_quota_gb": -1,
            "data_collection_rule_id": "",
            "id": "/subscriptions/38977b70-47bf-4da5-a492-88712fce8725/resourceGroups/rg-containerapps-terraform-04/providers/Microsoft.OperationalInsights/workspaces/workspace-aca",
            "identity": [],
            "immediate_data_purge_on_30_days_enabled": false,
            "internet_ingestion_enabled": true,
            "internet_query_enabled": true,
            "local_authentication_disabled": false,
            "location": "swedencentral",
            "name": "workspace-aca",
            "primary_shared_key": "LxX8x+oGXQl1+KSiH+T+mtEXG+KXo4DIWfrMRINlTtRF0fAvdiqnAQx3841nTqJUVwncnVT3FiEIWWz+b4mc6Q==",
            "reservation_capacity_in_gb_per_day": null,
            "resource_group_name": "rg-containerapps-terraform-04",
            "retention_in_days": 30,
            "secondary_shared_key": "B1uVokqwH3BepydMf4NNYHt2g4qrI+016bjN6jgE1FYEoj1RethLgS2KziW1AT3X+whNOG+9I15Scaa6GgLVEQ==",
            "sku": "PerGB2018",
            "tags": null,
            "timeouts": null,
            "workspace_id": "a9a8558d-e5b0-46fb-a807-d5f33bfef59b"
          },
          "sensitive_attributes": [
            [
              {
                "type": "get_attr",
                "value": "primary_shared_key"
              }
            ],
            [
              {
                "type": "get_attr",
                "value": "secondary_shared_key"
              }
            ]
          ],
          "private": "eyJlMmJmYjczMC1lY2FhLTExZTYtOGY4OC0zNDM2M2JjN2M0YzAiOnsiY3JlYXRlIjoxODAwMDAwMDAwMDAwLCJkZWxldGUiOjE4MDAwMDAwMDAwMDAsInJlYWQiOjMwMDAwMDAwMDAwMCwidXBkYXRlIjoxODAwMDAwMDAwMDAwfSwic2NoZW1hX3ZlcnNpb24iOiIzIn0=",
          "dependencies": [
            "azurerm_resource_group.rg"
          ]
        }
      ]
    },
    {
      "mode": "managed",
      "type": "azurerm_resource_group",
      "name": "rg",
      "provider": "provider[\"registry.terraform.io/hashicorp/azurerm\"]",
      "instances": [
        {
          "schema_version": 0,
          "attributes": {
            "id": "/subscriptions/38977b70-47bf-4da5-a492-88712fce8725/resourceGroups/rg-containerapps-terraform-04",
            "location": "swedencentral",
            "managed_by": "",
            "name": "rg-containerapps-terraform-04",
            "tags": null,
            "timeouts": null
          },
          "sensitive_attributes": [],
          "private": "eyJlMmJmYjczMC1lY2FhLTExZTYtOGY4OC0zNDM2M2JjN2M0YzAiOnsiY3JlYXRlIjo1NDAwMDAwMDAwMDAwLCJkZWxldGUiOjU0MDAwMDAwMDAwMDAsInJlYWQiOjMwMDAwMDAwMDAwMCwidXBkYXRlIjo1NDAwMDAwMDAwMDAwfX0="
        }
      ]
    }
  ],
  "check_results": null
}
