{
  "version": 4,
  "terraform_version": "1.8.2",
  "serial": 72,
  "lineage": "86508980-9d38-de4f-7f58-2fd04e28e3ff",
  "outputs": {
    "custom_domain_name": {
      "value": "apps.internal",
      "type": "string"
    }
  },
  "resources": [
    {
      "mode": "data",
      "type": "azurerm_client_config",
      "name": "current",
      "provider": "provider[\"registry.terraform.io/hashicorp/azurerm\"]",
      "instances": [
        {
          "schema_version": 0,
          "attributes": {
            "client_id": "04b07795-8ddb-461a-bbee-02f9e1bf7b46",
            "id": "Y2xpZW50Q29uZmlncy9jbGllbnRJZD0wNGIwNzc5NS04ZGRiLTQ2MWEtYmJlZS0wMmY5ZTFiZjdiNDY7b2JqZWN0SWQ9MGE4NjQ4YmYtMjhlYy00YTdmLWJlNjUtMGQ2ZDhhMTcyMjgyO3N1YnNjcmlwdGlvbklkPTM4OTc3YjcwLTQ3YmYtNGRhNS1hNDkyLTg4NzEyZmNlODcyNTt0ZW5hbnRJZD1hOGY3ZmFhMS0zZTJlLTRkODQtYTZjYi1kYWY3ZWI5N2Q2ZTQ=",
            "object_id": "0a8648bf-28ec-4a7f-be65-0d6d8a172282",
            "subscription_id": "38977b70-47bf-4da5-a492-88712fce8725",
            "tenant_id": "a8f7faa1-3e2e-4d84-a6cb-daf7eb97d6e4",
            "timeouts": null
          },
          "sensitive_attributes": []
        }
      ]
    },
    {
      "mode": "managed",
      "type": "azurerm_application_gateway",
      "name": "appgateway",
      "provider": "provider[\"registry.terraform.io/hashicorp/azurerm\"]",
      "instances": [
        {
          "schema_version": 0,
          "attributes": {
            "authentication_certificate": [],
            "autoscale_configuration": [],
            "backend_address_pool": [
              {
                "fqdns": [
                  "inspector-gadget-app01.graysmoke-c356a71f.swedencentral.azurecontainerapps.io"
                ],
                "id": "/subscriptions/38977b70-47bf-4da5-a492-88712fce8725/resourceGroups/rg-aca-dns-24/providers/Microsoft.Network/applicationGateways/appgateway/backendAddressPools/backend-address-pool-app01",
                "ip_addresses": [],
                "name": "backend-address-pool-app01"
              },
              {
                "fqdns": [
                  "inspector-gadget-app02.bravecliff-57e3fb6c.swedencentral.azurecontainerapps.io"
                ],
                "id": "/subscriptions/38977b70-47bf-4da5-a492-88712fce8725/resourceGroups/rg-aca-dns-24/providers/Microsoft.Network/applicationGateways/appgateway/backendAddressPools/backend-address-pool-app02",
                "ip_addresses": [],
                "name": "backend-address-pool-app02"
              },
              {
                "fqdns": [
                  "inspector-gadget-app03.icycoast-53176cd9.swedencentral.azurecontainerapps.io"
                ],
                "id": "/subscriptions/38977b70-47bf-4da5-a492-88712fce8725/resourceGroups/rg-aca-dns-24/providers/Microsoft.Network/applicationGateways/appgateway/backendAddressPools/backend-address-pool-app03",
                "ip_addresses": [],
                "name": "backend-address-pool-app03"
              },
              {
                "fqdns": [
                  "inspector-gadget-app04.delightfuldesert-b616ad62.swedencentral.azurecontainerapps.io"
                ],
                "id": "/subscriptions/38977b70-47bf-4da5-a492-88712fce8725/resourceGroups/rg-aca-dns-24/providers/Microsoft.Network/applicationGateways/appgateway/backendAddressPools/backend-address-pool-app04",
                "ip_addresses": [],
                "name": "backend-address-pool-app04"
              },
              {
                "fqdns": [
                  "inspector-gadget-app05.delightfulhill-7180b3e7.swedencentral.azurecontainerapps.io"
                ],
                "id": "/subscriptions/38977b70-47bf-4da5-a492-88712fce8725/resourceGroups/rg-aca-dns-24/providers/Microsoft.Network/applicationGateways/appgateway/backendAddressPools/backend-address-pool-app05",
                "ip_addresses": [],
                "name": "backend-address-pool-app05"
              },
              {
                "fqdns": [
                  "inspector-gadget-app06.greenforest-675638e2.swedencentral.azurecontainerapps.io"
                ],
                "id": "/subscriptions/38977b70-47bf-4da5-a492-88712fce8725/resourceGroups/rg-aca-dns-24/providers/Microsoft.Network/applicationGateways/appgateway/backendAddressPools/backend-address-pool-app06",
                "ip_addresses": [],
                "name": "backend-address-pool-app06"
              }
            ],
            "backend_http_settings": [
              {
                "affinity_cookie_name": "ApplicationGatewayAffinity",
                "authentication_certificate": [],
                "connection_draining": [],
                "cookie_based_affinity": "Disabled",
                "host_name": "",
                "id": "/subscriptions/38977b70-47bf-4da5-a492-88712fce8725/resourceGroups/rg-aca-dns-24/providers/Microsoft.Network/applicationGateways/appgateway/backendHttpSettingsCollection/backend-http-settings-https",
                "name": "backend-http-settings-https",
                "path": "",
                "pick_host_name_from_backend_address": true,
                "port": 443,
                "probe_id": "/subscriptions/38977b70-47bf-4da5-a492-88712fce8725/resourceGroups/rg-aca-dns-24/providers/Microsoft.Network/applicationGateways/appgateway/probes/http-health-probe",
                "probe_name": "http-health-probe",
                "protocol": "Https",
                "request_timeout": 20,
                "trusted_root_certificate_names": []
              }
            ],
            "custom_error_configuration": [],
            "enable_http2": false,
            "fips_enabled": false,
            "firewall_policy_id": "",
            "force_firewall_policy_association": false,
            "frontend_ip_configuration": [
              {
                "id": "/subscriptions/38977b70-47bf-4da5-a492-88712fce8725/resourceGroups/rg-aca-dns-24/providers/Microsoft.Network/applicationGateways/appgateway/frontendIPConfigurations/frontend-private-ip-configuration",
                "name": "frontend-private-ip-configuration",
                "private_ip_address": "10.0.0.10",
                "private_ip_address_allocation": "Static",
                "private_link_configuration_id": "",
                "private_link_configuration_name": "",
                "public_ip_address_id": "",
                "subnet_id": "/subscriptions/38977b70-47bf-4da5-a492-88712fce8725/resourceGroups/rg-aca-dns-24/providers/Microsoft.Network/virtualNetworks/vnet-internal/subnets/snet-appgw"
              }
            ],
            "frontend_port": [
              {
                "id": "/subscriptions/38977b70-47bf-4da5-a492-88712fce8725/resourceGroups/rg-aca-dns-24/providers/Microsoft.Network/applicationGateways/appgateway/frontendPorts/frontend-port-http",
                "name": "frontend-port-http",
                "port": 80
              },
              {
                "id": "/subscriptions/38977b70-47bf-4da5-a492-88712fce8725/resourceGroups/rg-aca-dns-24/providers/Microsoft.Network/applicationGateways/appgateway/frontendPorts/frontend-port-https",
                "name": "frontend-port-https",
                "port": 443
              }
            ],
            "gateway_ip_configuration": [
              {
                "id": "/subscriptions/38977b70-47bf-4da5-a492-88712fce8725/resourceGroups/rg-aca-dns-24/providers/Microsoft.Network/applicationGateways/appgateway/gatewayIPConfigurations/appgateway-ip-configuration",
                "name": "appgateway-ip-configuration",
                "subnet_id": "/subscriptions/38977b70-47bf-4da5-a492-88712fce8725/resourceGroups/rg-aca-dns-24/providers/Microsoft.Network/virtualNetworks/vnet-internal/subnets/snet-appgw"
              }
            ],
            "global": [],
            "http_listener": [
              {
                "custom_error_configuration": [],
                "firewall_policy_id": "",
                "frontend_ip_configuration_id": "/subscriptions/38977b70-47bf-4da5-a492-88712fce8725/resourceGroups/rg-aca-dns-24/providers/Microsoft.Network/applicationGateways/appgateway/frontendIPConfigurations/frontend-private-ip-configuration",
                "frontend_ip_configuration_name": "frontend-private-ip-configuration",
                "frontend_port_id": "/subscriptions/38977b70-47bf-4da5-a492-88712fce8725/resourceGroups/rg-aca-dns-24/providers/Microsoft.Network/applicationGateways/appgateway/frontendPorts/frontend-port-http",
                "frontend_port_name": "frontend-port-http",
                "host_name": "app01.apps.internal",
                "host_names": [],
                "id": "/subscriptions/38977b70-47bf-4da5-a492-88712fce8725/resourceGroups/rg-aca-dns-24/providers/Microsoft.Network/applicationGateways/appgateway/httpListeners/listener-http-app01",
                "name": "listener-http-app01",
                "protocol": "Http",
                "require_sni": false,
                "ssl_certificate_id": "",
                "ssl_certificate_name": "",
                "ssl_profile_id": "",
                "ssl_profile_name": ""
              },
              {
                "custom_error_configuration": [],
                "firewall_policy_id": "",
                "frontend_ip_configuration_id": "/subscriptions/38977b70-47bf-4da5-a492-88712fce8725/resourceGroups/rg-aca-dns-24/providers/Microsoft.Network/applicationGateways/appgateway/frontendIPConfigurations/frontend-private-ip-configuration",
                "frontend_ip_configuration_name": "frontend-private-ip-configuration",
                "frontend_port_id": "/subscriptions/38977b70-47bf-4da5-a492-88712fce8725/resourceGroups/rg-aca-dns-24/providers/Microsoft.Network/applicationGateways/appgateway/frontendPorts/frontend-port-http",
                "frontend_port_name": "frontend-port-http",
                "host_name": "app02.apps.internal",
                "host_names": [],
                "id": "/subscriptions/38977b70-47bf-4da5-a492-88712fce8725/resourceGroups/rg-aca-dns-24/providers/Microsoft.Network/applicationGateways/appgateway/httpListeners/listener-http-app02",
                "name": "listener-http-app02",
                "protocol": "Http",
                "require_sni": false,
                "ssl_certificate_id": "",
                "ssl_certificate_name": "",
                "ssl_profile_id": "",
                "ssl_profile_name": ""
              },
              {
                "custom_error_configuration": [],
                "firewall_policy_id": "",
                "frontend_ip_configuration_id": "/subscriptions/38977b70-47bf-4da5-a492-88712fce8725/resourceGroups/rg-aca-dns-24/providers/Microsoft.Network/applicationGateways/appgateway/frontendIPConfigurations/frontend-private-ip-configuration",
                "frontend_ip_configuration_name": "frontend-private-ip-configuration",
                "frontend_port_id": "/subscriptions/38977b70-47bf-4da5-a492-88712fce8725/resourceGroups/rg-aca-dns-24/providers/Microsoft.Network/applicationGateways/appgateway/frontendPorts/frontend-port-http",
                "frontend_port_name": "frontend-port-http",
                "host_name": "app03.apps.internal",
                "host_names": [],
                "id": "/subscriptions/38977b70-47bf-4da5-a492-88712fce8725/resourceGroups/rg-aca-dns-24/providers/Microsoft.Network/applicationGateways/appgateway/httpListeners/listener-http-app03",
                "name": "listener-http-app03",
                "protocol": "Http",
                "require_sni": false,
                "ssl_certificate_id": "",
                "ssl_certificate_name": "",
                "ssl_profile_id": "",
                "ssl_profile_name": ""
              },
              {
                "custom_error_configuration": [],
                "firewall_policy_id": "",
                "frontend_ip_configuration_id": "/subscriptions/38977b70-47bf-4da5-a492-88712fce8725/resourceGroups/rg-aca-dns-24/providers/Microsoft.Network/applicationGateways/appgateway/frontendIPConfigurations/frontend-private-ip-configuration",
                "frontend_ip_configuration_name": "frontend-private-ip-configuration",
                "frontend_port_id": "/subscriptions/38977b70-47bf-4da5-a492-88712fce8725/resourceGroups/rg-aca-dns-24/providers/Microsoft.Network/applicationGateways/appgateway/frontendPorts/frontend-port-http",
                "frontend_port_name": "frontend-port-http",
                "host_name": "app04.apps.internal",
                "host_names": [],
                "id": "/subscriptions/38977b70-47bf-4da5-a492-88712fce8725/resourceGroups/rg-aca-dns-24/providers/Microsoft.Network/applicationGateways/appgateway/httpListeners/listener-http-app04",
                "name": "listener-http-app04",
                "protocol": "Http",
                "require_sni": false,
                "ssl_certificate_id": "",
                "ssl_certificate_name": "",
                "ssl_profile_id": "",
                "ssl_profile_name": ""
              },
              {
                "custom_error_configuration": [],
                "firewall_policy_id": "",
                "frontend_ip_configuration_id": "/subscriptions/38977b70-47bf-4da5-a492-88712fce8725/resourceGroups/rg-aca-dns-24/providers/Microsoft.Network/applicationGateways/appgateway/frontendIPConfigurations/frontend-private-ip-configuration",
                "frontend_ip_configuration_name": "frontend-private-ip-configuration",
                "frontend_port_id": "/subscriptions/38977b70-47bf-4da5-a492-88712fce8725/resourceGroups/rg-aca-dns-24/providers/Microsoft.Network/applicationGateways/appgateway/frontendPorts/frontend-port-http",
                "frontend_port_name": "frontend-port-http",
                "host_name": "app05.apps.internal",
                "host_names": [],
                "id": "/subscriptions/38977b70-47bf-4da5-a492-88712fce8725/resourceGroups/rg-aca-dns-24/providers/Microsoft.Network/applicationGateways/appgateway/httpListeners/listener-http-app05",
                "name": "listener-http-app05",
                "protocol": "Http",
                "require_sni": false,
                "ssl_certificate_id": "",
                "ssl_certificate_name": "",
                "ssl_profile_id": "",
                "ssl_profile_name": ""
              },
              {
                "custom_error_configuration": [],
                "firewall_policy_id": "",
                "frontend_ip_configuration_id": "/subscriptions/38977b70-47bf-4da5-a492-88712fce8725/resourceGroups/rg-aca-dns-24/providers/Microsoft.Network/applicationGateways/appgateway/frontendIPConfigurations/frontend-private-ip-configuration",
                "frontend_ip_configuration_name": "frontend-private-ip-configuration",
                "frontend_port_id": "/subscriptions/38977b70-47bf-4da5-a492-88712fce8725/resourceGroups/rg-aca-dns-24/providers/Microsoft.Network/applicationGateways/appgateway/frontendPorts/frontend-port-http",
                "frontend_port_name": "frontend-port-http",
                "host_name": "app06.apps.internal",
                "host_names": [],
                "id": "/subscriptions/38977b70-47bf-4da5-a492-88712fce8725/resourceGroups/rg-aca-dns-24/providers/Microsoft.Network/applicationGateways/appgateway/httpListeners/listener-http-app06",
                "name": "listener-http-app06",
                "protocol": "Http",
                "require_sni": false,
                "ssl_certificate_id": "",
                "ssl_certificate_name": "",
                "ssl_profile_id": "",
                "ssl_profile_name": ""
              },
              {
                "custom_error_configuration": [],
                "firewall_policy_id": "",
                "frontend_ip_configuration_id": "/subscriptions/38977b70-47bf-4da5-a492-88712fce8725/resourceGroups/rg-aca-dns-24/providers/Microsoft.Network/applicationGateways/appgateway/frontendIPConfigurations/frontend-private-ip-configuration",
                "frontend_ip_configuration_name": "frontend-private-ip-configuration",
                "frontend_port_id": "/subscriptions/38977b70-47bf-4da5-a492-88712fce8725/resourceGroups/rg-aca-dns-24/providers/Microsoft.Network/applicationGateways/appgateway/frontendPorts/frontend-port-https",
                "frontend_port_name": "frontend-port-https",
                "host_name": "app01.apps.internal",
                "host_names": [],
                "id": "/subscriptions/38977b70-47bf-4da5-a492-88712fce8725/resourceGroups/rg-aca-dns-24/providers/Microsoft.Network/applicationGateways/appgateway/httpListeners/listener-https-app01",
                "name": "listener-https-app01",
                "protocol": "Https",
                "require_sni": false,
                "ssl_certificate_id": "/subscriptions/38977b70-47bf-4da5-a492-88712fce8725/resourceGroups/rg-aca-dns-24/providers/Microsoft.Network/applicationGateways/appgateway/sslCertificates/app01-apps-internal",
                "ssl_certificate_name": "app01-apps-internal",
                "ssl_profile_id": "",
                "ssl_profile_name": ""
              },
              {
                "custom_error_configuration": [],
                "firewall_policy_id": "",
                "frontend_ip_configuration_id": "/subscriptions/38977b70-47bf-4da5-a492-88712fce8725/resourceGroups/rg-aca-dns-24/providers/Microsoft.Network/applicationGateways/appgateway/frontendIPConfigurations/frontend-private-ip-configuration",
                "frontend_ip_configuration_name": "frontend-private-ip-configuration",
                "frontend_port_id": "/subscriptions/38977b70-47bf-4da5-a492-88712fce8725/resourceGroups/rg-aca-dns-24/providers/Microsoft.Network/applicationGateways/appgateway/frontendPorts/frontend-port-https",
                "frontend_port_name": "frontend-port-https",
                "host_name": "app02.apps.internal",
                "host_names": [],
                "id": "/subscriptions/38977b70-47bf-4da5-a492-88712fce8725/resourceGroups/rg-aca-dns-24/providers/Microsoft.Network/applicationGateways/appgateway/httpListeners/listener-https-app02",
                "name": "listener-https-app02",
                "protocol": "Https",
                "require_sni": false,
                "ssl_certificate_id": "/subscriptions/38977b70-47bf-4da5-a492-88712fce8725/resourceGroups/rg-aca-dns-24/providers/Microsoft.Network/applicationGateways/appgateway/sslCertificates/app02-apps-internal",
                "ssl_certificate_name": "app02-apps-internal",
                "ssl_profile_id": "",
                "ssl_profile_name": ""
              },
              {
                "custom_error_configuration": [],
                "firewall_policy_id": "",
                "frontend_ip_configuration_id": "/subscriptions/38977b70-47bf-4da5-a492-88712fce8725/resourceGroups/rg-aca-dns-24/providers/Microsoft.Network/applicationGateways/appgateway/frontendIPConfigurations/frontend-private-ip-configuration",
                "frontend_ip_configuration_name": "frontend-private-ip-configuration",
                "frontend_port_id": "/subscriptions/38977b70-47bf-4da5-a492-88712fce8725/resourceGroups/rg-aca-dns-24/providers/Microsoft.Network/applicationGateways/appgateway/frontendPorts/frontend-port-https",
                "frontend_port_name": "frontend-port-https",
                "host_name": "app03.apps.internal",
                "host_names": [],
                "id": "/subscriptions/38977b70-47bf-4da5-a492-88712fce8725/resourceGroups/rg-aca-dns-24/providers/Microsoft.Network/applicationGateways/appgateway/httpListeners/listener-https-app03",
                "name": "listener-https-app03",
                "protocol": "Https",
                "require_sni": false,
                "ssl_certificate_id": "/subscriptions/38977b70-47bf-4da5-a492-88712fce8725/resourceGroups/rg-aca-dns-24/providers/Microsoft.Network/applicationGateways/appgateway/sslCertificates/app03-apps-internal",
                "ssl_certificate_name": "app03-apps-internal",
                "ssl_profile_id": "",
                "ssl_profile_name": ""
              },
              {
                "custom_error_configuration": [],
                "firewall_policy_id": "",
                "frontend_ip_configuration_id": "/subscriptions/38977b70-47bf-4da5-a492-88712fce8725/resourceGroups/rg-aca-dns-24/providers/Microsoft.Network/applicationGateways/appgateway/frontendIPConfigurations/frontend-private-ip-configuration",
                "frontend_ip_configuration_name": "frontend-private-ip-configuration",
                "frontend_port_id": "/subscriptions/38977b70-47bf-4da5-a492-88712fce8725/resourceGroups/rg-aca-dns-24/providers/Microsoft.Network/applicationGateways/appgateway/frontendPorts/frontend-port-https",
                "frontend_port_name": "frontend-port-https",
                "host_name": "app04.apps.internal",
                "host_names": [],
                "id": "/subscriptions/38977b70-47bf-4da5-a492-88712fce8725/resourceGroups/rg-aca-dns-24/providers/Microsoft.Network/applicationGateways/appgateway/httpListeners/listener-https-app04",
                "name": "listener-https-app04",
                "protocol": "Https",
                "require_sni": false,
                "ssl_certificate_id": "/subscriptions/38977b70-47bf-4da5-a492-88712fce8725/resourceGroups/rg-aca-dns-24/providers/Microsoft.Network/applicationGateways/appgateway/sslCertificates/app04-apps-internal",
                "ssl_certificate_name": "app04-apps-internal",
                "ssl_profile_id": "",
                "ssl_profile_name": ""
              },
              {
                "custom_error_configuration": [],
                "firewall_policy_id": "",
                "frontend_ip_configuration_id": "/subscriptions/38977b70-47bf-4da5-a492-88712fce8725/resourceGroups/rg-aca-dns-24/providers/Microsoft.Network/applicationGateways/appgateway/frontendIPConfigurations/frontend-private-ip-configuration",
                "frontend_ip_configuration_name": "frontend-private-ip-configuration",
                "frontend_port_id": "/subscriptions/38977b70-47bf-4da5-a492-88712fce8725/resourceGroups/rg-aca-dns-24/providers/Microsoft.Network/applicationGateways/appgateway/frontendPorts/frontend-port-https",
                "frontend_port_name": "frontend-port-https",
                "host_name": "app05.apps.internal",
                "host_names": [],
                "id": "/subscriptions/38977b70-47bf-4da5-a492-88712fce8725/resourceGroups/rg-aca-dns-24/providers/Microsoft.Network/applicationGateways/appgateway/httpListeners/listener-https-app05",
                "name": "listener-https-app05",
                "protocol": "Https",
                "require_sni": false,
                "ssl_certificate_id": "/subscriptions/38977b70-47bf-4da5-a492-88712fce8725/resourceGroups/rg-aca-dns-24/providers/Microsoft.Network/applicationGateways/appgateway/sslCertificates/app05-apps-internal",
                "ssl_certificate_name": "app05-apps-internal",
                "ssl_profile_id": "",
                "ssl_profile_name": ""
              },
              {
                "custom_error_configuration": [],
                "firewall_policy_id": "",
                "frontend_ip_configuration_id": "/subscriptions/38977b70-47bf-4da5-a492-88712fce8725/resourceGroups/rg-aca-dns-24/providers/Microsoft.Network/applicationGateways/appgateway/frontendIPConfigurations/frontend-private-ip-configuration",
                "frontend_ip_configuration_name": "frontend-private-ip-configuration",
                "frontend_port_id": "/subscriptions/38977b70-47bf-4da5-a492-88712fce8725/resourceGroups/rg-aca-dns-24/providers/Microsoft.Network/applicationGateways/appgateway/frontendPorts/frontend-port-https",
                "frontend_port_name": "frontend-port-https",
                "host_name": "app06.apps.internal",
                "host_names": [],
                "id": "/subscriptions/38977b70-47bf-4da5-a492-88712fce8725/resourceGroups/rg-aca-dns-24/providers/Microsoft.Network/applicationGateways/appgateway/httpListeners/listener-https-app06",
                "name": "listener-https-app06",
                "protocol": "Https",
                "require_sni": false,
                "ssl_certificate_id": "/subscriptions/38977b70-47bf-4da5-a492-88712fce8725/resourceGroups/rg-aca-dns-24/providers/Microsoft.Network/applicationGateways/appgateway/sslCertificates/app06-apps-internal",
                "ssl_certificate_name": "app06-apps-internal",
                "ssl_profile_id": "",
                "ssl_profile_name": ""
              }
            ],
            "id": "/subscriptions/38977b70-47bf-4da5-a492-88712fce8725/resourceGroups/rg-aca-dns-24/providers/Microsoft.Network/applicationGateways/appgateway",
            "identity": [
              {
                "identity_ids": [
                  "/subscriptions/38977b70-47bf-4da5-a492-88712fce8725/resourceGroups/rg-aca-dns-24/providers/Microsoft.ManagedIdentity/userAssignedIdentities/identity-appgw"
                ],
                "type": "UserAssigned"
              }
            ],
            "location": "swedencentral",
            "name": "appgateway",
            "private_endpoint_connection": [],
            "private_link_configuration": [],
            "probe": [
              {
                "host": "",
                "id": "/subscriptions/38977b70-47bf-4da5-a492-88712fce8725/resourceGroups/rg-aca-dns-24/providers/Microsoft.Network/applicationGateways/appgateway/probes/http-health-probe",
                "interval": 30,
                "match": [
                  {
                    "body": "",
                    "status_code": [
                      "200-399"
                    ]
                  }
                ],
                "minimum_servers": 0,
                "name": "http-health-probe",
                "path": "/",
                "pick_host_name_from_backend_http_settings": true,
                "port": 0,
                "protocol": "Https",
                "timeout": 30,
                "unhealthy_threshold": 3
              }
            ],
            "redirect_configuration": [
              {
                "id": "/subscriptions/38977b70-47bf-4da5-a492-88712fce8725/resourceGroups/rg-aca-dns-24/providers/Microsoft.Network/applicationGateways/appgateway/redirectConfigurations/redirect-configuration-app01",
                "include_path": true,
                "include_query_string": true,
                "name": "redirect-configuration-app01",
                "redirect_type": "Permanent",
                "target_listener_id": "/subscriptions/38977b70-47bf-4da5-a492-88712fce8725/resourceGroups/rg-aca-dns-24/providers/Microsoft.Network/applicationGateways/appgateway/httpListeners/listener-https-app01",
                "target_listener_name": "listener-https-app01",
                "target_url": ""
              },
              {
                "id": "/subscriptions/38977b70-47bf-4da5-a492-88712fce8725/resourceGroups/rg-aca-dns-24/providers/Microsoft.Network/applicationGateways/appgateway/redirectConfigurations/redirect-configuration-app02",
                "include_path": true,
                "include_query_string": true,
                "name": "redirect-configuration-app02",
                "redirect_type": "Permanent",
                "target_listener_id": "/subscriptions/38977b70-47bf-4da5-a492-88712fce8725/resourceGroups/rg-aca-dns-24/providers/Microsoft.Network/applicationGateways/appgateway/httpListeners/listener-https-app02",
                "target_listener_name": "listener-https-app02",
                "target_url": ""
              },
              {
                "id": "/subscriptions/38977b70-47bf-4da5-a492-88712fce8725/resourceGroups/rg-aca-dns-24/providers/Microsoft.Network/applicationGateways/appgateway/redirectConfigurations/redirect-configuration-app03",
                "include_path": true,
                "include_query_string": true,
                "name": "redirect-configuration-app03",
                "redirect_type": "Permanent",
                "target_listener_id": "/subscriptions/38977b70-47bf-4da5-a492-88712fce8725/resourceGroups/rg-aca-dns-24/providers/Microsoft.Network/applicationGateways/appgateway/httpListeners/listener-https-app03",
                "target_listener_name": "listener-https-app03",
                "target_url": ""
              },
              {
                "id": "/subscriptions/38977b70-47bf-4da5-a492-88712fce8725/resourceGroups/rg-aca-dns-24/providers/Microsoft.Network/applicationGateways/appgateway/redirectConfigurations/redirect-configuration-app04",
                "include_path": true,
                "include_query_string": true,
                "name": "redirect-configuration-app04",
                "redirect_type": "Permanent",
                "target_listener_id": "/subscriptions/38977b70-47bf-4da5-a492-88712fce8725/resourceGroups/rg-aca-dns-24/providers/Microsoft.Network/applicationGateways/appgateway/httpListeners/listener-https-app04",
                "target_listener_name": "listener-https-app04",
                "target_url": ""
              },
              {
                "id": "/subscriptions/38977b70-47bf-4da5-a492-88712fce8725/resourceGroups/rg-aca-dns-24/providers/Microsoft.Network/applicationGateways/appgateway/redirectConfigurations/redirect-configuration-app05",
                "include_path": true,
                "include_query_string": true,
                "name": "redirect-configuration-app05",
                "redirect_type": "Permanent",
                "target_listener_id": "/subscriptions/38977b70-47bf-4da5-a492-88712fce8725/resourceGroups/rg-aca-dns-24/providers/Microsoft.Network/applicationGateways/appgateway/httpListeners/listener-https-app05",
                "target_listener_name": "listener-https-app05",
                "target_url": ""
              },
              {
                "id": "/subscriptions/38977b70-47bf-4da5-a492-88712fce8725/resourceGroups/rg-aca-dns-24/providers/Microsoft.Network/applicationGateways/appgateway/redirectConfigurations/redirect-configuration-app06",
                "include_path": true,
                "include_query_string": true,
                "name": "redirect-configuration-app06",
                "redirect_type": "Permanent",
                "target_listener_id": "/subscriptions/38977b70-47bf-4da5-a492-88712fce8725/resourceGroups/rg-aca-dns-24/providers/Microsoft.Network/applicationGateways/appgateway/httpListeners/listener-https-app06",
                "target_listener_name": "listener-https-app06",
                "target_url": ""
              }
            ],
            "request_routing_rule": [
              {
                "backend_address_pool_id": "",
                "backend_address_pool_name": "",
                "backend_http_settings_id": "",
                "backend_http_settings_name": "",
                "http_listener_id": "/subscriptions/38977b70-47bf-4da5-a492-88712fce8725/resourceGroups/rg-aca-dns-24/providers/Microsoft.Network/applicationGateways/appgateway/httpListeners/listener-http-app01",
                "http_listener_name": "listener-http-app01",
                "id": "/subscriptions/38977b70-47bf-4da5-a492-88712fce8725/resourceGroups/rg-aca-dns-24/providers/Microsoft.Network/applicationGateways/appgateway/requestRoutingRules/request-routing-rule-http-app01",
                "name": "request-routing-rule-http-app01",
                "priority": 100,
                "redirect_configuration_id": "/subscriptions/38977b70-47bf-4da5-a492-88712fce8725/resourceGroups/rg-aca-dns-24/providers/Microsoft.Network/applicationGateways/appgateway/redirectConfigurations/redirect-configuration-app01",
                "redirect_configuration_name": "redirect-configuration-app01",
                "rewrite_rule_set_id": "",
                "rewrite_rule_set_name": "",
                "rule_type": "Basic",
                "url_path_map_id": "",
                "url_path_map_name": ""
              },
              {
                "backend_address_pool_id": "",
                "backend_address_pool_name": "",
                "backend_http_settings_id": "",
                "backend_http_settings_name": "",
                "http_listener_id": "/subscriptions/38977b70-47bf-4da5-a492-88712fce8725/resourceGroups/rg-aca-dns-24/providers/Microsoft.Network/applicationGateways/appgateway/httpListeners/listener-http-app02",
                "http_listener_name": "listener-http-app02",
                "id": "/subscriptions/38977b70-47bf-4da5-a492-88712fce8725/resourceGroups/rg-aca-dns-24/providers/Microsoft.Network/applicationGateways/appgateway/requestRoutingRules/request-routing-rule-http-app02",
                "name": "request-routing-rule-http-app02",
                "priority": 200,
                "redirect_configuration_id": "/subscriptions/38977b70-47bf-4da5-a492-88712fce8725/resourceGroups/rg-aca-dns-24/providers/Microsoft.Network/applicationGateways/appgateway/redirectConfigurations/redirect-configuration-app02",
                "redirect_configuration_name": "redirect-configuration-app02",
                "rewrite_rule_set_id": "",
                "rewrite_rule_set_name": "",
                "rule_type": "Basic",
                "url_path_map_id": "",
                "url_path_map_name": ""
              },
              {
                "backend_address_pool_id": "",
                "backend_address_pool_name": "",
                "backend_http_settings_id": "",
                "backend_http_settings_name": "",
                "http_listener_id": "/subscriptions/38977b70-47bf-4da5-a492-88712fce8725/resourceGroups/rg-aca-dns-24/providers/Microsoft.Network/applicationGateways/appgateway/httpListeners/listener-http-app03",
                "http_listener_name": "listener-http-app03",
                "id": "/subscriptions/38977b70-47bf-4da5-a492-88712fce8725/resourceGroups/rg-aca-dns-24/providers/Microsoft.Network/applicationGateways/appgateway/requestRoutingRules/request-routing-rule-http-app03",
                "name": "request-routing-rule-http-app03",
                "priority": 300,
                "redirect_configuration_id": "/subscriptions/38977b70-47bf-4da5-a492-88712fce8725/resourceGroups/rg-aca-dns-24/providers/Microsoft.Network/applicationGateways/appgateway/redirectConfigurations/redirect-configuration-app03",
                "redirect_configuration_name": "redirect-configuration-app03",
                "rewrite_rule_set_id": "",
                "rewrite_rule_set_name": "",
                "rule_type": "Basic",
                "url_path_map_id": "",
                "url_path_map_name": ""
              },
              {
                "backend_address_pool_id": "",
                "backend_address_pool_name": "",
                "backend_http_settings_id": "",
                "backend_http_settings_name": "",
                "http_listener_id": "/subscriptions/38977b70-47bf-4da5-a492-88712fce8725/resourceGroups/rg-aca-dns-24/providers/Microsoft.Network/applicationGateways/appgateway/httpListeners/listener-http-app04",
                "http_listener_name": "listener-http-app04",
                "id": "/subscriptions/38977b70-47bf-4da5-a492-88712fce8725/resourceGroups/rg-aca-dns-24/providers/Microsoft.Network/applicationGateways/appgateway/requestRoutingRules/request-routing-rule-http-app04",
                "name": "request-routing-rule-http-app04",
                "priority": 400,
                "redirect_configuration_id": "/subscriptions/38977b70-47bf-4da5-a492-88712fce8725/resourceGroups/rg-aca-dns-24/providers/Microsoft.Network/applicationGateways/appgateway/redirectConfigurations/redirect-configuration-app04",
                "redirect_configuration_name": "redirect-configuration-app04",
                "rewrite_rule_set_id": "",
                "rewrite_rule_set_name": "",
                "rule_type": "Basic",
                "url_path_map_id": "",
                "url_path_map_name": ""
              },
              {
                "backend_address_pool_id": "",
                "backend_address_pool_name": "",
                "backend_http_settings_id": "",
                "backend_http_settings_name": "",
                "http_listener_id": "/subscriptions/38977b70-47bf-4da5-a492-88712fce8725/resourceGroups/rg-aca-dns-24/providers/Microsoft.Network/applicationGateways/appgateway/httpListeners/listener-http-app05",
                "http_listener_name": "listener-http-app05",
                "id": "/subscriptions/38977b70-47bf-4da5-a492-88712fce8725/resourceGroups/rg-aca-dns-24/providers/Microsoft.Network/applicationGateways/appgateway/requestRoutingRules/request-routing-rule-http-app05",
                "name": "request-routing-rule-http-app05",
                "priority": 500,
                "redirect_configuration_id": "/subscriptions/38977b70-47bf-4da5-a492-88712fce8725/resourceGroups/rg-aca-dns-24/providers/Microsoft.Network/applicationGateways/appgateway/redirectConfigurations/redirect-configuration-app05",
                "redirect_configuration_name": "redirect-configuration-app05",
                "rewrite_rule_set_id": "",
                "rewrite_rule_set_name": "",
                "rule_type": "Basic",
                "url_path_map_id": "",
                "url_path_map_name": ""
              },
              {
                "backend_address_pool_id": "",
                "backend_address_pool_name": "",
                "backend_http_settings_id": "",
                "backend_http_settings_name": "",
                "http_listener_id": "/subscriptions/38977b70-47bf-4da5-a492-88712fce8725/resourceGroups/rg-aca-dns-24/providers/Microsoft.Network/applicationGateways/appgateway/httpListeners/listener-http-app06",
                "http_listener_name": "listener-http-app06",
                "id": "/subscriptions/38977b70-47bf-4da5-a492-88712fce8725/resourceGroups/rg-aca-dns-24/providers/Microsoft.Network/applicationGateways/appgateway/requestRoutingRules/request-routing-rule-http-app06",
                "name": "request-routing-rule-http-app06",
                "priority": 600,
                "redirect_configuration_id": "/subscriptions/38977b70-47bf-4da5-a492-88712fce8725/resourceGroups/rg-aca-dns-24/providers/Microsoft.Network/applicationGateways/appgateway/redirectConfigurations/redirect-configuration-app06",
                "redirect_configuration_name": "redirect-configuration-app06",
                "rewrite_rule_set_id": "",
                "rewrite_rule_set_name": "",
                "rule_type": "Basic",
                "url_path_map_id": "",
                "url_path_map_name": ""
              },
              {
                "backend_address_pool_id": "/subscriptions/38977b70-47bf-4da5-a492-88712fce8725/resourceGroups/rg-aca-dns-24/providers/Microsoft.Network/applicationGateways/appgateway/backendAddressPools/backend-address-pool-app01",
                "backend_address_pool_name": "backend-address-pool-app01",
                "backend_http_settings_id": "/subscriptions/38977b70-47bf-4da5-a492-88712fce8725/resourceGroups/rg-aca-dns-24/providers/Microsoft.Network/applicationGateways/appgateway/backendHttpSettingsCollection/backend-http-settings-https",
                "backend_http_settings_name": "backend-http-settings-https",
                "http_listener_id": "/subscriptions/38977b70-47bf-4da5-a492-88712fce8725/resourceGroups/rg-aca-dns-24/providers/Microsoft.Network/applicationGateways/appgateway/httpListeners/listener-https-app01",
                "http_listener_name": "listener-https-app01",
                "id": "/subscriptions/38977b70-47bf-4da5-a492-88712fce8725/resourceGroups/rg-aca-dns-24/providers/Microsoft.Network/applicationGateways/appgateway/requestRoutingRules/request-routing-rule-https-app01",
                "name": "request-routing-rule-https-app01",
                "priority": 101,
                "redirect_configuration_id": "",
                "redirect_configuration_name": "",
                "rewrite_rule_set_id": "",
                "rewrite_rule_set_name": "",
                "rule_type": "Basic",
                "url_path_map_id": "",
                "url_path_map_name": ""
              },
              {
                "backend_address_pool_id": "/subscriptions/38977b70-47bf-4da5-a492-88712fce8725/resourceGroups/rg-aca-dns-24/providers/Microsoft.Network/applicationGateways/appgateway/backendAddressPools/backend-address-pool-app02",
                "backend_address_pool_name": "backend-address-pool-app02",
                "backend_http_settings_id": "/subscriptions/38977b70-47bf-4da5-a492-88712fce8725/resourceGroups/rg-aca-dns-24/providers/Microsoft.Network/applicationGateways/appgateway/backendHttpSettingsCollection/backend-http-settings-https",
                "backend_http_settings_name": "backend-http-settings-https",
                "http_listener_id": "/subscriptions/38977b70-47bf-4da5-a492-88712fce8725/resourceGroups/rg-aca-dns-24/providers/Microsoft.Network/applicationGateways/appgateway/httpListeners/listener-https-app02",
                "http_listener_name": "listener-https-app02",
                "id": "/subscriptions/38977b70-47bf-4da5-a492-88712fce8725/resourceGroups/rg-aca-dns-24/providers/Microsoft.Network/applicationGateways/appgateway/requestRoutingRules/request-routing-rule-https-app02",
                "name": "request-routing-rule-https-app02",
                "priority": 201,
                "redirect_configuration_id": "",
                "redirect_configuration_name": "",
                "rewrite_rule_set_id": "",
                "rewrite_rule_set_name": "",
                "rule_type": "Basic",
                "url_path_map_id": "",
                "url_path_map_name": ""
              },
              {
                "backend_address_pool_id": "/subscriptions/38977b70-47bf-4da5-a492-88712fce8725/resourceGroups/rg-aca-dns-24/providers/Microsoft.Network/applicationGateways/appgateway/backendAddressPools/backend-address-pool-app03",
                "backend_address_pool_name": "backend-address-pool-app03",
                "backend_http_settings_id": "/subscriptions/38977b70-47bf-4da5-a492-88712fce8725/resourceGroups/rg-aca-dns-24/providers/Microsoft.Network/applicationGateways/appgateway/backendHttpSettingsCollection/backend-http-settings-https",
                "backend_http_settings_name": "backend-http-settings-https",
                "http_listener_id": "/subscriptions/38977b70-47bf-4da5-a492-88712fce8725/resourceGroups/rg-aca-dns-24/providers/Microsoft.Network/applicationGateways/appgateway/httpListeners/listener-https-app03",
                "http_listener_name": "listener-https-app03",
                "id": "/subscriptions/38977b70-47bf-4da5-a492-88712fce8725/resourceGroups/rg-aca-dns-24/providers/Microsoft.Network/applicationGateways/appgateway/requestRoutingRules/request-routing-rule-https-app03",
                "name": "request-routing-rule-https-app03",
                "priority": 301,
                "redirect_configuration_id": "",
                "redirect_configuration_name": "",
                "rewrite_rule_set_id": "",
                "rewrite_rule_set_name": "",
                "rule_type": "Basic",
                "url_path_map_id": "",
                "url_path_map_name": ""
              },
              {
                "backend_address_pool_id": "/subscriptions/38977b70-47bf-4da5-a492-88712fce8725/resourceGroups/rg-aca-dns-24/providers/Microsoft.Network/applicationGateways/appgateway/backendAddressPools/backend-address-pool-app04",
                "backend_address_pool_name": "backend-address-pool-app04",
                "backend_http_settings_id": "/subscriptions/38977b70-47bf-4da5-a492-88712fce8725/resourceGroups/rg-aca-dns-24/providers/Microsoft.Network/applicationGateways/appgateway/backendHttpSettingsCollection/backend-http-settings-https",
                "backend_http_settings_name": "backend-http-settings-https",
                "http_listener_id": "/subscriptions/38977b70-47bf-4da5-a492-88712fce8725/resourceGroups/rg-aca-dns-24/providers/Microsoft.Network/applicationGateways/appgateway/httpListeners/listener-https-app04",
                "http_listener_name": "listener-https-app04",
                "id": "/subscriptions/38977b70-47bf-4da5-a492-88712fce8725/resourceGroups/rg-aca-dns-24/providers/Microsoft.Network/applicationGateways/appgateway/requestRoutingRules/request-routing-rule-https-app04",
                "name": "request-routing-rule-https-app04",
                "priority": 401,
                "redirect_configuration_id": "",
                "redirect_configuration_name": "",
                "rewrite_rule_set_id": "",
                "rewrite_rule_set_name": "",
                "rule_type": "Basic",
                "url_path_map_id": "",
                "url_path_map_name": ""
              },
              {
                "backend_address_pool_id": "/subscriptions/38977b70-47bf-4da5-a492-88712fce8725/resourceGroups/rg-aca-dns-24/providers/Microsoft.Network/applicationGateways/appgateway/backendAddressPools/backend-address-pool-app05",
                "backend_address_pool_name": "backend-address-pool-app05",
                "backend_http_settings_id": "/subscriptions/38977b70-47bf-4da5-a492-88712fce8725/resourceGroups/rg-aca-dns-24/providers/Microsoft.Network/applicationGateways/appgateway/backendHttpSettingsCollection/backend-http-settings-https",
                "backend_http_settings_name": "backend-http-settings-https",
                "http_listener_id": "/subscriptions/38977b70-47bf-4da5-a492-88712fce8725/resourceGroups/rg-aca-dns-24/providers/Microsoft.Network/applicationGateways/appgateway/httpListeners/listener-https-app05",
                "http_listener_name": "listener-https-app05",
                "id": "/subscriptions/38977b70-47bf-4da5-a492-88712fce8725/resourceGroups/rg-aca-dns-24/providers/Microsoft.Network/applicationGateways/appgateway/requestRoutingRules/request-routing-rule-https-app05",
                "name": "request-routing-rule-https-app05",
                "priority": 501,
                "redirect_configuration_id": "",
                "redirect_configuration_name": "",
                "rewrite_rule_set_id": "",
                "rewrite_rule_set_name": "",
                "rule_type": "Basic",
                "url_path_map_id": "",
                "url_path_map_name": ""
              },
              {
                "backend_address_pool_id": "/subscriptions/38977b70-47bf-4da5-a492-88712fce8725/resourceGroups/rg-aca-dns-24/providers/Microsoft.Network/applicationGateways/appgateway/backendAddressPools/backend-address-pool-app06",
                "backend_address_pool_name": "backend-address-pool-app06",
                "backend_http_settings_id": "/subscriptions/38977b70-47bf-4da5-a492-88712fce8725/resourceGroups/rg-aca-dns-24/providers/Microsoft.Network/applicationGateways/appgateway/backendHttpSettingsCollection/backend-http-settings-https",
                "backend_http_settings_name": "backend-http-settings-https",
                "http_listener_id": "/subscriptions/38977b70-47bf-4da5-a492-88712fce8725/resourceGroups/rg-aca-dns-24/providers/Microsoft.Network/applicationGateways/appgateway/httpListeners/listener-https-app06",
                "http_listener_name": "listener-https-app06",
                "id": "/subscriptions/38977b70-47bf-4da5-a492-88712fce8725/resourceGroups/rg-aca-dns-24/providers/Microsoft.Network/applicationGateways/appgateway/requestRoutingRules/request-routing-rule-https-app06",
                "name": "request-routing-rule-https-app06",
                "priority": 601,
                "redirect_configuration_id": "",
                "redirect_configuration_name": "",
                "rewrite_rule_set_id": "",
                "rewrite_rule_set_name": "",
                "rule_type": "Basic",
                "url_path_map_id": "",
                "url_path_map_name": ""
              }
            ],
            "resource_group_name": "rg-aca-dns-24",
            "rewrite_rule_set": [],
            "sku": [
              {
                "capacity": 1,
                "name": "Standard_v2",
                "tier": "Standard_v2"
              }
            ],
            "ssl_certificate": [
              {
                "data": "",
                "id": "/subscriptions/38977b70-47bf-4da5-a492-88712fce8725/resourceGroups/rg-aca-dns-24/providers/Microsoft.Network/applicationGateways/appgateway/sslCertificates/app01-apps-internal",
                "key_vault_secret_id": "https://kv-appgw-6kbux.vault.azure.net/secrets/app01-apps-internal/55aa64c08ce14a0ca585d61a98dda378",
                "name": "app01-apps-internal",
                "password": "",
                "public_cert_data": ""
              },
              {
                "data": "",
                "id": "/subscriptions/38977b70-47bf-4da5-a492-88712fce8725/resourceGroups/rg-aca-dns-24/providers/Microsoft.Network/applicationGateways/appgateway/sslCertificates/app02-apps-internal",
                "key_vault_secret_id": "https://kv-appgw-6kbux.vault.azure.net/secrets/app02-apps-internal/be43c879c46145c2b3b1db3b5222e133",
                "name": "app02-apps-internal",
                "password": "",
                "public_cert_data": ""
              },
              {
                "data": "",
                "id": "/subscriptions/38977b70-47bf-4da5-a492-88712fce8725/resourceGroups/rg-aca-dns-24/providers/Microsoft.Network/applicationGateways/appgateway/sslCertificates/app03-apps-internal",
                "key_vault_secret_id": "https://kv-appgw-6kbux.vault.azure.net/secrets/app03-apps-internal/93149ef578ab412083b11bdbc2d7969c",
                "name": "app03-apps-internal",
                "password": "",
                "public_cert_data": ""
              },
              {
                "data": "",
                "id": "/subscriptions/38977b70-47bf-4da5-a492-88712fce8725/resourceGroups/rg-aca-dns-24/providers/Microsoft.Network/applicationGateways/appgateway/sslCertificates/app04-apps-internal",
                "key_vault_secret_id": "https://kv-appgw-6kbux.vault.azure.net/secrets/app04-apps-internal/aa050618caf240f592f9045297d902cb",
                "name": "app04-apps-internal",
                "password": "",
                "public_cert_data": ""
              },
              {
                "data": "",
                "id": "/subscriptions/38977b70-47bf-4da5-a492-88712fce8725/resourceGroups/rg-aca-dns-24/providers/Microsoft.Network/applicationGateways/appgateway/sslCertificates/app05-apps-internal",
                "key_vault_secret_id": "https://kv-appgw-6kbux.vault.azure.net/secrets/app05-apps-internal/5c2aa35903f64814859fd7a18e364112",
                "name": "app05-apps-internal",
                "password": "",
                "public_cert_data": ""
              },
              {
                "data": "",
                "id": "/subscriptions/38977b70-47bf-4da5-a492-88712fce8725/resourceGroups/rg-aca-dns-24/providers/Microsoft.Network/applicationGateways/appgateway/sslCertificates/app06-apps-internal",
                "key_vault_secret_id": "https://kv-appgw-6kbux.vault.azure.net/secrets/app06-apps-internal/b52382b6b7a24d93bb768e01d69ea786",
                "name": "app06-apps-internal",
                "password": "",
                "public_cert_data": ""
              }
            ],
            "ssl_policy": [
              {
                "cipher_suites": [],
                "disabled_protocols": [],
                "min_protocol_version": "",
                "policy_name": "AppGwSslPolicy20150501",
                "policy_type": "Predefined"
              }
            ],
            "ssl_profile": [],
            "tags": {},
            "timeouts": null,
            "trusted_client_certificate": [],
            "trusted_root_certificate": [],
            "url_path_map": [],
            "waf_configuration": [],
            "zones": []
          },
          "sensitive_attributes": [
            [
              {
                "type": "get_attr",
                "value": "ssl_certificate"
              }
            ]
          ],
          "private": "eyJlMmJmYjczMC1lY2FhLTExZTYtOGY4OC0zNDM2M2JjN2M0YzAiOnsiY3JlYXRlIjo1NDAwMDAwMDAwMDAwLCJkZWxldGUiOjU0MDAwMDAwMDAwMDAsInJlYWQiOjMwMDAwMDAwMDAwMCwidXBkYXRlIjo1NDAwMDAwMDAwMDAwfX0=",
          "dependencies": [
            "azurerm_container_app.app",
            "azurerm_container_app_environment.env",
            "azurerm_key_vault.keyvault",
            "azurerm_key_vault_certificate.cert",
            "azurerm_resource_group.rg",
            "azurerm_role_assignment.role-certificates-officer",
            "azurerm_subnet.snet-aca",
            "azurerm_subnet.snet-appgw",
            "azurerm_user_assigned_identity.identity-appgw",
            "azurerm_virtual_network.vnet",
            "data.azurerm_client_config.current",
            "random_string.random"
          ]
        }
      ]
    },
    {
      "mode": "managed",
      "type": "azurerm_bastion_host",
      "name": "bastion",
      "provider": "provider[\"registry.terraform.io/hashicorp/azurerm\"]",
      "instances": [
        {
          "schema_version": 0,
          "attributes": {
            "copy_paste_enabled": true,
            "dns_name": "bst-205f270e-d65b-4250-89c4-45a37612a7e0.bastion.azure.com",
            "file_copy_enabled": false,
            "id": "/subscriptions/38977b70-47bf-4da5-a492-88712fce8725/resourceGroups/rg-aca-dns-24/providers/Microsoft.Network/bastionHosts/bastion",
            "ip_configuration": [
              {
                "name": "configuration",
                "public_ip_address_id": "/subscriptions/38977b70-47bf-4da5-a492-88712fce8725/resourceGroups/rg-aca-dns-24/providers/Microsoft.Network/publicIPAddresses/pip-bastion",
                "subnet_id": "/subscriptions/38977b70-47bf-4da5-a492-88712fce8725/resourceGroups/rg-aca-dns-24/providers/Microsoft.Network/virtualNetworks/vnet-internal/subnets/AzureBastionSubnet"
              }
            ],
            "ip_connect_enabled": false,
            "location": "swedencentral",
            "name": "bastion",
            "resource_group_name": "rg-aca-dns-24",
            "scale_units": 2,
            "shareable_link_enabled": false,
            "sku": "Basic",
            "tags": {},
            "timeouts": null,
            "tunneling_enabled": false
          },
          "sensitive_attributes": [],
          "private": "eyJlMmJmYjczMC1lY2FhLTExZTYtOGY4OC0zNDM2M2JjN2M0YzAiOnsiY3JlYXRlIjoxODAwMDAwMDAwMDAwLCJkZWxldGUiOjE4MDAwMDAwMDAwMDAsInJlYWQiOjMwMDAwMDAwMDAwMCwidXBkYXRlIjoxODAwMDAwMDAwMDAwfX0=",
          "dependencies": [
            "azurerm_public_ip.pip-bastion",
            "azurerm_resource_group.rg",
            "azurerm_subnet.snet-bastion",
            "azurerm_virtual_network.vnet"
          ]
        }
      ]
    },
    {
      "mode": "managed",
      "type": "azurerm_container_app",
      "name": "app",
      "provider": "provider[\"registry.terraform.io/hashicorp/azurerm\"]",
      "instances": [
        {
          "index_key": "app01",
          "schema_version": 0,
          "attributes": {
            "container_app_environment_id": "/subscriptions/38977b70-47bf-4da5-a492-88712fce8725/resourceGroups/rg-aca-dns-24/providers/Microsoft.App/managedEnvironments/aca-env-app01",
            "custom_domain_verification_id": "2AE36349F34CF07C26682CAB69940DF26614B5B61797CA2B82A7EC6564045909",
            "dapr": [],
            "id": "/subscriptions/38977b70-47bf-4da5-a492-88712fce8725/resourceGroups/rg-aca-dns-24/providers/Microsoft.App/containerApps/inspector-gadget-app01",
            "identity": [],
            "ingress": [
              {
                "allow_insecure_connections": false,
                "custom_domain": [],
                "exposed_port": 0,
                "external_enabled": true,
                "fqdn": "inspector-gadget-app01.graysmoke-c356a71f.swedencentral.azurecontainerapps.io",
                "ip_security_restriction": [],
                "target_port": 80,
                "traffic_weight": [
                  {
                    "label": "",
                    "latest_revision": true,
                    "percentage": 100,
                    "revision_suffix": ""
                  }
                ],
                "transport": "auto"
              }
            ],
            "latest_revision_fqdn": "inspector-gadget-app01--32p2ych.graysmoke-c356a71f.swedencentral.azurecontainerapps.io",
            "latest_revision_name": "inspector-gadget-app01--32p2ych",
            "location": "swedencentral",
            "name": "inspector-gadget-app01",
            "outbound_ip_addresses": [],
            "registry": [],
            "resource_group_name": "rg-aca-dns-24",
            "revision_mode": "Single",
            "secret": [],
            "tags": {},
            "template": [
              {
                "azure_queue_scale_rule": [],
                "container": [
                  {
                    "args": [],
                    "command": [],
                    "cpu": 0.25,
                    "env": [],
                    "ephemeral_storage": "1Gi",
                    "image": "jelledruyts/inspectorgadget",
                    "liveness_probe": [],
                    "memory": "0.5Gi",
                    "name": "inspector-gadget",
                    "readiness_probe": [],
                    "startup_probe": [],
                    "volume_mounts": []
                  }
                ],
                "custom_scale_rule": [],
                "http_scale_rule": [],
                "init_container": [],
                "max_replicas": 3,
                "min_replicas": 1,
                "revision_suffix": "",
                "tcp_scale_rule": [],
                "volume": []
              }
            ],
            "timeouts": null,
            "workload_profile_name": "profile-D4"
          },
          "sensitive_attributes": [
            [
              {
                "type": "get_attr",
                "value": "custom_domain_verification_id"
              }
            ]
          ],
          "private": "eyJlMmJmYjczMC1lY2FhLTExZTYtOGY4OC0zNDM2M2JjN2M0YzAiOnsiY3JlYXRlIjoxODAwMDAwMDAwMDAwLCJkZWxldGUiOjE4MDAwMDAwMDAwMDAsInJlYWQiOjMwMDAwMDAwMDAwMCwidXBkYXRlIjoxODAwMDAwMDAwMDAwfX0=",
          "dependencies": [
            "azurerm_container_app_environment.env",
            "azurerm_resource_group.rg",
            "azurerm_subnet.snet-aca",
            "azurerm_virtual_network.vnet"
          ]
        },
        {
          "index_key": "app02",
          "schema_version": 0,
          "attributes": {
            "container_app_environment_id": "/subscriptions/38977b70-47bf-4da5-a492-88712fce8725/resourceGroups/rg-aca-dns-24/providers/Microsoft.App/managedEnvironments/aca-env-app02",
            "custom_domain_verification_id": "2AE36349F34CF07C26682CAB69940DF26614B5B61797CA2B82A7EC6564045909",
            "dapr": [],
            "id": "/subscriptions/38977b70-47bf-4da5-a492-88712fce8725/resourceGroups/rg-aca-dns-24/providers/Microsoft.App/containerApps/inspector-gadget-app02",
            "identity": [],
            "ingress": [
              {
                "allow_insecure_connections": false,
                "custom_domain": [],
                "exposed_port": 0,
                "external_enabled": true,
                "fqdn": "inspector-gadget-app02.bravecliff-57e3fb6c.swedencentral.azurecontainerapps.io",
                "ip_security_restriction": [],
                "target_port": 80,
                "traffic_weight": [
                  {
                    "label": "",
                    "latest_revision": true,
                    "percentage": 100,
                    "revision_suffix": ""
                  }
                ],
                "transport": "auto"
              }
            ],
            "latest_revision_fqdn": "inspector-gadget-app02--xwnhny2.bravecliff-57e3fb6c.swedencentral.azurecontainerapps.io",
            "latest_revision_name": "inspector-gadget-app02--xwnhny2",
            "location": "swedencentral",
            "name": "inspector-gadget-app02",
            "outbound_ip_addresses": [],
            "registry": [],
            "resource_group_name": "rg-aca-dns-24",
            "revision_mode": "Single",
            "secret": [],
            "tags": {},
            "template": [
              {
                "azure_queue_scale_rule": [],
                "container": [
                  {
                    "args": [],
                    "command": [],
                    "cpu": 0.25,
                    "env": [],
                    "ephemeral_storage": "1Gi",
                    "image": "jelledruyts/inspectorgadget",
                    "liveness_probe": [],
                    "memory": "0.5Gi",
                    "name": "inspector-gadget",
                    "readiness_probe": [],
                    "startup_probe": [],
                    "volume_mounts": []
                  }
                ],
                "custom_scale_rule": [],
                "http_scale_rule": [],
                "init_container": [],
                "max_replicas": 3,
                "min_replicas": 1,
                "revision_suffix": "",
                "tcp_scale_rule": [],
                "volume": []
              }
            ],
            "timeouts": null,
            "workload_profile_name": "profile-D4"
          },
          "sensitive_attributes": [
            [
              {
                "type": "get_attr",
                "value": "custom_domain_verification_id"
              }
            ]
          ],
          "private": "eyJlMmJmYjczMC1lY2FhLTExZTYtOGY4OC0zNDM2M2JjN2M0YzAiOnsiY3JlYXRlIjoxODAwMDAwMDAwMDAwLCJkZWxldGUiOjE4MDAwMDAwMDAwMDAsInJlYWQiOjMwMDAwMDAwMDAwMCwidXBkYXRlIjoxODAwMDAwMDAwMDAwfX0=",
          "dependencies": [
            "azurerm_container_app_environment.env",
            "azurerm_resource_group.rg",
            "azurerm_subnet.snet-aca",
            "azurerm_virtual_network.vnet"
          ]
        },
        {
          "index_key": "app03",
          "schema_version": 0,
          "attributes": {
            "container_app_environment_id": "/subscriptions/38977b70-47bf-4da5-a492-88712fce8725/resourceGroups/rg-aca-dns-24/providers/Microsoft.App/managedEnvironments/aca-env-app03",
            "custom_domain_verification_id": "2AE36349F34CF07C26682CAB69940DF26614B5B61797CA2B82A7EC6564045909",
            "dapr": [],
            "id": "/subscriptions/38977b70-47bf-4da5-a492-88712fce8725/resourceGroups/rg-aca-dns-24/providers/Microsoft.App/containerApps/inspector-gadget-app03",
            "identity": [],
            "ingress": [
              {
                "allow_insecure_connections": false,
                "custom_domain": [],
                "exposed_port": 0,
                "external_enabled": true,
                "fqdn": "inspector-gadget-app03.icycoast-53176cd9.swedencentral.azurecontainerapps.io",
                "ip_security_restriction": [],
                "target_port": 80,
                "traffic_weight": [
                  {
                    "label": "",
                    "latest_revision": true,
                    "percentage": 100,
                    "revision_suffix": ""
                  }
                ],
                "transport": "auto"
              }
            ],
            "latest_revision_fqdn": "inspector-gadget-app03--f2fn91l.icycoast-53176cd9.swedencentral.azurecontainerapps.io",
            "latest_revision_name": "inspector-gadget-app03--f2fn91l",
            "location": "swedencentral",
            "name": "inspector-gadget-app03",
            "outbound_ip_addresses": [],
            "registry": [],
            "resource_group_name": "rg-aca-dns-24",
            "revision_mode": "Single",
            "secret": [],
            "tags": {},
            "template": [
              {
                "azure_queue_scale_rule": [],
                "container": [
                  {
                    "args": [],
                    "command": [],
                    "cpu": 0.25,
                    "env": [],
                    "ephemeral_storage": "1Gi",
                    "image": "jelledruyts/inspectorgadget",
                    "liveness_probe": [],
                    "memory": "0.5Gi",
                    "name": "inspector-gadget",
                    "readiness_probe": [],
                    "startup_probe": [],
                    "volume_mounts": []
                  }
                ],
                "custom_scale_rule": [],
                "http_scale_rule": [],
                "init_container": [],
                "max_replicas": 3,
                "min_replicas": 1,
                "revision_suffix": "",
                "tcp_scale_rule": [],
                "volume": []
              }
            ],
            "timeouts": null,
            "workload_profile_name": "profile-D4"
          },
          "sensitive_attributes": [
            [
              {
                "type": "get_attr",
                "value": "custom_domain_verification_id"
              }
            ]
          ],
          "private": "eyJlMmJmYjczMC1lY2FhLTExZTYtOGY4OC0zNDM2M2JjN2M0YzAiOnsiY3JlYXRlIjoxODAwMDAwMDAwMDAwLCJkZWxldGUiOjE4MDAwMDAwMDAwMDAsInJlYWQiOjMwMDAwMDAwMDAwMCwidXBkYXRlIjoxODAwMDAwMDAwMDAwfX0=",
          "dependencies": [
            "azurerm_container_app_environment.env",
            "azurerm_resource_group.rg",
            "azurerm_subnet.snet-aca",
            "azurerm_virtual_network.vnet"
          ]
        },
        {
          "index_key": "app04",
          "schema_version": 0,
          "attributes": {
            "container_app_environment_id": "/subscriptions/38977b70-47bf-4da5-a492-88712fce8725/resourceGroups/rg-aca-dns-24/providers/Microsoft.App/managedEnvironments/aca-env-app04",
            "custom_domain_verification_id": "2AE36349F34CF07C26682CAB69940DF26614B5B61797CA2B82A7EC6564045909",
            "dapr": [],
            "id": "/subscriptions/38977b70-47bf-4da5-a492-88712fce8725/resourceGroups/rg-aca-dns-24/providers/Microsoft.App/containerApps/inspector-gadget-app04",
            "identity": [],
            "ingress": [
              {
                "allow_insecure_connections": false,
                "custom_domain": [],
                "exposed_port": 0,
                "external_enabled": true,
                "fqdn": "inspector-gadget-app04.delightfuldesert-b616ad62.swedencentral.azurecontainerapps.io",
                "ip_security_restriction": [],
                "target_port": 80,
                "traffic_weight": [
                  {
                    "label": "",
                    "latest_revision": true,
                    "percentage": 100,
                    "revision_suffix": ""
                  }
                ],
                "transport": "auto"
              }
            ],
            "latest_revision_fqdn": "inspector-gadget-app04--ciufdv0.delightfuldesert-b616ad62.swedencentral.azurecontainerapps.io",
            "latest_revision_name": "inspector-gadget-app04--ciufdv0",
            "location": "swedencentral",
            "name": "inspector-gadget-app04",
            "outbound_ip_addresses": [],
            "registry": [],
            "resource_group_name": "rg-aca-dns-24",
            "revision_mode": "Single",
            "secret": [],
            "tags": null,
            "template": [
              {
                "azure_queue_scale_rule": [],
                "container": [
                  {
                    "args": null,
                    "command": null,
                    "cpu": 0.25,
                    "env": [],
                    "ephemeral_storage": "1Gi",
                    "image": "jelledruyts/inspectorgadget",
                    "liveness_probe": [],
                    "memory": "0.5Gi",
                    "name": "inspector-gadget",
                    "readiness_probe": [],
                    "startup_probe": [],
                    "volume_mounts": []
                  }
                ],
                "custom_scale_rule": [],
                "http_scale_rule": [],
                "init_container": [],
                "max_replicas": 3,
                "min_replicas": 1,
                "revision_suffix": "",
                "tcp_scale_rule": [],
                "volume": []
              }
            ],
            "timeouts": null,
            "workload_profile_name": "profile-D4"
          },
          "sensitive_attributes": [
            [
              {
                "type": "get_attr",
                "value": "custom_domain_verification_id"
              }
            ]
          ],
          "private": "eyJlMmJmYjczMC1lY2FhLTExZTYtOGY4OC0zNDM2M2JjN2M0YzAiOnsiY3JlYXRlIjoxODAwMDAwMDAwMDAwLCJkZWxldGUiOjE4MDAwMDAwMDAwMDAsInJlYWQiOjMwMDAwMDAwMDAwMCwidXBkYXRlIjoxODAwMDAwMDAwMDAwfX0=",
          "dependencies": [
            "azurerm_container_app_environment.env",
            "azurerm_resource_group.rg",
            "azurerm_subnet.snet-aca",
            "azurerm_virtual_network.vnet"
          ]
        },
        {
          "index_key": "app05",
          "schema_version": 0,
          "attributes": {
            "container_app_environment_id": "/subscriptions/38977b70-47bf-4da5-a492-88712fce8725/resourceGroups/rg-aca-dns-24/providers/Microsoft.App/managedEnvironments/aca-env-app05",
            "custom_domain_verification_id": "2AE36349F34CF07C26682CAB69940DF26614B5B61797CA2B82A7EC6564045909",
            "dapr": [],
            "id": "/subscriptions/38977b70-47bf-4da5-a492-88712fce8725/resourceGroups/rg-aca-dns-24/providers/Microsoft.App/containerApps/inspector-gadget-app05",
            "identity": [],
            "ingress": [
              {
                "allow_insecure_connections": false,
                "custom_domain": [],
                "exposed_port": 0,
                "external_enabled": true,
                "fqdn": "inspector-gadget-app05.delightfulhill-7180b3e7.swedencentral.azurecontainerapps.io",
                "ip_security_restriction": [],
                "target_port": 80,
                "traffic_weight": [
                  {
                    "label": "",
                    "latest_revision": true,
                    "percentage": 100,
                    "revision_suffix": ""
                  }
                ],
                "transport": "auto"
              }
            ],
            "latest_revision_fqdn": "inspector-gadget-app05--lq92osk.delightfulhill-7180b3e7.swedencentral.azurecontainerapps.io",
            "latest_revision_name": "inspector-gadget-app05--lq92osk",
            "location": "swedencentral",
            "name": "inspector-gadget-app05",
            "outbound_ip_addresses": [],
            "registry": [],
            "resource_group_name": "rg-aca-dns-24",
            "revision_mode": "Single",
            "secret": [],
            "tags": null,
            "template": [
              {
                "azure_queue_scale_rule": [],
                "container": [
                  {
                    "args": null,
                    "command": null,
                    "cpu": 0.25,
                    "env": [],
                    "ephemeral_storage": "1Gi",
                    "image": "jelledruyts/inspectorgadget",
                    "liveness_probe": [],
                    "memory": "0.5Gi",
                    "name": "inspector-gadget",
                    "readiness_probe": [],
                    "startup_probe": [],
                    "volume_mounts": []
                  }
                ],
                "custom_scale_rule": [],
                "http_scale_rule": [],
                "init_container": [],
                "max_replicas": 3,
                "min_replicas": 1,
                "revision_suffix": "",
                "tcp_scale_rule": [],
                "volume": []
              }
            ],
            "timeouts": null,
            "workload_profile_name": "profile-D4"
          },
          "sensitive_attributes": [
            [
              {
                "type": "get_attr",
                "value": "custom_domain_verification_id"
              }
            ]
          ],
          "private": "eyJlMmJmYjczMC1lY2FhLTExZTYtOGY4OC0zNDM2M2JjN2M0YzAiOnsiY3JlYXRlIjoxODAwMDAwMDAwMDAwLCJkZWxldGUiOjE4MDAwMDAwMDAwMDAsInJlYWQiOjMwMDAwMDAwMDAwMCwidXBkYXRlIjoxODAwMDAwMDAwMDAwfX0=",
          "dependencies": [
            "azurerm_container_app_environment.env",
            "azurerm_resource_group.rg",
            "azurerm_subnet.snet-aca",
            "azurerm_virtual_network.vnet"
          ]
        },
        {
          "index_key": "app06",
          "schema_version": 0,
          "attributes": {
            "container_app_environment_id": "/subscriptions/38977b70-47bf-4da5-a492-88712fce8725/resourceGroups/rg-aca-dns-24/providers/Microsoft.App/managedEnvironments/aca-env-app06",
            "custom_domain_verification_id": "2AE36349F34CF07C26682CAB69940DF26614B5B61797CA2B82A7EC6564045909",
            "dapr": [],
            "id": "/subscriptions/38977b70-47bf-4da5-a492-88712fce8725/resourceGroups/rg-aca-dns-24/providers/Microsoft.App/containerApps/inspector-gadget-app06",
            "identity": [],
            "ingress": [
              {
                "allow_insecure_connections": false,
                "custom_domain": [],
                "exposed_port": 0,
                "external_enabled": true,
                "fqdn": "inspector-gadget-app06.greenforest-675638e2.swedencentral.azurecontainerapps.io",
                "ip_security_restriction": [],
                "target_port": 80,
                "traffic_weight": [
                  {
                    "label": "",
                    "latest_revision": true,
                    "percentage": 100,
                    "revision_suffix": ""
                  }
                ],
                "transport": "auto"
              }
            ],
            "latest_revision_fqdn": "inspector-gadget-app06--lg93ns1.greenforest-675638e2.swedencentral.azurecontainerapps.io",
            "latest_revision_name": "inspector-gadget-app06--lg93ns1",
            "location": "swedencentral",
            "name": "inspector-gadget-app06",
            "outbound_ip_addresses": [],
            "registry": [],
            "resource_group_name": "rg-aca-dns-24",
            "revision_mode": "Single",
            "secret": [],
            "tags": null,
            "template": [
              {
                "azure_queue_scale_rule": [],
                "container": [
                  {
                    "args": null,
                    "command": null,
                    "cpu": 0.25,
                    "env": [],
                    "ephemeral_storage": "1Gi",
                    "image": "jelledruyts/inspectorgadget",
                    "liveness_probe": [],
                    "memory": "0.5Gi",
                    "name": "inspector-gadget",
                    "readiness_probe": [],
                    "startup_probe": [],
                    "volume_mounts": []
                  }
                ],
                "custom_scale_rule": [],
                "http_scale_rule": [],
                "init_container": [],
                "max_replicas": 3,
                "min_replicas": 1,
                "revision_suffix": "",
                "tcp_scale_rule": [],
                "volume": []
              }
            ],
            "timeouts": null,
            "workload_profile_name": "profile-D4"
          },
          "sensitive_attributes": [
            [
              {
                "type": "get_attr",
                "value": "custom_domain_verification_id"
              }
            ]
          ],
          "private": "eyJlMmJmYjczMC1lY2FhLTExZTYtOGY4OC0zNDM2M2JjN2M0YzAiOnsiY3JlYXRlIjoxODAwMDAwMDAwMDAwLCJkZWxldGUiOjE4MDAwMDAwMDAwMDAsInJlYWQiOjMwMDAwMDAwMDAwMCwidXBkYXRlIjoxODAwMDAwMDAwMDAwfX0=",
          "dependencies": [
            "azurerm_container_app_environment.env",
            "azurerm_resource_group.rg",
            "azurerm_subnet.snet-aca",
            "azurerm_virtual_network.vnet"
          ]
        }
      ]
    },
    {
      "mode": "managed",
      "type": "azurerm_container_app_environment",
      "name": "env",
      "provider": "provider[\"registry.terraform.io/hashicorp/azurerm\"]",
      "instances": [
        {
          "index_key": "app01",
          "schema_version": 0,
          "attributes": {
            "dapr_application_insights_connection_string": "",
            "default_domain": "graysmoke-c356a71f.swedencentral.azurecontainerapps.io",
            "docker_bridge_cidr": "",
            "id": "/subscriptions/38977b70-47bf-4da5-a492-88712fce8725/resourceGroups/rg-aca-dns-24/providers/Microsoft.App/managedEnvironments/aca-env-app01",
            "infrastructure_resource_group_name": "ME_aca-env-app01_rg-aca-dns-24_swedencentral",
            "infrastructure_subnet_id": "/subscriptions/38977b70-47bf-4da5-a492-88712fce8725/resourceGroups/rg-aca-dns-24/providers/Microsoft.Network/virtualNetworks/vnet-internal/subnets/snet-aca-app01",
            "internal_load_balancer_enabled": true,
            "location": "swedencentral",
            "log_analytics_workspace_id": "",
            "name": "aca-env-app01",
            "platform_reserved_cidr": "",
            "platform_reserved_dns_ip_address": "",
            "resource_group_name": "rg-aca-dns-24",
            "static_ip_address": "10.0.1.145",
            "tags": {},
            "timeouts": null,
            "workload_profile": [
              {
                "maximum_count": 1,
                "minimum_count": 1,
                "name": "profile-D4",
                "workload_profile_type": "D4"
              }
            ],
            "zone_redundancy_enabled": true
          },
          "sensitive_attributes": [
            [
              {
                "type": "get_attr",
                "value": "dapr_application_insights_connection_string"
              }
            ]
          ],
          "private": "eyJlMmJmYjczMC1lY2FhLTExZTYtOGY4OC0zNDM2M2JjN2M0YzAiOnsiY3JlYXRlIjoxODAwMDAwMDAwMDAwLCJkZWxldGUiOjE4MDAwMDAwMDAwMDAsInJlYWQiOjMwMDAwMDAwMDAwMCwidXBkYXRlIjoxODAwMDAwMDAwMDAwfX0=",
          "dependencies": [
            "azurerm_resource_group.rg",
            "azurerm_subnet.snet-aca",
            "azurerm_virtual_network.vnet"
          ]
        },
        {
          "index_key": "app02",
          "schema_version": 0,
          "attributes": {
            "dapr_application_insights_connection_string": "",
            "default_domain": "bravecliff-57e3fb6c.swedencentral.azurecontainerapps.io",
            "docker_bridge_cidr": "",
            "id": "/subscriptions/38977b70-47bf-4da5-a492-88712fce8725/resourceGroups/rg-aca-dns-24/providers/Microsoft.App/managedEnvironments/aca-env-app02",
            "infrastructure_resource_group_name": "ME_aca-env-app02_rg-aca-dns-24_swedencentral",
            "infrastructure_subnet_id": "/subscriptions/38977b70-47bf-4da5-a492-88712fce8725/resourceGroups/rg-aca-dns-24/providers/Microsoft.Network/virtualNetworks/vnet-internal/subnets/snet-aca-app02",
            "internal_load_balancer_enabled": true,
            "location": "swedencentral",
            "log_analytics_workspace_id": "",
            "name": "aca-env-app02",
            "platform_reserved_cidr": "",
            "platform_reserved_dns_ip_address": "",
            "resource_group_name": "rg-aca-dns-24",
            "static_ip_address": "10.0.2.87",
            "tags": {},
            "timeouts": null,
            "workload_profile": [
              {
                "maximum_count": 1,
                "minimum_count": 1,
                "name": "profile-D4",
                "workload_profile_type": "D4"
              }
            ],
            "zone_redundancy_enabled": true
          },
          "sensitive_attributes": [
            [
              {
                "type": "get_attr",
                "value": "dapr_application_insights_connection_string"
              }
            ]
          ],
          "private": "eyJlMmJmYjczMC1lY2FhLTExZTYtOGY4OC0zNDM2M2JjN2M0YzAiOnsiY3JlYXRlIjoxODAwMDAwMDAwMDAwLCJkZWxldGUiOjE4MDAwMDAwMDAwMDAsInJlYWQiOjMwMDAwMDAwMDAwMCwidXBkYXRlIjoxODAwMDAwMDAwMDAwfX0=",
          "dependencies": [
            "azurerm_resource_group.rg",
            "azurerm_subnet.snet-aca",
            "azurerm_virtual_network.vnet"
          ]
        },
        {
          "index_key": "app03",
          "schema_version": 0,
          "attributes": {
            "dapr_application_insights_connection_string": "",
            "default_domain": "icycoast-53176cd9.swedencentral.azurecontainerapps.io",
            "docker_bridge_cidr": "",
            "id": "/subscriptions/38977b70-47bf-4da5-a492-88712fce8725/resourceGroups/rg-aca-dns-24/providers/Microsoft.App/managedEnvironments/aca-env-app03",
            "infrastructure_resource_group_name": "ME_aca-env-app03_rg-aca-dns-24_swedencentral",
            "infrastructure_subnet_id": "/subscriptions/38977b70-47bf-4da5-a492-88712fce8725/resourceGroups/rg-aca-dns-24/providers/Microsoft.Network/virtualNetworks/vnet-internal/subnets/snet-aca-app03",
            "internal_load_balancer_enabled": true,
            "location": "swedencentral",
            "log_analytics_workspace_id": "",
            "name": "aca-env-app03",
            "platform_reserved_cidr": "",
            "platform_reserved_dns_ip_address": "",
            "resource_group_name": "rg-aca-dns-24",
            "static_ip_address": "10.0.3.207",
            "tags": {},
            "timeouts": null,
            "workload_profile": [
              {
                "maximum_count": 1,
                "minimum_count": 1,
                "name": "profile-D4",
                "workload_profile_type": "D4"
              }
            ],
            "zone_redundancy_enabled": true
          },
          "sensitive_attributes": [
            [
              {
                "type": "get_attr",
                "value": "dapr_application_insights_connection_string"
              }
            ]
          ],
          "private": "eyJlMmJmYjczMC1lY2FhLTExZTYtOGY4OC0zNDM2M2JjN2M0YzAiOnsiY3JlYXRlIjoxODAwMDAwMDAwMDAwLCJkZWxldGUiOjE4MDAwMDAwMDAwMDAsInJlYWQiOjMwMDAwMDAwMDAwMCwidXBkYXRlIjoxODAwMDAwMDAwMDAwfX0=",
          "dependencies": [
            "azurerm_resource_group.rg",
            "azurerm_subnet.snet-aca",
            "azurerm_virtual_network.vnet"
          ]
        },
        {
          "index_key": "app04",
          "schema_version": 0,
          "attributes": {
            "dapr_application_insights_connection_string": "",
            "default_domain": "delightfuldesert-b616ad62.swedencentral.azurecontainerapps.io",
            "docker_bridge_cidr": "",
            "id": "/subscriptions/38977b70-47bf-4da5-a492-88712fce8725/resourceGroups/rg-aca-dns-24/providers/Microsoft.App/managedEnvironments/aca-env-app04",
            "infrastructure_resource_group_name": "ME_aca-env-app04_rg-aca-dns-24_swedencentral",
            "infrastructure_subnet_id": "/subscriptions/38977b70-47bf-4da5-a492-88712fce8725/resourceGroups/rg-aca-dns-24/providers/Microsoft.Network/virtualNetworks/vnet-internal/subnets/snet-aca-app04",
            "internal_load_balancer_enabled": true,
            "location": "swedencentral",
            "log_analytics_workspace_id": "",
            "name": "aca-env-app04",
            "platform_reserved_cidr": "",
            "platform_reserved_dns_ip_address": "",
            "resource_group_name": "rg-aca-dns-24",
            "static_ip_address": "10.0.4.185",
            "tags": null,
            "timeouts": null,
            "workload_profile": [
              {
                "maximum_count": 1,
                "minimum_count": 1,
                "name": "profile-D4",
                "workload_profile_type": "D4"
              }
            ],
            "zone_redundancy_enabled": true
          },
          "sensitive_attributes": [
            [
              {
                "type": "get_attr",
                "value": "dapr_application_insights_connection_string"
              }
            ]
          ],
          "private": "eyJlMmJmYjczMC1lY2FhLTExZTYtOGY4OC0zNDM2M2JjN2M0YzAiOnsiY3JlYXRlIjoxODAwMDAwMDAwMDAwLCJkZWxldGUiOjE4MDAwMDAwMDAwMDAsInJlYWQiOjMwMDAwMDAwMDAwMCwidXBkYXRlIjoxODAwMDAwMDAwMDAwfX0=",
          "dependencies": [
            "azurerm_resource_group.rg",
            "azurerm_subnet.snet-aca",
            "azurerm_virtual_network.vnet"
          ]
        },
        {
          "index_key": "app05",
          "schema_version": 0,
          "attributes": {
            "dapr_application_insights_connection_string": "",
            "default_domain": "delightfulhill-7180b3e7.swedencentral.azurecontainerapps.io",
            "docker_bridge_cidr": "",
            "id": "/subscriptions/38977b70-47bf-4da5-a492-88712fce8725/resourceGroups/rg-aca-dns-24/providers/Microsoft.App/managedEnvironments/aca-env-app05",
            "infrastructure_resource_group_name": "ME_aca-env-app05_rg-aca-dns-24_swedencentral",
            "infrastructure_subnet_id": "/subscriptions/38977b70-47bf-4da5-a492-88712fce8725/resourceGroups/rg-aca-dns-24/providers/Microsoft.Network/virtualNetworks/vnet-internal/subnets/snet-aca-app05",
            "internal_load_balancer_enabled": true,
            "location": "swedencentral",
            "log_analytics_workspace_id": "",
            "name": "aca-env-app05",
            "platform_reserved_cidr": "",
            "platform_reserved_dns_ip_address": "",
            "resource_group_name": "rg-aca-dns-24",
            "static_ip_address": "10.0.5.37",
            "tags": null,
            "timeouts": null,
            "workload_profile": [
              {
                "maximum_count": 1,
                "minimum_count": 1,
                "name": "profile-D4",
                "workload_profile_type": "D4"
              }
            ],
            "zone_redundancy_enabled": true
          },
          "sensitive_attributes": [
            [
              {
                "type": "get_attr",
                "value": "dapr_application_insights_connection_string"
              }
            ]
          ],
          "private": "eyJlMmJmYjczMC1lY2FhLTExZTYtOGY4OC0zNDM2M2JjN2M0YzAiOnsiY3JlYXRlIjoxODAwMDAwMDAwMDAwLCJkZWxldGUiOjE4MDAwMDAwMDAwMDAsInJlYWQiOjMwMDAwMDAwMDAwMCwidXBkYXRlIjoxODAwMDAwMDAwMDAwfX0=",
          "dependencies": [
            "azurerm_resource_group.rg",
            "azurerm_subnet.snet-aca",
            "azurerm_virtual_network.vnet"
          ]
        },
        {
          "index_key": "app06",
          "schema_version": 0,
          "attributes": {
            "dapr_application_insights_connection_string": "",
            "default_domain": "greenforest-675638e2.swedencentral.azurecontainerapps.io",
            "docker_bridge_cidr": "",
            "id": "/subscriptions/38977b70-47bf-4da5-a492-88712fce8725/resourceGroups/rg-aca-dns-24/providers/Microsoft.App/managedEnvironments/aca-env-app06",
            "infrastructure_resource_group_name": "ME_aca-env-app06_rg-aca-dns-24_swedencentral",
            "infrastructure_subnet_id": "/subscriptions/38977b70-47bf-4da5-a492-88712fce8725/resourceGroups/rg-aca-dns-24/providers/Microsoft.Network/virtualNetworks/vnet-internal/subnets/snet-aca-app06",
            "internal_load_balancer_enabled": true,
            "location": "swedencentral",
            "log_analytics_workspace_id": "",
            "name": "aca-env-app06",
            "platform_reserved_cidr": "",
            "platform_reserved_dns_ip_address": "",
            "resource_group_name": "rg-aca-dns-24",
            "static_ip_address": "10.0.6.205",
            "tags": null,
            "timeouts": null,
            "workload_profile": [
              {
                "maximum_count": 1,
                "minimum_count": 1,
                "name": "profile-D4",
                "workload_profile_type": "D4"
              }
            ],
            "zone_redundancy_enabled": true
          },
          "sensitive_attributes": [
            [
              {
                "type": "get_attr",
                "value": "dapr_application_insights_connection_string"
              }
            ]
          ],
          "private": "eyJlMmJmYjczMC1lY2FhLTExZTYtOGY4OC0zNDM2M2JjN2M0YzAiOnsiY3JlYXRlIjoxODAwMDAwMDAwMDAwLCJkZWxldGUiOjE4MDAwMDAwMDAwMDAsInJlYWQiOjMwMDAwMDAwMDAwMCwidXBkYXRlIjoxODAwMDAwMDAwMDAwfX0=",
          "dependencies": [
            "azurerm_resource_group.rg",
            "azurerm_subnet.snet-aca",
            "azurerm_virtual_network.vnet"
          ]
        }
      ]
    },
    {
      "mode": "managed",
      "type": "azurerm_key_vault",
      "name": "keyvault",
      "provider": "provider[\"registry.terraform.io/hashicorp/azurerm\"]",
      "instances": [
        {
          "schema_version": 2,
          "attributes": {
            "access_policy": [],
            "contact": [],
            "enable_rbac_authorization": true,
            "enabled_for_deployment": false,
            "enabled_for_disk_encryption": false,
            "enabled_for_template_deployment": false,
            "id": "/subscriptions/38977b70-47bf-4da5-a492-88712fce8725/resourceGroups/rg-aca-dns-24/providers/Microsoft.KeyVault/vaults/kv-appgw-6kbux",
            "location": "swedencentral",
            "name": "kv-appgw-6kbux",
            "network_acls": [
              {
                "bypass": "AzureServices",
                "default_action": "Allow",
                "ip_rules": [],
                "virtual_network_subnet_ids": []
              }
            ],
            "public_network_access_enabled": true,
            "purge_protection_enabled": false,
            "resource_group_name": "rg-aca-dns-24",
            "sku_name": "standard",
            "soft_delete_retention_days": 7,
            "tags": {},
            "tenant_id": "a8f7faa1-3e2e-4d84-a6cb-daf7eb97d6e4",
            "timeouts": null,
            "vault_uri": "https://kv-appgw-6kbux.vault.azure.net/"
          },
          "sensitive_attributes": [],
          "private": "eyJlMmJmYjczMC1lY2FhLTExZTYtOGY4OC0zNDM2M2JjN2M0YzAiOnsiY3JlYXRlIjoxODAwMDAwMDAwMDAwLCJkZWxldGUiOjE4MDAwMDAwMDAwMDAsInJlYWQiOjMwMDAwMDAwMDAwMCwidXBkYXRlIjoxODAwMDAwMDAwMDAwfSwic2NoZW1hX3ZlcnNpb24iOiIyIn0=",
          "dependencies": [
            "azurerm_resource_group.rg",
            "data.azurerm_client_config.current",
            "random_string.random"
          ]
        }
      ]
    },
    {
      "mode": "managed",
      "type": "azurerm_key_vault_certificate",
      "name": "cert",
      "provider": "provider[\"registry.terraform.io/hashicorp/azurerm\"]",
      "instances": [
        {
          "index_key": "app01",
          "schema_version": 0,
          "attributes": {
            "certificate": [],
            "certificate_attribute": [
              {
                "created": "2024-05-05T19:41:34Z",
                "enabled": true,
                "expires": "2025-05-05T19:41:33Z",
                "not_before": "2024-05-05T19:31:33Z",
                "recovery_level": "CustomizedRecoverable+Purgeable",
                "updated": "2024-05-05T19:41:34Z"
              }
            ],
            "certificate_data": "3082035A30820242A00302010202101B107FD6D2AB4EB8AC03DD980D934B43300D06092A864886F70D01010B0500301E311C301A0603550403131361707030312E617070732E696E7465726E616C301E170D3234303530353139333133335A170D3235303530353139343133335A301E311C301A0603550403131361707030312E617070732E696E7465726E616C30820122300D06092A864886F70D01010105000382010F003082010A0282010100CBC0BF3A188914A44D0B436052ECBE84383C39E4C2C0A59CE7E64FEF41E75AEE9F31417E78BDC9CD689E5D1466F65AD08CCE1133701C8B47C6FCF789C2A5C48730A090C2A4F112106A40448C22C7764744AB657D847C060E4D0DEE8CDFDC9FBA20658A6251551297D1AED5FD4A9BA442F84FBC740C77BEB45928371386B589C5F8D466D5993106B67AA109500FCDC40DD0F4238968A02377C54A138A37F2AB0A8C3D3B270ADB17A47218BE0CBB570479881E1849571D25FDE012373F1A7EACFF1452A0BA7C011DEB64368DA137DDC04ADDA96C46128803539F0C32D4132CF8FF024433FE67B51AA795948555351A6FF02B76F0E99A5D658D5DD5B347162913310203010001A38193308190300E0603551D0F0101FF0404030205A030090603551D130402300030130603551D25040C300A06082B06010505070301301E0603551D1104173015821361707030312E617070732E696E7465726E616C301F0603551D23041830168014C79943CB15FCFBEC61038D26C07FDE0875E2F84B301D0603551D0E04160414C79943CB15FCFBEC61038D26C07FDE0875E2F84B300D06092A864886F70D01010B050003820101006D2FE6021F896D2A311A980FDBDFFE8C219B48232F148B4D7A738CF9664974F6418789528C9411A42ED5CF30874CC873E1100003EC8866C0E42865BB4EC084AE2152FFC3DAF661548C65AACB4D77D56FE51D01A25F8E9F7FACBA103DB7CF2E212089F0AAEE4E53CB859086838C630C9D7019525D089310F34F5B4EC2F9A64C097CA9EC6FDE1E5EB1E79BA307D403F3E755DEB5EB5FB49FBC9DAD43BDA1E41B941D37EA77C40ECC0C4880E4D6C186C9E34EBC67545906B7CA579EAF6671C357E6FF2A1CEA65968F313584EBAF116C22F36D0404C15682AD75B8D4195F5FFF1EBA77F0F8D330186F5F18EE3A2CBE2E1CABC8F833A99C7BDCA96C2303C96C8ED597",
            "certificate_data_base64": "MIIDWjCCAkKgAwIBAgIQGxB/1tKrTrisA92YDZNLQzANBgkqhkiG9w0BAQsFADAeMRwwGgYDVQQDExNhcHAwMS5hcHBzLmludGVybmFsMB4XDTI0MDUwNTE5MzEzM1oXDTI1MDUwNTE5NDEzM1owHjEcMBoGA1UEAxMTYXBwMDEuYXBwcy5pbnRlcm5hbDCCASIwDQYJKoZIhvcNAQEBBQADggEPADCCAQoCggEBAMvAvzoYiRSkTQtDYFLsvoQ4PDnkwsClnOfmT+9B51runzFBfni9yc1onl0UZvZa0IzOETNwHItHxvz3icKlxIcwoJDCpPESEGpARIwix3ZHRKtlfYR8Bg5NDe6M39yfuiBlimJRVRKX0a7V/UqbpEL4T7x0DHe+tFkoNxOGtYnF+NRm1ZkxBrZ6oQlQD83EDdD0I4looCN3xUoTijfyqwqMPTsnCtsXpHIYvgy7VwR5iB4YSVcdJf3gEjc/Gn6s/xRSoLp8AR3rZDaNoTfdwErdqWxGEogDU58MMtQTLPj/AkQz/me1GqeVlIVVNRpv8Ct28OmaXWWNXdWzRxYpEzECAwEAAaOBkzCBkDAOBgNVHQ8BAf8EBAMCBaAwCQYDVR0TBAIwADATBgNVHSUEDDAKBggrBgEFBQcDATAeBgNVHREEFzAVghNhcHAwMS5hcHBzLmludGVybmFsMB8GA1UdIwQYMBaAFMeZQ8sV/PvsYQONJsB/3gh14vhLMB0GA1UdDgQWBBTHmUPLFfz77GEDjSbAf94IdeL4SzANBgkqhkiG9w0BAQsFAAOCAQEAbS/mAh+JbSoxGpgP29/+jCGbSCMvFItNenOM+WZJdPZBh4lSjJQRpC7VzzCHTMhz4RAAA+yIZsDkKGW7TsCEriFS/8Pa9mFUjGWqy0131W/lHQGiX46ff6y6ED23zy4hIInwqu5OU8uFkIaDjGMMnXAZUl0IkxDzT1tOwvmmTAl8qexv3h5eseebowfUA/PnVd6161+0n7ydrUO9oeQblB036nfEDswMSIDk1sGGyeNOvGdUWQa3yleer2Zxw1fm/yoc6mWWjzE1hOuvEWwi820EBMFWgq11uNQZX1//Hrp38PjTMBhvXxjuOiy+LhyryPgzqZx73KlsIwPJbI7Vlw==",
            "certificate_policy": [
              {
                "issuer_parameters": [
                  {
                    "name": "Self"
                  }
                ],
                "key_properties": [
                  {
                    "curve": "",
                    "exportable": true,
                    "key_size": 2048,
                    "key_type": "RSA",
                    "reuse_key": true
                  }
                ],
                "lifetime_action": [
                  {
                    "action": [
                      {
                        "action_type": "AutoRenew"
                      }
                    ],
                    "trigger": [
                      {
                        "days_before_expiry": 30,
                        "lifetime_percentage": 0
                      }
                    ]
                  }
                ],
                "secret_properties": [
                  {
                    "content_type": "application/x-pkcs12"
                  }
                ],
                "x509_certificate_properties": [
                  {
                    "extended_key_usage": [
                      "1.3.6.1.5.5.7.3.1"
                    ],
                    "key_usage": [
                      "digitalSignature",
                      "keyEncipherment"
                    ],
                    "subject": "CN=app01.apps.internal",
                    "subject_alternative_names": [
                      {
                        "dns_names": [
                          "app01.apps.internal"
                        ],
                        "emails": [],
                        "upns": []
                      }
                    ],
                    "validity_in_months": 12
                  }
                ]
              }
            ],
            "id": "https://kv-appgw-6kbux.vault.azure.net/certificates/app01-apps-internal/55aa64c08ce14a0ca585d61a98dda378",
            "key_vault_id": "/subscriptions/38977b70-47bf-4da5-a492-88712fce8725/resourceGroups/rg-aca-dns-24/providers/Microsoft.KeyVault/vaults/kv-appgw-6kbux",
            "name": "app01-apps-internal",
            "resource_manager_id": "/subscriptions/38977b70-47bf-4da5-a492-88712fce8725/resourceGroups/rg-aca-dns-24/providers/Microsoft.KeyVault/vaults/kv-appgw-6kbux/certificates/app01-apps-internal/versions/55aa64c08ce14a0ca585d61a98dda378",
            "resource_manager_versionless_id": "/subscriptions/38977b70-47bf-4da5-a492-88712fce8725/resourceGroups/rg-aca-dns-24/providers/Microsoft.KeyVault/vaults/kv-appgw-6kbux/certificates/app01-apps-internal",
            "secret_id": "https://kv-appgw-6kbux.vault.azure.net/secrets/app01-apps-internal/55aa64c08ce14a0ca585d61a98dda378",
            "tags": {},
            "thumbprint": "9FBC745923D292E98D445BF8441A56F596C7E3C1",
            "timeouts": null,
            "version": "55aa64c08ce14a0ca585d61a98dda378",
            "versionless_id": "https://kv-appgw-6kbux.vault.azure.net/certificates/app01-apps-internal",
            "versionless_secret_id": "https://kv-appgw-6kbux.vault.azure.net/secrets/app01-apps-internal"
          },
          "sensitive_attributes": [],
          "private": "eyJlMmJmYjczMC1lY2FhLTExZTYtOGY4OC0zNDM2M2JjN2M0YzAiOnsiY3JlYXRlIjozNjAwMDAwMDAwMDAwLCJkZWxldGUiOjE4MDAwMDAwMDAwMDAsInJlYWQiOjE4MDAwMDAwMDAwMDAsInVwZGF0ZSI6MTgwMDAwMDAwMDAwMH19",
          "dependencies": [
            "azurerm_key_vault.keyvault",
            "azurerm_resource_group.rg",
            "azurerm_role_assignment.role-certificates-officer",
            "data.azurerm_client_config.current",
            "random_string.random"
          ]
        },
        {
          "index_key": "app02",
          "schema_version": 0,
          "attributes": {
            "certificate": [],
            "certificate_attribute": [
              {
                "created": "2024-05-05T19:41:35Z",
                "enabled": true,
                "expires": "2025-05-05T19:41:35Z",
                "not_before": "2024-05-05T19:31:35Z",
                "recovery_level": "CustomizedRecoverable+Purgeable",
                "updated": "2024-05-05T19:41:35Z"
              }
            ],
            "certificate_data": "3082035A30820242A00302010202104F84A36BAB634826841C40ED9998D5AF300D06092A864886F70D01010B0500301E311C301A0603550403131361707030322E617070732E696E7465726E616C301E170D3234303530353139333133355A170D3235303530353139343133355A301E311C301A0603550403131361707030322E617070732E696E7465726E616C30820122300D06092A864886F70D01010105000382010F003082010A0282010100BC2D88C4AF2DBF7D5BFEF0945C17EB5741626A71263C1596D63A9539B8500577A74F3F7E47C6D9E87C51C6ECD4FAEC7615328676DDEECAB7D3A20FDBF8F79255939A3FEFB35905AFD6539AE33E134666890BAF400D91D7CDA876C3A16E499EE03F37CB76615D87963DB6131E6A35E5D4F6ADA5A7E758EB6248AA6F5339DCE6750395DCA5E8E26A69C1414536FB90E883CE42D4523F8B757E2B8C25A8893C54DF1B5498C61392DA4E890D4977A03B6A72C774E8A9CE4CABC9BDE1369012B1561E7F1EA6D9E273CBFEF89256A9ECDE5F86A4A28DDDD7A91D624AFA2A8A96BDB6929700406A0379E59D56DC5DCD1B4D7E334E8EA8BE804CC57153EA6B2CD67437650203010001A38193308190300E0603551D0F0101FF0404030205A030090603551D130402300030130603551D25040C300A06082B06010505070301301E0603551D1104173015821361707030322E617070732E696E7465726E616C301F0603551D2304183016801420DE7CD4CC51A19F85B4294F4240A8AEF29B060B301D0603551D0E0416041420DE7CD4CC51A19F85B4294F4240A8AEF29B060B300D06092A864886F70D01010B0500038201010052F6202F9EEC2D08D697D692D6EAC47517E078B3C3A0F3426347490B9CDE1D812D7E610994B034FDE426D97694EB70480BF183897C8BDC55C583422C9E439E5844D7774CC9001EC82EE42B4613848C950685D7F5D726015352FE2F08743D59A0018011DDE162E34D0C6FFD0F7788E6E8C2F267C654252F330ACAC628375F3FE40F8E90116940B74560325D3A257526489C2123634B0C5ABEEC15E679264E7628210EDA862EA6AE5A1EC8B2B3A10C652D8365009A04AC651BA062A29A50BC8CE1C02C119056E7B671EEF780AC844ADA29882E1D08A119805269ACE8B4060CE023346D9A56BC2F607C232A6A4D2079551A22C4A14FB35036736CE1865B9364A63C",
            "certificate_data_base64": "MIIDWjCCAkKgAwIBAgIQT4Sja6tjSCaEHEDtmZjVrzANBgkqhkiG9w0BAQsFADAeMRwwGgYDVQQDExNhcHAwMi5hcHBzLmludGVybmFsMB4XDTI0MDUwNTE5MzEzNVoXDTI1MDUwNTE5NDEzNVowHjEcMBoGA1UEAxMTYXBwMDIuYXBwcy5pbnRlcm5hbDCCASIwDQYJKoZIhvcNAQEBBQADggEPADCCAQoCggEBALwtiMSvLb99W/7wlFwX61dBYmpxJjwVltY6lTm4UAV3p08/fkfG2eh8Ucbs1PrsdhUyhnbd7sq306IP2/j3klWTmj/vs1kFr9ZTmuM+E0ZmiQuvQA2R182odsOhbkme4D83y3ZhXYeWPbYTHmo15dT2raWn51jrYkiqb1M53OZ1A5XcpejiamnBQUU2+5Dog85C1FI/i3V+K4wlqIk8VN8bVJjGE5LaTokNSXegO2pyx3Toqc5Mq8m94TaQErFWHn8eptnic8v++JJWqezeX4akoo3d16kdYkr6KoqWvbaSlwBAagN55Z1W3F3NG01+M06OqL6ATMVxU+prLNZ0N2UCAwEAAaOBkzCBkDAOBgNVHQ8BAf8EBAMCBaAwCQYDVR0TBAIwADATBgNVHSUEDDAKBggrBgEFBQcDATAeBgNVHREEFzAVghNhcHAwMi5hcHBzLmludGVybmFsMB8GA1UdIwQYMBaAFCDefNTMUaGfhbQpT0JAqK7ymwYLMB0GA1UdDgQWBBQg3nzUzFGhn4W0KU9CQKiu8psGCzANBgkqhkiG9w0BAQsFAAOCAQEAUvYgL57sLQjWl9aS1urEdRfgeLPDoPNCY0dJC5zeHYEtfmEJlLA0/eQm2XaU63BIC/GDiXyL3FXFg0IsnkOeWETXd0zJAB7ILuQrRhOEjJUGhdf11yYBU1L+Lwh0PVmgAYAR3eFi400Mb/0Pd4jm6MLyZ8ZUJS8zCsrGKDdfP+QPjpARaUC3RWAyXToldSZInCEjY0sMWr7sFeZ5Jk52KCEO2oYupq5aHsiys6EMZS2DZQCaBKxlG6BioppQvIzhwCwRkFbntnHu94CshEraKYguHQihGYBSaazotAYM4CM0bZpWvC9gfCMqak0geVUaIsShT7NQNnNs4YZbk2SmPA==",
            "certificate_policy": [
              {
                "issuer_parameters": [
                  {
                    "name": "Self"
                  }
                ],
                "key_properties": [
                  {
                    "curve": "",
                    "exportable": true,
                    "key_size": 2048,
                    "key_type": "RSA",
                    "reuse_key": true
                  }
                ],
                "lifetime_action": [
                  {
                    "action": [
                      {
                        "action_type": "AutoRenew"
                      }
                    ],
                    "trigger": [
                      {
                        "days_before_expiry": 30,
                        "lifetime_percentage": 0
                      }
                    ]
                  }
                ],
                "secret_properties": [
                  {
                    "content_type": "application/x-pkcs12"
                  }
                ],
                "x509_certificate_properties": [
                  {
                    "extended_key_usage": [
                      "1.3.6.1.5.5.7.3.1"
                    ],
                    "key_usage": [
                      "digitalSignature",
                      "keyEncipherment"
                    ],
                    "subject": "CN=app02.apps.internal",
                    "subject_alternative_names": [
                      {
                        "dns_names": [
                          "app02.apps.internal"
                        ],
                        "emails": [],
                        "upns": []
                      }
                    ],
                    "validity_in_months": 12
                  }
                ]
              }
            ],
            "id": "https://kv-appgw-6kbux.vault.azure.net/certificates/app02-apps-internal/be43c879c46145c2b3b1db3b5222e133",
            "key_vault_id": "/subscriptions/38977b70-47bf-4da5-a492-88712fce8725/resourceGroups/rg-aca-dns-24/providers/Microsoft.KeyVault/vaults/kv-appgw-6kbux",
            "name": "app02-apps-internal",
            "resource_manager_id": "/subscriptions/38977b70-47bf-4da5-a492-88712fce8725/resourceGroups/rg-aca-dns-24/providers/Microsoft.KeyVault/vaults/kv-appgw-6kbux/certificates/app02-apps-internal/versions/be43c879c46145c2b3b1db3b5222e133",
            "resource_manager_versionless_id": "/subscriptions/38977b70-47bf-4da5-a492-88712fce8725/resourceGroups/rg-aca-dns-24/providers/Microsoft.KeyVault/vaults/kv-appgw-6kbux/certificates/app02-apps-internal",
            "secret_id": "https://kv-appgw-6kbux.vault.azure.net/secrets/app02-apps-internal/be43c879c46145c2b3b1db3b5222e133",
            "tags": {},
            "thumbprint": "7420CD010841521E6F8083726C540F9B262D5FB9",
            "timeouts": null,
            "version": "be43c879c46145c2b3b1db3b5222e133",
            "versionless_id": "https://kv-appgw-6kbux.vault.azure.net/certificates/app02-apps-internal",
            "versionless_secret_id": "https://kv-appgw-6kbux.vault.azure.net/secrets/app02-apps-internal"
          },
          "sensitive_attributes": [],
          "private": "eyJlMmJmYjczMC1lY2FhLTExZTYtOGY4OC0zNDM2M2JjN2M0YzAiOnsiY3JlYXRlIjozNjAwMDAwMDAwMDAwLCJkZWxldGUiOjE4MDAwMDAwMDAwMDAsInJlYWQiOjE4MDAwMDAwMDAwMDAsInVwZGF0ZSI6MTgwMDAwMDAwMDAwMH19",
          "dependencies": [
            "azurerm_key_vault.keyvault",
            "azurerm_resource_group.rg",
            "azurerm_role_assignment.role-certificates-officer",
            "data.azurerm_client_config.current",
            "random_string.random"
          ]
        },
        {
          "index_key": "app03",
          "schema_version": 0,
          "attributes": {
            "certificate": [],
            "certificate_attribute": [
              {
                "created": "2024-05-05T19:41:35Z",
                "enabled": true,
                "expires": "2025-05-05T19:41:35Z",
                "not_before": "2024-05-05T19:31:35Z",
                "recovery_level": "CustomizedRecoverable+Purgeable",
                "updated": "2024-05-05T19:41:35Z"
              }
            ],
            "certificate_data": "3082035A30820242A003020102021029035027D4B14C50BED5BB3256C90A05300D06092A864886F70D01010B0500301E311C301A0603550403131361707030332E617070732E696E7465726E616C301E170D3234303530353139333133355A170D3235303530353139343133355A301E311C301A0603550403131361707030332E617070732E696E7465726E616C30820122300D06092A864886F70D01010105000382010F003082010A0282010100C4A063E4BBD03903E26484FA2A8CCC7C5F02EDE27E077F27F24FC6256E323CDB950D760D54A591E9C1B7583651430338AD0E85DB28192D43AC9FDEE032691AEF0D26F91490B9206A949F3F8D4AD51EB9CDAFE7C60A5611A10259B037A33109367F3A1B9801165DFC5C3F2176CFC24F9B1C2A57614996ADC3284D9A08ABF199643362EE2D0961490EAADAD1E0341FF396A278FE24ADC86E09DDDE599B13E018CB356A579990C9166A4CA8F7E295BAFC26487B7B0472ABAC3994984D5296F978FCA15D614916FAEDCDF8D2538451537E8A662FEA0BE14BFF4D1F0B5ECD6C5C3B95DF307982883255A202D3004EAA74B12FA20846DEC2BE69BD70D1495FB7A6A8E90203010001A38193308190300E0603551D0F0101FF0404030205A030090603551D130402300030130603551D25040C300A06082B06010505070301301E0603551D1104173015821361707030332E617070732E696E7465726E616C301F0603551D23041830168014456255A03B94DB4F49277D72D4461C86AF34B7D5301D0603551D0E04160414456255A03B94DB4F49277D72D4461C86AF34B7D5300D06092A864886F70D01010B05000382010100589649FC771C79C7E19761009132DB920B850B9FA4DF33B92467FF584984BD503CFA7D851C100EDF65A49093195E2E3A92FA054559934F6C1234B134EE7D430A5D6020ACFEA6B653C2322B3A4E08A78433BCCD36D44C1214F2CA6D72E043772B5A74188F957DCF4A16C68FA5B8A1FA7C13B061BD46D6B4F0A478D77A6BE568604DEB65183ADA3988C9E85E7B2C2A3181DD1609034A469F1C2A3294978BC1CF76B6325FD11363742025591276B724867B1F70DA86467961E96F21E9A80DD366CBE05E120F733CC5602D4EB36459808A700BCA42BAD82D833C7719CCF3CB69D88363B9D55C339F0C272B9A5504668D7BCC4394EF33474BD3439BC3A422A352FF5D",
            "certificate_data_base64": "MIIDWjCCAkKgAwIBAgIQKQNQJ9SxTFC+1bsyVskKBTANBgkqhkiG9w0BAQsFADAeMRwwGgYDVQQDExNhcHAwMy5hcHBzLmludGVybmFsMB4XDTI0MDUwNTE5MzEzNVoXDTI1MDUwNTE5NDEzNVowHjEcMBoGA1UEAxMTYXBwMDMuYXBwcy5pbnRlcm5hbDCCASIwDQYJKoZIhvcNAQEBBQADggEPADCCAQoCggEBAMSgY+S70DkD4mSE+iqMzHxfAu3ifgd/J/JPxiVuMjzblQ12DVSlkenBt1g2UUMDOK0OhdsoGS1DrJ/e4DJpGu8NJvkUkLkgapSfP41K1R65za/nxgpWEaECWbA3ozEJNn86G5gBFl38XD8hds/CT5scKldhSZatwyhNmgir8ZlkM2LuLQlhSQ6q2tHgNB/zlqJ4/iStyG4J3d5ZmxPgGMs1aleZkMkWakyo9+KVuvwmSHt7BHKrrDmUmE1Slvl4/KFdYUkW+u3N+NJThFFTfopmL+oL4Uv/TR8LXs1sXDuV3zB5gogyVaIC0wBOqnSxL6IIRt7Cvmm9cNFJX7emqOkCAwEAAaOBkzCBkDAOBgNVHQ8BAf8EBAMCBaAwCQYDVR0TBAIwADATBgNVHSUEDDAKBggrBgEFBQcDATAeBgNVHREEFzAVghNhcHAwMy5hcHBzLmludGVybmFsMB8GA1UdIwQYMBaAFEViVaA7lNtPSSd9ctRGHIavNLfVMB0GA1UdDgQWBBRFYlWgO5TbT0knfXLURhyGrzS31TANBgkqhkiG9w0BAQsFAAOCAQEAWJZJ/Hccecfhl2EAkTLbkguFC5+k3zO5JGf/WEmEvVA8+n2FHBAO32WkkJMZXi46kvoFRVmTT2wSNLE07n1DCl1gIKz+prZTwjIrOk4Ip4QzvM021EwSFPLKbXLgQ3crWnQYj5V9z0oWxo+luKH6fBOwYb1G1rTwpHjXemvlaGBN62UYOto5iMnoXnssKjGB3RYJA0pGnxwqMpSXi8HPdrYyX9ETY3QgJVkSdrckhnsfcNqGRnlh6W8h6agN02bL4F4SD3M8xWAtTrNkWYCKcAvKQrrYLYM8dxnM88tp2INjudVcM58MJyuaVQRmjXvMQ5TvM0dL00Obw6Qio1L/XQ==",
            "certificate_policy": [
              {
                "issuer_parameters": [
                  {
                    "name": "Self"
                  }
                ],
                "key_properties": [
                  {
                    "curve": "",
                    "exportable": true,
                    "key_size": 2048,
                    "key_type": "RSA",
                    "reuse_key": true
                  }
                ],
                "lifetime_action": [
                  {
                    "action": [
                      {
                        "action_type": "AutoRenew"
                      }
                    ],
                    "trigger": [
                      {
                        "days_before_expiry": 30,
                        "lifetime_percentage": 0
                      }
                    ]
                  }
                ],
                "secret_properties": [
                  {
                    "content_type": "application/x-pkcs12"
                  }
                ],
                "x509_certificate_properties": [
                  {
                    "extended_key_usage": [
                      "1.3.6.1.5.5.7.3.1"
                    ],
                    "key_usage": [
                      "digitalSignature",
                      "keyEncipherment"
                    ],
                    "subject": "CN=app03.apps.internal",
                    "subject_alternative_names": [
                      {
                        "dns_names": [
                          "app03.apps.internal"
                        ],
                        "emails": [],
                        "upns": []
                      }
                    ],
                    "validity_in_months": 12
                  }
                ]
              }
            ],
            "id": "https://kv-appgw-6kbux.vault.azure.net/certificates/app03-apps-internal/93149ef578ab412083b11bdbc2d7969c",
            "key_vault_id": "/subscriptions/38977b70-47bf-4da5-a492-88712fce8725/resourceGroups/rg-aca-dns-24/providers/Microsoft.KeyVault/vaults/kv-appgw-6kbux",
            "name": "app03-apps-internal",
            "resource_manager_id": "/subscriptions/38977b70-47bf-4da5-a492-88712fce8725/resourceGroups/rg-aca-dns-24/providers/Microsoft.KeyVault/vaults/kv-appgw-6kbux/certificates/app03-apps-internal/versions/93149ef578ab412083b11bdbc2d7969c",
            "resource_manager_versionless_id": "/subscriptions/38977b70-47bf-4da5-a492-88712fce8725/resourceGroups/rg-aca-dns-24/providers/Microsoft.KeyVault/vaults/kv-appgw-6kbux/certificates/app03-apps-internal",
            "secret_id": "https://kv-appgw-6kbux.vault.azure.net/secrets/app03-apps-internal/93149ef578ab412083b11bdbc2d7969c",
            "tags": {},
            "thumbprint": "282CCC32063C15BEA4C16B13DD2D3B81DF2DFF86",
            "timeouts": null,
            "version": "93149ef578ab412083b11bdbc2d7969c",
            "versionless_id": "https://kv-appgw-6kbux.vault.azure.net/certificates/app03-apps-internal",
            "versionless_secret_id": "https://kv-appgw-6kbux.vault.azure.net/secrets/app03-apps-internal"
          },
          "sensitive_attributes": [],
          "private": "eyJlMmJmYjczMC1lY2FhLTExZTYtOGY4OC0zNDM2M2JjN2M0YzAiOnsiY3JlYXRlIjozNjAwMDAwMDAwMDAwLCJkZWxldGUiOjE4MDAwMDAwMDAwMDAsInJlYWQiOjE4MDAwMDAwMDAwMDAsInVwZGF0ZSI6MTgwMDAwMDAwMDAwMH19",
          "dependencies": [
            "azurerm_key_vault.keyvault",
            "azurerm_resource_group.rg",
            "azurerm_role_assignment.role-certificates-officer",
            "data.azurerm_client_config.current",
            "random_string.random"
          ]
        },
        {
          "index_key": "app04",
          "schema_version": 0,
          "attributes": {
            "certificate": [],
            "certificate_attribute": [
              {
                "created": "2024-05-05T20:41:16Z",
                "enabled": true,
                "expires": "2025-05-05T20:41:16Z",
                "not_before": "2024-05-05T20:31:16Z",
                "recovery_level": "CustomizedRecoverable+Purgeable",
                "updated": "2024-05-05T20:41:16Z"
              }
            ],
            "certificate_data": "3082035A30820242A00302010202107D024BEE838F48DAB4AB28BA68761020300D06092A864886F70D01010B0500301E311C301A0603550403131361707030342E617070732E696E7465726E616C301E170D3234303530353230333131365A170D3235303530353230343131365A301E311C301A0603550403131361707030342E617070732E696E7465726E616C30820122300D06092A864886F70D01010105000382010F003082010A0282010100E1939B349337A840428C5784977874F6430E4E1214772C959CB30306B646726A90052C6ADB67EBE671F8D210964EEC03E1C8029198D5BD6A3D83406A8DD417F3E6247BF085DBA1612E4D0F467173D112EFBE8F2418846C76850136A27F762A2C09FE12907BD4AE36BEE9C7793F75F4BA30387EFEB5AEF1E9E47EEFEF2C031C53F5C535F9EC43F27595A39A7936E9B9951DEE3C29B023962AB158BFF9513E798D6F77D4A7F7480E6F8C677388A408F3E26978A3AEDEFA7587B870AFA1746079D19812BABF706078D94014FC53ADA9B11A9AF15B4A2485B104D1575EC3B8DB611C1B075AA2DC4C9E2075A47292112416ECC26934993806D6D92419A725F58C3AA10203010001A38193308190300E0603551D0F0101FF0404030205A030090603551D130402300030130603551D25040C300A06082B06010505070301301E0603551D1104173015821361707030342E617070732E696E7465726E616C301F0603551D23041830168014781B729F1F216F563EE4E6D5B8447B344E4E2AD1301D0603551D0E04160414781B729F1F216F563EE4E6D5B8447B344E4E2AD1300D06092A864886F70D01010B0500038201010027C1F5E34B97EE8CEBC0C44E646D4EB728F1FF489B446E6A570C3DBC81E9FA64488FC45547F703C02704B34808117487D4746397A51C2B0A96B832CF7A9A65CE1FD7E7506D6723BEFCC4AE87B5EE93F42B47FF1B1EDBE6C5EED85AB2D420C67166C75FF31B7FE3C2F938D139E6C77A4363C3BD323BC5D6B69524B99749770241259693164606B54EA627A5E076D90F5F86F9D73C093639887131BCD163B5DDABCF41B9DDCB27F4921245D1F8229094A63BBDFFAE530A43523D1C0207A73006B572477E581D2C3B95DC03150AB9D08A44476AE7E3D99A0E4BC0872EDC1F6434EB8B83D6DE0BD79BEB9AF505CB853DE0A70FF3E619BC1C95CDCE1F24FFC98C1361",
            "certificate_data_base64": "MIIDWjCCAkKgAwIBAgIQfQJL7oOPSNq0qyi6aHYQIDANBgkqhkiG9w0BAQsFADAeMRwwGgYDVQQDExNhcHAwNC5hcHBzLmludGVybmFsMB4XDTI0MDUwNTIwMzExNloXDTI1MDUwNTIwNDExNlowHjEcMBoGA1UEAxMTYXBwMDQuYXBwcy5pbnRlcm5hbDCCASIwDQYJKoZIhvcNAQEBBQADggEPADCCAQoCggEBAOGTmzSTN6hAQoxXhJd4dPZDDk4SFHcslZyzAwa2RnJqkAUsattn6+Zx+NIQlk7sA+HIApGY1b1qPYNAao3UF/PmJHvwhduhYS5ND0Zxc9ES776PJBiEbHaFATaif3YqLAn+EpB71K42vunHeT919LowOH7+ta7x6eR+7+8sAxxT9cU1+exD8nWVo5p5Num5lR3uPCmwI5YqsVi/+VE+eY1vd9Sn90gOb4xnc4ikCPPiaXijrt76dYe4cK+hdGB50ZgSur9wYHjZQBT8U62psRqa8VtKJIWxBNFXXsO422EcGwdaotxMniB1pHKSESQW7MJpNJk4BtbZJBmnJfWMOqECAwEAAaOBkzCBkDAOBgNVHQ8BAf8EBAMCBaAwCQYDVR0TBAIwADATBgNVHSUEDDAKBggrBgEFBQcDATAeBgNVHREEFzAVghNhcHAwNC5hcHBzLmludGVybmFsMB8GA1UdIwQYMBaAFHgbcp8fIW9WPuTm1bhEezROTirRMB0GA1UdDgQWBBR4G3KfHyFvVj7k5tW4RHs0Tk4q0TANBgkqhkiG9w0BAQsFAAOCAQEAJ8H140uX7ozrwMROZG1Otyjx/0ibRG5qVww9vIHp+mRIj8RVR/cDwCcEs0gIEXSH1HRjl6UcKwqWuDLPepplzh/X51BtZyO+/MSuh7Xuk/QrR/8bHtvmxe7YWrLUIMZxZsdf8xt/48L5ONE55sd6Q2PDvTI7xda2lSS5l0l3AkEllpMWRga1TqYnpeB22Q9fhvnXPAk2OYhxMbzRY7Xdq89Bud3LJ/SSEkXR+CKQlKY7vf+uUwpDUj0cAgenMAa1ckd+WB0sO5XcAxUKudCKREdq5+PZmg5LwIcu3B9kNOuLg9beC9eb65r1BcuFPeCnD/PmGbwclc3OHyT/yYwTYQ==",
            "certificate_policy": [
              {
                "issuer_parameters": [
                  {
                    "name": "Self"
                  }
                ],
                "key_properties": [
                  {
                    "curve": "",
                    "exportable": true,
                    "key_size": 2048,
                    "key_type": "RSA",
                    "reuse_key": true
                  }
                ],
                "lifetime_action": [
                  {
                    "action": [
                      {
                        "action_type": "AutoRenew"
                      }
                    ],
                    "trigger": [
                      {
                        "days_before_expiry": 30,
                        "lifetime_percentage": 0
                      }
                    ]
                  }
                ],
                "secret_properties": [
                  {
                    "content_type": "application/x-pkcs12"
                  }
                ],
                "x509_certificate_properties": [
                  {
                    "extended_key_usage": [
                      "1.3.6.1.5.5.7.3.1"
                    ],
                    "key_usage": [
                      "digitalSignature",
                      "keyEncipherment"
                    ],
                    "subject": "CN=app04.apps.internal",
                    "subject_alternative_names": [
                      {
                        "dns_names": [
                          "app04.apps.internal"
                        ],
                        "emails": null,
                        "upns": null
                      }
                    ],
                    "validity_in_months": 12
                  }
                ]
              }
            ],
            "id": "https://kv-appgw-6kbux.vault.azure.net/certificates/app04-apps-internal/aa050618caf240f592f9045297d902cb",
            "key_vault_id": "/subscriptions/38977b70-47bf-4da5-a492-88712fce8725/resourceGroups/rg-aca-dns-24/providers/Microsoft.KeyVault/vaults/kv-appgw-6kbux",
            "name": "app04-apps-internal",
            "resource_manager_id": "/subscriptions/38977b70-47bf-4da5-a492-88712fce8725/resourceGroups/rg-aca-dns-24/providers/Microsoft.KeyVault/vaults/kv-appgw-6kbux/certificates/app04-apps-internal/versions/aa050618caf240f592f9045297d902cb",
            "resource_manager_versionless_id": "/subscriptions/38977b70-47bf-4da5-a492-88712fce8725/resourceGroups/rg-aca-dns-24/providers/Microsoft.KeyVault/vaults/kv-appgw-6kbux/certificates/app04-apps-internal",
            "secret_id": "https://kv-appgw-6kbux.vault.azure.net/secrets/app04-apps-internal/aa050618caf240f592f9045297d902cb",
            "tags": null,
            "thumbprint": "3E659045F7487ACB5FF9EB0A56537D44B27EB9BE",
            "timeouts": null,
            "version": "aa050618caf240f592f9045297d902cb",
            "versionless_id": "https://kv-appgw-6kbux.vault.azure.net/certificates/app04-apps-internal",
            "versionless_secret_id": "https://kv-appgw-6kbux.vault.azure.net/secrets/app04-apps-internal"
          },
          "sensitive_attributes": [],
          "private": "eyJlMmJmYjczMC1lY2FhLTExZTYtOGY4OC0zNDM2M2JjN2M0YzAiOnsiY3JlYXRlIjozNjAwMDAwMDAwMDAwLCJkZWxldGUiOjE4MDAwMDAwMDAwMDAsInJlYWQiOjE4MDAwMDAwMDAwMDAsInVwZGF0ZSI6MTgwMDAwMDAwMDAwMH19",
          "dependencies": [
            "azurerm_key_vault.keyvault",
            "azurerm_resource_group.rg",
            "azurerm_role_assignment.role-certificates-officer",
            "data.azurerm_client_config.current",
            "random_string.random"
          ]
        },
        {
          "index_key": "app05",
          "schema_version": 0,
          "attributes": {
            "certificate": [],
            "certificate_attribute": [
              {
                "created": "2024-05-05T20:41:16Z",
                "enabled": true,
                "expires": "2025-05-05T20:41:16Z",
                "not_before": "2024-05-05T20:31:16Z",
                "recovery_level": "CustomizedRecoverable+Purgeable",
                "updated": "2024-05-05T20:41:16Z"
              }
            ],
            "certificate_data": "3082035A30820242A00302010202100403906A863F4761AB342FFE7E592F2A300D06092A864886F70D01010B0500301E311C301A0603550403131361707030352E617070732E696E7465726E616C301E170D3234303530353230333131365A170D3235303530353230343131365A301E311C301A0603550403131361707030352E617070732E696E7465726E616C30820122300D06092A864886F70D01010105000382010F003082010A0282010100D0F17D85C79908ACEB4870DCBC981186A913C167B49787564EAC2B37941BD064A02A4656A9B939F44EC66B4828AC77332C260076E64DA8C0405EF14BF17EC56359DF5B8B4E45688DEED12917C7F6336EC0FCB1794A1CB0A387A663011CD3D73A816BADAFC2656906CEB1FCAA88746BB64AC72D1F8085DE11DCD460761D435A5C12C784A20F09CFCE03DAF82F45FCBB7B8014DCBC2EC99859097A4E640DF681107DB9CD8C4FE7DD93918A06126089C6D38E01B6992C48347076B97C056154341EED85ADB5D6BE30D7D95E66093E5ACCB84FF7E20A6CEE66BB9900672B57E174F2629CC88C34DF6FB33626F87CCFD9DDDB7B5E83D2A947A3CA1679C5B1977072350203010001A38193308190300E0603551D0F0101FF0404030205A030090603551D130402300030130603551D25040C300A06082B06010505070301301E0603551D1104173015821361707030352E617070732E696E7465726E616C301F0603551D23041830168014D8C06DE5F7D995F3F45125B24FD3E788F9320B54301D0603551D0E04160414D8C06DE5F7D995F3F45125B24FD3E788F9320B54300D06092A864886F70D01010B050003820101004BE7B5A236003CD884511CAF1CDFB4869CE30BF0BA58786EF4C5FCF9E81736A795FC9065114A932D7FC6CD40758059A7B549DE9CA4C75537F1DE38FB92867B8F035B9A2375FDFA3BE87C338ABDA962761B19333D7457A47E6E66E0EBFC637459A27C4FB00929FEEEB1F3A114E30144ED7E7C251D5E75C8DA46D5F34C3610A4C1724566FE2975318DD86C1FEC54DE186FD5463FDD4547083A96EDD60F95B235C316A745D5E2B42FDDAB70657C1C58DCFC32AB52B97C1A4A880DD0E747F6F88F59549CB4383BE50AF6F4E84DCA5DD3FA9705DAE1670C3409134A6FD939A706CCB2DBBE1E34016F00B8E41EFF41B0C719A27C7A8CC08C3D5736CD9E4FF536DEF808",
            "certificate_data_base64": "MIIDWjCCAkKgAwIBAgIQBAOQaoY/R2GrNC/+flkvKjANBgkqhkiG9w0BAQsFADAeMRwwGgYDVQQDExNhcHAwNS5hcHBzLmludGVybmFsMB4XDTI0MDUwNTIwMzExNloXDTI1MDUwNTIwNDExNlowHjEcMBoGA1UEAxMTYXBwMDUuYXBwcy5pbnRlcm5hbDCCASIwDQYJKoZIhvcNAQEBBQADggEPADCCAQoCggEBANDxfYXHmQis60hw3LyYEYapE8FntJeHVk6sKzeUG9BkoCpGVqm5OfROxmtIKKx3MywmAHbmTajAQF7xS/F+xWNZ31uLTkVoje7RKRfH9jNuwPyxeUocsKOHpmMBHNPXOoFrra/CZWkGzrH8qoh0a7ZKxy0fgIXeEdzUYHYdQ1pcEseEog8Jz84D2vgvRfy7e4AU3LwuyZhZCXpOZA32gRB9uc2MT+fdk5GKBhJgicbTjgG2mSxINHB2uXwFYVQ0Hu2FrbXWvjDX2V5mCT5azLhP9+IKbO5mu5kAZytX4XTyYpzIjDTfb7M2Jvh8z9nd23teg9KpR6PKFnnFsZdwcjUCAwEAAaOBkzCBkDAOBgNVHQ8BAf8EBAMCBaAwCQYDVR0TBAIwADATBgNVHSUEDDAKBggrBgEFBQcDATAeBgNVHREEFzAVghNhcHAwNS5hcHBzLmludGVybmFsMB8GA1UdIwQYMBaAFNjAbeX32ZXz9FElsk/T54j5MgtUMB0GA1UdDgQWBBTYwG3l99mV8/RRJbJP0+eI+TILVDANBgkqhkiG9w0BAQsFAAOCAQEAS+e1ojYAPNiEURyvHN+0hpzjC/C6WHhu9MX8+egXNqeV/JBlEUqTLX/GzUB1gFmntUnenKTHVTfx3jj7koZ7jwNbmiN1/fo76Hwzir2pYnYbGTM9dFekfm5m4Ov8Y3RZonxPsAkp/u6x86EU4wFE7X58JR1edcjaRtXzTDYQpMFyRWb+KXUxjdhsH+xU3hhv1UY/3UVHCDqW7dYPlbI1wxanRdXitC/dq3BlfBxY3Pwyq1K5fBpKiA3Q50f2+I9ZVJy0ODvlCvb06E3KXdP6lwXa4WcMNAkTSm/ZOacGzLLbvh40AW8AuOQe/0GwxxmifHqMwIw9VzbNnk/1Nt74CA==",
            "certificate_policy": [
              {
                "issuer_parameters": [
                  {
                    "name": "Self"
                  }
                ],
                "key_properties": [
                  {
                    "curve": "",
                    "exportable": true,
                    "key_size": 2048,
                    "key_type": "RSA",
                    "reuse_key": true
                  }
                ],
                "lifetime_action": [
                  {
                    "action": [
                      {
                        "action_type": "AutoRenew"
                      }
                    ],
                    "trigger": [
                      {
                        "days_before_expiry": 30,
                        "lifetime_percentage": 0
                      }
                    ]
                  }
                ],
                "secret_properties": [
                  {
                    "content_type": "application/x-pkcs12"
                  }
                ],
                "x509_certificate_properties": [
                  {
                    "extended_key_usage": [
                      "1.3.6.1.5.5.7.3.1"
                    ],
                    "key_usage": [
                      "digitalSignature",
                      "keyEncipherment"
                    ],
                    "subject": "CN=app05.apps.internal",
                    "subject_alternative_names": [
                      {
                        "dns_names": [
                          "app05.apps.internal"
                        ],
                        "emails": null,
                        "upns": null
                      }
                    ],
                    "validity_in_months": 12
                  }
                ]
              }
            ],
            "id": "https://kv-appgw-6kbux.vault.azure.net/certificates/app05-apps-internal/5c2aa35903f64814859fd7a18e364112",
            "key_vault_id": "/subscriptions/38977b70-47bf-4da5-a492-88712fce8725/resourceGroups/rg-aca-dns-24/providers/Microsoft.KeyVault/vaults/kv-appgw-6kbux",
            "name": "app05-apps-internal",
            "resource_manager_id": "/subscriptions/38977b70-47bf-4da5-a492-88712fce8725/resourceGroups/rg-aca-dns-24/providers/Microsoft.KeyVault/vaults/kv-appgw-6kbux/certificates/app05-apps-internal/versions/5c2aa35903f64814859fd7a18e364112",
            "resource_manager_versionless_id": "/subscriptions/38977b70-47bf-4da5-a492-88712fce8725/resourceGroups/rg-aca-dns-24/providers/Microsoft.KeyVault/vaults/kv-appgw-6kbux/certificates/app05-apps-internal",
            "secret_id": "https://kv-appgw-6kbux.vault.azure.net/secrets/app05-apps-internal/5c2aa35903f64814859fd7a18e364112",
            "tags": null,
            "thumbprint": "61C473C172ECC6945CD4945B32C031D623FFDE07",
            "timeouts": null,
            "version": "5c2aa35903f64814859fd7a18e364112",
            "versionless_id": "https://kv-appgw-6kbux.vault.azure.net/certificates/app05-apps-internal",
            "versionless_secret_id": "https://kv-appgw-6kbux.vault.azure.net/secrets/app05-apps-internal"
          },
          "sensitive_attributes": [],
          "private": "eyJlMmJmYjczMC1lY2FhLTExZTYtOGY4OC0zNDM2M2JjN2M0YzAiOnsiY3JlYXRlIjozNjAwMDAwMDAwMDAwLCJkZWxldGUiOjE4MDAwMDAwMDAwMDAsInJlYWQiOjE4MDAwMDAwMDAwMDAsInVwZGF0ZSI6MTgwMDAwMDAwMDAwMH19",
          "dependencies": [
            "azurerm_key_vault.keyvault",
            "azurerm_resource_group.rg",
            "azurerm_role_assignment.role-certificates-officer",
            "data.azurerm_client_config.current",
            "random_string.random"
          ]
        },
        {
          "index_key": "app06",
          "schema_version": 0,
          "attributes": {
            "certificate": [],
            "certificate_attribute": [
              {
                "created": "2024-05-05T20:41:15Z",
                "enabled": true,
                "expires": "2025-05-05T20:41:15Z",
                "not_before": "2024-05-05T20:31:15Z",
                "recovery_level": "CustomizedRecoverable+Purgeable",
                "updated": "2024-05-05T20:41:15Z"
              }
            ],
            "certificate_data": "3082035A30820242A0030201020210532038D842BA4F58BE34E9E5785ABCB0300D06092A864886F70D01010B0500301E311C301A0603550403131361707030362E617070732E696E7465726E616C301E170D3234303530353230333131355A170D3235303530353230343131355A301E311C301A0603550403131361707030362E617070732E696E7465726E616C30820122300D06092A864886F70D01010105000382010F003082010A0282010100D97A1598F4337820BFD090BE0D2090EDFE505099768CF5910091F94822167194B04F0BD86BC8685209FFC3BF37BF3E42F8F337E09EEC88A95B4F40F3D2156F09E7A1CA7B8D242750BEBE2B4DC9771FC76F546837BFC363968E485C5245B07850AC8EB76950EDE02C8B3BE3F96907A06033B1812F21E72F74D8C681C76CEA4E7D1BAAB41CA35060BF1A0DDE72E37B27C55ADFA040B217AF7C6A1EF543F04FB5BE727C666128D142555312D109A0C1A49B1C50BD1A6FAA3123880E880517DA4084D14C6FCC9DFE75D276AB4D135800F8ACB4B9CFDB5455275DB70D64A97D045196D8449BADD0F83A1A9C477A3E4533F2087725DE7DA7C93FDF3227700BFA3952510203010001A38193308190300E0603551D0F0101FF0404030205A030090603551D130402300030130603551D25040C300A06082B06010505070301301E0603551D1104173015821361707030362E617070732E696E7465726E616C301F0603551D2304183016801494E93BA483D626E7349465E53325EFE8672D950E301D0603551D0E0416041494E93BA483D626E7349465E53325EFE8672D950E300D06092A864886F70D01010B0500038201010028B0775F354DD876F7BA71EF2B91D66D06535B019D913D16DDD50AB997536B7B8E5787DEE1CAFC17EC99E4C00676AD9DAA11E39BE89101310CFA2EAA1D459D2D2BBE87E263B88F53C844E4D3DB351328086D865B72A4F0574CB41227D93942EC4A9212DFEA4B4968A994A8AC5FC704D73CA9C435735B5BFAA1EF3279DEDF98EBC22C2C5E7D82DB987C18961057133D74A0C173C2BB93E953EF439CC15909CFED790513E00BC252033CE7E2B4FEEAEA7DA3C386A1EA9C4E581501C09907106B623108FEEE86A6374613560D58C71830F3693F2D20E1FD14209DA68011C44B9FE59233A7D3D1FCC0010FB7CB7186FF77E0D3B0FFA0EEE184FD10F5528AFE7ECA6E",
            "certificate_data_base64": "MIIDWjCCAkKgAwIBAgIQUyA42EK6T1i+NOnleFq8sDANBgkqhkiG9w0BAQsFADAeMRwwGgYDVQQDExNhcHAwNi5hcHBzLmludGVybmFsMB4XDTI0MDUwNTIwMzExNVoXDTI1MDUwNTIwNDExNVowHjEcMBoGA1UEAxMTYXBwMDYuYXBwcy5pbnRlcm5hbDCCASIwDQYJKoZIhvcNAQEBBQADggEPADCCAQoCggEBANl6FZj0M3ggv9CQvg0gkO3+UFCZdoz1kQCR+UgiFnGUsE8L2GvIaFIJ/8O/N78+QvjzN+Ce7IipW09A89IVbwnnocp7jSQnUL6+K03Jdx/Hb1RoN7/DY5aOSFxSRbB4UKyOt2lQ7eAsizvj+WkHoGAzsYEvIecvdNjGgcds6k59G6q0HKNQYL8aDd5y43snxVrfoECyF698ah71Q/BPtb5yfGZhKNFCVVMS0QmgwaSbHFC9Gm+qMSOIDogFF9pAhNFMb8yd/nXSdqtNE1gA+Ky0uc/bVFUnXbcNZKl9BFGW2ESbrdD4OhqcR3o+RTPyCHcl3n2nyT/fMidwC/o5UlECAwEAAaOBkzCBkDAOBgNVHQ8BAf8EBAMCBaAwCQYDVR0TBAIwADATBgNVHSUEDDAKBggrBgEFBQcDATAeBgNVHREEFzAVghNhcHAwNi5hcHBzLmludGVybmFsMB8GA1UdIwQYMBaAFJTpO6SD1ibnNJRl5TMl7+hnLZUOMB0GA1UdDgQWBBSU6Tukg9Ym5zSUZeUzJe/oZy2VDjANBgkqhkiG9w0BAQsFAAOCAQEAKLB3XzVN2Hb3unHvK5HWbQZTWwGdkT0W3dUKuZdTa3uOV4fe4cr8F+yZ5MAGdq2dqhHjm+iRATEM+i6qHUWdLSu+h+JjuI9TyETk09s1EygIbYZbcqTwV0y0EifZOULsSpIS3+pLSWiplKisX8cE1zypxDVzW1v6oe8yed7fmOvCLCxefYLbmHwYlhBXEz10oMFzwruT6VPvQ5zBWQnP7XkFE+ALwlIDPOfitP7q6n2jw4ah6pxOWBUBwJkHEGtiMQj+7oamN0YTVg1Yxxgw82k/LSDh/RQgnaaAEcRLn+WSM6fT0fzAAQ+3y3GG/3fg07D/oO7hhP0Q9VKK/n7Kbg==",
            "certificate_policy": [
              {
                "issuer_parameters": [
                  {
                    "name": "Self"
                  }
                ],
                "key_properties": [
                  {
                    "curve": "",
                    "exportable": true,
                    "key_size": 2048,
                    "key_type": "RSA",
                    "reuse_key": true
                  }
                ],
                "lifetime_action": [
                  {
                    "action": [
                      {
                        "action_type": "AutoRenew"
                      }
                    ],
                    "trigger": [
                      {
                        "days_before_expiry": 30,
                        "lifetime_percentage": 0
                      }
                    ]
                  }
                ],
                "secret_properties": [
                  {
                    "content_type": "application/x-pkcs12"
                  }
                ],
                "x509_certificate_properties": [
                  {
                    "extended_key_usage": [
                      "1.3.6.1.5.5.7.3.1"
                    ],
                    "key_usage": [
                      "digitalSignature",
                      "keyEncipherment"
                    ],
                    "subject": "CN=app06.apps.internal",
                    "subject_alternative_names": [
                      {
                        "dns_names": [
                          "app06.apps.internal"
                        ],
                        "emails": null,
                        "upns": null
                      }
                    ],
                    "validity_in_months": 12
                  }
                ]
              }
            ],
            "id": "https://kv-appgw-6kbux.vault.azure.net/certificates/app06-apps-internal/b52382b6b7a24d93bb768e01d69ea786",
            "key_vault_id": "/subscriptions/38977b70-47bf-4da5-a492-88712fce8725/resourceGroups/rg-aca-dns-24/providers/Microsoft.KeyVault/vaults/kv-appgw-6kbux",
            "name": "app06-apps-internal",
            "resource_manager_id": "/subscriptions/38977b70-47bf-4da5-a492-88712fce8725/resourceGroups/rg-aca-dns-24/providers/Microsoft.KeyVault/vaults/kv-appgw-6kbux/certificates/app06-apps-internal/versions/b52382b6b7a24d93bb768e01d69ea786",
            "resource_manager_versionless_id": "/subscriptions/38977b70-47bf-4da5-a492-88712fce8725/resourceGroups/rg-aca-dns-24/providers/Microsoft.KeyVault/vaults/kv-appgw-6kbux/certificates/app06-apps-internal",
            "secret_id": "https://kv-appgw-6kbux.vault.azure.net/secrets/app06-apps-internal/b52382b6b7a24d93bb768e01d69ea786",
            "tags": null,
            "thumbprint": "3CA5794CEDCF79354F029854CCD1594B02573062",
            "timeouts": null,
            "version": "b52382b6b7a24d93bb768e01d69ea786",
            "versionless_id": "https://kv-appgw-6kbux.vault.azure.net/certificates/app06-apps-internal",
            "versionless_secret_id": "https://kv-appgw-6kbux.vault.azure.net/secrets/app06-apps-internal"
          },
          "sensitive_attributes": [],
          "private": "eyJlMmJmYjczMC1lY2FhLTExZTYtOGY4OC0zNDM2M2JjN2M0YzAiOnsiY3JlYXRlIjozNjAwMDAwMDAwMDAwLCJkZWxldGUiOjE4MDAwMDAwMDAwMDAsInJlYWQiOjE4MDAwMDAwMDAwMDAsInVwZGF0ZSI6MTgwMDAwMDAwMDAwMH19",
          "dependencies": [
            "azurerm_key_vault.keyvault",
            "azurerm_resource_group.rg",
            "azurerm_role_assignment.role-certificates-officer",
            "data.azurerm_client_config.current",
            "random_string.random"
          ]
        }
      ]
    },
    {
      "mode": "managed",
      "type": "azurerm_network_interface",
      "name": "nic-vm-windows",
      "provider": "provider[\"registry.terraform.io/hashicorp/azurerm\"]",
      "instances": [
        {
          "schema_version": 0,
          "attributes": {
            "applied_dns_servers": [],
            "auxiliary_mode": "",
            "auxiliary_sku": "",
            "dns_servers": [],
            "edge_zone": "",
            "enable_accelerated_networking": false,
            "enable_ip_forwarding": false,
            "id": "/subscriptions/38977b70-47bf-4da5-a492-88712fce8725/resourceGroups/rg-aca-dns-24/providers/Microsoft.Network/networkInterfaces/nic-vm-windows",
            "internal_dns_name_label": "",
            "internal_domain_name_suffix": "jlhjwrijdkfe3knmegzidqqada.gvxx.internal.cloudapp.net",
            "ip_configuration": [
              {
                "gateway_load_balancer_frontend_ip_configuration_id": "",
                "name": "internal",
                "primary": true,
                "private_ip_address": "10.0.251.4",
                "private_ip_address_allocation": "Dynamic",
                "private_ip_address_version": "IPv4",
                "public_ip_address_id": "",
                "subnet_id": "/subscriptions/38977b70-47bf-4da5-a492-88712fce8725/resourceGroups/rg-aca-dns-24/providers/Microsoft.Network/virtualNetworks/vnet-internal/subnets/snet-jumpbox"
              }
            ],
            "location": "swedencentral",
            "mac_address": "60-45-BD-FB-A6-8F",
            "name": "nic-vm-windows",
            "private_ip_address": "10.0.251.4",
            "private_ip_addresses": [
              "10.0.251.4"
            ],
            "resource_group_name": "rg-aca-dns-24",
            "tags": {},
            "timeouts": null,
            "virtual_machine_id": "/subscriptions/38977b70-47bf-4da5-a492-88712fce8725/resourceGroups/rg-aca-dns-24/providers/Microsoft.Compute/virtualMachines/vm-windows-w11"
          },
          "sensitive_attributes": [],
          "private": "eyJlMmJmYjczMC1lY2FhLTExZTYtOGY4OC0zNDM2M2JjN2M0YzAiOnsiY3JlYXRlIjoxODAwMDAwMDAwMDAwLCJkZWxldGUiOjE4MDAwMDAwMDAwMDAsInJlYWQiOjMwMDAwMDAwMDAwMCwidXBkYXRlIjoxODAwMDAwMDAwMDAwfX0=",
          "dependencies": [
            "azurerm_resource_group.rg",
            "azurerm_subnet.snet-jumpbox",
            "azurerm_virtual_network.vnet"
          ]
        }
      ]
    },
    {
      "mode": "managed",
      "type": "azurerm_private_dns_a_record",
      "name": "a-record-app",
      "provider": "provider[\"registry.terraform.io/hashicorp/azurerm\"]",
      "instances": [
        {
          "index_key": "app01",
          "schema_version": 0,
          "attributes": {
            "fqdn": "app01.apps.internal.",
            "id": "/subscriptions/38977b70-47bf-4da5-a492-88712fce8725/resourceGroups/rg-aca-dns-24/providers/Microsoft.Network/privateDnsZones/apps.internal/A/app01",
            "name": "app01",
            "records": [
              "10.0.0.10"
            ],
            "resource_group_name": "rg-aca-dns-24",
            "tags": {},
            "timeouts": null,
            "ttl": 300,
            "zone_name": "apps.internal"
          },
          "sensitive_attributes": [],
          "private": "eyJlMmJmYjczMC1lY2FhLTExZTYtOGY4OC0zNDM2M2JjN2M0YzAiOnsiY3JlYXRlIjoxODAwMDAwMDAwMDAwLCJkZWxldGUiOjE4MDAwMDAwMDAwMDAsInJlYWQiOjMwMDAwMDAwMDAwMCwidXBkYXRlIjoxODAwMDAwMDAwMDAwfX0=",
          "dependencies": [
            "azurerm_private_dns_zone.private-dns-zone-apps",
            "azurerm_resource_group.rg"
          ]
        },
        {
          "index_key": "app02",
          "schema_version": 0,
          "attributes": {
            "fqdn": "app02.apps.internal.",
            "id": "/subscriptions/38977b70-47bf-4da5-a492-88712fce8725/resourceGroups/rg-aca-dns-24/providers/Microsoft.Network/privateDnsZones/apps.internal/A/app02",
            "name": "app02",
            "records": [
              "10.0.0.10"
            ],
            "resource_group_name": "rg-aca-dns-24",
            "tags": {},
            "timeouts": null,
            "ttl": 300,
            "zone_name": "apps.internal"
          },
          "sensitive_attributes": [],
          "private": "eyJlMmJmYjczMC1lY2FhLTExZTYtOGY4OC0zNDM2M2JjN2M0YzAiOnsiY3JlYXRlIjoxODAwMDAwMDAwMDAwLCJkZWxldGUiOjE4MDAwMDAwMDAwMDAsInJlYWQiOjMwMDAwMDAwMDAwMCwidXBkYXRlIjoxODAwMDAwMDAwMDAwfX0=",
          "dependencies": [
            "azurerm_private_dns_zone.private-dns-zone-apps",
            "azurerm_resource_group.rg"
          ]
        },
        {
          "index_key": "app03",
          "schema_version": 0,
          "attributes": {
            "fqdn": "app03.apps.internal.",
            "id": "/subscriptions/38977b70-47bf-4da5-a492-88712fce8725/resourceGroups/rg-aca-dns-24/providers/Microsoft.Network/privateDnsZones/apps.internal/A/app03",
            "name": "app03",
            "records": [
              "10.0.0.10"
            ],
            "resource_group_name": "rg-aca-dns-24",
            "tags": {},
            "timeouts": null,
            "ttl": 300,
            "zone_name": "apps.internal"
          },
          "sensitive_attributes": [],
          "private": "eyJlMmJmYjczMC1lY2FhLTExZTYtOGY4OC0zNDM2M2JjN2M0YzAiOnsiY3JlYXRlIjoxODAwMDAwMDAwMDAwLCJkZWxldGUiOjE4MDAwMDAwMDAwMDAsInJlYWQiOjMwMDAwMDAwMDAwMCwidXBkYXRlIjoxODAwMDAwMDAwMDAwfX0=",
          "dependencies": [
            "azurerm_private_dns_zone.private-dns-zone-apps",
            "azurerm_resource_group.rg"
          ]
        },
        {
          "index_key": "app04",
          "schema_version": 0,
          "attributes": {
            "fqdn": "app04.apps.internal.",
            "id": "/subscriptions/38977b70-47bf-4da5-a492-88712fce8725/resourceGroups/rg-aca-dns-24/providers/Microsoft.Network/privateDnsZones/apps.internal/A/app04",
            "name": "app04",
            "records": [
              "10.0.0.10"
            ],
            "resource_group_name": "rg-aca-dns-24",
            "tags": null,
            "timeouts": null,
            "ttl": 300,
            "zone_name": "apps.internal"
          },
          "sensitive_attributes": [],
          "private": "eyJlMmJmYjczMC1lY2FhLTExZTYtOGY4OC0zNDM2M2JjN2M0YzAiOnsiY3JlYXRlIjoxODAwMDAwMDAwMDAwLCJkZWxldGUiOjE4MDAwMDAwMDAwMDAsInJlYWQiOjMwMDAwMDAwMDAwMCwidXBkYXRlIjoxODAwMDAwMDAwMDAwfX0=",
          "dependencies": [
            "azurerm_private_dns_zone.private-dns-zone-apps",
            "azurerm_resource_group.rg"
          ]
        },
        {
          "index_key": "app05",
          "schema_version": 0,
          "attributes": {
            "fqdn": "app05.apps.internal.",
            "id": "/subscriptions/38977b70-47bf-4da5-a492-88712fce8725/resourceGroups/rg-aca-dns-24/providers/Microsoft.Network/privateDnsZones/apps.internal/A/app05",
            "name": "app05",
            "records": [
              "10.0.0.10"
            ],
            "resource_group_name": "rg-aca-dns-24",
            "tags": null,
            "timeouts": null,
            "ttl": 300,
            "zone_name": "apps.internal"
          },
          "sensitive_attributes": [],
          "private": "eyJlMmJmYjczMC1lY2FhLTExZTYtOGY4OC0zNDM2M2JjN2M0YzAiOnsiY3JlYXRlIjoxODAwMDAwMDAwMDAwLCJkZWxldGUiOjE4MDAwMDAwMDAwMDAsInJlYWQiOjMwMDAwMDAwMDAwMCwidXBkYXRlIjoxODAwMDAwMDAwMDAwfX0=",
          "dependencies": [
            "azurerm_private_dns_zone.private-dns-zone-apps",
            "azurerm_resource_group.rg"
          ]
        },
        {
          "index_key": "app06",
          "schema_version": 0,
          "attributes": {
            "fqdn": "app06.apps.internal.",
            "id": "/subscriptions/38977b70-47bf-4da5-a492-88712fce8725/resourceGroups/rg-aca-dns-24/providers/Microsoft.Network/privateDnsZones/apps.internal/A/app06",
            "name": "app06",
            "records": [
              "10.0.0.10"
            ],
            "resource_group_name": "rg-aca-dns-24",
            "tags": null,
            "timeouts": null,
            "ttl": 300,
            "zone_name": "apps.internal"
          },
          "sensitive_attributes": [],
          "private": "eyJlMmJmYjczMC1lY2FhLTExZTYtOGY4OC0zNDM2M2JjN2M0YzAiOnsiY3JlYXRlIjoxODAwMDAwMDAwMDAwLCJkZWxldGUiOjE4MDAwMDAwMDAwMDAsInJlYWQiOjMwMDAwMDAwMDAwMCwidXBkYXRlIjoxODAwMDAwMDAwMDAwfX0=",
          "dependencies": [
            "azurerm_private_dns_zone.private-dns-zone-apps",
            "azurerm_resource_group.rg"
          ]
        }
      ]
    },
    {
      "mode": "managed",
      "type": "azurerm_private_dns_a_record",
      "name": "a-record-wild-card",
      "provider": "provider[\"registry.terraform.io/hashicorp/azurerm\"]",
      "instances": [
        {
          "index_key": "app01",
          "schema_version": 0,
          "attributes": {
            "fqdn": "*.graysmoke-c356a71f.swedencentral.azurecontainerapps.io.",
            "id": "/subscriptions/38977b70-47bf-4da5-a492-88712fce8725/resourceGroups/rg-aca-dns-24/providers/Microsoft.Network/privateDnsZones/swedencentral.azurecontainerapps.io/A/*.graysmoke-c356a71f",
            "name": "*.graysmoke-c356a71f",
            "records": [
              "10.0.1.145"
            ],
            "resource_group_name": "rg-aca-dns-24",
            "tags": {},
            "timeouts": null,
            "ttl": 300,
            "zone_name": "swedencentral.azurecontainerapps.io"
          },
          "sensitive_attributes": [],
          "private": "eyJlMmJmYjczMC1lY2FhLTExZTYtOGY4OC0zNDM2M2JjN2M0YzAiOnsiY3JlYXRlIjoxODAwMDAwMDAwMDAwLCJkZWxldGUiOjE4MDAwMDAwMDAwMDAsInJlYWQiOjMwMDAwMDAwMDAwMCwidXBkYXRlIjoxODAwMDAwMDAwMDAwfX0=",
          "dependencies": [
            "azurerm_container_app_environment.env",
            "azurerm_private_dns_zone.private-dns-zone-aca",
            "azurerm_resource_group.rg",
            "azurerm_subnet.snet-aca",
            "azurerm_virtual_network.vnet"
          ]
        },
        {
          "index_key": "app02",
          "schema_version": 0,
          "attributes": {
            "fqdn": "*.bravecliff-57e3fb6c.swedencentral.azurecontainerapps.io.",
            "id": "/subscriptions/38977b70-47bf-4da5-a492-88712fce8725/resourceGroups/rg-aca-dns-24/providers/Microsoft.Network/privateDnsZones/swedencentral.azurecontainerapps.io/A/*.bravecliff-57e3fb6c",
            "name": "*.bravecliff-57e3fb6c",
            "records": [
              "10.0.2.87"
            ],
            "resource_group_name": "rg-aca-dns-24",
            "tags": {},
            "timeouts": null,
            "ttl": 300,
            "zone_name": "swedencentral.azurecontainerapps.io"
          },
          "sensitive_attributes": [],
          "private": "eyJlMmJmYjczMC1lY2FhLTExZTYtOGY4OC0zNDM2M2JjN2M0YzAiOnsiY3JlYXRlIjoxODAwMDAwMDAwMDAwLCJkZWxldGUiOjE4MDAwMDAwMDAwMDAsInJlYWQiOjMwMDAwMDAwMDAwMCwidXBkYXRlIjoxODAwMDAwMDAwMDAwfX0=",
          "dependencies": [
            "azurerm_container_app_environment.env",
            "azurerm_private_dns_zone.private-dns-zone-aca",
            "azurerm_resource_group.rg",
            "azurerm_subnet.snet-aca",
            "azurerm_virtual_network.vnet"
          ]
        },
        {
          "index_key": "app03",
          "schema_version": 0,
          "attributes": {
            "fqdn": "*.icycoast-53176cd9.swedencentral.azurecontainerapps.io.",
            "id": "/subscriptions/38977b70-47bf-4da5-a492-88712fce8725/resourceGroups/rg-aca-dns-24/providers/Microsoft.Network/privateDnsZones/swedencentral.azurecontainerapps.io/A/*.icycoast-53176cd9",
            "name": "*.icycoast-53176cd9",
            "records": [
              "10.0.3.207"
            ],
            "resource_group_name": "rg-aca-dns-24",
            "tags": {},
            "timeouts": null,
            "ttl": 300,
            "zone_name": "swedencentral.azurecontainerapps.io"
          },
          "sensitive_attributes": [],
          "private": "eyJlMmJmYjczMC1lY2FhLTExZTYtOGY4OC0zNDM2M2JjN2M0YzAiOnsiY3JlYXRlIjoxODAwMDAwMDAwMDAwLCJkZWxldGUiOjE4MDAwMDAwMDAwMDAsInJlYWQiOjMwMDAwMDAwMDAwMCwidXBkYXRlIjoxODAwMDAwMDAwMDAwfX0=",
          "dependencies": [
            "azurerm_container_app_environment.env",
            "azurerm_private_dns_zone.private-dns-zone-aca",
            "azurerm_resource_group.rg",
            "azurerm_subnet.snet-aca",
            "azurerm_virtual_network.vnet"
          ]
        },
        {
          "index_key": "app04",
          "schema_version": 0,
          "attributes": {
            "fqdn": "*.delightfuldesert-b616ad62.swedencentral.azurecontainerapps.io.",
            "id": "/subscriptions/38977b70-47bf-4da5-a492-88712fce8725/resourceGroups/rg-aca-dns-24/providers/Microsoft.Network/privateDnsZones/swedencentral.azurecontainerapps.io/A/*.delightfuldesert-b616ad62",
            "name": "*.delightfuldesert-b616ad62",
            "records": [
              "10.0.4.185"
            ],
            "resource_group_name": "rg-aca-dns-24",
            "tags": null,
            "timeouts": null,
            "ttl": 300,
            "zone_name": "swedencentral.azurecontainerapps.io"
          },
          "sensitive_attributes": [],
          "private": "eyJlMmJmYjczMC1lY2FhLTExZTYtOGY4OC0zNDM2M2JjN2M0YzAiOnsiY3JlYXRlIjoxODAwMDAwMDAwMDAwLCJkZWxldGUiOjE4MDAwMDAwMDAwMDAsInJlYWQiOjMwMDAwMDAwMDAwMCwidXBkYXRlIjoxODAwMDAwMDAwMDAwfX0=",
          "dependencies": [
            "azurerm_container_app_environment.env",
            "azurerm_private_dns_zone.private-dns-zone-aca",
            "azurerm_resource_group.rg",
            "azurerm_subnet.snet-aca",
            "azurerm_virtual_network.vnet"
          ]
        },
        {
          "index_key": "app05",
          "schema_version": 0,
          "attributes": {
            "fqdn": "*.delightfulhill-7180b3e7.swedencentral.azurecontainerapps.io.",
            "id": "/subscriptions/38977b70-47bf-4da5-a492-88712fce8725/resourceGroups/rg-aca-dns-24/providers/Microsoft.Network/privateDnsZones/swedencentral.azurecontainerapps.io/A/*.delightfulhill-7180b3e7",
            "name": "*.delightfulhill-7180b3e7",
            "records": [
              "10.0.5.37"
            ],
            "resource_group_name": "rg-aca-dns-24",
            "tags": null,
            "timeouts": null,
            "ttl": 300,
            "zone_name": "swedencentral.azurecontainerapps.io"
          },
          "sensitive_attributes": [],
          "private": "eyJlMmJmYjczMC1lY2FhLTExZTYtOGY4OC0zNDM2M2JjN2M0YzAiOnsiY3JlYXRlIjoxODAwMDAwMDAwMDAwLCJkZWxldGUiOjE4MDAwMDAwMDAwMDAsInJlYWQiOjMwMDAwMDAwMDAwMCwidXBkYXRlIjoxODAwMDAwMDAwMDAwfX0=",
          "dependencies": [
            "azurerm_container_app_environment.env",
            "azurerm_private_dns_zone.private-dns-zone-aca",
            "azurerm_resource_group.rg",
            "azurerm_subnet.snet-aca",
            "azurerm_virtual_network.vnet"
          ]
        },
        {
          "index_key": "app06",
          "schema_version": 0,
          "attributes": {
            "fqdn": "*.greenforest-675638e2.swedencentral.azurecontainerapps.io.",
            "id": "/subscriptions/38977b70-47bf-4da5-a492-88712fce8725/resourceGroups/rg-aca-dns-24/providers/Microsoft.Network/privateDnsZones/swedencentral.azurecontainerapps.io/A/*.greenforest-675638e2",
            "name": "*.greenforest-675638e2",
            "records": [
              "10.0.6.205"
            ],
            "resource_group_name": "rg-aca-dns-24",
            "tags": null,
            "timeouts": null,
            "ttl": 300,
            "zone_name": "swedencentral.azurecontainerapps.io"
          },
          "sensitive_attributes": [],
          "private": "eyJlMmJmYjczMC1lY2FhLTExZTYtOGY4OC0zNDM2M2JjN2M0YzAiOnsiY3JlYXRlIjoxODAwMDAwMDAwMDAwLCJkZWxldGUiOjE4MDAwMDAwMDAwMDAsInJlYWQiOjMwMDAwMDAwMDAwMCwidXBkYXRlIjoxODAwMDAwMDAwMDAwfX0=",
          "dependencies": [
            "azurerm_container_app_environment.env",
            "azurerm_private_dns_zone.private-dns-zone-aca",
            "azurerm_resource_group.rg",
            "azurerm_subnet.snet-aca",
            "azurerm_virtual_network.vnet"
          ]
        }
      ]
    },
    {
      "mode": "managed",
      "type": "azurerm_private_dns_zone",
      "name": "private-dns-zone-aca",
      "provider": "provider[\"registry.terraform.io/hashicorp/azurerm\"]",
      "instances": [
        {
          "schema_version": 0,
          "attributes": {
            "id": "/subscriptions/38977b70-47bf-4da5-a492-88712fce8725/resourceGroups/rg-aca-dns-24/providers/Microsoft.Network/privateDnsZones/swedencentral.azurecontainerapps.io",
            "max_number_of_record_sets": 25000,
            "max_number_of_virtual_network_links": 1000,
            "max_number_of_virtual_network_links_with_registration": 100,
            "name": "swedencentral.azurecontainerapps.io",
            "number_of_record_sets": 4,
            "resource_group_name": "rg-aca-dns-24",
            "soa_record": [
              {
                "email": "azureprivatedns-host.microsoft.com",
                "expire_time": 2419200,
                "fqdn": "swedencentral.azurecontainerapps.io.",
                "host_name": "azureprivatedns.net",
                "minimum_ttl": 10,
                "refresh_time": 3600,
                "retry_time": 300,
                "serial_number": 1,
                "tags": {},
                "ttl": 3600
              }
            ],
            "tags": {},
            "timeouts": null
          },
          "sensitive_attributes": [],
          "private": "eyJlMmJmYjczMC1lY2FhLTExZTYtOGY4OC0zNDM2M2JjN2M0YzAiOnsiY3JlYXRlIjoxODAwMDAwMDAwMDAwLCJkZWxldGUiOjE4MDAwMDAwMDAwMDAsInJlYWQiOjMwMDAwMDAwMDAwMCwidXBkYXRlIjoxODAwMDAwMDAwMDAwfX0=",
          "dependencies": [
            "azurerm_resource_group.rg"
          ]
        }
      ]
    },
    {
      "mode": "managed",
      "type": "azurerm_private_dns_zone",
      "name": "private-dns-zone-apps",
      "provider": "provider[\"registry.terraform.io/hashicorp/azurerm\"]",
      "instances": [
        {
          "schema_version": 0,
          "attributes": {
            "id": "/subscriptions/38977b70-47bf-4da5-a492-88712fce8725/resourceGroups/rg-aca-dns-24/providers/Microsoft.Network/privateDnsZones/apps.internal",
            "max_number_of_record_sets": 25000,
            "max_number_of_virtual_network_links": 1000,
            "max_number_of_virtual_network_links_with_registration": 100,
            "name": "apps.internal",
            "number_of_record_sets": 4,
            "resource_group_name": "rg-aca-dns-24",
            "soa_record": [
              {
                "email": "azureprivatedns-host.microsoft.com",
                "expire_time": 2419200,
                "fqdn": "apps.internal.",
                "host_name": "azureprivatedns.net",
                "minimum_ttl": 10,
                "refresh_time": 3600,
                "retry_time": 300,
                "serial_number": 1,
                "tags": {},
                "ttl": 3600
              }
            ],
            "tags": {},
            "timeouts": null
          },
          "sensitive_attributes": [],
          "private": "eyJlMmJmYjczMC1lY2FhLTExZTYtOGY4OC0zNDM2M2JjN2M0YzAiOnsiY3JlYXRlIjoxODAwMDAwMDAwMDAwLCJkZWxldGUiOjE4MDAwMDAwMDAwMDAsInJlYWQiOjMwMDAwMDAwMDAwMCwidXBkYXRlIjoxODAwMDAwMDAwMDAwfX0=",
          "dependencies": [
            "azurerm_resource_group.rg"
          ]
        }
      ]
    },
    {
      "mode": "managed",
      "type": "azurerm_private_dns_zone",
      "name": "private_dns_zone_keyvault",
      "provider": "provider[\"registry.terraform.io/hashicorp/azurerm\"]",
      "instances": [
        {
          "schema_version": 0,
          "attributes": {
            "id": "/subscriptions/38977b70-47bf-4da5-a492-88712fce8725/resourceGroups/rg-aca-dns-24/providers/Microsoft.Network/privateDnsZones/privatelink.vaultcore.azure.net",
            "max_number_of_record_sets": 25000,
            "max_number_of_virtual_network_links": 1000,
            "max_number_of_virtual_network_links_with_registration": 100,
            "name": "privatelink.vaultcore.azure.net",
            "number_of_record_sets": 2,
            "resource_group_name": "rg-aca-dns-24",
            "soa_record": [
              {
                "email": "azureprivatedns-host.microsoft.com",
                "expire_time": 2419200,
                "fqdn": "privatelink.vaultcore.azure.net.",
                "host_name": "azureprivatedns.net",
                "minimum_ttl": 10,
                "refresh_time": 3600,
                "retry_time": 300,
                "serial_number": 1,
                "tags": {},
                "ttl": 3600
              }
            ],
            "tags": {},
            "timeouts": null
          },
          "sensitive_attributes": [],
          "private": "eyJlMmJmYjczMC1lY2FhLTExZTYtOGY4OC0zNDM2M2JjN2M0YzAiOnsiY3JlYXRlIjoxODAwMDAwMDAwMDAwLCJkZWxldGUiOjE4MDAwMDAwMDAwMDAsInJlYWQiOjMwMDAwMDAwMDAwMCwidXBkYXRlIjoxODAwMDAwMDAwMDAwfX0=",
          "dependencies": [
            "azurerm_resource_group.rg"
          ]
        }
      ]
    },
    {
      "mode": "managed",
      "type": "azurerm_private_dns_zone_virtual_network_link",
      "name": "dns-keyvault",
      "provider": "provider[\"registry.terraform.io/hashicorp/azurerm\"]",
      "instances": [
        {
          "schema_version": 0,
          "attributes": {
            "id": "/subscriptions/38977b70-47bf-4da5-a492-88712fce8725/resourceGroups/rg-aca-dns-24/providers/Microsoft.Network/privateDnsZones/privatelink.vaultcore.azure.net/virtualNetworkLinks/dns-keyvault",
            "name": "dns-keyvault",
            "private_dns_zone_name": "privatelink.vaultcore.azure.net",
            "registration_enabled": false,
            "resource_group_name": "rg-aca-dns-24",
            "tags": {},
            "timeouts": null,
            "virtual_network_id": "/subscriptions/38977b70-47bf-4da5-a492-88712fce8725/resourceGroups/rg-aca-dns-24/providers/Microsoft.Network/virtualNetworks/vnet-internal"
          },
          "sensitive_attributes": [],
          "private": "eyJlMmJmYjczMC1lY2FhLTExZTYtOGY4OC0zNDM2M2JjN2M0YzAiOnsiY3JlYXRlIjoxODAwMDAwMDAwMDAwLCJkZWxldGUiOjE4MDAwMDAwMDAwMDAsInJlYWQiOjMwMDAwMDAwMDAwMCwidXBkYXRlIjoxODAwMDAwMDAwMDAwfX0=",
          "dependencies": [
            "azurerm_private_dns_zone.private_dns_zone_keyvault",
            "azurerm_resource_group.rg",
            "azurerm_virtual_network.vnet"
          ]
        }
      ]
    },
    {
      "mode": "managed",
      "type": "azurerm_private_dns_zone_virtual_network_link",
      "name": "link-dns-aca-vnet",
      "provider": "provider[\"registry.terraform.io/hashicorp/azurerm\"]",
      "instances": [
        {
          "schema_version": 0,
          "attributes": {
            "id": "/subscriptions/38977b70-47bf-4da5-a492-88712fce8725/resourceGroups/rg-aca-dns-24/providers/Microsoft.Network/privateDnsZones/swedencentral.azurecontainerapps.io/virtualNetworkLinks/link-dns-aca-vnet",
            "name": "link-dns-aca-vnet",
            "private_dns_zone_name": "swedencentral.azurecontainerapps.io",
            "registration_enabled": false,
            "resource_group_name": "rg-aca-dns-24",
            "tags": {},
            "timeouts": null,
            "virtual_network_id": "/subscriptions/38977b70-47bf-4da5-a492-88712fce8725/resourceGroups/rg-aca-dns-24/providers/Microsoft.Network/virtualNetworks/vnet-internal"
          },
          "sensitive_attributes": [],
          "private": "eyJlMmJmYjczMC1lY2FhLTExZTYtOGY4OC0zNDM2M2JjN2M0YzAiOnsiY3JlYXRlIjoxODAwMDAwMDAwMDAwLCJkZWxldGUiOjE4MDAwMDAwMDAwMDAsInJlYWQiOjMwMDAwMDAwMDAwMCwidXBkYXRlIjoxODAwMDAwMDAwMDAwfX0=",
          "dependencies": [
            "azurerm_private_dns_zone.private-dns-zone-aca",
            "azurerm_resource_group.rg",
            "azurerm_virtual_network.vnet"
          ]
        }
      ]
    },
    {
      "mode": "managed",
      "type": "azurerm_private_dns_zone_virtual_network_link",
      "name": "link-dns-apps-vnet",
      "provider": "provider[\"registry.terraform.io/hashicorp/azurerm\"]",
      "instances": [
        {
          "schema_version": 0,
          "attributes": {
            "id": "/subscriptions/38977b70-47bf-4da5-a492-88712fce8725/resourceGroups/rg-aca-dns-24/providers/Microsoft.Network/privateDnsZones/apps.internal/virtualNetworkLinks/link-dns-apps-vnet",
            "name": "link-dns-apps-vnet",
            "private_dns_zone_name": "apps.internal",
            "registration_enabled": false,
            "resource_group_name": "rg-aca-dns-24",
            "tags": {},
            "timeouts": null,
            "virtual_network_id": "/subscriptions/38977b70-47bf-4da5-a492-88712fce8725/resourceGroups/rg-aca-dns-24/providers/Microsoft.Network/virtualNetworks/vnet-internal"
          },
          "sensitive_attributes": [],
          "private": "eyJlMmJmYjczMC1lY2FhLTExZTYtOGY4OC0zNDM2M2JjN2M0YzAiOnsiY3JlYXRlIjoxODAwMDAwMDAwMDAwLCJkZWxldGUiOjE4MDAwMDAwMDAwMDAsInJlYWQiOjMwMDAwMDAwMDAwMCwidXBkYXRlIjoxODAwMDAwMDAwMDAwfX0=",
          "dependencies": [
            "azurerm_private_dns_zone.private-dns-zone-apps",
            "azurerm_resource_group.rg",
            "azurerm_virtual_network.vnet"
          ]
        }
      ]
    },
    {
      "mode": "managed",
      "type": "azurerm_private_endpoint",
      "name": "pe-keyvault",
      "provider": "provider[\"registry.terraform.io/hashicorp/azurerm\"]",
      "instances": [
        {
          "schema_version": 0,
          "attributes": {
            "custom_dns_configs": [],
            "custom_network_interface_name": "",
            "id": "/subscriptions/38977b70-47bf-4da5-a492-88712fce8725/resourceGroups/rg-aca-dns-24/providers/Microsoft.Network/privateEndpoints/pe-keyvault",
            "ip_configuration": [],
            "location": "swedencentral",
            "name": "pe-keyvault",
            "network_interface": [
              {
                "id": "/subscriptions/38977b70-47bf-4da5-a492-88712fce8725/resourceGroups/rg-aca-dns-24/providers/Microsoft.Network/networkInterfaces/pe-keyvault.nic.148abbaf-03f4-48a6-a892-7563b2ef2930",
                "name": "pe-keyvault.nic.148abbaf-03f4-48a6-a892-7563b2ef2930"
              }
            ],
            "private_dns_zone_configs": [
              {
                "id": "/subscriptions/38977b70-47bf-4da5-a492-88712fce8725/resourceGroups/rg-aca-dns-24/providers/Microsoft.Network/privateEndpoints/pe-keyvault/privateDnsZoneGroups/private-dns-zone-group-keyvault/privateDnsZoneConfigs/privatelink.vaultcore.azure.net",
                "name": "privatelink.vaultcore.azure.net",
                "private_dns_zone_id": "/subscriptions/38977b70-47bf-4da5-a492-88712fce8725/resourceGroups/rg-aca-dns-24/providers/Microsoft.Network/privateDnsZones/privatelink.vaultcore.azure.net",
                "record_sets": [
                  {
                    "fqdn": "kv-appgw-6kbux.privatelink.vaultcore.azure.net",
                    "ip_addresses": [
                      "10.0.250.4"
                    ],
                    "name": "kv-appgw-6kbux",
                    "ttl": 10,
                    "type": "A"
                  }
                ]
              }
            ],
            "private_dns_zone_group": [
              {
                "id": "/subscriptions/38977b70-47bf-4da5-a492-88712fce8725/resourceGroups/rg-aca-dns-24/providers/Microsoft.Network/privateEndpoints/pe-keyvault/privateDnsZoneGroups/private-dns-zone-group-keyvault",
                "name": "private-dns-zone-group-keyvault",
                "private_dns_zone_ids": [
                  "/subscriptions/38977b70-47bf-4da5-a492-88712fce8725/resourceGroups/rg-aca-dns-24/providers/Microsoft.Network/privateDnsZones/privatelink.vaultcore.azure.net"
                ]
              }
            ],
            "private_service_connection": [
              {
                "is_manual_connection": false,
                "name": "connection-keyvault",
                "private_connection_resource_alias": "",
                "private_connection_resource_id": "/subscriptions/38977b70-47bf-4da5-a492-88712fce8725/resourceGroups/rg-aca-dns-24/providers/Microsoft.KeyVault/vaults/kv-appgw-6kbux",
                "private_ip_address": "10.0.250.4",
                "request_message": "",
                "subresource_names": [
                  "vault"
                ]
              }
            ],
            "resource_group_name": "rg-aca-dns-24",
            "subnet_id": "/subscriptions/38977b70-47bf-4da5-a492-88712fce8725/resourceGroups/rg-aca-dns-24/providers/Microsoft.Network/virtualNetworks/vnet-internal/subnets/snet-pe",
            "tags": {},
            "timeouts": null
          },
          "sensitive_attributes": [],
          "private": "eyJlMmJmYjczMC1lY2FhLTExZTYtOGY4OC0zNDM2M2JjN2M0YzAiOnsiY3JlYXRlIjozNjAwMDAwMDAwMDAwLCJkZWxldGUiOjM2MDAwMDAwMDAwMDAsInJlYWQiOjMwMDAwMDAwMDAwMCwidXBkYXRlIjozNjAwMDAwMDAwMDAwfX0=",
          "dependencies": [
            "azurerm_key_vault.keyvault",
            "azurerm_private_dns_zone.private_dns_zone_keyvault",
            "azurerm_resource_group.rg",
            "azurerm_subnet.snet-pe",
            "azurerm_virtual_network.vnet",
            "data.azurerm_client_config.current",
            "random_string.random"
          ]
        }
      ]
    },
    {
      "mode": "managed",
      "type": "azurerm_public_ip",
      "name": "pip-bastion",
      "provider": "provider[\"registry.terraform.io/hashicorp/azurerm\"]",
      "instances": [
        {
          "schema_version": 0,
          "attributes": {
            "allocation_method": "Static",
            "ddos_protection_mode": "VirtualNetworkInherited",
            "ddos_protection_plan_id": null,
            "domain_name_label": null,
            "edge_zone": "",
            "fqdn": null,
            "id": "/subscriptions/38977b70-47bf-4da5-a492-88712fce8725/resourceGroups/rg-aca-dns-24/providers/Microsoft.Network/publicIPAddresses/pip-bastion",
            "idle_timeout_in_minutes": 4,
            "ip_address": "4.223.172.151",
            "ip_tags": {},
            "ip_version": "IPv4",
            "location": "swedencentral",
            "name": "pip-bastion",
            "public_ip_prefix_id": null,
            "resource_group_name": "rg-aca-dns-24",
            "reverse_fqdn": null,
            "sku": "Standard",
            "sku_tier": "Regional",
            "tags": {},
            "timeouts": null,
            "zones": []
          },
          "sensitive_attributes": [],
          "private": "eyJlMmJmYjczMC1lY2FhLTExZTYtOGY4OC0zNDM2M2JjN2M0YzAiOnsiY3JlYXRlIjoxODAwMDAwMDAwMDAwLCJkZWxldGUiOjE4MDAwMDAwMDAwMDAsInJlYWQiOjMwMDAwMDAwMDAwMCwidXBkYXRlIjoxODAwMDAwMDAwMDAwfX0=",
          "dependencies": [
            "azurerm_resource_group.rg"
          ]
        }
      ]
    },
    {
      "mode": "managed",
      "type": "azurerm_resource_group",
      "name": "rg",
      "provider": "provider[\"registry.terraform.io/hashicorp/azurerm\"]",
      "instances": [
        {
          "schema_version": 0,
          "attributes": {
            "id": "/subscriptions/38977b70-47bf-4da5-a492-88712fce8725/resourceGroups/rg-aca-dns-24",
            "location": "swedencentral",
            "managed_by": "",
            "name": "rg-aca-dns-24",
            "tags": {},
            "timeouts": null
          },
          "sensitive_attributes": [],
          "private": "eyJlMmJmYjczMC1lY2FhLTExZTYtOGY4OC0zNDM2M2JjN2M0YzAiOnsiY3JlYXRlIjo1NDAwMDAwMDAwMDAwLCJkZWxldGUiOjU0MDAwMDAwMDAwMDAsInJlYWQiOjMwMDAwMDAwMDAwMCwidXBkYXRlIjo1NDAwMDAwMDAwMDAwfX0="
        }
      ]
    },
    {
      "mode": "managed",
      "type": "azurerm_role_assignment",
      "name": "identity-appgw-secret-user",
      "provider": "provider[\"registry.terraform.io/hashicorp/azurerm\"]",
      "instances": [
        {
          "schema_version": 0,
          "attributes": {
            "condition": "",
            "condition_version": "",
            "delegated_managed_identity_resource_id": "",
            "description": "",
            "id": "/subscriptions/38977b70-47bf-4da5-a492-88712fce8725/resourceGroups/rg-aca-dns-24/providers/Microsoft.KeyVault/vaults/kv-appgw-6kbux/providers/Microsoft.Authorization/roleAssignments/f619bb1e-7c2e-84eb-e154-773eb0a58cb9",
            "name": "f619bb1e-7c2e-84eb-e154-773eb0a58cb9",
            "principal_id": "5127004c-016e-4f2b-81bb-075e6ad077be",
            "principal_type": "ServicePrincipal",
            "role_definition_id": "/subscriptions/38977b70-47bf-4da5-a492-88712fce8725/providers/Microsoft.Authorization/roleDefinitions/4633458b-17de-408a-b874-0445c86b69e6",
            "role_definition_name": "Key Vault Secrets User",
            "scope": "/subscriptions/38977b70-47bf-4da5-a492-88712fce8725/resourceGroups/rg-aca-dns-24/providers/Microsoft.KeyVault/vaults/kv-appgw-6kbux",
            "skip_service_principal_aad_check": null,
            "timeouts": null
          },
          "sensitive_attributes": [],
          "private": "eyJlMmJmYjczMC1lY2FhLTExZTYtOGY4OC0zNDM2M2JjN2M0YzAiOnsiY3JlYXRlIjoxODAwMDAwMDAwMDAwLCJkZWxldGUiOjE4MDAwMDAwMDAwMDAsInJlYWQiOjMwMDAwMDAwMDAwMH19",
          "dependencies": [
            "azurerm_key_vault.keyvault",
            "azurerm_resource_group.rg",
            "azurerm_user_assigned_identity.identity-appgw",
            "data.azurerm_client_config.current",
            "random_string.random"
          ]
        }
      ]
    },
    {
      "mode": "managed",
      "type": "azurerm_role_assignment",
      "name": "role-certificates-officer",
      "provider": "provider[\"registry.terraform.io/hashicorp/azurerm\"]",
      "instances": [
        {
          "schema_version": 0,
          "attributes": {
            "condition": "",
            "condition_version": "",
            "delegated_managed_identity_resource_id": "",
            "description": "",
            "id": "/subscriptions/38977b70-47bf-4da5-a492-88712fce8725/resourceGroups/rg-aca-dns-24/providers/Microsoft.KeyVault/vaults/kv-appgw-6kbux/providers/Microsoft.Authorization/roleAssignments/f3279df2-b442-6a25-1220-be116896d02f",
            "name": "f3279df2-b442-6a25-1220-be116896d02f",
            "principal_id": "0a8648bf-28ec-4a7f-be65-0d6d8a172282",
            "principal_type": "User",
            "role_definition_id": "/subscriptions/38977b70-47bf-4da5-a492-88712fce8725/providers/Microsoft.Authorization/roleDefinitions/a4417e6f-fecd-4de8-b567-7b0420556985",
            "role_definition_name": "Key Vault Certificates Officer",
            "scope": "/subscriptions/38977b70-47bf-4da5-a492-88712fce8725/resourceGroups/rg-aca-dns-24/providers/Microsoft.KeyVault/vaults/kv-appgw-6kbux",
            "skip_service_principal_aad_check": null,
            "timeouts": null
          },
          "sensitive_attributes": [],
          "private": "eyJlMmJmYjczMC1lY2FhLTExZTYtOGY4OC0zNDM2M2JjN2M0YzAiOnsiY3JlYXRlIjoxODAwMDAwMDAwMDAwLCJkZWxldGUiOjE4MDAwMDAwMDAwMDAsInJlYWQiOjMwMDAwMDAwMDAwMH19",
          "dependencies": [
            "azurerm_key_vault.keyvault",
            "azurerm_resource_group.rg",
            "data.azurerm_client_config.current",
            "random_string.random"
          ]
        }
      ]
    },
    {
      "mode": "managed",
      "type": "azurerm_subnet",
      "name": "snet-aca",
      "provider": "provider[\"registry.terraform.io/hashicorp/azurerm\"]",
      "instances": [
        {
          "index_key": "app01",
          "schema_version": 0,
          "attributes": {
            "address_prefixes": [
              "10.0.1.0/24"
            ],
            "delegation": [
              {
                "name": "delegation",
                "service_delegation": [
                  {
                    "actions": [
                      "Microsoft.Network/virtualNetworks/subnets/join/action"
                    ],
                    "name": "Microsoft.App/environments"
                  }
                ]
              }
            ],
            "enforce_private_link_endpoint_network_policies": false,
            "enforce_private_link_service_network_policies": false,
            "id": "/subscriptions/38977b70-47bf-4da5-a492-88712fce8725/resourceGroups/rg-aca-dns-24/providers/Microsoft.Network/virtualNetworks/vnet-internal/subnets/snet-aca-app01",
            "name": "snet-aca-app01",
            "private_endpoint_network_policies_enabled": true,
            "private_link_service_network_policies_enabled": true,
            "resource_group_name": "rg-aca-dns-24",
            "service_endpoint_policy_ids": [],
            "service_endpoints": [],
            "timeouts": null,
            "virtual_network_name": "vnet-internal"
          },
          "sensitive_attributes": [],
          "private": "eyJlMmJmYjczMC1lY2FhLTExZTYtOGY4OC0zNDM2M2JjN2M0YzAiOnsiY3JlYXRlIjoxODAwMDAwMDAwMDAwLCJkZWxldGUiOjE4MDAwMDAwMDAwMDAsInJlYWQiOjMwMDAwMDAwMDAwMCwidXBkYXRlIjoxODAwMDAwMDAwMDAwfX0=",
          "dependencies": [
            "azurerm_resource_group.rg",
            "azurerm_virtual_network.vnet"
          ]
        },
        {
          "index_key": "app02",
          "schema_version": 0,
          "attributes": {
            "address_prefixes": [
              "10.0.2.0/24"
            ],
            "delegation": [
              {
                "name": "delegation",
                "service_delegation": [
                  {
                    "actions": [
                      "Microsoft.Network/virtualNetworks/subnets/join/action"
                    ],
                    "name": "Microsoft.App/environments"
                  }
                ]
              }
            ],
            "enforce_private_link_endpoint_network_policies": false,
            "enforce_private_link_service_network_policies": false,
            "id": "/subscriptions/38977b70-47bf-4da5-a492-88712fce8725/resourceGroups/rg-aca-dns-24/providers/Microsoft.Network/virtualNetworks/vnet-internal/subnets/snet-aca-app02",
            "name": "snet-aca-app02",
            "private_endpoint_network_policies_enabled": true,
            "private_link_service_network_policies_enabled": true,
            "resource_group_name": "rg-aca-dns-24",
            "service_endpoint_policy_ids": [],
            "service_endpoints": [],
            "timeouts": null,
            "virtual_network_name": "vnet-internal"
          },
          "sensitive_attributes": [],
          "private": "eyJlMmJmYjczMC1lY2FhLTExZTYtOGY4OC0zNDM2M2JjN2M0YzAiOnsiY3JlYXRlIjoxODAwMDAwMDAwMDAwLCJkZWxldGUiOjE4MDAwMDAwMDAwMDAsInJlYWQiOjMwMDAwMDAwMDAwMCwidXBkYXRlIjoxODAwMDAwMDAwMDAwfX0=",
          "dependencies": [
            "azurerm_resource_group.rg",
            "azurerm_virtual_network.vnet"
          ]
        },
        {
          "index_key": "app03",
          "schema_version": 0,
          "attributes": {
            "address_prefixes": [
              "10.0.3.0/24"
            ],
            "delegation": [
              {
                "name": "delegation",
                "service_delegation": [
                  {
                    "actions": [
                      "Microsoft.Network/virtualNetworks/subnets/join/action"
                    ],
                    "name": "Microsoft.App/environments"
                  }
                ]
              }
            ],
            "enforce_private_link_endpoint_network_policies": false,
            "enforce_private_link_service_network_policies": false,
            "id": "/subscriptions/38977b70-47bf-4da5-a492-88712fce8725/resourceGroups/rg-aca-dns-24/providers/Microsoft.Network/virtualNetworks/vnet-internal/subnets/snet-aca-app03",
            "name": "snet-aca-app03",
            "private_endpoint_network_policies_enabled": true,
            "private_link_service_network_policies_enabled": true,
            "resource_group_name": "rg-aca-dns-24",
            "service_endpoint_policy_ids": [],
            "service_endpoints": [],
            "timeouts": null,
            "virtual_network_name": "vnet-internal"
          },
          "sensitive_attributes": [],
          "private": "eyJlMmJmYjczMC1lY2FhLTExZTYtOGY4OC0zNDM2M2JjN2M0YzAiOnsiY3JlYXRlIjoxODAwMDAwMDAwMDAwLCJkZWxldGUiOjE4MDAwMDAwMDAwMDAsInJlYWQiOjMwMDAwMDAwMDAwMCwidXBkYXRlIjoxODAwMDAwMDAwMDAwfX0=",
          "dependencies": [
            "azurerm_resource_group.rg",
            "azurerm_virtual_network.vnet"
          ]
        },
        {
          "index_key": "app04",
          "schema_version": 0,
          "attributes": {
            "address_prefixes": [
              "10.0.4.0/24"
            ],
            "delegation": [
              {
                "name": "delegation",
                "service_delegation": [
                  {
                    "actions": [
                      "Microsoft.Network/virtualNetworks/subnets/join/action"
                    ],
                    "name": "Microsoft.App/environments"
                  }
                ]
              }
            ],
            "enforce_private_link_endpoint_network_policies": false,
            "enforce_private_link_service_network_policies": false,
            "id": "/subscriptions/38977b70-47bf-4da5-a492-88712fce8725/resourceGroups/rg-aca-dns-24/providers/Microsoft.Network/virtualNetworks/vnet-internal/subnets/snet-aca-app04",
            "name": "snet-aca-app04",
            "private_endpoint_network_policies_enabled": true,
            "private_link_service_network_policies_enabled": true,
            "resource_group_name": "rg-aca-dns-24",
            "service_endpoint_policy_ids": null,
            "service_endpoints": null,
            "timeouts": null,
            "virtual_network_name": "vnet-internal"
          },
          "sensitive_attributes": [],
          "private": "eyJlMmJmYjczMC1lY2FhLTExZTYtOGY4OC0zNDM2M2JjN2M0YzAiOnsiY3JlYXRlIjoxODAwMDAwMDAwMDAwLCJkZWxldGUiOjE4MDAwMDAwMDAwMDAsInJlYWQiOjMwMDAwMDAwMDAwMCwidXBkYXRlIjoxODAwMDAwMDAwMDAwfX0=",
          "dependencies": [
            "azurerm_resource_group.rg",
            "azurerm_virtual_network.vnet"
          ]
        },
        {
          "index_key": "app05",
          "schema_version": 0,
          "attributes": {
            "address_prefixes": [
              "10.0.5.0/24"
            ],
            "delegation": [
              {
                "name": "delegation",
                "service_delegation": [
                  {
                    "actions": [
                      "Microsoft.Network/virtualNetworks/subnets/join/action"
                    ],
                    "name": "Microsoft.App/environments"
                  }
                ]
              }
            ],
            "enforce_private_link_endpoint_network_policies": false,
            "enforce_private_link_service_network_policies": false,
            "id": "/subscriptions/38977b70-47bf-4da5-a492-88712fce8725/resourceGroups/rg-aca-dns-24/providers/Microsoft.Network/virtualNetworks/vnet-internal/subnets/snet-aca-app05",
            "name": "snet-aca-app05",
            "private_endpoint_network_policies_enabled": true,
            "private_link_service_network_policies_enabled": true,
            "resource_group_name": "rg-aca-dns-24",
            "service_endpoint_policy_ids": null,
            "service_endpoints": null,
            "timeouts": null,
            "virtual_network_name": "vnet-internal"
          },
          "sensitive_attributes": [],
          "private": "eyJlMmJmYjczMC1lY2FhLTExZTYtOGY4OC0zNDM2M2JjN2M0YzAiOnsiY3JlYXRlIjoxODAwMDAwMDAwMDAwLCJkZWxldGUiOjE4MDAwMDAwMDAwMDAsInJlYWQiOjMwMDAwMDAwMDAwMCwidXBkYXRlIjoxODAwMDAwMDAwMDAwfX0=",
          "dependencies": [
            "azurerm_resource_group.rg",
            "azurerm_virtual_network.vnet"
          ]
        },
        {
          "index_key": "app06",
          "schema_version": 0,
          "attributes": {
            "address_prefixes": [
              "10.0.6.0/24"
            ],
            "delegation": [
              {
                "name": "delegation",
                "service_delegation": [
                  {
                    "actions": [
                      "Microsoft.Network/virtualNetworks/subnets/join/action"
                    ],
                    "name": "Microsoft.App/environments"
                  }
                ]
              }
            ],
            "enforce_private_link_endpoint_network_policies": false,
            "enforce_private_link_service_network_policies": false,
            "id": "/subscriptions/38977b70-47bf-4da5-a492-88712fce8725/resourceGroups/rg-aca-dns-24/providers/Microsoft.Network/virtualNetworks/vnet-internal/subnets/snet-aca-app06",
            "name": "snet-aca-app06",
            "private_endpoint_network_policies_enabled": true,
            "private_link_service_network_policies_enabled": true,
            "resource_group_name": "rg-aca-dns-24",
            "service_endpoint_policy_ids": null,
            "service_endpoints": null,
            "timeouts": null,
            "virtual_network_name": "vnet-internal"
          },
          "sensitive_attributes": [],
          "private": "eyJlMmJmYjczMC1lY2FhLTExZTYtOGY4OC0zNDM2M2JjN2M0YzAiOnsiY3JlYXRlIjoxODAwMDAwMDAwMDAwLCJkZWxldGUiOjE4MDAwMDAwMDAwMDAsInJlYWQiOjMwMDAwMDAwMDAwMCwidXBkYXRlIjoxODAwMDAwMDAwMDAwfX0=",
          "dependencies": [
            "azurerm_resource_group.rg",
            "azurerm_virtual_network.vnet"
          ]
        }
      ]
    },
    {
      "mode": "managed",
      "type": "azurerm_subnet",
      "name": "snet-appgw",
      "provider": "provider[\"registry.terraform.io/hashicorp/azurerm\"]",
      "instances": [
        {
          "schema_version": 0,
          "attributes": {
            "address_prefixes": [
              "10.0.0.0/24"
            ],
            "delegation": [],
            "enforce_private_link_endpoint_network_policies": false,
            "enforce_private_link_service_network_policies": false,
            "id": "/subscriptions/38977b70-47bf-4da5-a492-88712fce8725/resourceGroups/rg-aca-dns-24/providers/Microsoft.Network/virtualNetworks/vnet-internal/subnets/snet-appgw",
            "name": "snet-appgw",
            "private_endpoint_network_policies_enabled": true,
            "private_link_service_network_policies_enabled": true,
            "resource_group_name": "rg-aca-dns-24",
            "service_endpoint_policy_ids": [],
            "service_endpoints": [],
            "timeouts": null,
            "virtual_network_name": "vnet-internal"
          },
          "sensitive_attributes": [],
          "private": "eyJlMmJmYjczMC1lY2FhLTExZTYtOGY4OC0zNDM2M2JjN2M0YzAiOnsiY3JlYXRlIjoxODAwMDAwMDAwMDAwLCJkZWxldGUiOjE4MDAwMDAwMDAwMDAsInJlYWQiOjMwMDAwMDAwMDAwMCwidXBkYXRlIjoxODAwMDAwMDAwMDAwfX0=",
          "dependencies": [
            "azurerm_resource_group.rg",
            "azurerm_virtual_network.vnet"
          ]
        }
      ]
    },
    {
      "mode": "managed",
      "type": "azurerm_subnet",
      "name": "snet-bastion",
      "provider": "provider[\"registry.terraform.io/hashicorp/azurerm\"]",
      "instances": [
        {
          "schema_version": 0,
          "attributes": {
            "address_prefixes": [
              "10.0.252.0/24"
            ],
            "delegation": [],
            "enforce_private_link_endpoint_network_policies": false,
            "enforce_private_link_service_network_policies": false,
            "id": "/subscriptions/38977b70-47bf-4da5-a492-88712fce8725/resourceGroups/rg-aca-dns-24/providers/Microsoft.Network/virtualNetworks/vnet-internal/subnets/AzureBastionSubnet",
            "name": "AzureBastionSubnet",
            "private_endpoint_network_policies_enabled": true,
            "private_link_service_network_policies_enabled": true,
            "resource_group_name": "rg-aca-dns-24",
            "service_endpoint_policy_ids": [],
            "service_endpoints": [],
            "timeouts": null,
            "virtual_network_name": "vnet-internal"
          },
          "sensitive_attributes": [],
          "private": "eyJlMmJmYjczMC1lY2FhLTExZTYtOGY4OC0zNDM2M2JjN2M0YzAiOnsiY3JlYXRlIjoxODAwMDAwMDAwMDAwLCJkZWxldGUiOjE4MDAwMDAwMDAwMDAsInJlYWQiOjMwMDAwMDAwMDAwMCwidXBkYXRlIjoxODAwMDAwMDAwMDAwfX0=",
          "dependencies": [
            "azurerm_resource_group.rg",
            "azurerm_virtual_network.vnet"
          ]
        }
      ]
    },
    {
      "mode": "managed",
      "type": "azurerm_subnet",
      "name": "snet-jumpbox",
      "provider": "provider[\"registry.terraform.io/hashicorp/azurerm\"]",
      "instances": [
        {
          "schema_version": 0,
          "attributes": {
            "address_prefixes": [
              "10.0.251.0/24"
            ],
            "delegation": [],
            "enforce_private_link_endpoint_network_policies": false,
            "enforce_private_link_service_network_policies": false,
            "id": "/subscriptions/38977b70-47bf-4da5-a492-88712fce8725/resourceGroups/rg-aca-dns-24/providers/Microsoft.Network/virtualNetworks/vnet-internal/subnets/snet-jumpbox",
            "name": "snet-jumpbox",
            "private_endpoint_network_policies_enabled": true,
            "private_link_service_network_policies_enabled": true,
            "resource_group_name": "rg-aca-dns-24",
            "service_endpoint_policy_ids": [],
            "service_endpoints": [],
            "timeouts": null,
            "virtual_network_name": "vnet-internal"
          },
          "sensitive_attributes": [],
          "private": "eyJlMmJmYjczMC1lY2FhLTExZTYtOGY4OC0zNDM2M2JjN2M0YzAiOnsiY3JlYXRlIjoxODAwMDAwMDAwMDAwLCJkZWxldGUiOjE4MDAwMDAwMDAwMDAsInJlYWQiOjMwMDAwMDAwMDAwMCwidXBkYXRlIjoxODAwMDAwMDAwMDAwfX0=",
          "dependencies": [
            "azurerm_resource_group.rg",
            "azurerm_virtual_network.vnet"
          ]
        }
      ]
    },
    {
      "mode": "managed",
      "type": "azurerm_subnet",
      "name": "snet-pe",
      "provider": "provider[\"registry.terraform.io/hashicorp/azurerm\"]",
      "instances": [
        {
          "schema_version": 0,
          "attributes": {
            "address_prefixes": [
              "10.0.250.0/24"
            ],
            "delegation": [],
            "enforce_private_link_endpoint_network_policies": false,
            "enforce_private_link_service_network_policies": false,
            "id": "/subscriptions/38977b70-47bf-4da5-a492-88712fce8725/resourceGroups/rg-aca-dns-24/providers/Microsoft.Network/virtualNetworks/vnet-internal/subnets/snet-pe",
            "name": "snet-pe",
            "private_endpoint_network_policies_enabled": true,
            "private_link_service_network_policies_enabled": true,
            "resource_group_name": "rg-aca-dns-24",
            "service_endpoint_policy_ids": [],
            "service_endpoints": [],
            "timeouts": null,
            "virtual_network_name": "vnet-internal"
          },
          "sensitive_attributes": [],
          "private": "eyJlMmJmYjczMC1lY2FhLTExZTYtOGY4OC0zNDM2M2JjN2M0YzAiOnsiY3JlYXRlIjoxODAwMDAwMDAwMDAwLCJkZWxldGUiOjE4MDAwMDAwMDAwMDAsInJlYWQiOjMwMDAwMDAwMDAwMCwidXBkYXRlIjoxODAwMDAwMDAwMDAwfX0=",
          "dependencies": [
            "azurerm_resource_group.rg",
            "azurerm_virtual_network.vnet"
          ]
        }
      ]
    },
    {
      "mode": "managed",
      "type": "azurerm_user_assigned_identity",
      "name": "identity-appgw",
      "provider": "provider[\"registry.terraform.io/hashicorp/azurerm\"]",
      "instances": [
        {
          "schema_version": 1,
          "attributes": {
            "client_id": "c027f11c-98a8-497a-9091-2d0ed0900c96",
            "id": "/subscriptions/38977b70-47bf-4da5-a492-88712fce8725/resourceGroups/rg-aca-dns-24/providers/Microsoft.ManagedIdentity/userAssignedIdentities/identity-appgw",
            "location": "swedencentral",
            "name": "identity-appgw",
            "principal_id": "5127004c-016e-4f2b-81bb-075e6ad077be",
            "resource_group_name": "rg-aca-dns-24",
            "tags": {},
            "tenant_id": "a8f7faa1-3e2e-4d84-a6cb-daf7eb97d6e4",
            "timeouts": null
          },
          "sensitive_attributes": [],
          "private": "eyJlMmJmYjczMC1lY2FhLTExZTYtOGY4OC0zNDM2M2JjN2M0YzAiOnsiY3JlYXRlIjoxODAwMDAwMDAwMDAwLCJkZWxldGUiOjE4MDAwMDAwMDAwMDAsInJlYWQiOjMwMDAwMDAwMDAwMCwidXBkYXRlIjoxODAwMDAwMDAwMDAwfSwic2NoZW1hX3ZlcnNpb24iOiIxIn0=",
          "dependencies": [
            "azurerm_resource_group.rg"
          ]
        }
      ]
    },
    {
      "mode": "managed",
      "type": "azurerm_virtual_network",
      "name": "vnet",
      "provider": "provider[\"registry.terraform.io/hashicorp/azurerm\"]",
      "instances": [
        {
          "schema_version": 0,
          "attributes": {
            "address_space": [
              "10.0.0.0/16"
            ],
            "bgp_community": "",
            "ddos_protection_plan": [],
            "dns_servers": [],
            "edge_zone": "",
            "encryption": [],
            "flow_timeout_in_minutes": 0,
            "guid": "459bce4a-1a09-4e8a-a9ac-21b281c20018",
            "id": "/subscriptions/38977b70-47bf-4da5-a492-88712fce8725/resourceGroups/rg-aca-dns-24/providers/Microsoft.Network/virtualNetworks/vnet-internal",
            "location": "swedencentral",
            "name": "vnet-internal",
            "resource_group_name": "rg-aca-dns-24",
            "subnet": [
              {
                "address_prefix": "10.0.0.0/24",
                "id": "/subscriptions/38977b70-47bf-4da5-a492-88712fce8725/resourceGroups/rg-aca-dns-24/providers/Microsoft.Network/virtualNetworks/vnet-internal/subnets/snet-appgw",
                "name": "snet-appgw",
                "security_group": ""
              },
              {
                "address_prefix": "10.0.1.0/24",
                "id": "/subscriptions/38977b70-47bf-4da5-a492-88712fce8725/resourceGroups/rg-aca-dns-24/providers/Microsoft.Network/virtualNetworks/vnet-internal/subnets/snet-aca-app01",
                "name": "snet-aca-app01",
                "security_group": ""
              },
              {
                "address_prefix": "10.0.2.0/24",
                "id": "/subscriptions/38977b70-47bf-4da5-a492-88712fce8725/resourceGroups/rg-aca-dns-24/providers/Microsoft.Network/virtualNetworks/vnet-internal/subnets/snet-aca-app02",
                "name": "snet-aca-app02",
                "security_group": ""
              },
              {
                "address_prefix": "10.0.250.0/24",
                "id": "/subscriptions/38977b70-47bf-4da5-a492-88712fce8725/resourceGroups/rg-aca-dns-24/providers/Microsoft.Network/virtualNetworks/vnet-internal/subnets/snet-pe",
                "name": "snet-pe",
                "security_group": ""
              },
              {
                "address_prefix": "10.0.251.0/24",
                "id": "/subscriptions/38977b70-47bf-4da5-a492-88712fce8725/resourceGroups/rg-aca-dns-24/providers/Microsoft.Network/virtualNetworks/vnet-internal/subnets/snet-jumpbox",
                "name": "snet-jumpbox",
                "security_group": ""
              },
              {
                "address_prefix": "10.0.252.0/24",
                "id": "/subscriptions/38977b70-47bf-4da5-a492-88712fce8725/resourceGroups/rg-aca-dns-24/providers/Microsoft.Network/virtualNetworks/vnet-internal/subnets/AzureBastionSubnet",
                "name": "AzureBastionSubnet",
                "security_group": ""
              },
              {
                "address_prefix": "10.0.3.0/24",
                "id": "/subscriptions/38977b70-47bf-4da5-a492-88712fce8725/resourceGroups/rg-aca-dns-24/providers/Microsoft.Network/virtualNetworks/vnet-internal/subnets/snet-aca-app03",
                "name": "snet-aca-app03",
                "security_group": ""
              }
            ],
            "tags": {},
            "timeouts": null
          },
          "sensitive_attributes": [],
          "private": "eyJlMmJmYjczMC1lY2FhLTExZTYtOGY4OC0zNDM2M2JjN2M0YzAiOnsiY3JlYXRlIjoxODAwMDAwMDAwMDAwLCJkZWxldGUiOjE4MDAwMDAwMDAwMDAsInJlYWQiOjMwMDAwMDAwMDAwMCwidXBkYXRlIjoxODAwMDAwMDAwMDAwfX0=",
          "dependencies": [
            "azurerm_resource_group.rg"
          ]
        }
      ]
    },
    {
      "mode": "managed",
      "type": "azurerm_windows_virtual_machine",
      "name": "jumpbox",
      "provider": "provider[\"registry.terraform.io/hashicorp/azurerm\"]",
      "instances": [
        {
          "schema_version": 0,
          "attributes": {
            "additional_capabilities": [],
            "additional_unattend_content": [],
            "admin_password": "@Aa123456789",
            "admin_username": "azureuser",
            "allow_extension_operations": true,
            "availability_set_id": "",
            "boot_diagnostics": [
              {
                "storage_account_uri": ""
              }
            ],
            "bypass_platform_safety_checks_on_user_schedule_enabled": false,
            "capacity_reservation_group_id": "",
            "computer_name": "vm-windows-w11",
            "custom_data": null,
            "dedicated_host_group_id": "",
            "dedicated_host_id": "",
            "disk_controller_type": "SCSI",
            "edge_zone": "",
            "enable_automatic_updates": true,
            "encryption_at_host_enabled": false,
            "eviction_policy": "Deallocate",
            "extensions_time_budget": "PT1H30M",
            "gallery_application": [],
            "hotpatching_enabled": false,
            "id": "/subscriptions/38977b70-47bf-4da5-a492-88712fce8725/resourceGroups/rg-aca-dns-24/providers/Microsoft.Compute/virtualMachines/vm-windows-w11",
            "identity": [
              {
                "identity_ids": [],
                "principal_id": "6a6a59e8-8e0b-49a7-be25-9b13c7e5c8b9",
                "tenant_id": "a8f7faa1-3e2e-4d84-a6cb-daf7eb97d6e4",
                "type": "SystemAssigned"
              }
            ],
            "license_type": "",
            "location": "swedencentral",
            "max_bid_price": -1,
            "name": "vm-windows-w11",
            "network_interface_ids": [
              "/subscriptions/38977b70-47bf-4da5-a492-88712fce8725/resourceGroups/rg-aca-dns-24/providers/Microsoft.Network/networkInterfaces/nic-vm-windows"
            ],
            "os_disk": [
              {
                "caching": "ReadWrite",
                "diff_disk_settings": [],
                "disk_encryption_set_id": "",
                "disk_size_gb": 127,
                "name": "disk-os-vm-windows11",
                "secure_vm_disk_encryption_set_id": "",
                "security_encryption_type": "",
                "storage_account_type": "Standard_LRS",
                "write_accelerator_enabled": false
              }
            ],
            "os_image_notification": [],
            "patch_assessment_mode": "ImageDefault",
            "patch_mode": "AutomaticByOS",
            "plan": [],
            "platform_fault_domain": -1,
            "priority": "Spot",
            "private_ip_address": "10.0.251.4",
            "private_ip_addresses": [
              "10.0.251.4"
            ],
            "provision_vm_agent": true,
            "proximity_placement_group_id": "",
            "public_ip_address": "",
            "public_ip_addresses": [],
            "reboot_setting": "",
            "resource_group_name": "rg-aca-dns-24",
            "secret": [],
            "secure_boot_enabled": false,
            "size": "Standard_B2als_v2",
            "source_image_id": "",
            "source_image_reference": [
              {
                "offer": "windows-11",
                "publisher": "MicrosoftWindowsDesktop",
                "sku": "win11-23h2-pro",
                "version": "latest"
              }
            ],
            "tags": {},
            "termination_notification": [],
            "timeouts": null,
            "timezone": "",
            "user_data": "",
            "virtual_machine_id": "5141f11f-8e44-446f-87d2-53e3b22a8f3a",
            "virtual_machine_scale_set_id": "",
            "vm_agent_platform_updates_enabled": false,
            "vtpm_enabled": false,
            "winrm_listener": [],
            "zone": ""
          },
          "sensitive_attributes": [
            [
              {
                "type": "get_attr",
                "value": "admin_password"
              }
            ],
            [
              {
                "type": "get_attr",
                "value": "custom_data"
              }
            ]
          ],
          "private": "eyJlMmJmYjczMC1lY2FhLTExZTYtOGY4OC0zNDM2M2JjN2M0YzAiOnsiY3JlYXRlIjoyNzAwMDAwMDAwMDAwLCJkZWxldGUiOjI3MDAwMDAwMDAwMDAsInJlYWQiOjMwMDAwMDAwMDAwMCwidXBkYXRlIjoyNzAwMDAwMDAwMDAwfX0=",
          "dependencies": [
            "azurerm_network_interface.nic-vm-windows",
            "azurerm_resource_group.rg",
            "azurerm_subnet.snet-jumpbox",
            "azurerm_virtual_network.vnet"
          ]
        }
      ]
    },
    {
      "mode": "managed",
      "type": "random_string",
      "name": "random",
      "provider": "provider[\"registry.terraform.io/hashicorp/random\"]",
      "instances": [
        {
          "schema_version": 2,
          "attributes": {
            "id": "6kbux",
            "keepers": null,
            "length": 5,
            "lower": true,
            "min_lower": 0,
            "min_numeric": 0,
            "min_special": 0,
            "min_upper": 0,
            "number": true,
            "numeric": true,
            "override_special": null,
            "result": "6kbux",
            "special": false,
            "upper": false
          },
          "sensitive_attributes": []
        }
      ]
    }
  ],
  "check_results": null
}
